{
  "version": 4,
  "terraform_version": "1.4.6",
  "serial": 80,
  "lineage": "e8aa3b82-a09c-422f-8109-4e813478e228",
  "outputs": {},
  "resources": [
    {
      "mode": "data",
      "type": "azuread_service_principal",
      "name": "asp-linux-publicapi",
      "provider": "provider[\"registry.terraform.io/hashicorp/azuread\"]",
      "instances": [
        {
          "schema_version": 0,
          "attributes": {
            "account_enabled": true,
            "alternative_names": [
              "isExplicit=False",
              "/subscriptions/1d8b4140-7b97-4795-8d20-000c29db057a/resourcegroups/rg-final-weu/providers/Microsoft.Web/sites/app-publicapi-eshop-cloudx"
            ],
            "app_role_assignment_required": false,
            "app_role_ids": {},
            "app_roles": [],
            "application_id": "64be3df9-339b-4d7e-95a6-8f5928f89b09",
            "application_tenant_id": "",
            "description": "",
            "display_name": "app-publicapi-eshop-cloudx",
            "feature_tags": [
              {
                "custom_single_sign_on": false,
                "enterprise": false,
                "gallery": false,
                "hide": false
              }
            ],
            "features": [
              {
                "custom_single_sign_on_app": false,
                "enterprise_application": false,
                "gallery_application": false,
                "visible_to_users": true
              }
            ],
            "homepage_url": "",
            "id": "9d0a97a7-a8b3-4048-a9ac-3ccd1f47bb0c",
            "login_url": "",
            "logout_url": "",
            "notes": "",
            "notification_email_addresses": [],
            "oauth2_permission_scope_ids": {},
            "oauth2_permission_scopes": [],
            "object_id": "9d0a97a7-a8b3-4048-a9ac-3ccd1f47bb0c",
            "preferred_single_sign_on_mode": "",
            "redirect_uris": [],
            "saml_metadata_url": "",
            "saml_single_sign_on": [],
            "service_principal_names": [
              "https://identity.azure.net/CUALLvermKmvQ/WdTl89L2mQkwviJaKjib4HANpvuFk="
            ],
            "sign_in_audience": "",
            "tags": [],
            "timeouts": null,
            "type": "ManagedIdentity"
          },
          "sensitive_attributes": []
        }
      ]
    },
    {
      "mode": "data",
      "type": "azuread_service_principal",
      "name": "web-neu",
      "provider": "provider[\"registry.terraform.io/hashicorp/azuread\"]",
      "instances": [
        {
          "schema_version": 0,
          "attributes": {
            "account_enabled": true,
            "alternative_names": [
              "isExplicit=False",
              "/subscriptions/1d8b4140-7b97-4795-8d20-000c29db057a/resourcegroups/rg-final-weu/providers/Microsoft.Web/sites/app-web-eshop-cloudx-neu"
            ],
            "app_role_assignment_required": false,
            "app_role_ids": {},
            "app_roles": [],
            "application_id": "fb1647ef-c5b3-44c4-b755-05ce6a9511ea",
            "application_tenant_id": "",
            "description": "",
            "display_name": "app-web-eshop-cloudx-neu",
            "feature_tags": [
              {
                "custom_single_sign_on": false,
                "enterprise": false,
                "gallery": false,
                "hide": false
              }
            ],
            "features": [
              {
                "custom_single_sign_on_app": false,
                "enterprise_application": false,
                "gallery_application": false,
                "visible_to_users": true
              }
            ],
            "homepage_url": "",
            "id": "77b9a5fb-b4ac-4aec-9399-e22d6737c936",
            "login_url": "",
            "logout_url": "",
            "notes": "",
            "notification_email_addresses": [],
            "oauth2_permission_scope_ids": {},
            "oauth2_permission_scopes": [],
            "object_id": "77b9a5fb-b4ac-4aec-9399-e22d6737c936",
            "preferred_single_sign_on_mode": "",
            "redirect_uris": [],
            "saml_metadata_url": "",
            "saml_single_sign_on": [],
            "service_principal_names": [
              "https://identity.azure.net/BWkqMYs5X/xzU2/FKSKMAdcw6DM+gdyYyPbGKHsJgXk="
            ],
            "sign_in_audience": "",
            "tags": [],
            "timeouts": null,
            "type": "ManagedIdentity"
          },
          "sensitive_attributes": []
        }
      ]
    },
    {
      "mode": "data",
      "type": "azuread_service_principal",
      "name": "web-weu",
      "provider": "provider[\"registry.terraform.io/hashicorp/azuread\"]",
      "instances": [
        {
          "schema_version": 0,
          "attributes": {
            "account_enabled": true,
            "alternative_names": [
              "isExplicit=False",
              "/subscriptions/1d8b4140-7b97-4795-8d20-000c29db057a/resourcegroups/rg-final-weu/providers/Microsoft.Web/sites/app-web-eshop-cloudx-weu"
            ],
            "app_role_assignment_required": false,
            "app_role_ids": {},
            "app_roles": [],
            "application_id": "b270fc79-cd10-4bc9-9d80-0ea2ce84c01e",
            "application_tenant_id": "",
            "description": "",
            "display_name": "app-web-eshop-cloudx-weu",
            "feature_tags": [
              {
                "custom_single_sign_on": false,
                "enterprise": false,
                "gallery": false,
                "hide": false
              }
            ],
            "features": [
              {
                "custom_single_sign_on_app": false,
                "enterprise_application": false,
                "gallery_application": false,
                "visible_to_users": true
              }
            ],
            "homepage_url": "",
            "id": "b6ef1fc1-75ee-4c4e-b544-624cd8821010",
            "login_url": "",
            "logout_url": "",
            "notes": "",
            "notification_email_addresses": [],
            "oauth2_permission_scope_ids": {},
            "oauth2_permission_scopes": [],
            "object_id": "b6ef1fc1-75ee-4c4e-b544-624cd8821010",
            "preferred_single_sign_on_mode": "",
            "redirect_uris": [],
            "saml_metadata_url": "",
            "saml_single_sign_on": [],
            "service_principal_names": [
              "https://identity.azure.net/oZ4sK1KjCDBvJjSePKINjU0BqihJXYSg0Q++PPhyBhA="
            ],
            "sign_in_audience": "",
            "tags": [],
            "timeouts": null,
            "type": "ManagedIdentity"
          },
          "sensitive_attributes": []
        }
      ]
    },
    {
      "mode": "data",
      "type": "azurerm_client_config",
      "name": "current",
      "provider": "provider[\"registry.terraform.io/hashicorp/azurerm\"]",
      "instances": [
        {
          "schema_version": 0,
          "attributes": {
            "client_id": "04b07795-8ddb-461a-bbee-02f9e1bf7b46",
            "id": "Y2xpZW50Q29uZmlncy9jbGllbnRJZD0wNGIwNzc5NS04ZGRiLTQ2MWEtYmJlZS0wMmY5ZTFiZjdiNDY7b2JqZWN0SWQ9Y2ExNzVmYmEtNmIzMS00MjAxLWEzNDEtOTU2NGQ0NWY2MDMyO3N1YnNjcmlwdGlvbklkPTFkOGI0MTQwLTdiOTctNDc5NS04ZDIwLTAwMGMyOWRiMDU3YTt0ZW5hbnRJZD1iNDFiNzJkMC00ZTlmLTRjMjYtOGE2OS1mOTQ5ZjM2N2M5MWQ=",
            "object_id": "ca175fba-6b31-4201-a341-9564d45f6032",
            "subscription_id": "1d8b4140-7b97-4795-8d20-000c29db057a",
            "tenant_id": "b41b72d0-4e9f-4c26-8a69-f949f367c91d",
            "timeouts": null
          },
          "sensitive_attributes": []
        }
      ]
    },
    {
      "mode": "data",
      "type": "azurerm_function_app_host_keys",
      "name": "this",
      "provider": "provider[\"registry.terraform.io/hashicorp/azurerm\"]",
      "instances": [
        {
          "schema_version": 0,
          "attributes": {
            "blobs_extension_key": "",
            "default_function_key": "tIKpcLL8YcglIuIpb3bZfjBZbphqFZCp8R4n8FTWAJzGAzFu2PVUdQ==",
            "durabletask_extension_key": "",
            "event_grid_extension_config_key": "",
            "id": "/subscriptions/1d8b4140-7b97-4795-8d20-000c29db057a/resourceGroups/rg-final-weu/providers/Microsoft.Web/sites/func-app-eshop-cloudx",
            "name": "func-app-eshop-cloudx",
            "primary_key": "pEhXP7dRz6OCw_EABx5ODmTgUWUzTKofRBAEBQ1zDsPUAzFuw5VjTQ==",
            "resource_group_name": "rg-final-weu",
            "signalr_extension_key": "",
            "timeouts": null,
            "webpubsub_extension_key": ""
          },
          "sensitive_attributes": []
        }
      ]
    },
    {
      "mode": "data",
      "type": "azurerm_key_vault_secret",
      "name": "db-connection",
      "provider": "provider[\"registry.terraform.io/hashicorp/azurerm\"]",
      "instances": [
        {
          "schema_version": 0,
          "attributes": {
            "content_type": "",
            "expiration_date": null,
            "id": "https://kv-final-eshop-cloudx.vault.azure.net/secrets/eshop-sql-connection-string/816d604f76c3486888ad45f23b674f9d",
            "key_vault_id": "/subscriptions/1d8b4140-7b97-4795-8d20-000c29db057a/resourceGroups/rg-final-weu/providers/Microsoft.KeyVault/vaults/kv-final-eshop-cloudx",
            "name": "eshop-sql-connection-string",
            "not_before_date": null,
            "resource_id": "/subscriptions/1d8b4140-7b97-4795-8d20-000c29db057a/resourceGroups/rg-final-weu/providers/Microsoft.KeyVault/vaults/kv-final-eshop-cloudx/secrets/eshop-sql-connection-string/versions/816d604f76c3486888ad45f23b674f9d",
            "resource_versionless_id": "/subscriptions/1d8b4140-7b97-4795-8d20-000c29db057a/resourceGroups/rg-final-weu/providers/Microsoft.KeyVault/vaults/kv-final-eshop-cloudx/secrets/eshop-sql-connection-string",
            "tags": {},
            "timeouts": null,
            "value": "Server=tcp:sql-eshop-cloudx.database.windows.net,1433;Initial Catalog=sqldb-eShopOnWeb;Persist Security Info=False;User ID=xcloud-admin;Password=@someThingComplicated1234;MultipleActiveResultSets=True;Encrypt=True;TrustServerCertificate=False;Connection Timeout=30;",
            "version": "816d604f76c3486888ad45f23b674f9d",
            "versionless_id": "https://kv-final-eshop-cloudx.vault.azure.net/secrets/eshop-sql-connection-string"
          },
          "sensitive_attributes": []
        }
      ]
    },
    {
      "mode": "managed",
      "type": "azurerm_application_insights",
      "name": "funcapp",
      "provider": "provider[\"registry.terraform.io/hashicorp/azurerm\"]",
      "instances": [
        {
          "schema_version": 1,
          "attributes": {
            "app_id": "7531fa85-c1c4-465c-baca-457de445a5fe",
            "application_type": "web",
            "connection_string": "InstrumentationKey=9764caab-bf9e-40ec-aae8-d3a4c519041d;IngestionEndpoint=https://westeurope-2.in.applicationinsights.azure.com/;LiveEndpoint=https://westeurope.livediagnostics.monitor.azure.com/",
            "daily_data_cap_in_gb": 100,
            "daily_data_cap_notifications_disabled": false,
            "disable_ip_masking": false,
            "force_customer_storage_for_profiler": false,
            "id": "/subscriptions/1d8b4140-7b97-4795-8d20-000c29db057a/resourceGroups/rg-final-weu/providers/Microsoft.Insights/components/appi-funcapp-eshop-cloudx",
            "instrumentation_key": "9764caab-bf9e-40ec-aae8-d3a4c519041d",
            "internet_ingestion_enabled": true,
            "internet_query_enabled": true,
            "local_authentication_disabled": false,
            "location": "westeurope",
            "name": "appi-funcapp-eshop-cloudx",
            "resource_group_name": "rg-final-weu",
            "retention_in_days": 90,
            "sampling_percentage": 100,
            "tags": {},
            "timeouts": null,
            "workspace_id": ""
          },
          "sensitive_attributes": [],
          "private": "eyJlMmJmYjczMC1lY2FhLTExZTYtOGY4OC0zNDM2M2JjN2M0YzAiOnsiY3JlYXRlIjozNjAwMDAwMDAwMDAwLCJkZWxldGUiOjE4MDAwMDAwMDAwMDAsInJlYWQiOjMwMDAwMDAwMDAwMCwidXBkYXRlIjoxODAwMDAwMDAwMDAwfSwic2NoZW1hX3ZlcnNpb24iOiIxIn0=",
          "dependencies": [
            "azurerm_resource_group.this"
          ]
        }
      ]
    },
    {
      "mode": "managed",
      "type": "azurerm_application_insights",
      "name": "publicapi",
      "provider": "provider[\"registry.terraform.io/hashicorp/azurerm\"]",
      "instances": [
        {
          "schema_version": 1,
          "attributes": {
            "app_id": "1cea560e-da4e-4a86-9574-ee1701b76864",
            "application_type": "web",
            "connection_string": "InstrumentationKey=ad70721d-a2fe-40e7-b896-fa3c7dc58298;IngestionEndpoint=https://westeurope-1.in.applicationinsights.azure.com/;LiveEndpoint=https://westeurope.livediagnostics.monitor.azure.com/",
            "daily_data_cap_in_gb": 100,
            "daily_data_cap_notifications_disabled": false,
            "disable_ip_masking": false,
            "force_customer_storage_for_profiler": false,
            "id": "/subscriptions/1d8b4140-7b97-4795-8d20-000c29db057a/resourceGroups/rg-final-weu/providers/Microsoft.Insights/components/appi-public-eshop-cloudx",
            "instrumentation_key": "ad70721d-a2fe-40e7-b896-fa3c7dc58298",
            "internet_ingestion_enabled": true,
            "internet_query_enabled": true,
            "local_authentication_disabled": false,
            "location": "westeurope",
            "name": "appi-public-eshop-cloudx",
            "resource_group_name": "rg-final-weu",
            "retention_in_days": 90,
            "sampling_percentage": 100,
            "tags": {},
            "timeouts": null,
            "workspace_id": ""
          },
          "sensitive_attributes": [],
          "private": "eyJlMmJmYjczMC1lY2FhLTExZTYtOGY4OC0zNDM2M2JjN2M0YzAiOnsiY3JlYXRlIjozNjAwMDAwMDAwMDAwLCJkZWxldGUiOjE4MDAwMDAwMDAwMDAsInJlYWQiOjMwMDAwMDAwMDAwMCwidXBkYXRlIjoxODAwMDAwMDAwMDAwfSwic2NoZW1hX3ZlcnNpb24iOiIxIn0=",
          "dependencies": [
            "azurerm_resource_group.this"
          ]
        }
      ]
    },
    {
      "mode": "managed",
      "type": "azurerm_application_insights",
      "name": "web-neu",
      "provider": "provider[\"registry.terraform.io/hashicorp/azurerm\"]",
      "instances": [
        {
          "schema_version": 1,
          "attributes": {
            "app_id": "648fd70a-4473-4c5b-ada1-076ea2340eb6",
            "application_type": "web",
            "connection_string": "InstrumentationKey=f4bc024b-9cc2-497a-8516-2c186f448a67;IngestionEndpoint=https://northeurope-0.in.applicationinsights.azure.com/;LiveEndpoint=https://northeurope.livediagnostics.monitor.azure.com/",
            "daily_data_cap_in_gb": 100,
            "daily_data_cap_notifications_disabled": false,
            "disable_ip_masking": false,
            "force_customer_storage_for_profiler": false,
            "id": "/subscriptions/1d8b4140-7b97-4795-8d20-000c29db057a/resourceGroups/rg-final-weu/providers/Microsoft.Insights/components/appi-web-eshop-cloudx-neu",
            "instrumentation_key": "f4bc024b-9cc2-497a-8516-2c186f448a67",
            "internet_ingestion_enabled": true,
            "internet_query_enabled": true,
            "local_authentication_disabled": false,
            "location": "northeurope",
            "name": "appi-web-eshop-cloudx-neu",
            "resource_group_name": "rg-final-weu",
            "retention_in_days": 90,
            "sampling_percentage": 100,
            "tags": {},
            "timeouts": null,
            "workspace_id": ""
          },
          "sensitive_attributes": [],
          "private": "eyJlMmJmYjczMC1lY2FhLTExZTYtOGY4OC0zNDM2M2JjN2M0YzAiOnsiY3JlYXRlIjozNjAwMDAwMDAwMDAwLCJkZWxldGUiOjE4MDAwMDAwMDAwMDAsInJlYWQiOjMwMDAwMDAwMDAwMCwidXBkYXRlIjoxODAwMDAwMDAwMDAwfSwic2NoZW1hX3ZlcnNpb24iOiIxIn0=",
          "dependencies": [
            "azurerm_resource_group.this",
            "azurerm_service_plan.windows-neu"
          ]
        }
      ]
    },
    {
      "mode": "managed",
      "type": "azurerm_application_insights",
      "name": "web-weu",
      "provider": "provider[\"registry.terraform.io/hashicorp/azurerm\"]",
      "instances": [
        {
          "schema_version": 1,
          "attributes": {
            "app_id": "1da6f186-c5d2-41f9-b16e-2d698df6dcb2",
            "application_type": "web",
            "connection_string": "InstrumentationKey=9df062c3-1035-42c5-9a7d-4852fb4951b2;IngestionEndpoint=https://westeurope-3.in.applicationinsights.azure.com/;LiveEndpoint=https://westeurope.livediagnostics.monitor.azure.com/",
            "daily_data_cap_in_gb": 100,
            "daily_data_cap_notifications_disabled": false,
            "disable_ip_masking": false,
            "force_customer_storage_for_profiler": false,
            "id": "/subscriptions/1d8b4140-7b97-4795-8d20-000c29db057a/resourceGroups/rg-final-weu/providers/Microsoft.Insights/components/appi-web-eshop-cloudx-weu",
            "instrumentation_key": "9df062c3-1035-42c5-9a7d-4852fb4951b2",
            "internet_ingestion_enabled": true,
            "internet_query_enabled": true,
            "local_authentication_disabled": false,
            "location": "westeurope",
            "name": "appi-web-eshop-cloudx-weu",
            "resource_group_name": "rg-final-weu",
            "retention_in_days": 90,
            "sampling_percentage": 100,
            "tags": {},
            "timeouts": null,
            "workspace_id": ""
          },
          "sensitive_attributes": [],
          "private": "eyJlMmJmYjczMC1lY2FhLTExZTYtOGY4OC0zNDM2M2JjN2M0YzAiOnsiY3JlYXRlIjozNjAwMDAwMDAwMDAwLCJkZWxldGUiOjE4MDAwMDAwMDAwMDAsInJlYWQiOjMwMDAwMDAwMDAwMCwidXBkYXRlIjoxODAwMDAwMDAwMDAwfSwic2NoZW1hX3ZlcnNpb24iOiIxIn0=",
          "dependencies": [
            "azurerm_resource_group.this",
            "azurerm_service_plan.windows-weu"
          ]
        }
      ]
    },
    {
      "mode": "managed",
      "type": "azurerm_container_registry",
      "name": "acr",
      "provider": "provider[\"registry.terraform.io/hashicorp/azurerm\"]",
      "instances": [
        {
          "schema_version": 2,
          "attributes": {
            "admin_enabled": true,
            "admin_password": "3WOL36iFuvXIDjcAf/OeK7aEIRRLnwPPyFBsVewPaV+ACRBzG8ls",
            "admin_username": "acreshopcloudx",
            "anonymous_pull_enabled": false,
            "data_endpoint_enabled": false,
            "encryption": [
              {
                "enabled": false,
                "identity_client_id": "",
                "key_vault_key_id": ""
              }
            ],
            "export_policy_enabled": true,
            "georeplications": [],
            "id": "/subscriptions/1d8b4140-7b97-4795-8d20-000c29db057a/resourceGroups/rg-final-weu/providers/Microsoft.ContainerRegistry/registries/acreshopcloudx",
            "identity": [
              {
                "identity_ids": [],
                "principal_id": "2963ec58-46bf-412b-86b9-4b322db7a547",
                "tenant_id": "b41b72d0-4e9f-4c26-8a69-f949f367c91d",
                "type": "SystemAssigned"
              }
            ],
            "location": "westeurope",
            "login_server": "acreshopcloudx.azurecr.io",
            "name": "acreshopcloudx",
            "network_rule_bypass_option": "AzureServices",
            "network_rule_set": [],
            "public_network_access_enabled": true,
            "quarantine_policy_enabled": false,
            "resource_group_name": "rg-final-weu",
            "retention_policy": [
              {
                "days": 7,
                "enabled": false
              }
            ],
            "sku": "Basic",
            "tags": {},
            "timeouts": null,
            "trust_policy": [
              {
                "enabled": false
              }
            ],
            "zone_redundancy_enabled": false
          },
          "sensitive_attributes": [],
          "private": "eyJlMmJmYjczMC1lY2FhLTExZTYtOGY4OC0zNDM2M2JjN2M0YzAiOnsiY3JlYXRlIjoxODAwMDAwMDAwMDAwLCJkZWxldGUiOjE4MDAwMDAwMDAwMDAsInJlYWQiOjMwMDAwMDAwMDAwMCwidXBkYXRlIjoxODAwMDAwMDAwMDAwfSwic2NoZW1hX3ZlcnNpb24iOiIyIn0=",
          "dependencies": [
            "azurerm_resource_group.this"
          ]
        }
      ]
    },
    {
      "mode": "managed",
      "type": "azurerm_container_registry_webhook",
      "name": "acrwh-publicapi",
      "provider": "provider[\"registry.terraform.io/hashicorp/azurerm\"]",
      "instances": [
        {
          "schema_version": 1,
          "attributes": {
            "actions": [
              "push"
            ],
            "custom_headers": {
              "Content-Type": "application/json"
            },
            "id": "/subscriptions/1d8b4140-7b97-4795-8d20-000c29db057a/resourceGroups/rg-final-weu/providers/Microsoft.ContainerRegistry/registries/acreshopcloudx/webHooks/webhookpublicapi",
            "location": "westeurope",
            "name": "webhookpublicapi",
            "registry_name": "acreshopcloudx",
            "resource_group_name": "rg-final-weu",
            "scope": "publicapi:*",
            "service_uri": "https://$app-publicapi-eshop-cloudx:SCn3zBW9tLzeEiFhY9c9aCDWREPRQ79Az8Llsi7F830Sq8b9zoLe0XK92ABf@app-publicapi-eshop-cloudx.scm.azurewebsites.net/docker/hook",
            "status": "enabled",
            "tags": {},
            "timeouts": null
          },
          "sensitive_attributes": [
            [
              {
                "type": "get_attr",
                "value": "service_uri"
              }
            ]
          ],
          "private": "eyJlMmJmYjczMC1lY2FhLTExZTYtOGY4OC0zNDM2M2JjN2M0YzAiOnsiY3JlYXRlIjoxODAwMDAwMDAwMDAwLCJkZWxldGUiOjE4MDAwMDAwMDAwMDAsInJlYWQiOjMwMDAwMDAwMDAwMCwidXBkYXRlIjoxODAwMDAwMDAwMDAwfSwic2NoZW1hX3ZlcnNpb24iOiIxIn0=",
          "dependencies": [
            "azurerm_application_insights.publicapi",
            "azurerm_container_registry.acr",
            "azurerm_key_vault.kv",
            "azurerm_key_vault_secret.kvs-db-connection",
            "azurerm_linux_web_app.app-publicapi",
            "azurerm_mssql_database.sql-db",
            "azurerm_mssql_server.sql-server",
            "azurerm_resource_group.this",
            "azurerm_service_plan.asp-linux",
            "data.azurerm_client_config.current",
            "data.azurerm_key_vault_secret.db-connection"
          ]
        }
      ]
    },
    {
      "mode": "managed",
      "type": "azurerm_cosmosdb_account",
      "name": "this",
      "provider": "provider[\"registry.terraform.io/hashicorp/azurerm\"]",
      "instances": [
        {
          "schema_version": 0,
          "attributes": {
            "access_key_metadata_writes_enabled": true,
            "analytical_storage": [
              {
                "schema_type": "WellDefined"
              }
            ],
            "analytical_storage_enabled": false,
            "backup": [
              {
                "interval_in_minutes": 240,
                "retention_in_hours": 8,
                "storage_redundancy": "Geo",
                "type": "Periodic"
              }
            ],
            "capabilities": [],
            "capacity": [
              {
                "total_throughput_limit": 1000
              }
            ],
            "connection_strings": [
              "AccountEndpoint=https://cosmos-eshop-cloudx.documents.azure.com:443/;AccountKey=aaqkD2JfnZCp6FFVH6Epst0dngZSQrSzx8Dlhzl3YVpVUybeOPFxlJzBQVWWg7VFUjjlA8BAIUXPACDbeCeSZw==;",
              "AccountEndpoint=https://cosmos-eshop-cloudx.documents.azure.com:443/;AccountKey=O1pnJlamPKhhMWU6vvsR9sXLXyaoaAQfsKx3Upti8HQTQk8jJiSEPJHRVg8UXAxZOSqJbpRGmFP6ACDbdmGAIA==;",
              "AccountEndpoint=https://cosmos-eshop-cloudx.documents.azure.com:443/;AccountKey=l50YzdzUuhkfQdA9wfW1ClZZ37amyWomUknlav1UpzewUAwaIm652pBTgjwMmJ2rpvDoembKIniCACDbCcKnNA==;",
              "AccountEndpoint=https://cosmos-eshop-cloudx.documents.azure.com:443/;AccountKey=Ikea7egWRwFVF1FlqxwdUwc2WQaKEKY5dwCEwyCuGILCdGlJ67yTzDloMiUtiwagnasuOI5TcjToACDboh5Gqg==;"
            ],
            "consistency_policy": [
              {
                "consistency_level": "Session",
                "max_interval_in_seconds": 5,
                "max_staleness_prefix": 100
              }
            ],
            "cors_rule": [],
            "create_mode": "",
            "default_identity_type": "FirstPartyIdentity",
            "enable_automatic_failover": false,
            "enable_free_tier": false,
            "enable_multiple_write_locations": false,
            "endpoint": "https://cosmos-eshop-cloudx.documents.azure.com:443/",
            "geo_location": [
              {
                "failover_priority": 0,
                "id": "cosmos-eshop-cloudx-westeurope",
                "location": "westeurope",
                "zone_redundant": false
              }
            ],
            "id": "/subscriptions/1d8b4140-7b97-4795-8d20-000c29db057a/resourceGroups/rg-final-weu/providers/Microsoft.DocumentDB/databaseAccounts/cosmos-eshop-cloudx",
            "identity": [
              {
                "identity_ids": [],
                "principal_id": "14555006-a6e9-4146-8ed3-8899167fef13",
                "tenant_id": "b41b72d0-4e9f-4c26-8a69-f949f367c91d",
                "type": "SystemAssigned"
              }
            ],
            "ip_range_filter": "",
            "is_virtual_network_filter_enabled": false,
            "key_vault_key_id": null,
            "kind": "GlobalDocumentDB",
            "local_authentication_disabled": false,
            "location": "westeurope",
            "mongo_server_version": null,
            "name": "cosmos-eshop-cloudx",
            "network_acl_bypass_for_azure_services": false,
            "network_acl_bypass_ids": [],
            "offer_type": "Standard",
            "primary_key": "aaqkD2JfnZCp6FFVH6Epst0dngZSQrSzx8Dlhzl3YVpVUybeOPFxlJzBQVWWg7VFUjjlA8BAIUXPACDbeCeSZw==",
            "primary_readonly_key": "l50YzdzUuhkfQdA9wfW1ClZZ37amyWomUknlav1UpzewUAwaIm652pBTgjwMmJ2rpvDoembKIniCACDbCcKnNA==",
            "primary_readonly_sql_connection_string": "AccountEndpoint=https://cosmos-eshop-cloudx.documents.azure.com:443/;AccountKey=l50YzdzUuhkfQdA9wfW1ClZZ37amyWomUknlav1UpzewUAwaIm652pBTgjwMmJ2rpvDoembKIniCACDbCcKnNA==;",
            "primary_sql_connection_string": "AccountEndpoint=https://cosmos-eshop-cloudx.documents.azure.com:443/;AccountKey=aaqkD2JfnZCp6FFVH6Epst0dngZSQrSzx8Dlhzl3YVpVUybeOPFxlJzBQVWWg7VFUjjlA8BAIUXPACDbeCeSZw==;",
            "public_network_access_enabled": true,
            "read_endpoints": [
              "https://cosmos-eshop-cloudx-westeurope.documents.azure.com:443/"
            ],
            "resource_group_name": "rg-final-weu",
            "restore": [],
            "secondary_key": "O1pnJlamPKhhMWU6vvsR9sXLXyaoaAQfsKx3Upti8HQTQk8jJiSEPJHRVg8UXAxZOSqJbpRGmFP6ACDbdmGAIA==",
            "secondary_readonly_key": "Ikea7egWRwFVF1FlqxwdUwc2WQaKEKY5dwCEwyCuGILCdGlJ67yTzDloMiUtiwagnasuOI5TcjToACDboh5Gqg==",
            "secondary_readonly_sql_connection_string": "AccountEndpoint=https://cosmos-eshop-cloudx.documents.azure.com:443/;AccountKey=Ikea7egWRwFVF1FlqxwdUwc2WQaKEKY5dwCEwyCuGILCdGlJ67yTzDloMiUtiwagnasuOI5TcjToACDboh5Gqg==;",
            "secondary_sql_connection_string": "AccountEndpoint=https://cosmos-eshop-cloudx.documents.azure.com:443/;AccountKey=O1pnJlamPKhhMWU6vvsR9sXLXyaoaAQfsKx3Upti8HQTQk8jJiSEPJHRVg8UXAxZOSqJbpRGmFP6ACDbdmGAIA==;",
            "tags": {},
            "timeouts": null,
            "virtual_network_rule": [],
            "write_endpoints": [
              "https://cosmos-eshop-cloudx-westeurope.documents.azure.com:443/"
            ]
          },
          "sensitive_attributes": [],
          "private": "eyJlMmJmYjczMC1lY2FhLTExZTYtOGY4OC0zNDM2M2JjN2M0YzAiOnsiY3JlYXRlIjoxMDgwMDAwMDAwMDAwMCwiZGVsZXRlIjoxMDgwMDAwMDAwMDAwMCwicmVhZCI6MzAwMDAwMDAwMDAwLCJ1cGRhdGUiOjEwODAwMDAwMDAwMDAwfX0=",
          "dependencies": [
            "azurerm_resource_group.this"
          ]
        }
      ]
    },
    {
      "mode": "managed",
      "type": "azurerm_cosmosdb_sql_container",
      "name": "orders",
      "provider": "provider[\"registry.terraform.io/hashicorp/azurerm\"]",
      "instances": [
        {
          "schema_version": 1,
          "attributes": {
            "account_name": "cosmos-eshop-cloudx",
            "analytical_storage_ttl": null,
            "autoscale_settings": [],
            "conflict_resolution_policy": [
              {
                "conflict_resolution_path": "/_ts",
                "conflict_resolution_procedure": "",
                "mode": "LastWriterWins"
              }
            ],
            "database_name": "eShopOnWebDb",
            "default_ttl": null,
            "id": "/subscriptions/1d8b4140-7b97-4795-8d20-000c29db057a/resourceGroups/rg-final-weu/providers/Microsoft.DocumentDB/databaseAccounts/cosmos-eshop-cloudx/sqlDatabases/eShopOnWebDb/containers/orders",
            "indexing_policy": [
              {
                "composite_index": [],
                "excluded_path": [],
                "included_path": [
                  {
                    "path": "/*"
                  }
                ],
                "indexing_mode": "consistent",
                "spatial_index": []
              }
            ],
            "name": "orders",
            "partition_key_path": "/orderId",
            "partition_key_version": 1,
            "resource_group_name": "rg-final-weu",
            "throughput": 400,
            "timeouts": null,
            "unique_key": []
          },
          "sensitive_attributes": [],
          "private": "eyJlMmJmYjczMC1lY2FhLTExZTYtOGY4OC0zNDM2M2JjN2M0YzAiOnsiY3JlYXRlIjoxODAwMDAwMDAwMDAwLCJkZWxldGUiOjE4MDAwMDAwMDAwMDAsInJlYWQiOjMwMDAwMDAwMDAwMCwidXBkYXRlIjoxODAwMDAwMDAwMDAwfSwic2NoZW1hX3ZlcnNpb24iOiIxIn0=",
          "dependencies": [
            "azurerm_cosmosdb_account.this",
            "azurerm_cosmosdb_sql_database.main",
            "azurerm_resource_group.this"
          ]
        }
      ]
    },
    {
      "mode": "managed",
      "type": "azurerm_cosmosdb_sql_database",
      "name": "main",
      "provider": "provider[\"registry.terraform.io/hashicorp/azurerm\"]",
      "instances": [
        {
          "schema_version": 1,
          "attributes": {
            "account_name": "cosmos-eshop-cloudx",
            "autoscale_settings": [],
            "id": "/subscriptions/1d8b4140-7b97-4795-8d20-000c29db057a/resourceGroups/rg-final-weu/providers/Microsoft.DocumentDB/databaseAccounts/cosmos-eshop-cloudx/sqlDatabases/eShopOnWebDb",
            "name": "eShopOnWebDb",
            "resource_group_name": "rg-final-weu",
            "throughput": 0,
            "timeouts": null
          },
          "sensitive_attributes": [],
          "private": "eyJlMmJmYjczMC1lY2FhLTExZTYtOGY4OC0zNDM2M2JjN2M0YzAiOnsiY3JlYXRlIjoxODAwMDAwMDAwMDAwLCJkZWxldGUiOjE4MDAwMDAwMDAwMDAsInJlYWQiOjMwMDAwMDAwMDAwMCwidXBkYXRlIjoxODAwMDAwMDAwMDAwfSwic2NoZW1hX3ZlcnNpb24iOiIxIn0=",
          "dependencies": [
            "azurerm_cosmosdb_account.this",
            "azurerm_resource_group.this"
          ]
        }
      ]
    },
    {
      "mode": "managed",
      "type": "azurerm_key_vault",
      "name": "kv",
      "provider": "provider[\"registry.terraform.io/hashicorp/azurerm\"]",
      "instances": [
        {
          "schema_version": 2,
          "attributes": {
            "access_policy": [
              {
                "application_id": "",
                "certificate_permissions": [],
                "key_permissions": [
                  "Create",
                  "Get"
                ],
                "object_id": "ca175fba-6b31-4201-a341-9564d45f6032",
                "secret_permissions": [
                  "Set",
                  "Get",
                  "Delete",
                  "Purge",
                  "Recover"
                ],
                "storage_permissions": [
                  "Get"
                ],
                "tenant_id": "b41b72d0-4e9f-4c26-8a69-f949f367c91d"
              }
            ],
            "contact": [],
            "enable_rbac_authorization": false,
            "enabled_for_deployment": false,
            "enabled_for_disk_encryption": true,
            "enabled_for_template_deployment": false,
            "id": "/subscriptions/1d8b4140-7b97-4795-8d20-000c29db057a/resourceGroups/rg-final-weu/providers/Microsoft.KeyVault/vaults/kv-final-eshop-cloudx",
            "location": "westeurope",
            "name": "kv-final-eshop-cloudx",
            "network_acls": [
              {
                "bypass": "AzureServices",
                "default_action": "Allow",
                "ip_rules": [],
                "virtual_network_subnet_ids": []
              }
            ],
            "public_network_access_enabled": true,
            "purge_protection_enabled": false,
            "resource_group_name": "rg-final-weu",
            "sku_name": "standard",
            "soft_delete_retention_days": 7,
            "tags": {},
            "tenant_id": "b41b72d0-4e9f-4c26-8a69-f949f367c91d",
            "timeouts": null,
            "vault_uri": "https://kv-final-eshop-cloudx.vault.azure.net/"
          },
          "sensitive_attributes": [],
          "private": "eyJlMmJmYjczMC1lY2FhLTExZTYtOGY4OC0zNDM2M2JjN2M0YzAiOnsiY3JlYXRlIjoxODAwMDAwMDAwMDAwLCJkZWxldGUiOjE4MDAwMDAwMDAwMDAsInJlYWQiOjMwMDAwMDAwMDAwMCwidXBkYXRlIjoxODAwMDAwMDAwMDAwfSwic2NoZW1hX3ZlcnNpb24iOiIyIn0=",
          "dependencies": [
            "azurerm_resource_group.this",
            "data.azurerm_client_config.current"
          ]
        }
      ]
    },
    {
      "mode": "managed",
      "type": "azurerm_key_vault_access_policy",
      "name": "kvap-publicapi",
      "provider": "provider[\"registry.terraform.io/hashicorp/azurerm\"]",
      "instances": [
        {
          "schema_version": 0,
          "attributes": {
            "application_id": null,
            "certificate_permissions": [
              "Get",
              "List"
            ],
            "id": "/subscriptions/1d8b4140-7b97-4795-8d20-000c29db057a/resourceGroups/rg-final-weu/providers/Microsoft.KeyVault/vaults/kv-final-eshop-cloudx/objectId/9d0a97a7-a8b3-4048-a9ac-3ccd1f47bb0c",
            "key_permissions": [
              "Get",
              "List"
            ],
            "key_vault_id": "/subscriptions/1d8b4140-7b97-4795-8d20-000c29db057a/resourceGroups/rg-final-weu/providers/Microsoft.KeyVault/vaults/kv-final-eshop-cloudx",
            "object_id": "9d0a97a7-a8b3-4048-a9ac-3ccd1f47bb0c",
            "secret_permissions": [
              "Get",
              "List"
            ],
            "storage_permissions": null,
            "tenant_id": "b41b72d0-4e9f-4c26-8a69-f949f367c91d",
            "timeouts": null
          },
          "sensitive_attributes": [],
          "private": "eyJlMmJmYjczMC1lY2FhLTExZTYtOGY4OC0zNDM2M2JjN2M0YzAiOnsiY3JlYXRlIjoxODAwMDAwMDAwMDAwLCJkZWxldGUiOjE4MDAwMDAwMDAwMDAsInJlYWQiOjMwMDAwMDAwMDAwMCwidXBkYXRlIjoxODAwMDAwMDAwMDAwfX0=",
          "dependencies": [
            "azurerm_key_vault.kv",
            "azurerm_resource_group.this",
            "data.azuread_service_principal.asp-linux-publicapi",
            "data.azurerm_client_config.current"
          ]
        }
      ]
    },
    {
      "mode": "managed",
      "type": "azurerm_key_vault_access_policy",
      "name": "web-neu",
      "provider": "provider[\"registry.terraform.io/hashicorp/azurerm\"]",
      "instances": [
        {
          "schema_version": 0,
          "attributes": {
            "application_id": null,
            "certificate_permissions": [
              "Get",
              "List"
            ],
            "id": "/subscriptions/1d8b4140-7b97-4795-8d20-000c29db057a/resourceGroups/rg-final-weu/providers/Microsoft.KeyVault/vaults/kv-final-eshop-cloudx/objectId/77b9a5fb-b4ac-4aec-9399-e22d6737c936",
            "key_permissions": [
              "Get",
              "List"
            ],
            "key_vault_id": "/subscriptions/1d8b4140-7b97-4795-8d20-000c29db057a/resourceGroups/rg-final-weu/providers/Microsoft.KeyVault/vaults/kv-final-eshop-cloudx",
            "object_id": "77b9a5fb-b4ac-4aec-9399-e22d6737c936",
            "secret_permissions": [
              "Get",
              "List"
            ],
            "storage_permissions": null,
            "tenant_id": "b41b72d0-4e9f-4c26-8a69-f949f367c91d",
            "timeouts": null
          },
          "sensitive_attributes": [],
          "private": "eyJlMmJmYjczMC1lY2FhLTExZTYtOGY4OC0zNDM2M2JjN2M0YzAiOnsiY3JlYXRlIjoxODAwMDAwMDAwMDAwLCJkZWxldGUiOjE4MDAwMDAwMDAwMDAsInJlYWQiOjMwMDAwMDAwMDAwMCwidXBkYXRlIjoxODAwMDAwMDAwMDAwfX0=",
          "dependencies": [
            "azurerm_application_insights.funcapp",
            "azurerm_application_insights.web-weu",
            "azurerm_key_vault.kv",
            "azurerm_key_vault_secret.kvs-db-connection",
            "azurerm_resource_group.this",
            "azurerm_service_plan.funcapp",
            "azurerm_service_plan.windows-neu",
            "azurerm_servicebus_namespace.this",
            "azurerm_servicebus_queue.order-reservation-failed",
            "azurerm_servicebus_queue.order-reservation-requested",
            "azurerm_storage_account.this",
            "azurerm_windows_function_app.func-app",
            "azurerm_windows_web_app.web-neu",
            "data.azuread_service_principal.web-neu",
            "data.azurerm_client_config.current",
            "data.azurerm_function_app_host_keys.this",
            "data.azurerm_key_vault_secret.db-connection"
          ]
        }
      ]
    },
    {
      "mode": "managed",
      "type": "azurerm_key_vault_access_policy",
      "name": "web-weu",
      "provider": "provider[\"registry.terraform.io/hashicorp/azurerm\"]",
      "instances": [
        {
          "schema_version": 0,
          "attributes": {
            "application_id": null,
            "certificate_permissions": [
              "Get",
              "List"
            ],
            "id": "/subscriptions/1d8b4140-7b97-4795-8d20-000c29db057a/resourceGroups/rg-final-weu/providers/Microsoft.KeyVault/vaults/kv-final-eshop-cloudx/objectId/b6ef1fc1-75ee-4c4e-b544-624cd8821010",
            "key_permissions": [
              "Get",
              "List"
            ],
            "key_vault_id": "/subscriptions/1d8b4140-7b97-4795-8d20-000c29db057a/resourceGroups/rg-final-weu/providers/Microsoft.KeyVault/vaults/kv-final-eshop-cloudx",
            "object_id": "b6ef1fc1-75ee-4c4e-b544-624cd8821010",
            "secret_permissions": [
              "Get",
              "List"
            ],
            "storage_permissions": null,
            "tenant_id": "b41b72d0-4e9f-4c26-8a69-f949f367c91d",
            "timeouts": null
          },
          "sensitive_attributes": [],
          "private": "eyJlMmJmYjczMC1lY2FhLTExZTYtOGY4OC0zNDM2M2JjN2M0YzAiOnsiY3JlYXRlIjoxODAwMDAwMDAwMDAwLCJkZWxldGUiOjE4MDAwMDAwMDAwMDAsInJlYWQiOjMwMDAwMDAwMDAwMCwidXBkYXRlIjoxODAwMDAwMDAwMDAwfX0=",
          "dependencies": [
            "azurerm_application_insights.funcapp",
            "azurerm_application_insights.web-weu",
            "azurerm_key_vault.kv",
            "azurerm_key_vault_secret.kvs-db-connection",
            "azurerm_resource_group.this",
            "azurerm_service_plan.funcapp",
            "azurerm_service_plan.windows-weu",
            "azurerm_servicebus_namespace.this",
            "azurerm_servicebus_queue.order-reservation-failed",
            "azurerm_servicebus_queue.order-reservation-requested",
            "azurerm_storage_account.this",
            "azurerm_windows_function_app.func-app",
            "azurerm_windows_web_app.web-weu",
            "data.azuread_service_principal.web-weu",
            "data.azurerm_client_config.current",
            "data.azurerm_function_app_host_keys.this",
            "data.azurerm_key_vault_secret.db-connection"
          ]
        }
      ]
    },
    {
      "mode": "managed",
      "type": "azurerm_key_vault_secret",
      "name": "kvs-db-connection",
      "provider": "provider[\"registry.terraform.io/hashicorp/azurerm\"]",
      "instances": [
        {
          "schema_version": 0,
          "attributes": {
            "content_type": "",
            "expiration_date": null,
            "id": "https://kv-final-eshop-cloudx.vault.azure.net/secrets/eshop-sql-connection-string/816d604f76c3486888ad45f23b674f9d",
            "key_vault_id": "/subscriptions/1d8b4140-7b97-4795-8d20-000c29db057a/resourceGroups/rg-final-weu/providers/Microsoft.KeyVault/vaults/kv-final-eshop-cloudx",
            "name": "eshop-sql-connection-string",
            "not_before_date": null,
            "resource_id": "/subscriptions/1d8b4140-7b97-4795-8d20-000c29db057a/resourceGroups/rg-final-weu/providers/Microsoft.KeyVault/vaults/kv-final-eshop-cloudx/secrets/eshop-sql-connection-string/versions/816d604f76c3486888ad45f23b674f9d",
            "resource_versionless_id": "/subscriptions/1d8b4140-7b97-4795-8d20-000c29db057a/resourceGroups/rg-final-weu/providers/Microsoft.KeyVault/vaults/kv-final-eshop-cloudx/secrets/eshop-sql-connection-string",
            "tags": {},
            "timeouts": null,
            "value": "Server=tcp:sql-eshop-cloudx.database.windows.net,1433;Initial Catalog=sqldb-eShopOnWeb;Persist Security Info=False;User ID=xcloud-admin;Password=@someThingComplicated1234;MultipleActiveResultSets=True;Encrypt=True;TrustServerCertificate=False;Connection Timeout=30;",
            "version": "816d604f76c3486888ad45f23b674f9d",
            "versionless_id": "https://kv-final-eshop-cloudx.vault.azure.net/secrets/eshop-sql-connection-string"
          },
          "sensitive_attributes": [],
          "private": "eyJlMmJmYjczMC1lY2FhLTExZTYtOGY4OC0zNDM2M2JjN2M0YzAiOnsiY3JlYXRlIjoxODAwMDAwMDAwMDAwLCJkZWxldGUiOjE4MDAwMDAwMDAwMDAsInJlYWQiOjE4MDAwMDAwMDAwMDAsInVwZGF0ZSI6MTgwMDAwMDAwMDAwMH19",
          "dependencies": [
            "azurerm_key_vault.kv",
            "azurerm_mssql_database.sql-db",
            "azurerm_mssql_server.sql-server",
            "azurerm_resource_group.this",
            "data.azurerm_client_config.current"
          ]
        }
      ]
    },
    {
      "mode": "managed",
      "type": "azurerm_linux_web_app",
      "name": "app-publicapi",
      "provider": "provider[\"registry.terraform.io/hashicorp/azurerm\"]",
      "instances": [
        {
          "schema_version": 0,
          "attributes": {
            "app_settings": {
              "APPINSIGHTS_INSTRUMENTATIONKEY": "ad70721d-a2fe-40e7-b896-fa3c7dc58298",
              "APPLICATIONINSIGHTS_CONNECTION_STRING": "InstrumentationKey=ad70721d-a2fe-40e7-b896-fa3c7dc58298;IngestionEndpoint=https://westeurope-1.in.applicationinsights.azure.com/;LiveEndpoint=https://westeurope.livediagnostics.monitor.azure.com/",
              "ApplicationInsightsAgent_EXTENSION_VERSION": "~2",
              "DOCKER_REGISTRY_SERVER_URL": "acreshopcloudx.azurecr.io"
            },
            "auth_settings": [],
            "auth_settings_v2": [],
            "backup": [],
            "client_affinity_enabled": false,
            "client_certificate_enabled": false,
            "client_certificate_exclusion_paths": "",
            "client_certificate_mode": "Required",
            "connection_string": [
              {
                "name": "CatalogConnection",
                "type": "SQLServer",
                "value": "@Microsoft.KeyVault(VaultName=kv-final-eshop-cloudx;SecretName=eshop-sql-connection-string)"
              },
              {
                "name": "IdentityConnection",
                "type": "SQLServer",
                "value": "@Microsoft.KeyVault(VaultName=kv-final-eshop-cloudx;SecretName=eshop-sql-connection-string)"
              }
            ],
            "custom_domain_verification_id": "E42D7731AFC9D9E8CC65C67D0DBEC51307A50DDCB2821FAC1EE768D1C8A9C196",
            "default_hostname": "app-publicapi-eshop-cloudx.azurewebsites.net",
            "enabled": true,
            "hosting_environment_id": "",
            "https_only": false,
            "id": "/subscriptions/1d8b4140-7b97-4795-8d20-000c29db057a/resourceGroups/rg-final-weu/providers/Microsoft.Web/sites/app-publicapi-eshop-cloudx",
            "identity": [
              {
                "identity_ids": [],
                "principal_id": "9d0a97a7-a8b3-4048-a9ac-3ccd1f47bb0c",
                "tenant_id": "b41b72d0-4e9f-4c26-8a69-f949f367c91d",
                "type": "SystemAssigned"
              }
            ],
            "key_vault_reference_identity_id": "SystemAssigned",
            "kind": "app,linux,container",
            "location": "westeurope",
            "logs": [
              {
                "application_logs": [
                  {
                    "azure_blob_storage": [],
                    "file_system_level": "Information"
                  }
                ],
                "detailed_error_messages": false,
                "failed_request_tracing": false,
                "http_logs": []
              }
            ],
            "name": "app-publicapi-eshop-cloudx",
            "outbound_ip_address_list": [
              "20.23.22.176",
              "20.23.22.178",
              "20.23.22.190",
              "20.23.22.231",
              "20.23.22.233",
              "20.23.22.255",
              "20.238.171.124",
              "20.238.172.122",
              "20.238.172.126",
              "20.238.172.224",
              "20.238.172.233",
              "20.238.171.20",
              "20.105.232.27"
            ],
            "outbound_ip_addresses": "20.23.22.176,20.23.22.178,20.23.22.190,20.23.22.231,20.23.22.233,20.23.22.255,20.238.171.124,20.238.172.122,20.238.172.126,20.238.172.224,20.238.172.233,20.238.171.20,20.105.232.27",
            "possible_outbound_ip_address_list": [
              "20.23.22.176",
              "20.23.22.178",
              "20.23.22.190",
              "20.23.22.231",
              "20.23.22.233",
              "20.23.22.255",
              "20.238.171.124",
              "20.238.172.122",
              "20.238.172.126",
              "20.238.172.224",
              "20.238.172.233",
              "20.238.171.20",
              "20.238.172.245",
              "20.238.172.246",
              "20.238.172.251",
              "20.31.127.102",
              "20.238.172.255",
              "20.13.70.253",
              "20.13.71.41",
              "20.13.71.98",
              "20.126.227.11",
              "20.23.21.90",
              "20.23.22.132",
              "20.23.22.173",
              "20.23.22.176",
              "20.23.22.178",
              "20.23.22.190",
              "20.23.22.231",
              "20.23.22.233",
              "20.23.22.255",
              "20.23.22.197",
              "20.23.23.33",
              "20.23.23.58",
              "20.23.23.90",
              "20.23.23.125",
              "20.23.23.157",
              "20.105.232.27"
            ],
            "possible_outbound_ip_addresses": "20.23.22.176,20.23.22.178,20.23.22.190,20.23.22.231,20.23.22.233,20.23.22.255,20.238.171.124,20.238.172.122,20.238.172.126,20.238.172.224,20.238.172.233,20.238.171.20,20.238.172.245,20.238.172.246,20.238.172.251,20.31.127.102,20.238.172.255,20.13.70.253,20.13.71.41,20.13.71.98,20.126.227.11,20.23.21.90,20.23.22.132,20.23.22.173,20.23.22.176,20.23.22.178,20.23.22.190,20.23.22.231,20.23.22.233,20.23.22.255,20.23.22.197,20.23.23.33,20.23.23.58,20.23.23.90,20.23.23.125,20.23.23.157,20.105.232.27",
            "resource_group_name": "rg-final-weu",
            "service_plan_id": "/subscriptions/1d8b4140-7b97-4795-8d20-000c29db057a/resourceGroups/rg-final-weu/providers/Microsoft.Web/serverfarms/asp-linux-eshop-cloudx",
            "site_config": [
              {
                "always_on": false,
                "api_definition_url": "",
                "api_management_api_id": "",
                "app_command_line": "",
                "application_stack": [
                  {
                    "docker_image": "acreshopcloudx.azurecr.io/publicapi",
                    "docker_image_tag": "latest",
                    "dotnet_version": "",
                    "go_version": "",
                    "java_server": "",
                    "java_server_version": "",
                    "java_version": "",
                    "node_version": "",
                    "php_version": "",
                    "python_version": "",
                    "ruby_version": ""
                  }
                ],
                "auto_heal_enabled": false,
                "auto_heal_setting": [],
                "container_registry_managed_identity_client_id": "2963ec58-46bf-412b-86b9-4b322db7a547",
                "container_registry_use_managed_identity": true,
                "cors": [],
                "default_documents": [
                  "Default.htm",
                  "Default.html",
                  "Default.asp",
                  "index.htm",
                  "index.html",
                  "iisstart.htm",
                  "default.aspx",
                  "index.php",
                  "hostingstart.html"
                ],
                "detailed_error_logging_enabled": false,
                "ftps_state": "Disabled",
                "health_check_eviction_time_in_min": 0,
                "health_check_path": "",
                "http2_enabled": false,
                "ip_restriction": [],
                "linux_fx_version": "DOCKER|acreshopcloudx.azurecr.io/publicapi:latest",
                "load_balancing_mode": "LeastRequests",
                "local_mysql_enabled": false,
                "managed_pipeline_mode": "Integrated",
                "minimum_tls_version": "1.2",
                "remote_debugging_enabled": false,
                "remote_debugging_version": "VS2019",
                "scm_ip_restriction": [],
                "scm_minimum_tls_version": "1.2",
                "scm_type": "None",
                "scm_use_main_ip_restriction": false,
                "use_32_bit_worker": true,
                "vnet_route_all_enabled": false,
                "websockets_enabled": false,
                "worker_count": 1
              }
            ],
            "site_credential": [
              {
                "name": "$app-publicapi-eshop-cloudx",
                "password": "SCn3zBW9tLzeEiFhY9c9aCDWREPRQ79Az8Llsi7F830Sq8b9zoLe0XK92ABf"
              }
            ],
            "sticky_settings": [],
            "storage_account": [],
            "tags": {},
            "timeouts": null,
            "virtual_network_subnet_id": "",
            "zip_deploy_file": ""
          },
          "sensitive_attributes": [
            [
              {
                "type": "get_attr",
                "value": "app_settings"
              },
              {
                "type": "index",
                "value": {
                  "value": "APPINSIGHTS_INSTRUMENTATIONKEY",
                  "type": "string"
                }
              }
            ],
            [
              {
                "type": "get_attr",
                "value": "app_settings"
              },
              {
                "type": "index",
                "value": {
                  "value": "APPLICATIONINSIGHTS_CONNECTION_STRING",
                  "type": "string"
                }
              }
            ]
          ],
          "private": "eyJlMmJmYjczMC1lY2FhLTExZTYtOGY4OC0zNDM2M2JjN2M0YzAiOnsiY3JlYXRlIjoxODAwMDAwMDAwMDAwLCJkZWxldGUiOjE4MDAwMDAwMDAwMDAsInJlYWQiOjMwMDAwMDAwMDAwMCwidXBkYXRlIjoxODAwMDAwMDAwMDAwfX0=",
          "dependencies": [
            "azurerm_application_insights.publicapi",
            "azurerm_container_registry.acr",
            "azurerm_key_vault.kv",
            "azurerm_key_vault_secret.kvs-db-connection",
            "azurerm_mssql_database.sql-db",
            "azurerm_mssql_server.sql-server",
            "azurerm_resource_group.this",
            "azurerm_service_plan.asp-linux",
            "data.azurerm_client_config.current",
            "data.azurerm_key_vault_secret.db-connection"
          ]
        }
      ]
    },
    {
      "mode": "managed",
      "type": "azurerm_monitor_autoscale_setting",
      "name": "windows-weu",
      "provider": "provider[\"registry.terraform.io/hashicorp/azurerm\"]",
      "instances": [
        {
          "schema_version": 2,
          "attributes": {
            "enabled": true,
            "id": "/subscriptions/1d8b4140-7b97-4795-8d20-000c29db057a/resourceGroups/rg-final-weu/providers/Microsoft.Insights/autoScaleSettings/Web Eus Autoscale Setting",
            "location": "westeurope",
            "name": "Web Eus Autoscale Setting",
            "notification": [],
            "profile": [
              {
                "capacity": [
                  {
                    "default": 1,
                    "maximum": 5,
                    "minimum": 1
                  }
                ],
                "fixed_date": [],
                "name": "default",
                "recurrence": [],
                "rule": [
                  {
                    "metric_trigger": [
                      {
                        "dimensions": [],
                        "divide_by_instance_count": false,
                        "metric_name": "CpuPercentage",
                        "metric_namespace": "",
                        "metric_resource_id": "/subscriptions/1d8b4140-7b97-4795-8d20-000c29db057a/resourceGroups/rg-final-weu/providers/Microsoft.Web/serverfarms/asp-eshop-cloudx-weu",
                        "operator": "GreaterThan",
                        "statistic": "Average",
                        "threshold": 90,
                        "time_aggregation": "Average",
                        "time_grain": "PT1M",
                        "time_window": "PT5M"
                      }
                    ],
                    "scale_action": [
                      {
                        "cooldown": "PT1M",
                        "direction": "Increase",
                        "type": "ChangeCount",
                        "value": 1
                      }
                    ]
                  },
                  {
                    "metric_trigger": [
                      {
                        "dimensions": [],
                        "divide_by_instance_count": false,
                        "metric_name": "CpuPercentage",
                        "metric_namespace": "",
                        "metric_resource_id": "/subscriptions/1d8b4140-7b97-4795-8d20-000c29db057a/resourceGroups/rg-final-weu/providers/Microsoft.Web/serverfarms/asp-eshop-cloudx-weu",
                        "operator": "LessThan",
                        "statistic": "Average",
                        "threshold": 10,
                        "time_aggregation": "Average",
                        "time_grain": "PT1M",
                        "time_window": "PT5M"
                      }
                    ],
                    "scale_action": [
                      {
                        "cooldown": "PT1M",
                        "direction": "Decrease",
                        "type": "ChangeCount",
                        "value": 1
                      }
                    ]
                  }
                ]
              }
            ],
            "resource_group_name": "rg-final-weu",
            "tags": {},
            "target_resource_id": "/subscriptions/1d8b4140-7b97-4795-8d20-000c29db057a/resourceGroups/rg-final-weu/providers/Microsoft.Web/serverfarms/asp-eshop-cloudx-weu",
            "timeouts": null
          },
          "sensitive_attributes": [],
          "private": "eyJlMmJmYjczMC1lY2FhLTExZTYtOGY4OC0zNDM2M2JjN2M0YzAiOnsiY3JlYXRlIjoxODAwMDAwMDAwMDAwLCJkZWxldGUiOjE4MDAwMDAwMDAwMDAsInJlYWQiOjMwMDAwMDAwMDAwMCwidXBkYXRlIjoxODAwMDAwMDAwMDAwfSwic2NoZW1hX3ZlcnNpb24iOiIyIn0=",
          "dependencies": [
            "azurerm_resource_group.this",
            "azurerm_service_plan.windows-weu"
          ]
        }
      ]
    },
    {
      "mode": "managed",
      "type": "azurerm_mssql_database",
      "name": "sql-db",
      "provider": "provider[\"registry.terraform.io/hashicorp/azurerm\"]",
      "instances": [
        {
          "schema_version": 1,
          "attributes": {
            "auto_pause_delay_in_minutes": 0,
            "collation": "SQL_Latin1_General_CP1_CI_AS",
            "create_mode": "Default",
            "creation_source_database_id": null,
            "elastic_pool_id": "",
            "geo_backup_enabled": true,
            "id": "/subscriptions/1d8b4140-7b97-4795-8d20-000c29db057a/resourceGroups/rg-final-weu/providers/Microsoft.Sql/servers/sql-eshop-cloudx/databases/sqldb-eShopOnWeb",
            "import": [],
            "ledger_enabled": false,
            "license_type": "LicenseIncluded",
            "long_term_retention_policy": [
              {
                "monthly_retention": "PT0S",
                "week_of_year": 1,
                "weekly_retention": "PT0S",
                "yearly_retention": "PT0S"
              }
            ],
            "maintenance_configuration_name": "SQL_Default",
            "max_size_gb": 2,
            "min_capacity": 0,
            "name": "sqldb-eShopOnWeb",
            "read_replica_count": 0,
            "read_scale": false,
            "recover_database_id": null,
            "restore_dropped_database_id": null,
            "restore_point_in_time": null,
            "sample_name": null,
            "server_id": "/subscriptions/1d8b4140-7b97-4795-8d20-000c29db057a/resourceGroups/rg-final-weu/providers/Microsoft.Sql/servers/sql-eshop-cloudx",
            "short_term_retention_policy": [
              {
                "backup_interval_in_hours": 24,
                "retention_days": 7
              }
            ],
            "sku_name": "S0",
            "storage_account_type": "Geo",
            "tags": {},
            "threat_detection_policy": [
              {
                "disabled_alerts": [],
                "email_account_admins": "Disabled",
                "email_addresses": [],
                "retention_days": 0,
                "state": "Disabled",
                "storage_account_access_key": "",
                "storage_endpoint": ""
              }
            ],
            "timeouts": null,
            "transparent_data_encryption_enabled": true,
            "zone_redundant": false
          },
          "sensitive_attributes": [],
          "private": "eyJlMmJmYjczMC1lY2FhLTExZTYtOGY4OC0zNDM2M2JjN2M0YzAiOnsiY3JlYXRlIjozNjAwMDAwMDAwMDAwLCJkZWxldGUiOjM2MDAwMDAwMDAwMDAsInJlYWQiOjMwMDAwMDAwMDAwMCwidXBkYXRlIjozNjAwMDAwMDAwMDAwfSwic2NoZW1hX3ZlcnNpb24iOiIxIn0=",
          "dependencies": [
            "azurerm_mssql_server.sql-server",
            "azurerm_resource_group.this"
          ]
        }
      ]
    },
    {
      "mode": "managed",
      "type": "azurerm_mssql_firewall_rule",
      "name": "sql-rule-azure",
      "provider": "provider[\"registry.terraform.io/hashicorp/azurerm\"]",
      "instances": [
        {
          "schema_version": 0,
          "attributes": {
            "end_ip_address": "0.0.0.0",
            "id": "/subscriptions/1d8b4140-7b97-4795-8d20-000c29db057a/resourceGroups/rg-final-weu/providers/Microsoft.Sql/servers/sql-eshop-cloudx/firewallRules/allow-azure-services",
            "name": "allow-azure-services",
            "server_id": "/subscriptions/1d8b4140-7b97-4795-8d20-000c29db057a/resourceGroups/rg-final-weu/providers/Microsoft.Sql/servers/sql-eshop-cloudx",
            "start_ip_address": "0.0.0.0",
            "timeouts": null
          },
          "sensitive_attributes": [],
          "private": "eyJlMmJmYjczMC1lY2FhLTExZTYtOGY4OC0zNDM2M2JjN2M0YzAiOnsiY3JlYXRlIjoxODAwMDAwMDAwMDAwLCJkZWxldGUiOjE4MDAwMDAwMDAwMDAsInJlYWQiOjMwMDAwMDAwMDAwMCwidXBkYXRlIjoxODAwMDAwMDAwMDAwfX0=",
          "dependencies": [
            "azurerm_mssql_server.sql-server",
            "azurerm_resource_group.this"
          ]
        }
      ]
    },
    {
      "mode": "managed",
      "type": "azurerm_mssql_server",
      "name": "sql-server",
      "provider": "provider[\"registry.terraform.io/hashicorp/azurerm\"]",
      "instances": [
        {
          "schema_version": 0,
          "attributes": {
            "administrator_login": "xcloud-admin",
            "administrator_login_password": "@someThingComplicated1234",
            "azuread_administrator": [],
            "connection_policy": "Default",
            "fully_qualified_domain_name": "sql-eshop-cloudx.database.windows.net",
            "id": "/subscriptions/1d8b4140-7b97-4795-8d20-000c29db057a/resourceGroups/rg-final-weu/providers/Microsoft.Sql/servers/sql-eshop-cloudx",
            "identity": [],
            "location": "westeurope",
            "minimum_tls_version": "1.2",
            "name": "sql-eshop-cloudx",
            "outbound_network_restriction_enabled": false,
            "primary_user_assigned_identity_id": "",
            "public_network_access_enabled": true,
            "resource_group_name": "rg-final-weu",
            "restorable_dropped_database_ids": [],
            "tags": {},
            "timeouts": null,
            "transparent_data_encryption_key_vault_key_id": "",
            "version": "12.0"
          },
          "sensitive_attributes": [],
          "private": "eyJlMmJmYjczMC1lY2FhLTExZTYtOGY4OC0zNDM2M2JjN2M0YzAiOnsiY3JlYXRlIjozNjAwMDAwMDAwMDAwLCJkZWxldGUiOjM2MDAwMDAwMDAwMDAsInJlYWQiOjMwMDAwMDAwMDAwMCwidXBkYXRlIjozNjAwMDAwMDAwMDAwfX0=",
          "dependencies": [
            "azurerm_resource_group.this"
          ]
        }
      ]
    },
    {
      "mode": "managed",
      "type": "azurerm_resource_group",
      "name": "this",
      "provider": "provider[\"registry.terraform.io/hashicorp/azurerm\"]",
      "instances": [
        {
          "schema_version": 0,
          "attributes": {
            "id": "/subscriptions/1d8b4140-7b97-4795-8d20-000c29db057a/resourceGroups/rg-final-weu",
            "location": "westeurope",
            "name": "rg-final-weu",
            "tags": {
              "module": "final"
            },
            "timeouts": null
          },
          "sensitive_attributes": [],
          "private": "eyJlMmJmYjczMC1lY2FhLTExZTYtOGY4OC0zNDM2M2JjN2M0YzAiOnsiY3JlYXRlIjo1NDAwMDAwMDAwMDAwLCJkZWxldGUiOjU0MDAwMDAwMDAwMDAsInJlYWQiOjMwMDAwMDAwMDAwMCwidXBkYXRlIjo1NDAwMDAwMDAwMDAwfX0="
        }
      ]
    },
    {
      "mode": "managed",
      "type": "azurerm_role_assignment",
      "name": "ara-acr-app-publicapi",
      "provider": "provider[\"registry.terraform.io/hashicorp/azurerm\"]",
      "instances": [
        {
          "schema_version": 0,
          "attributes": {
            "condition": "",
            "condition_version": "",
            "delegated_managed_identity_resource_id": "",
            "description": "",
            "id": "/subscriptions/1d8b4140-7b97-4795-8d20-000c29db057a/resourceGroups/rg-final-weu/providers/Microsoft.ContainerRegistry/registries/acreshopcloudx/providers/Microsoft.Authorization/roleAssignments/7430c465-09c7-f026-0fb7-6d93d08120ea",
            "name": "7430c465-09c7-f026-0fb7-6d93d08120ea",
            "principal_id": "9d0a97a7-a8b3-4048-a9ac-3ccd1f47bb0c",
            "principal_type": "ServicePrincipal",
            "role_definition_id": "/subscriptions/1d8b4140-7b97-4795-8d20-000c29db057a/providers/Microsoft.Authorization/roleDefinitions/7f951dda-4ed3-4680-a7ca-43fe172d538d",
            "role_definition_name": "AcrPull",
            "scope": "/subscriptions/1d8b4140-7b97-4795-8d20-000c29db057a/resourceGroups/rg-final-weu/providers/Microsoft.ContainerRegistry/registries/acreshopcloudx",
            "skip_service_principal_aad_check": null,
            "timeouts": null
          },
          "sensitive_attributes": [],
          "private": "eyJlMmJmYjczMC1lY2FhLTExZTYtOGY4OC0zNDM2M2JjN2M0YzAiOnsiY3JlYXRlIjoxODAwMDAwMDAwMDAwLCJkZWxldGUiOjE4MDAwMDAwMDAwMDAsInJlYWQiOjMwMDAwMDAwMDAwMCwidXBkYXRlIjoxODAwMDAwMDAwMDAwfX0=",
          "dependencies": [
            "azurerm_application_insights.publicapi",
            "azurerm_container_registry.acr",
            "azurerm_key_vault.kv",
            "azurerm_key_vault_secret.kvs-db-connection",
            "azurerm_linux_web_app.app-publicapi",
            "azurerm_mssql_database.sql-db",
            "azurerm_mssql_server.sql-server",
            "azurerm_resource_group.this",
            "azurerm_service_plan.asp-linux",
            "data.azurerm_client_config.current",
            "data.azurerm_key_vault_secret.db-connection"
          ]
        }
      ]
    },
    {
      "mode": "managed",
      "type": "azurerm_role_assignment",
      "name": "cosmos-funcs",
      "provider": "provider[\"registry.terraform.io/hashicorp/azurerm\"]",
      "instances": [
        {
          "schema_version": 0,
          "attributes": {
            "condition": "",
            "condition_version": "",
            "delegated_managed_identity_resource_id": "",
            "description": "",
            "id": "/subscriptions/1d8b4140-7b97-4795-8d20-000c29db057a/resourceGroups/rg-final-weu/providers/Microsoft.DocumentDB/databaseAccounts/cosmos-eshop-cloudx/providers/Microsoft.Authorization/roleAssignments/e455859f-4149-bbe5-4f20-9bda57ea95a2",
            "name": "e455859f-4149-bbe5-4f20-9bda57ea95a2",
            "principal_id": "4d9d0314-28a4-4bbf-b080-a93eda6a3ac9",
            "principal_type": "ServicePrincipal",
            "role_definition_id": "/subscriptions/1d8b4140-7b97-4795-8d20-000c29db057a/providers/Microsoft.Authorization/roleDefinitions/fbdf93bf-df7d-467e-a4d2-9458aa1360c8",
            "role_definition_name": "Cosmos DB Account Reader Role",
            "scope": "/subscriptions/1d8b4140-7b97-4795-8d20-000c29db057a/resourceGroups/rg-final-weu/providers/Microsoft.DocumentDB/databaseAccounts/cosmos-eshop-cloudx",
            "skip_service_principal_aad_check": null,
            "timeouts": null
          },
          "sensitive_attributes": [],
          "private": "eyJlMmJmYjczMC1lY2FhLTExZTYtOGY4OC0zNDM2M2JjN2M0YzAiOnsiY3JlYXRlIjoxODAwMDAwMDAwMDAwLCJkZWxldGUiOjE4MDAwMDAwMDAwMDAsInJlYWQiOjMwMDAwMDAwMDAwMCwidXBkYXRlIjoxODAwMDAwMDAwMDAwfX0=",
          "dependencies": [
            "azurerm_application_insights.funcapp",
            "azurerm_cosmosdb_account.this",
            "azurerm_resource_group.this",
            "azurerm_service_plan.funcapp",
            "azurerm_servicebus_namespace.this",
            "azurerm_servicebus_queue.order-reservation-failed",
            "azurerm_servicebus_queue.order-reservation-requested",
            "azurerm_storage_account.this",
            "azurerm_windows_function_app.func-app"
          ]
        }
      ]
    },
    {
      "mode": "managed",
      "type": "azurerm_role_assignment",
      "name": "cosmos-web-neu",
      "provider": "provider[\"registry.terraform.io/hashicorp/azurerm\"]",
      "instances": [
        {
          "schema_version": 0,
          "attributes": {
            "condition": "",
            "condition_version": "",
            "delegated_managed_identity_resource_id": "",
            "description": "",
            "id": "/subscriptions/1d8b4140-7b97-4795-8d20-000c29db057a/resourceGroups/rg-final-weu/providers/Microsoft.DocumentDB/databaseAccounts/cosmos-eshop-cloudx/providers/Microsoft.Authorization/roleAssignments/6ce60d74-86f5-9e2d-b324-130cc9c9c193",
            "name": "6ce60d74-86f5-9e2d-b324-130cc9c9c193",
            "principal_id": "77b9a5fb-b4ac-4aec-9399-e22d6737c936",
            "principal_type": "ServicePrincipal",
            "role_definition_id": "/subscriptions/1d8b4140-7b97-4795-8d20-000c29db057a/providers/Microsoft.Authorization/roleDefinitions/230815da-be43-4aae-9cb4-875f7bd000aa",
            "role_definition_name": "Cosmos DB Operator",
            "scope": "/subscriptions/1d8b4140-7b97-4795-8d20-000c29db057a/resourceGroups/rg-final-weu/providers/Microsoft.DocumentDB/databaseAccounts/cosmos-eshop-cloudx",
            "skip_service_principal_aad_check": null,
            "timeouts": null
          },
          "sensitive_attributes": [],
          "private": "eyJlMmJmYjczMC1lY2FhLTExZTYtOGY4OC0zNDM2M2JjN2M0YzAiOnsiY3JlYXRlIjoxODAwMDAwMDAwMDAwLCJkZWxldGUiOjE4MDAwMDAwMDAwMDAsInJlYWQiOjMwMDAwMDAwMDAwMCwidXBkYXRlIjoxODAwMDAwMDAwMDAwfX0=",
          "dependencies": [
            "azurerm_application_insights.funcapp",
            "azurerm_application_insights.web-weu",
            "azurerm_cosmosdb_account.this",
            "azurerm_key_vault.kv",
            "azurerm_key_vault_secret.kvs-db-connection",
            "azurerm_mssql_database.sql-db",
            "azurerm_mssql_server.sql-server",
            "azurerm_resource_group.this",
            "azurerm_service_plan.funcapp",
            "azurerm_service_plan.windows-neu",
            "azurerm_service_plan.windows-weu",
            "azurerm_servicebus_namespace.this",
            "azurerm_servicebus_queue.order-reservation-failed",
            "azurerm_servicebus_queue.order-reservation-requested",
            "azurerm_storage_account.this",
            "azurerm_windows_function_app.func-app",
            "azurerm_windows_web_app.web-neu",
            "data.azurerm_client_config.current",
            "data.azurerm_function_app_host_keys.this",
            "data.azurerm_key_vault_secret.db-connection"
          ]
        }
      ]
    },
    {
      "mode": "managed",
      "type": "azurerm_role_assignment",
      "name": "cosmos-web-weu",
      "provider": "provider[\"registry.terraform.io/hashicorp/azurerm\"]",
      "instances": [
        {
          "schema_version": 0,
          "attributes": {
            "condition": "",
            "condition_version": "",
            "delegated_managed_identity_resource_id": "",
            "description": "",
            "id": "/subscriptions/1d8b4140-7b97-4795-8d20-000c29db057a/resourceGroups/rg-final-weu/providers/Microsoft.DocumentDB/databaseAccounts/cosmos-eshop-cloudx/providers/Microsoft.Authorization/roleAssignments/28884e99-b7e8-72a2-ab67-4c7567a994e9",
            "name": "28884e99-b7e8-72a2-ab67-4c7567a994e9",
            "principal_id": "b6ef1fc1-75ee-4c4e-b544-624cd8821010",
            "principal_type": "ServicePrincipal",
            "role_definition_id": "/subscriptions/1d8b4140-7b97-4795-8d20-000c29db057a/providers/Microsoft.Authorization/roleDefinitions/230815da-be43-4aae-9cb4-875f7bd000aa",
            "role_definition_name": "Cosmos DB Operator",
            "scope": "/subscriptions/1d8b4140-7b97-4795-8d20-000c29db057a/resourceGroups/rg-final-weu/providers/Microsoft.DocumentDB/databaseAccounts/cosmos-eshop-cloudx",
            "skip_service_principal_aad_check": null,
            "timeouts": null
          },
          "sensitive_attributes": [],
          "private": "eyJlMmJmYjczMC1lY2FhLTExZTYtOGY4OC0zNDM2M2JjN2M0YzAiOnsiY3JlYXRlIjoxODAwMDAwMDAwMDAwLCJkZWxldGUiOjE4MDAwMDAwMDAwMDAsInJlYWQiOjMwMDAwMDAwMDAwMCwidXBkYXRlIjoxODAwMDAwMDAwMDAwfX0=",
          "dependencies": [
            "azurerm_application_insights.funcapp",
            "azurerm_application_insights.web-weu",
            "azurerm_cosmosdb_account.this",
            "azurerm_key_vault.kv",
            "azurerm_key_vault_secret.kvs-db-connection",
            "azurerm_mssql_database.sql-db",
            "azurerm_mssql_server.sql-server",
            "azurerm_resource_group.this",
            "azurerm_service_plan.funcapp",
            "azurerm_service_plan.windows-weu",
            "azurerm_servicebus_namespace.this",
            "azurerm_servicebus_queue.order-reservation-failed",
            "azurerm_servicebus_queue.order-reservation-requested",
            "azurerm_storage_account.this",
            "azurerm_windows_function_app.func-app",
            "azurerm_windows_web_app.web-weu",
            "data.azurerm_client_config.current",
            "data.azurerm_function_app_host_keys.this",
            "data.azurerm_key_vault_secret.db-connection"
          ]
        }
      ]
    },
    {
      "mode": "managed",
      "type": "azurerm_role_assignment",
      "name": "servicebus-order-reservation-failed-func-app",
      "provider": "provider[\"registry.terraform.io/hashicorp/azurerm\"]",
      "instances": [
        {
          "schema_version": 0,
          "attributes": {
            "condition": "",
            "condition_version": "",
            "delegated_managed_identity_resource_id": "",
            "description": "",
            "id": "/subscriptions/1d8b4140-7b97-4795-8d20-000c29db057a/resourceGroups/rg-final-weu/providers/Microsoft.ServiceBus/namespaces/sbns-eshop-cloudx/queues/sbq-order-reservation-failed/providers/Microsoft.Authorization/roleAssignments/7f405e0a-86e6-0c24-77e8-fcfbda0fc69e",
            "name": "7f405e0a-86e6-0c24-77e8-fcfbda0fc69e",
            "principal_id": "4d9d0314-28a4-4bbf-b080-a93eda6a3ac9",
            "principal_type": "ServicePrincipal",
            "role_definition_id": "/subscriptions/1d8b4140-7b97-4795-8d20-000c29db057a/providers/Microsoft.Authorization/roleDefinitions/69a216fc-b8fb-44d8-bc22-1f3c2cd27a39",
            "role_definition_name": "Azure Service Bus Data Sender",
            "scope": "/subscriptions/1d8b4140-7b97-4795-8d20-000c29db057a/resourceGroups/rg-final-weu/providers/Microsoft.ServiceBus/namespaces/sbns-eshop-cloudx/queues/sbq-order-reservation-failed",
            "skip_service_principal_aad_check": null,
            "timeouts": null
          },
          "sensitive_attributes": [],
          "private": "eyJlMmJmYjczMC1lY2FhLTExZTYtOGY4OC0zNDM2M2JjN2M0YzAiOnsiY3JlYXRlIjoxODAwMDAwMDAwMDAwLCJkZWxldGUiOjE4MDAwMDAwMDAwMDAsInJlYWQiOjMwMDAwMDAwMDAwMCwidXBkYXRlIjoxODAwMDAwMDAwMDAwfX0=",
          "dependencies": [
            "azurerm_application_insights.funcapp",
            "azurerm_resource_group.this",
            "azurerm_service_plan.funcapp",
            "azurerm_servicebus_namespace.this",
            "azurerm_servicebus_queue.order-reservation-failed",
            "azurerm_servicebus_queue.order-reservation-requested",
            "azurerm_storage_account.this",
            "azurerm_windows_function_app.func-app"
          ]
        }
      ]
    },
    {
      "mode": "managed",
      "type": "azurerm_role_assignment",
      "name": "servicebus-order-reservation-requested--web-weu",
      "provider": "provider[\"registry.terraform.io/hashicorp/azurerm\"]",
      "instances": [
        {
          "schema_version": 0,
          "attributes": {
            "condition": "",
            "condition_version": "",
            "delegated_managed_identity_resource_id": "",
            "description": "",
            "id": "/subscriptions/1d8b4140-7b97-4795-8d20-000c29db057a/resourceGroups/rg-final-weu/providers/Microsoft.ServiceBus/namespaces/sbns-eshop-cloudx/queues/sbq-order-reservation-requested/providers/Microsoft.Authorization/roleAssignments/9e659455-d198-d78f-6687-70ec92f563cc",
            "name": "9e659455-d198-d78f-6687-70ec92f563cc",
            "principal_id": "b6ef1fc1-75ee-4c4e-b544-624cd8821010",
            "principal_type": "ServicePrincipal",
            "role_definition_id": "/subscriptions/1d8b4140-7b97-4795-8d20-000c29db057a/providers/Microsoft.Authorization/roleDefinitions/69a216fc-b8fb-44d8-bc22-1f3c2cd27a39",
            "role_definition_name": "Azure Service Bus Data Sender",
            "scope": "/subscriptions/1d8b4140-7b97-4795-8d20-000c29db057a/resourceGroups/rg-final-weu/providers/Microsoft.ServiceBus/namespaces/sbns-eshop-cloudx/queues/sbq-order-reservation-requested",
            "skip_service_principal_aad_check": null,
            "timeouts": null
          },
          "sensitive_attributes": [],
          "private": "eyJlMmJmYjczMC1lY2FhLTExZTYtOGY4OC0zNDM2M2JjN2M0YzAiOnsiY3JlYXRlIjoxODAwMDAwMDAwMDAwLCJkZWxldGUiOjE4MDAwMDAwMDAwMDAsInJlYWQiOjMwMDAwMDAwMDAwMCwidXBkYXRlIjoxODAwMDAwMDAwMDAwfX0=",
          "dependencies": [
            "azurerm_application_insights.funcapp",
            "azurerm_application_insights.web-weu",
            "azurerm_key_vault.kv",
            "azurerm_key_vault_secret.kvs-db-connection",
            "azurerm_mssql_database.sql-db",
            "azurerm_mssql_server.sql-server",
            "azurerm_resource_group.this",
            "azurerm_service_plan.funcapp",
            "azurerm_service_plan.windows-weu",
            "azurerm_servicebus_namespace.this",
            "azurerm_servicebus_queue.order-reservation-failed",
            "azurerm_servicebus_queue.order-reservation-requested",
            "azurerm_storage_account.this",
            "azurerm_windows_function_app.func-app",
            "azurerm_windows_web_app.web-weu",
            "data.azurerm_client_config.current",
            "data.azurerm_function_app_host_keys.this",
            "data.azurerm_key_vault_secret.db-connection"
          ]
        }
      ]
    },
    {
      "mode": "managed",
      "type": "azurerm_role_assignment",
      "name": "servicebus-order-reservation-requested-func-app",
      "provider": "provider[\"registry.terraform.io/hashicorp/azurerm\"]",
      "instances": [
        {
          "schema_version": 0,
          "attributes": {
            "condition": "",
            "condition_version": "",
            "delegated_managed_identity_resource_id": "",
            "description": "",
            "id": "/subscriptions/1d8b4140-7b97-4795-8d20-000c29db057a/resourceGroups/rg-final-weu/providers/Microsoft.ServiceBus/namespaces/sbns-eshop-cloudx/queues/sbq-order-reservation-failed/providers/Microsoft.Authorization/roleAssignments/da75052a-12c3-291a-6a5a-4117aa5172a9",
            "name": "da75052a-12c3-291a-6a5a-4117aa5172a9",
            "principal_id": "4d9d0314-28a4-4bbf-b080-a93eda6a3ac9",
            "principal_type": "ServicePrincipal",
            "role_definition_id": "/subscriptions/1d8b4140-7b97-4795-8d20-000c29db057a/providers/Microsoft.Authorization/roleDefinitions/4f6d3b9b-027b-4f4c-9142-0e5a2a2247e0",
            "role_definition_name": "Azure Service Bus Data Receiver",
            "scope": "/subscriptions/1d8b4140-7b97-4795-8d20-000c29db057a/resourceGroups/rg-final-weu/providers/Microsoft.ServiceBus/namespaces/sbns-eshop-cloudx/queues/sbq-order-reservation-failed",
            "skip_service_principal_aad_check": null,
            "timeouts": null
          },
          "sensitive_attributes": [],
          "private": "eyJlMmJmYjczMC1lY2FhLTExZTYtOGY4OC0zNDM2M2JjN2M0YzAiOnsiY3JlYXRlIjoxODAwMDAwMDAwMDAwLCJkZWxldGUiOjE4MDAwMDAwMDAwMDAsInJlYWQiOjMwMDAwMDAwMDAwMCwidXBkYXRlIjoxODAwMDAwMDAwMDAwfX0=",
          "dependencies": [
            "azurerm_application_insights.funcapp",
            "azurerm_resource_group.this",
            "azurerm_service_plan.funcapp",
            "azurerm_servicebus_namespace.this",
            "azurerm_servicebus_queue.order-reservation-failed",
            "azurerm_servicebus_queue.order-reservation-requested",
            "azurerm_storage_account.this",
            "azurerm_windows_function_app.func-app"
          ]
        }
      ]
    },
    {
      "mode": "managed",
      "type": "azurerm_role_assignment",
      "name": "servicebus-order-reservation-requested-web-nue",
      "provider": "provider[\"registry.terraform.io/hashicorp/azurerm\"]",
      "instances": [
        {
          "schema_version": 0,
          "attributes": {
            "condition": "",
            "condition_version": "",
            "delegated_managed_identity_resource_id": "",
            "description": "",
            "id": "/subscriptions/1d8b4140-7b97-4795-8d20-000c29db057a/resourceGroups/rg-final-weu/providers/Microsoft.ServiceBus/namespaces/sbns-eshop-cloudx/queues/sbq-order-reservation-requested/providers/Microsoft.Authorization/roleAssignments/554b7d16-f005-2ff7-6ebc-9364beeaf75e",
            "name": "554b7d16-f005-2ff7-6ebc-9364beeaf75e",
            "principal_id": "77b9a5fb-b4ac-4aec-9399-e22d6737c936",
            "principal_type": "ServicePrincipal",
            "role_definition_id": "/subscriptions/1d8b4140-7b97-4795-8d20-000c29db057a/providers/Microsoft.Authorization/roleDefinitions/69a216fc-b8fb-44d8-bc22-1f3c2cd27a39",
            "role_definition_name": "Azure Service Bus Data Sender",
            "scope": "/subscriptions/1d8b4140-7b97-4795-8d20-000c29db057a/resourceGroups/rg-final-weu/providers/Microsoft.ServiceBus/namespaces/sbns-eshop-cloudx/queues/sbq-order-reservation-requested",
            "skip_service_principal_aad_check": null,
            "timeouts": null
          },
          "sensitive_attributes": [],
          "private": "eyJlMmJmYjczMC1lY2FhLTExZTYtOGY4OC0zNDM2M2JjN2M0YzAiOnsiY3JlYXRlIjoxODAwMDAwMDAwMDAwLCJkZWxldGUiOjE4MDAwMDAwMDAwMDAsInJlYWQiOjMwMDAwMDAwMDAwMCwidXBkYXRlIjoxODAwMDAwMDAwMDAwfX0=",
          "dependencies": [
            "azurerm_application_insights.funcapp",
            "azurerm_application_insights.web-weu",
            "azurerm_key_vault.kv",
            "azurerm_key_vault_secret.kvs-db-connection",
            "azurerm_mssql_database.sql-db",
            "azurerm_mssql_server.sql-server",
            "azurerm_resource_group.this",
            "azurerm_service_plan.funcapp",
            "azurerm_service_plan.windows-neu",
            "azurerm_service_plan.windows-weu",
            "azurerm_servicebus_namespace.this",
            "azurerm_servicebus_queue.order-reservation-failed",
            "azurerm_servicebus_queue.order-reservation-requested",
            "azurerm_storage_account.this",
            "azurerm_windows_function_app.func-app",
            "azurerm_windows_web_app.web-neu",
            "data.azurerm_client_config.current",
            "data.azurerm_function_app_host_keys.this",
            "data.azurerm_key_vault_secret.db-connection"
          ]
        }
      ]
    },
    {
      "mode": "managed",
      "type": "azurerm_role_assignment",
      "name": "storage-func-app",
      "provider": "provider[\"registry.terraform.io/hashicorp/azurerm\"]",
      "instances": [
        {
          "schema_version": 0,
          "attributes": {
            "condition": "",
            "condition_version": "",
            "delegated_managed_identity_resource_id": "",
            "description": "",
            "id": "/subscriptions/1d8b4140-7b97-4795-8d20-000c29db057a/resourceGroups/rg-final-weu/providers/Microsoft.Storage/storageAccounts/storageeshopcloudx/providers/Microsoft.Authorization/roleAssignments/2c00bb3c-393f-324b-e91d-471d3cfc4a41",
            "name": "2c00bb3c-393f-324b-e91d-471d3cfc4a41",
            "principal_id": "4d9d0314-28a4-4bbf-b080-a93eda6a3ac9",
            "principal_type": "ServicePrincipal",
            "role_definition_id": "/subscriptions/1d8b4140-7b97-4795-8d20-000c29db057a/providers/Microsoft.Authorization/roleDefinitions/ba92f5b4-2d11-453d-a403-e96b0029c9fe",
            "role_definition_name": "Storage Blob Data Contributor",
            "scope": "/subscriptions/1d8b4140-7b97-4795-8d20-000c29db057a/resourceGroups/rg-final-weu/providers/Microsoft.Storage/storageAccounts/storageeshopcloudx",
            "skip_service_principal_aad_check": null,
            "timeouts": null
          },
          "sensitive_attributes": [],
          "private": "eyJlMmJmYjczMC1lY2FhLTExZTYtOGY4OC0zNDM2M2JjN2M0YzAiOnsiY3JlYXRlIjoxODAwMDAwMDAwMDAwLCJkZWxldGUiOjE4MDAwMDAwMDAwMDAsInJlYWQiOjMwMDAwMDAwMDAwMCwidXBkYXRlIjoxODAwMDAwMDAwMDAwfX0=",
          "dependencies": [
            "azurerm_application_insights.funcapp",
            "azurerm_resource_group.this",
            "azurerm_service_plan.funcapp",
            "azurerm_servicebus_namespace.this",
            "azurerm_servicebus_queue.order-reservation-failed",
            "azurerm_servicebus_queue.order-reservation-requested",
            "azurerm_storage_account.this",
            "azurerm_windows_function_app.func-app"
          ]
        }
      ]
    },
    {
      "mode": "managed",
      "type": "azurerm_service_plan",
      "name": "asp-linux",
      "provider": "provider[\"registry.terraform.io/hashicorp/azurerm\"]",
      "instances": [
        {
          "schema_version": 0,
          "attributes": {
            "app_service_environment_id": "",
            "id": "/subscriptions/1d8b4140-7b97-4795-8d20-000c29db057a/resourceGroups/rg-final-weu/providers/Microsoft.Web/serverfarms/asp-linux-eshop-cloudx",
            "kind": "linux",
            "location": "westeurope",
            "maximum_elastic_worker_count": 1,
            "name": "asp-linux-eshop-cloudx",
            "os_type": "Linux",
            "per_site_scaling_enabled": false,
            "reserved": true,
            "resource_group_name": "rg-final-weu",
            "sku_name": "B1",
            "tags": {},
            "timeouts": null,
            "worker_count": 1,
            "zone_balancing_enabled": false
          },
          "sensitive_attributes": [],
          "private": "eyJlMmJmYjczMC1lY2FhLTExZTYtOGY4OC0zNDM2M2JjN2M0YzAiOnsiY3JlYXRlIjozNjAwMDAwMDAwMDAwLCJkZWxldGUiOjM2MDAwMDAwMDAwMDAsInJlYWQiOjMwMDAwMDAwMDAwMCwidXBkYXRlIjozNjAwMDAwMDAwMDAwfX0=",
          "dependencies": [
            "azurerm_resource_group.this"
          ]
        }
      ]
    },
    {
      "mode": "managed",
      "type": "azurerm_service_plan",
      "name": "funcapp",
      "provider": "provider[\"registry.terraform.io/hashicorp/azurerm\"]",
      "instances": [
        {
          "schema_version": 0,
          "attributes": {
            "app_service_environment_id": "",
            "id": "/subscriptions/1d8b4140-7b97-4795-8d20-000c29db057a/resourceGroups/rg-final-weu/providers/Microsoft.Web/serverfarms/aps-funcapp-eshop-cloudx",
            "kind": "functionapp",
            "location": "westeurope",
            "maximum_elastic_worker_count": 1,
            "name": "aps-funcapp-eshop-cloudx",
            "os_type": "Windows",
            "per_site_scaling_enabled": false,
            "reserved": false,
            "resource_group_name": "rg-final-weu",
            "sku_name": "Y1",
            "tags": {},
            "timeouts": null,
            "worker_count": 0,
            "zone_balancing_enabled": false
          },
          "sensitive_attributes": [],
          "private": "eyJlMmJmYjczMC1lY2FhLTExZTYtOGY4OC0zNDM2M2JjN2M0YzAiOnsiY3JlYXRlIjozNjAwMDAwMDAwMDAwLCJkZWxldGUiOjM2MDAwMDAwMDAwMDAsInJlYWQiOjMwMDAwMDAwMDAwMCwidXBkYXRlIjozNjAwMDAwMDAwMDAwfX0=",
          "dependencies": [
            "azurerm_resource_group.this"
          ]
        }
      ]
    },
    {
      "mode": "managed",
      "type": "azurerm_service_plan",
      "name": "windows-neu",
      "provider": "provider[\"registry.terraform.io/hashicorp/azurerm\"]",
      "instances": [
        {
          "schema_version": 0,
          "attributes": {
            "app_service_environment_id": "",
            "id": "/subscriptions/1d8b4140-7b97-4795-8d20-000c29db057a/resourceGroups/rg-final-weu/providers/Microsoft.Web/serverfarms/asp-eshop-cloudx-neu",
            "kind": "app",
            "location": "northeurope",
            "maximum_elastic_worker_count": 1,
            "name": "asp-eshop-cloudx-neu",
            "os_type": "Windows",
            "per_site_scaling_enabled": false,
            "reserved": false,
            "resource_group_name": "rg-final-weu",
            "sku_name": "F1",
            "tags": {},
            "timeouts": null,
            "worker_count": 0,
            "zone_balancing_enabled": false
          },
          "sensitive_attributes": [],
          "private": "eyJlMmJmYjczMC1lY2FhLTExZTYtOGY4OC0zNDM2M2JjN2M0YzAiOnsiY3JlYXRlIjozNjAwMDAwMDAwMDAwLCJkZWxldGUiOjM2MDAwMDAwMDAwMDAsInJlYWQiOjMwMDAwMDAwMDAwMCwidXBkYXRlIjozNjAwMDAwMDAwMDAwfX0=",
          "dependencies": [
            "azurerm_resource_group.this"
          ]
        }
      ]
    },
    {
      "mode": "managed",
      "type": "azurerm_service_plan",
      "name": "windows-weu",
      "provider": "provider[\"registry.terraform.io/hashicorp/azurerm\"]",
      "instances": [
        {
          "schema_version": 0,
          "attributes": {
            "app_service_environment_id": "",
            "id": "/subscriptions/1d8b4140-7b97-4795-8d20-000c29db057a/resourceGroups/rg-final-weu/providers/Microsoft.Web/serverfarms/asp-eshop-cloudx-weu",
            "kind": "app",
            "location": "westeurope",
            "maximum_elastic_worker_count": 1,
            "name": "asp-eshop-cloudx-weu",
            "os_type": "Windows",
            "per_site_scaling_enabled": false,
            "reserved": false,
            "resource_group_name": "rg-final-weu",
            "sku_name": "S1",
            "tags": {},
            "timeouts": null,
            "worker_count": 1,
            "zone_balancing_enabled": false
          },
          "sensitive_attributes": [],
          "private": "eyJlMmJmYjczMC1lY2FhLTExZTYtOGY4OC0zNDM2M2JjN2M0YzAiOnsiY3JlYXRlIjozNjAwMDAwMDAwMDAwLCJkZWxldGUiOjM2MDAwMDAwMDAwMDAsInJlYWQiOjMwMDAwMDAwMDAwMCwidXBkYXRlIjozNjAwMDAwMDAwMDAwfX0=",
          "dependencies": [
            "azurerm_resource_group.this"
          ]
        }
      ]
    },
    {
      "mode": "managed",
      "type": "azurerm_servicebus_namespace",
      "name": "this",
      "provider": "provider[\"registry.terraform.io/hashicorp/azurerm\"]",
      "instances": [
        {
          "schema_version": 1,
          "attributes": {
            "capacity": 0,
            "customer_managed_key": [],
            "default_primary_connection_string": "Endpoint=sb://sbns-eshop-cloudx.servicebus.windows.net/;SharedAccessKeyName=RootManageSharedAccessKey;SharedAccessKey=KPglkiuvIrfrbScus+mXT1iay6H1mW2/x+ASbIO9Nkw=",
            "default_primary_key": "KPglkiuvIrfrbScus+mXT1iay6H1mW2/x+ASbIO9Nkw=",
            "default_secondary_connection_string": "Endpoint=sb://sbns-eshop-cloudx.servicebus.windows.net/;SharedAccessKeyName=RootManageSharedAccessKey;SharedAccessKey=xJrh9js2651BYDqPXOTtR+wge+DmFh/8E+ASbNY6GYc=",
            "default_secondary_key": "xJrh9js2651BYDqPXOTtR+wge+DmFh/8E+ASbNY6GYc=",
            "endpoint": "https://sbns-eshop-cloudx.servicebus.windows.net:443/",
            "id": "/subscriptions/1d8b4140-7b97-4795-8d20-000c29db057a/resourceGroups/rg-final-weu/providers/Microsoft.ServiceBus/namespaces/sbns-eshop-cloudx",
            "identity": [],
            "local_auth_enabled": true,
            "location": "westeurope",
            "minimum_tls_version": "1.2",
            "name": "sbns-eshop-cloudx",
            "public_network_access_enabled": true,
            "resource_group_name": "rg-final-weu",
            "sku": "Basic",
            "tags": {},
            "timeouts": null,
            "zone_redundant": false
          },
          "sensitive_attributes": [],
          "private": "eyJlMmJmYjczMC1lY2FhLTExZTYtOGY4OC0zNDM2M2JjN2M0YzAiOnsiY3JlYXRlIjoxODAwMDAwMDAwMDAwLCJkZWxldGUiOjE4MDAwMDAwMDAwMDAsInJlYWQiOjMwMDAwMDAwMDAwMCwidXBkYXRlIjoxODAwMDAwMDAwMDAwfSwic2NoZW1hX3ZlcnNpb24iOiIxIn0=",
          "dependencies": [
            "azurerm_resource_group.this"
          ]
        }
      ]
    },
    {
      "mode": "managed",
      "type": "azurerm_servicebus_queue",
      "name": "order-reservation-failed",
      "provider": "provider[\"registry.terraform.io/hashicorp/azurerm\"]",
      "instances": [
        {
          "schema_version": 0,
          "attributes": {
            "auto_delete_on_idle": "P10675199DT2H48M5.4775807S",
            "dead_lettering_on_message_expiration": false,
            "default_message_ttl": "P14D",
            "duplicate_detection_history_time_window": "PT10M",
            "enable_batched_operations": true,
            "enable_express": false,
            "enable_partitioning": true,
            "forward_dead_lettered_messages_to": "",
            "forward_to": "",
            "id": "/subscriptions/1d8b4140-7b97-4795-8d20-000c29db057a/resourceGroups/rg-final-weu/providers/Microsoft.ServiceBus/namespaces/sbns-eshop-cloudx/queues/sbq-order-reservation-failed",
            "lock_duration": "PT1M",
            "max_delivery_count": 10,
            "max_message_size_in_kilobytes": 256,
            "max_size_in_megabytes": 5120,
            "name": "sbq-order-reservation-failed",
            "namespace_id": "/subscriptions/1d8b4140-7b97-4795-8d20-000c29db057a/resourceGroups/rg-final-weu/providers/Microsoft.ServiceBus/namespaces/sbns-eshop-cloudx",
            "requires_duplicate_detection": false,
            "requires_session": false,
            "status": "Active",
            "timeouts": null
          },
          "sensitive_attributes": [],
          "private": "eyJlMmJmYjczMC1lY2FhLTExZTYtOGY4OC0zNDM2M2JjN2M0YzAiOnsiY3JlYXRlIjoxODAwMDAwMDAwMDAwLCJkZWxldGUiOjE4MDAwMDAwMDAwMDAsInJlYWQiOjMwMDAwMDAwMDAwMCwidXBkYXRlIjoxODAwMDAwMDAwMDAwfX0=",
          "dependencies": [
            "azurerm_resource_group.this",
            "azurerm_servicebus_namespace.this"
          ]
        }
      ]
    },
    {
      "mode": "managed",
      "type": "azurerm_servicebus_queue",
      "name": "order-reservation-requested",
      "provider": "provider[\"registry.terraform.io/hashicorp/azurerm\"]",
      "instances": [
        {
          "schema_version": 0,
          "attributes": {
            "auto_delete_on_idle": "P10675199DT2H48M5.4775807S",
            "dead_lettering_on_message_expiration": false,
            "default_message_ttl": "P14D",
            "duplicate_detection_history_time_window": "PT10M",
            "enable_batched_operations": true,
            "enable_express": false,
            "enable_partitioning": true,
            "forward_dead_lettered_messages_to": "",
            "forward_to": "",
            "id": "/subscriptions/1d8b4140-7b97-4795-8d20-000c29db057a/resourceGroups/rg-final-weu/providers/Microsoft.ServiceBus/namespaces/sbns-eshop-cloudx/queues/sbq-order-reservation-requested",
            "lock_duration": "PT1M",
            "max_delivery_count": 10,
            "max_message_size_in_kilobytes": 256,
            "max_size_in_megabytes": 5120,
            "name": "sbq-order-reservation-requested",
            "namespace_id": "/subscriptions/1d8b4140-7b97-4795-8d20-000c29db057a/resourceGroups/rg-final-weu/providers/Microsoft.ServiceBus/namespaces/sbns-eshop-cloudx",
            "requires_duplicate_detection": false,
            "requires_session": false,
            "status": "Active",
            "timeouts": null
          },
          "sensitive_attributes": [],
          "private": "eyJlMmJmYjczMC1lY2FhLTExZTYtOGY4OC0zNDM2M2JjN2M0YzAiOnsiY3JlYXRlIjoxODAwMDAwMDAwMDAwLCJkZWxldGUiOjE4MDAwMDAwMDAwMDAsInJlYWQiOjMwMDAwMDAwMDAwMCwidXBkYXRlIjoxODAwMDAwMDAwMDAwfX0=",
          "dependencies": [
            "azurerm_resource_group.this",
            "azurerm_servicebus_namespace.this"
          ]
        }
      ]
    },
    {
      "mode": "managed",
      "type": "azurerm_storage_account",
      "name": "this",
      "provider": "provider[\"registry.terraform.io/hashicorp/azurerm\"]",
      "instances": [
        {
          "schema_version": 3,
          "attributes": {
            "access_tier": "Hot",
            "account_kind": "StorageV2",
            "account_replication_type": "LRS",
            "account_tier": "Standard",
            "allow_nested_items_to_be_public": true,
            "allowed_copy_scope": "",
            "azure_files_authentication": [],
            "blob_properties": [
              {
                "change_feed_enabled": false,
                "change_feed_retention_in_days": 0,
                "container_delete_retention_policy": [],
                "cors_rule": [],
                "default_service_version": "",
                "delete_retention_policy": [],
                "last_access_time_enabled": false,
                "restore_policy": [],
                "versioning_enabled": false
              }
            ],
            "cross_tenant_replication_enabled": true,
            "custom_domain": [],
            "customer_managed_key": [],
            "default_to_oauth_authentication": false,
            "edge_zone": "",
            "enable_https_traffic_only": true,
            "id": "/subscriptions/1d8b4140-7b97-4795-8d20-000c29db057a/resourceGroups/rg-final-weu/providers/Microsoft.Storage/storageAccounts/storageeshopcloudx",
            "identity": [],
            "immutability_policy": [],
            "infrastructure_encryption_enabled": false,
            "is_hns_enabled": false,
            "large_file_share_enabled": null,
            "location": "westeurope",
            "min_tls_version": "TLS1_2",
            "name": "storageeshopcloudx",
            "network_rules": [
              {
                "bypass": [
                  "AzureServices"
                ],
                "default_action": "Allow",
                "ip_rules": [],
                "private_link_access": [],
                "virtual_network_subnet_ids": []
              }
            ],
            "nfsv3_enabled": false,
            "primary_access_key": "Xj9g1evTWnaMb/5MW39ISX5NRToGPWgkFkuHhxNDGXKPy5qbBhVOj6mM06m5fYzj8VnqMxUCxdKi+ASt4NVO/w==",
            "primary_blob_connection_string": "DefaultEndpointsProtocol=https;BlobEndpoint=https://storageeshopcloudx.blob.core.windows.net/;AccountName=storageeshopcloudx;AccountKey=Xj9g1evTWnaMb/5MW39ISX5NRToGPWgkFkuHhxNDGXKPy5qbBhVOj6mM06m5fYzj8VnqMxUCxdKi+ASt4NVO/w==",
            "primary_blob_endpoint": "https://storageeshopcloudx.blob.core.windows.net/",
            "primary_blob_host": "storageeshopcloudx.blob.core.windows.net",
            "primary_connection_string": "DefaultEndpointsProtocol=https;AccountName=storageeshopcloudx;AccountKey=Xj9g1evTWnaMb/5MW39ISX5NRToGPWgkFkuHhxNDGXKPy5qbBhVOj6mM06m5fYzj8VnqMxUCxdKi+ASt4NVO/w==;EndpointSuffix=core.windows.net",
            "primary_dfs_endpoint": "https://storageeshopcloudx.dfs.core.windows.net/",
            "primary_dfs_host": "storageeshopcloudx.dfs.core.windows.net",
            "primary_file_endpoint": "https://storageeshopcloudx.file.core.windows.net/",
            "primary_file_host": "storageeshopcloudx.file.core.windows.net",
            "primary_location": "westeurope",
            "primary_queue_endpoint": "https://storageeshopcloudx.queue.core.windows.net/",
            "primary_queue_host": "storageeshopcloudx.queue.core.windows.net",
            "primary_table_endpoint": "https://storageeshopcloudx.table.core.windows.net/",
            "primary_table_host": "storageeshopcloudx.table.core.windows.net",
            "primary_web_endpoint": "https://storageeshopcloudx.z6.web.core.windows.net/",
            "primary_web_host": "storageeshopcloudx.z6.web.core.windows.net",
            "public_network_access_enabled": true,
            "queue_encryption_key_type": "Service",
            "queue_properties": [
              {
                "cors_rule": [],
                "hour_metrics": [
                  {
                    "enabled": true,
                    "include_apis": true,
                    "retention_policy_days": 7,
                    "version": "1.0"
                  }
                ],
                "logging": [
                  {
                    "delete": false,
                    "read": false,
                    "retention_policy_days": 0,
                    "version": "1.0",
                    "write": false
                  }
                ],
                "minute_metrics": [
                  {
                    "enabled": false,
                    "include_apis": false,
                    "retention_policy_days": 0,
                    "version": "1.0"
                  }
                ]
              }
            ],
            "resource_group_name": "rg-final-weu",
            "routing": [],
            "sas_policy": [],
            "secondary_access_key": "LNsdO/lp9WKb8le9XJ/M6MuDHr1MSgPp+hrJO8Tn1M+zIcCU2lvrLOHuzRDumEo0JpvbBB2MBQdl+AStzGHeCQ==",
            "secondary_blob_connection_string": "",
            "secondary_blob_endpoint": null,
            "secondary_blob_host": null,
            "secondary_connection_string": "DefaultEndpointsProtocol=https;AccountName=storageeshopcloudx;AccountKey=LNsdO/lp9WKb8le9XJ/M6MuDHr1MSgPp+hrJO8Tn1M+zIcCU2lvrLOHuzRDumEo0JpvbBB2MBQdl+AStzGHeCQ==;EndpointSuffix=core.windows.net",
            "secondary_dfs_endpoint": null,
            "secondary_dfs_host": null,
            "secondary_file_endpoint": null,
            "secondary_file_host": null,
            "secondary_location": "",
            "secondary_queue_endpoint": null,
            "secondary_queue_host": null,
            "secondary_table_endpoint": null,
            "secondary_table_host": null,
            "secondary_web_endpoint": null,
            "secondary_web_host": null,
            "sftp_enabled": false,
            "share_properties": [
              {
                "cors_rule": [],
                "retention_policy": [
                  {
                    "days": 7
                  }
                ],
                "smb": []
              }
            ],
            "shared_access_key_enabled": true,
            "static_website": [],
            "table_encryption_key_type": "Service",
            "tags": {},
            "timeouts": null
          },
          "sensitive_attributes": [],
          "private": "eyJlMmJmYjczMC1lY2FhLTExZTYtOGY4OC0zNDM2M2JjN2M0YzAiOnsiY3JlYXRlIjozNjAwMDAwMDAwMDAwLCJkZWxldGUiOjM2MDAwMDAwMDAwMDAsInJlYWQiOjMwMDAwMDAwMDAwMCwidXBkYXRlIjozNjAwMDAwMDAwMDAwfSwic2NoZW1hX3ZlcnNpb24iOiIzIn0=",
          "dependencies": [
            "azurerm_resource_group.this"
          ]
        }
      ]
    },
    {
      "mode": "managed",
      "type": "azurerm_traffic_manager_azure_endpoint",
      "name": "web-neu",
      "provider": "provider[\"registry.terraform.io/hashicorp/azurerm\"]",
      "instances": [
        {
          "schema_version": 0,
          "attributes": {
            "custom_header": [],
            "enabled": true,
            "geo_mappings": [],
            "id": "/subscriptions/1d8b4140-7b97-4795-8d20-000c29db057a/resourceGroups/rg-final-weu/providers/Microsoft.Network/trafficManagerProfiles/traf-web-eshop-cloudx/AzureEndpoints/Web Neu",
            "name": "Web Neu",
            "priority": 2,
            "profile_id": "/subscriptions/1d8b4140-7b97-4795-8d20-000c29db057a/resourceGroups/rg-final-weu/providers/Microsoft.Network/trafficManagerProfiles/traf-web-eshop-cloudx",
            "subnet": [],
            "target_resource_id": "/subscriptions/1d8b4140-7b97-4795-8d20-000c29db057a/resourceGroups/rg-final-weu/providers/Microsoft.Web/sites/app-web-eshop-cloudx-neu",
            "timeouts": null,
            "weight": 1
          },
          "sensitive_attributes": [],
          "private": "eyJlMmJmYjczMC1lY2FhLTExZTYtOGY4OC0zNDM2M2JjN2M0YzAiOnsiY3JlYXRlIjoxODAwMDAwMDAwMDAwLCJkZWxldGUiOjE4MDAwMDAwMDAwMDAsInJlYWQiOjMwMDAwMDAwMDAwMCwidXBkYXRlIjoxODAwMDAwMDAwMDAwfX0=",
          "dependencies": [
            "azurerm_application_insights.funcapp",
            "azurerm_application_insights.web-weu",
            "azurerm_key_vault.kv",
            "azurerm_key_vault_secret.kvs-db-connection",
            "azurerm_mssql_database.sql-db",
            "azurerm_mssql_server.sql-server",
            "azurerm_resource_group.this",
            "azurerm_service_plan.funcapp",
            "azurerm_service_plan.windows-neu",
            "azurerm_service_plan.windows-weu",
            "azurerm_servicebus_namespace.this",
            "azurerm_servicebus_queue.order-reservation-failed",
            "azurerm_servicebus_queue.order-reservation-requested",
            "azurerm_storage_account.this",
            "azurerm_traffic_manager_profile.web",
            "azurerm_windows_function_app.func-app",
            "azurerm_windows_web_app.web-neu",
            "data.azurerm_client_config.current",
            "data.azurerm_function_app_host_keys.this",
            "data.azurerm_key_vault_secret.db-connection"
          ]
        }
      ]
    },
    {
      "mode": "managed",
      "type": "azurerm_traffic_manager_azure_endpoint",
      "name": "web-weu",
      "provider": "provider[\"registry.terraform.io/hashicorp/azurerm\"]",
      "instances": [
        {
          "schema_version": 0,
          "attributes": {
            "custom_header": [],
            "enabled": true,
            "geo_mappings": [],
            "id": "/subscriptions/1d8b4140-7b97-4795-8d20-000c29db057a/resourceGroups/rg-final-weu/providers/Microsoft.Network/trafficManagerProfiles/traf-web-eshop-cloudx/AzureEndpoints/Web Eus",
            "name": "Web Eus",
            "priority": 1,
            "profile_id": "/subscriptions/1d8b4140-7b97-4795-8d20-000c29db057a/resourceGroups/rg-final-weu/providers/Microsoft.Network/trafficManagerProfiles/traf-web-eshop-cloudx",
            "subnet": [],
            "target_resource_id": "/subscriptions/1d8b4140-7b97-4795-8d20-000c29db057a/resourceGroups/rg-final-weu/providers/Microsoft.Web/sites/app-web-eshop-cloudx-weu",
            "timeouts": null,
            "weight": 1
          },
          "sensitive_attributes": [],
          "private": "eyJlMmJmYjczMC1lY2FhLTExZTYtOGY4OC0zNDM2M2JjN2M0YzAiOnsiY3JlYXRlIjoxODAwMDAwMDAwMDAwLCJkZWxldGUiOjE4MDAwMDAwMDAwMDAsInJlYWQiOjMwMDAwMDAwMDAwMCwidXBkYXRlIjoxODAwMDAwMDAwMDAwfX0=",
          "dependencies": [
            "azurerm_application_insights.funcapp",
            "azurerm_application_insights.web-weu",
            "azurerm_key_vault.kv",
            "azurerm_key_vault_secret.kvs-db-connection",
            "azurerm_mssql_database.sql-db",
            "azurerm_mssql_server.sql-server",
            "azurerm_resource_group.this",
            "azurerm_service_plan.funcapp",
            "azurerm_service_plan.windows-weu",
            "azurerm_servicebus_namespace.this",
            "azurerm_servicebus_queue.order-reservation-failed",
            "azurerm_servicebus_queue.order-reservation-requested",
            "azurerm_storage_account.this",
            "azurerm_traffic_manager_profile.web",
            "azurerm_windows_function_app.func-app",
            "azurerm_windows_web_app.web-weu",
            "data.azurerm_client_config.current",
            "data.azurerm_function_app_host_keys.this",
            "data.azurerm_key_vault_secret.db-connection"
          ]
        }
      ]
    },
    {
      "mode": "managed",
      "type": "azurerm_traffic_manager_profile",
      "name": "web",
      "provider": "provider[\"registry.terraform.io/hashicorp/azurerm\"]",
      "instances": [
        {
          "schema_version": 0,
          "attributes": {
            "dns_config": [
              {
                "relative_name": "traf-web-eshop-cloudx",
                "ttl": 60
              }
            ],
            "fqdn": "traf-web-eshop-cloudx.trafficmanager.net",
            "id": "/subscriptions/1d8b4140-7b97-4795-8d20-000c29db057a/resourceGroups/rg-final-weu/providers/Microsoft.Network/trafficManagerProfiles/traf-web-eshop-cloudx",
            "max_return": 0,
            "monitor_config": [
              {
                "custom_header": [],
                "expected_status_code_ranges": [],
                "interval_in_seconds": 30,
                "path": "/",
                "port": 80,
                "protocol": "HTTP",
                "timeout_in_seconds": 10,
                "tolerated_number_of_failures": 3
              }
            ],
            "name": "traf-web-eshop-cloudx",
            "profile_status": "Enabled",
            "resource_group_name": "rg-final-weu",
            "tags": {},
            "timeouts": null,
            "traffic_routing_method": "Performance",
            "traffic_view_enabled": false
          },
          "sensitive_attributes": [],
          "private": "eyJlMmJmYjczMC1lY2FhLTExZTYtOGY4OC0zNDM2M2JjN2M0YzAiOnsiY3JlYXRlIjoxODAwMDAwMDAwMDAwLCJkZWxldGUiOjE4MDAwMDAwMDAwMDAsInJlYWQiOjMwMDAwMDAwMDAwMCwidXBkYXRlIjoxODAwMDAwMDAwMDAwfX0=",
          "dependencies": [
            "azurerm_resource_group.this"
          ]
        }
      ]
    },
    {
      "mode": "managed",
      "type": "azurerm_windows_function_app",
      "name": "func-app",
      "provider": "provider[\"registry.terraform.io/hashicorp/azurerm\"]",
      "instances": [
        {
          "schema_version": 0,
          "attributes": {
            "app_settings": {
              "AZURE_SERVICEBUS_FULL_NAMEPACE": "sbns-eshop-cloudx.servicebus.windows.net",
              "AZURE_SERVICEBUS_ORDER_FAILED_QUEUE": "sbq-order-reservation-failed",
              "AZURE_SERVICEBUS_ORDER_REQUESTED_QUEUE": "sbq-order-reservation-requested",
              "COSMOS_DATABASE": "eShopOnWebDb",
              "COSMOS_ENDPOINT": "",
              "COSMOS_ORDERS_CONTAINER": "orders",
              "ORDERS_CONTAINER_URL": "https://storageeshopcloudx.blob.core.windows.net/orders"
            },
            "auth_settings": [],
            "auth_settings_v2": [],
            "backup": [],
            "builtin_logging_enabled": true,
            "client_certificate_enabled": false,
            "client_certificate_exclusion_paths": "",
            "client_certificate_mode": "Optional",
            "connection_string": [],
            "content_share_force_disabled": false,
            "custom_domain_verification_id": "E42D7731AFC9D9E8CC65C67D0DBEC51307A50DDCB2821FAC1EE768D1C8A9C196",
            "daily_memory_time_quota": 0,
            "default_hostname": "func-app-eshop-cloudx.azurewebsites.net",
            "enabled": true,
            "functions_extension_version": "~4",
            "hosting_environment_id": "",
            "https_only": false,
            "id": "/subscriptions/1d8b4140-7b97-4795-8d20-000c29db057a/resourceGroups/rg-final-weu/providers/Microsoft.Web/sites/func-app-eshop-cloudx",
            "identity": [
              {
                "identity_ids": [],
                "principal_id": "4d9d0314-28a4-4bbf-b080-a93eda6a3ac9",
                "tenant_id": "b41b72d0-4e9f-4c26-8a69-f949f367c91d",
                "type": "SystemAssigned"
              }
            ],
            "key_vault_reference_identity_id": "SystemAssigned",
            "kind": "functionapp",
            "location": "westeurope",
            "name": "func-app-eshop-cloudx",
            "outbound_ip_address_list": [
              "20.126.187.180",
              "20.126.189.40",
              "20.126.189.99",
              "20.126.189.128",
              "20.126.189.162",
              "20.126.189.201",
              "20.105.224.14"
            ],
            "outbound_ip_addresses": "20.126.187.180,20.126.189.40,20.126.189.99,20.126.189.128,20.126.189.162,20.126.189.201,20.105.224.14",
            "possible_outbound_ip_address_list": [
              "20.126.187.180",
              "20.126.189.40",
              "20.126.189.99",
              "20.126.189.128",
              "20.126.189.162",
              "20.126.189.201",
              "20.126.190.35",
              "20.126.190.127",
              "20.126.190.151",
              "20.126.190.180",
              "20.126.190.210",
              "20.126.191.13",
              "20.126.191.47",
              "20.126.191.98",
              "20.126.191.155",
              "20.31.104.23",
              "20.31.104.209",
              "20.31.105.70",
              "20.31.105.200",
              "20.31.106.82",
              "20.31.106.234",
              "20.31.106.242",
              "20.31.106.246",
              "20.31.107.5",
              "20.31.107.32",
              "20.31.107.97",
              "20.82.28.148",
              "20.103.181.129",
              "20.31.107.104",
              "20.31.107.107",
              "20.105.224.14"
            ],
            "possible_outbound_ip_addresses": "20.126.187.180,20.126.189.40,20.126.189.99,20.126.189.128,20.126.189.162,20.126.189.201,20.126.190.35,20.126.190.127,20.126.190.151,20.126.190.180,20.126.190.210,20.126.191.13,20.126.191.47,20.126.191.98,20.126.191.155,20.31.104.23,20.31.104.209,20.31.105.70,20.31.105.200,20.31.106.82,20.31.106.234,20.31.106.242,20.31.106.246,20.31.107.5,20.31.107.32,20.31.107.97,20.82.28.148,20.103.181.129,20.31.107.104,20.31.107.107,20.105.224.14",
            "resource_group_name": "rg-final-weu",
            "service_plan_id": "/subscriptions/1d8b4140-7b97-4795-8d20-000c29db057a/resourceGroups/rg-final-weu/providers/Microsoft.Web/serverfarms/aps-funcapp-eshop-cloudx",
            "site_config": [
              {
                "always_on": false,
                "api_definition_url": "",
                "api_management_api_id": "",
                "app_command_line": "",
                "app_scale_limit": 200,
                "app_service_logs": [],
                "application_insights_connection_string": "InstrumentationKey=9764caab-bf9e-40ec-aae8-d3a4c519041d;IngestionEndpoint=https://westeurope-2.in.applicationinsights.azure.com/;LiveEndpoint=https://westeurope.livediagnostics.monitor.azure.com/",
                "application_insights_key": "9764caab-bf9e-40ec-aae8-d3a4c519041d",
                "application_stack": [
                  {
                    "dotnet_version": "v7.0",
                    "java_version": "",
                    "node_version": "",
                    "powershell_core_version": "",
                    "use_custom_runtime": false,
                    "use_dotnet_isolated_runtime": true
                  }
                ],
                "cors": [],
                "default_documents": [
                  "Default.htm",
                  "Default.html",
                  "Default.asp",
                  "index.htm",
                  "index.html",
                  "iisstart.htm",
                  "default.aspx",
                  "index.php"
                ],
                "detailed_error_logging_enabled": false,
                "elastic_instance_minimum": 0,
                "ftps_state": "Disabled",
                "health_check_eviction_time_in_min": 0,
                "health_check_path": "",
                "http2_enabled": false,
                "ip_restriction": [],
                "load_balancing_mode": "LeastRequests",
                "managed_pipeline_mode": "Integrated",
                "minimum_tls_version": "1.2",
                "pre_warmed_instance_count": 0,
                "remote_debugging_enabled": false,
                "remote_debugging_version": "",
                "runtime_scale_monitoring_enabled": false,
                "scm_ip_restriction": [],
                "scm_minimum_tls_version": "1.2",
                "scm_type": "None",
                "scm_use_main_ip_restriction": false,
                "use_32_bit_worker": true,
                "vnet_route_all_enabled": false,
                "websockets_enabled": false,
                "windows_fx_version": "",
                "worker_count": 1
              }
            ],
            "site_credential": [
              {
                "name": "$func-app-eshop-cloudx",
                "password": "PeQo8rwJeKepdt7kBrogkXKCtm5cKCncoo21mfgYZeBYs4seG9ph9KchLb45"
              }
            ],
            "sticky_settings": [],
            "storage_account": [],
            "storage_account_access_key": "Xj9g1evTWnaMb/5MW39ISX5NRToGPWgkFkuHhxNDGXKPy5qbBhVOj6mM06m5fYzj8VnqMxUCxdKi+ASt4NVO/w==",
            "storage_account_name": "storageeshopcloudx",
            "storage_key_vault_secret_id": "",
            "storage_uses_managed_identity": false,
            "tags": {},
            "timeouts": null,
            "virtual_network_subnet_id": "",
            "zip_deploy_file": ""
          },
          "sensitive_attributes": [
            [
              {
                "type": "get_attr",
                "value": "storage_account_access_key"
              }
            ]
          ],
          "private": "eyJlMmJmYjczMC1lY2FhLTExZTYtOGY4OC0zNDM2M2JjN2M0YzAiOnsiY3JlYXRlIjoxODAwMDAwMDAwMDAwLCJkZWxldGUiOjE4MDAwMDAwMDAwMDAsInJlYWQiOjMwMDAwMDAwMDAwMCwidXBkYXRlIjoxODAwMDAwMDAwMDAwfX0=",
          "dependencies": [
            "azurerm_application_insights.funcapp",
            "azurerm_resource_group.this",
            "azurerm_service_plan.funcapp",
            "azurerm_servicebus_namespace.this",
            "azurerm_servicebus_queue.order-reservation-failed",
            "azurerm_servicebus_queue.order-reservation-requested",
            "azurerm_storage_account.this"
          ]
        }
      ]
    },
    {
      "mode": "managed",
      "type": "azurerm_windows_web_app",
      "name": "web-neu",
      "provider": "provider[\"registry.terraform.io/hashicorp/azurerm\"]",
      "instances": [
        {
          "schema_version": 0,
          "attributes": {
            "app_settings": {
              "APPINSIGHTS_INSTRUMENTATIONKEY": "9df062c3-1035-42c5-9a7d-4852fb4951b2",
              "APPLICATIONINSIGHTS_CONNECTION_STRING": "InstrumentationKey=9df062c3-1035-42c5-9a7d-4852fb4951b2;IngestionEndpoint=https://westeurope-3.in.applicationinsights.azure.com/;LiveEndpoint=https://westeurope.livediagnostics.monitor.azure.com/",
              "ApplicationInsightsAgent_EXTENSION_VERSION": "~2",
              "Features:AzureServiceBusFullNamespace": "sbns-eshop-cloudx.servicebus.windows.net",
              "Features:OrderDeliveryEnabled": "true",
              "Features:OrderDeliveryUrl": "https://func-app-eshop-cloudx.azurewebsites.net/api/OrderDeliveryProcessor?code=tIKpcLL8YcglIuIpb3bZfjBZbphqFZCp8R4n8FTWAJzGAzFu2PVUdQ==",
              "Features:OrderReserveEnabled": "true",
              "Features:OrderReserverQueueName": "sbq-order-reservation-requested",
              "baseUrls:apiBase": "https://app-publicapi-eshop-cloudx.azurewebsites.net/api/",
              "baseUrls:webBase": "https://app-web-eshop-cloudx.azurewebsites.net/"
            },
            "auth_settings": [],
            "auth_settings_v2": [],
            "backup": [],
            "client_affinity_enabled": false,
            "client_certificate_enabled": false,
            "client_certificate_exclusion_paths": "",
            "client_certificate_mode": "Required",
            "connection_string": [
              {
                "name": "CatalogConnection",
                "type": "SQLServer",
                "value": "@Microsoft.KeyVault(VaultName=kv-final-eshop-cloudx;SecretName=eshop-sql-connection-string)"
              },
              {
                "name": "IdentityConnection",
                "type": "SQLServer",
                "value": "@Microsoft.KeyVault(VaultName=kv-final-eshop-cloudx;SecretName=eshop-sql-connection-string)"
              }
            ],
            "custom_domain_verification_id": "E42D7731AFC9D9E8CC65C67D0DBEC51307A50DDCB2821FAC1EE768D1C8A9C196",
            "default_hostname": "app-web-eshop-cloudx-neu.azurewebsites.net",
            "enabled": true,
            "hosting_environment_id": "",
            "https_only": false,
            "id": "/subscriptions/1d8b4140-7b97-4795-8d20-000c29db057a/resourceGroups/rg-final-weu/providers/Microsoft.Web/sites/app-web-eshop-cloudx-neu",
            "identity": [
              {
                "identity_ids": [],
                "principal_id": "77b9a5fb-b4ac-4aec-9399-e22d6737c936",
                "tenant_id": "b41b72d0-4e9f-4c26-8a69-f949f367c91d",
                "type": "SystemAssigned"
              }
            ],
            "key_vault_reference_identity_id": "SystemAssigned",
            "kind": "app",
            "location": "northeurope",
            "logs": [
              {
                "application_logs": [
                  {
                    "azure_blob_storage": [],
                    "file_system_level": "Information"
                  }
                ],
                "detailed_error_messages": false,
                "failed_request_tracing": false,
                "http_logs": []
              }
            ],
            "name": "app-web-eshop-cloudx-neu",
            "outbound_ip_address_list": [
              "20.82.169.252",
              "20.82.170.95",
              "20.82.170.149",
              "20.82.171.21",
              "20.82.171.27",
              "20.82.171.156",
              "20.107.224.33"
            ],
            "outbound_ip_addresses": "20.82.169.252,20.82.170.95,20.82.170.149,20.82.171.21,20.82.171.27,20.82.171.156,20.107.224.33",
            "possible_outbound_ip_address_list": [
              "20.82.169.252",
              "20.82.170.95",
              "20.82.170.149",
              "20.82.171.21",
              "20.82.171.27",
              "20.82.171.156",
              "20.82.171.176",
              "20.82.171.195",
              "20.82.172.14",
              "20.82.172.41",
              "20.82.173.38",
              "20.82.173.52",
              "20.82.173.92",
              "20.82.173.166",
              "20.82.173.244",
              "20.82.174.10",
              "20.82.174.79",
              "20.82.174.107",
              "20.82.174.125",
              "20.82.174.144",
              "20.82.174.183",
              "20.82.174.203",
              "20.82.174.238",
              "20.82.174.255",
              "20.82.175.21",
              "20.82.175.59",
              "20.82.175.80",
              "20.82.175.93",
              "20.82.175.131",
              "20.82.175.213",
              "20.107.224.33"
            ],
            "possible_outbound_ip_addresses": "20.82.169.252,20.82.170.95,20.82.170.149,20.82.171.21,20.82.171.27,20.82.171.156,20.82.171.176,20.82.171.195,20.82.172.14,20.82.172.41,20.82.173.38,20.82.173.52,20.82.173.92,20.82.173.166,20.82.173.244,20.82.174.10,20.82.174.79,20.82.174.107,20.82.174.125,20.82.174.144,20.82.174.183,20.82.174.203,20.82.174.238,20.82.174.255,20.82.175.21,20.82.175.59,20.82.175.80,20.82.175.93,20.82.175.131,20.82.175.213,20.107.224.33",
            "resource_group_name": "rg-final-weu",
            "service_plan_id": "/subscriptions/1d8b4140-7b97-4795-8d20-000c29db057a/resourceGroups/rg-final-weu/providers/Microsoft.Web/serverfarms/asp-eshop-cloudx-neu",
            "site_config": [
              {
                "always_on": false,
                "api_definition_url": "",
                "api_management_api_id": "",
                "app_command_line": "",
                "application_stack": [
                  {
                    "current_stack": "dotnet",
                    "docker_container_name": "",
                    "docker_container_registry": "",
                    "docker_container_tag": "",
                    "dotnet_core_version": "",
                    "dotnet_version": "v7.0",
                    "java_container": "",
                    "java_container_version": "",
                    "java_embedded_server_enabled": false,
                    "java_version": "",
                    "node_version": "",
                    "php_version": "5.6",
                    "python": false,
                    "python_version": "",
                    "tomcat_version": ""
                  }
                ],
                "auto_heal_enabled": false,
                "auto_heal_setting": [],
                "container_registry_managed_identity_client_id": "",
                "container_registry_use_managed_identity": false,
                "cors": [],
                "default_documents": [
                  "Default.htm",
                  "Default.html",
                  "Default.asp",
                  "index.htm",
                  "index.html",
                  "iisstart.htm",
                  "default.aspx",
                  "index.php",
                  "hostingstart.html"
                ],
                "detailed_error_logging_enabled": false,
                "ftps_state": "Disabled",
                "health_check_eviction_time_in_min": 0,
                "health_check_path": "",
                "http2_enabled": false,
                "ip_restriction": [],
                "linux_fx_version": "",
                "load_balancing_mode": "LeastRequests",
                "local_mysql_enabled": false,
                "managed_pipeline_mode": "Integrated",
                "minimum_tls_version": "1.2",
                "remote_debugging_enabled": false,
                "remote_debugging_version": "VS2019",
                "scm_ip_restriction": [],
                "scm_minimum_tls_version": "1.2",
                "scm_type": "None",
                "scm_use_main_ip_restriction": false,
                "use_32_bit_worker": true,
                "virtual_application": [],
                "vnet_route_all_enabled": false,
                "websockets_enabled": false,
                "windows_fx_version": "",
                "worker_count": 1
              }
            ],
            "site_credential": [
              {
                "name": "$app-web-eshop-cloudx-neu",
                "password": "EpePZNolPD4kL0bzvJklRw2ZkoejLQxWY7nNAwESjXGtlvzrGeQlELSFxRNz"
              }
            ],
            "sticky_settings": [],
            "storage_account": [],
            "tags": {},
            "timeouts": null,
            "virtual_network_subnet_id": "",
            "zip_deploy_file": ""
          },
          "sensitive_attributes": [
            [
              {
                "type": "get_attr",
                "value": "app_settings"
              },
              {
                "type": "index",
                "value": {
                  "value": "APPINSIGHTS_INSTRUMENTATIONKEY",
                  "type": "string"
                }
              }
            ],
            [
              {
                "type": "get_attr",
                "value": "app_settings"
              },
              {
                "type": "index",
                "value": {
                  "value": "APPLICATIONINSIGHTS_CONNECTION_STRING",
                  "type": "string"
                }
              }
            ],
            [
              {
                "type": "get_attr",
                "value": "app_settings"
              },
              {
                "type": "index",
                "value": {
                  "value": "Features:OrderDeliveryUrl",
                  "type": "string"
                }
              }
            ]
          ],
          "private": "eyJlMmJmYjczMC1lY2FhLTExZTYtOGY4OC0zNDM2M2JjN2M0YzAiOnsiY3JlYXRlIjoxODAwMDAwMDAwMDAwLCJkZWxldGUiOjE4MDAwMDAwMDAwMDAsInJlYWQiOjMwMDAwMDAwMDAwMCwidXBkYXRlIjoxODAwMDAwMDAwMDAwfX0=",
          "dependencies": [
            "azurerm_application_insights.funcapp",
            "azurerm_application_insights.web-weu",
            "azurerm_key_vault.kv",
            "azurerm_key_vault_secret.kvs-db-connection",
            "azurerm_resource_group.this",
            "azurerm_service_plan.funcapp",
            "azurerm_service_plan.windows-neu",
            "azurerm_servicebus_namespace.this",
            "azurerm_servicebus_queue.order-reservation-failed",
            "azurerm_servicebus_queue.order-reservation-requested",
            "azurerm_storage_account.this",
            "azurerm_windows_function_app.func-app",
            "data.azurerm_client_config.current",
            "data.azurerm_function_app_host_keys.this",
            "data.azurerm_key_vault_secret.db-connection"
          ]
        }
      ]
    },
    {
      "mode": "managed",
      "type": "azurerm_windows_web_app",
      "name": "web-weu",
      "provider": "provider[\"registry.terraform.io/hashicorp/azurerm\"]",
      "instances": [
        {
          "schema_version": 0,
          "attributes": {
            "app_settings": {
              "APPINSIGHTS_INSTRUMENTATIONKEY": "9df062c3-1035-42c5-9a7d-4852fb4951b2",
              "APPLICATIONINSIGHTS_CONNECTION_STRING": "InstrumentationKey=9df062c3-1035-42c5-9a7d-4852fb4951b2;IngestionEndpoint=https://westeurope-3.in.applicationinsights.azure.com/;LiveEndpoint=https://westeurope.livediagnostics.monitor.azure.com/",
              "ApplicationInsightsAgent_EXTENSION_VERSION": "~2",
              "Features:AzureServiceBusFullNamespace": "sbns-eshop-cloudx.servicebus.windows.net",
              "Features:OrderDeliveryEnabled": "true",
              "Features:OrderDeliveryUrl": "https://func-app-eshop-cloudx.azurewebsites.net/api/OrderDeliveryProcessor?code=tIKpcLL8YcglIuIpb3bZfjBZbphqFZCp8R4n8FTWAJzGAzFu2PVUdQ==",
              "Features:OrderReserveEnabled": "true",
              "Features:OrderReserverQueueName": "sbq-order-reservation-requested",
              "baseUrls:apiBase": "https://app-publicapi-eshop-cloudx.azurewebsites.net/api/",
              "baseUrls:webBase": "https://app-web-eshop-cloudx.azurewebsites.net/"
            },
            "auth_settings": [],
            "auth_settings_v2": [],
            "backup": [],
            "client_affinity_enabled": false,
            "client_certificate_enabled": false,
            "client_certificate_exclusion_paths": "",
            "client_certificate_mode": "Required",
            "connection_string": [
              {
                "name": "CatalogConnection",
                "type": "SQLServer",
                "value": "@Microsoft.KeyVault(VaultName=kv-final-eshop-cloudx;SecretName=eshop-sql-connection-string)"
              },
              {
                "name": "IdentityConnection",
                "type": "SQLServer",
                "value": "@Microsoft.KeyVault(VaultName=kv-final-eshop-cloudx;SecretName=eshop-sql-connection-string)"
              }
            ],
            "custom_domain_verification_id": "E42D7731AFC9D9E8CC65C67D0DBEC51307A50DDCB2821FAC1EE768D1C8A9C196",
            "default_hostname": "app-web-eshop-cloudx-weu.azurewebsites.net",
            "enabled": true,
            "hosting_environment_id": "",
            "https_only": false,
            "id": "/subscriptions/1d8b4140-7b97-4795-8d20-000c29db057a/resourceGroups/rg-final-weu/providers/Microsoft.Web/sites/app-web-eshop-cloudx-weu",
            "identity": [
              {
                "identity_ids": [],
                "principal_id": "b6ef1fc1-75ee-4c4e-b544-624cd8821010",
                "tenant_id": "b41b72d0-4e9f-4c26-8a69-f949f367c91d",
                "type": "SystemAssigned"
              }
            ],
            "key_vault_reference_identity_id": "SystemAssigned",
            "kind": "app",
            "location": "westeurope",
            "logs": [
              {
                "application_logs": [
                  {
                    "azure_blob_storage": [],
                    "file_system_level": "Information"
                  }
                ],
                "detailed_error_messages": false,
                "failed_request_tracing": false,
                "http_logs": []
              }
            ],
            "name": "app-web-eshop-cloudx-weu",
            "outbound_ip_address_list": [
              "20.126.187.180",
              "20.126.189.40",
              "20.126.189.99",
              "20.126.189.128",
              "20.126.189.162",
              "20.126.189.201",
              "20.105.224.14"
            ],
            "outbound_ip_addresses": "20.126.187.180,20.126.189.40,20.126.189.99,20.126.189.128,20.126.189.162,20.126.189.201,20.105.224.14",
            "possible_outbound_ip_address_list": [
              "20.126.187.180",
              "20.126.189.40",
              "20.126.189.99",
              "20.126.189.128",
              "20.126.189.162",
              "20.126.189.201",
              "20.126.190.35",
              "20.126.190.127",
              "20.126.190.151",
              "20.126.190.180",
              "20.126.190.210",
              "20.126.191.13",
              "20.126.191.47",
              "20.126.191.98",
              "20.126.191.155",
              "20.31.104.23",
              "20.31.104.209",
              "20.31.105.70",
              "20.31.105.200",
              "20.31.106.82",
              "20.31.106.234",
              "20.31.106.242",
              "20.31.106.246",
              "20.31.107.5",
              "20.31.107.32",
              "20.31.107.97",
              "20.82.28.148",
              "20.103.181.129",
              "20.31.107.104",
              "20.31.107.107",
              "20.105.224.14"
            ],
            "possible_outbound_ip_addresses": "20.126.187.180,20.126.189.40,20.126.189.99,20.126.189.128,20.126.189.162,20.126.189.201,20.126.190.35,20.126.190.127,20.126.190.151,20.126.190.180,20.126.190.210,20.126.191.13,20.126.191.47,20.126.191.98,20.126.191.155,20.31.104.23,20.31.104.209,20.31.105.70,20.31.105.200,20.31.106.82,20.31.106.234,20.31.106.242,20.31.106.246,20.31.107.5,20.31.107.32,20.31.107.97,20.82.28.148,20.103.181.129,20.31.107.104,20.31.107.107,20.105.224.14",
            "resource_group_name": "rg-final-weu",
            "service_plan_id": "/subscriptions/1d8b4140-7b97-4795-8d20-000c29db057a/resourceGroups/rg-final-weu/providers/Microsoft.Web/serverfarms/asp-eshop-cloudx-weu",
            "site_config": [
              {
                "always_on": false,
                "api_definition_url": "",
                "api_management_api_id": "",
                "app_command_line": "",
                "application_stack": [
                  {
                    "current_stack": "dotnet",
                    "docker_container_name": "",
                    "docker_container_registry": "",
                    "docker_container_tag": "",
                    "dotnet_core_version": "",
                    "dotnet_version": "v7.0",
                    "java_container": "",
                    "java_container_version": "",
                    "java_embedded_server_enabled": false,
                    "java_version": "",
                    "node_version": "",
                    "php_version": "5.6",
                    "python": false,
                    "python_version": "",
                    "tomcat_version": ""
                  }
                ],
                "auto_heal_enabled": false,
                "auto_heal_setting": [],
                "container_registry_managed_identity_client_id": "",
                "container_registry_use_managed_identity": false,
                "cors": [],
                "default_documents": [
                  "Default.htm",
                  "Default.html",
                  "Default.asp",
                  "index.htm",
                  "index.html",
                  "iisstart.htm",
                  "default.aspx",
                  "index.php",
                  "hostingstart.html"
                ],
                "detailed_error_logging_enabled": false,
                "ftps_state": "Disabled",
                "health_check_eviction_time_in_min": 0,
                "health_check_path": "",
                "http2_enabled": false,
                "ip_restriction": [],
                "linux_fx_version": "",
                "load_balancing_mode": "LeastRequests",
                "local_mysql_enabled": false,
                "managed_pipeline_mode": "Integrated",
                "minimum_tls_version": "1.2",
                "remote_debugging_enabled": false,
                "remote_debugging_version": "VS2019",
                "scm_ip_restriction": [],
                "scm_minimum_tls_version": "1.2",
                "scm_type": "None",
                "scm_use_main_ip_restriction": false,
                "use_32_bit_worker": true,
                "virtual_application": [],
                "vnet_route_all_enabled": false,
                "websockets_enabled": false,
                "windows_fx_version": "",
                "worker_count": 1
              }
            ],
            "site_credential": [
              {
                "name": "$app-web-eshop-cloudx-weu",
                "password": "rpuXTejvbshYwkK4h22t9lYyLmNDqREnzuYEy34pGmFTbgzp8NayRW1SQNob"
              }
            ],
            "sticky_settings": [],
            "storage_account": [],
            "tags": {},
            "timeouts": null,
            "virtual_network_subnet_id": "",
            "zip_deploy_file": ""
          },
          "sensitive_attributes": [
            [
              {
                "type": "get_attr",
                "value": "app_settings"
              },
              {
                "type": "index",
                "value": {
                  "value": "APPINSIGHTS_INSTRUMENTATIONKEY",
                  "type": "string"
                }
              }
            ],
            [
              {
                "type": "get_attr",
                "value": "app_settings"
              },
              {
                "type": "index",
                "value": {
                  "value": "APPLICATIONINSIGHTS_CONNECTION_STRING",
                  "type": "string"
                }
              }
            ],
            [
              {
                "type": "get_attr",
                "value": "app_settings"
              },
              {
                "type": "index",
                "value": {
                  "value": "Features:OrderDeliveryUrl",
                  "type": "string"
                }
              }
            ]
          ],
          "private": "eyJlMmJmYjczMC1lY2FhLTExZTYtOGY4OC0zNDM2M2JjN2M0YzAiOnsiY3JlYXRlIjoxODAwMDAwMDAwMDAwLCJkZWxldGUiOjE4MDAwMDAwMDAwMDAsInJlYWQiOjMwMDAwMDAwMDAwMCwidXBkYXRlIjoxODAwMDAwMDAwMDAwfX0=",
          "dependencies": [
            "azurerm_application_insights.funcapp",
            "azurerm_application_insights.web-weu",
            "azurerm_key_vault.kv",
            "azurerm_key_vault_secret.kvs-db-connection",
            "azurerm_resource_group.this",
            "azurerm_service_plan.funcapp",
            "azurerm_service_plan.windows-weu",
            "azurerm_servicebus_namespace.this",
            "azurerm_servicebus_queue.order-reservation-failed",
            "azurerm_servicebus_queue.order-reservation-requested",
            "azurerm_storage_account.this",
            "azurerm_windows_function_app.func-app",
            "data.azurerm_client_config.current",
            "data.azurerm_function_app_host_keys.this",
            "data.azurerm_key_vault_secret.db-connection"
          ]
        }
      ]
    },
    {
      "mode": "managed",
      "type": "azurerm_windows_web_app_slot",
      "name": "web-weu",
      "provider": "provider[\"registry.terraform.io/hashicorp/azurerm\"]",
      "instances": [
        {
          "schema_version": 0,
          "attributes": {
            "app_service_id": "/subscriptions/1d8b4140-7b97-4795-8d20-000c29db057a/resourceGroups/rg-final-weu/providers/Microsoft.Web/sites/app-web-eshop-cloudx-weu",
            "app_settings": null,
            "auth_settings": [],
            "auth_settings_v2": [],
            "backup": [],
            "client_affinity_enabled": false,
            "client_certificate_enabled": false,
            "client_certificate_exclusion_paths": "",
            "client_certificate_mode": "Required",
            "connection_string": [],
            "custom_domain_verification_id": "E42D7731AFC9D9E8CC65C67D0DBEC51307A50DDCB2821FAC1EE768D1C8A9C196",
            "default_hostname": "app-web-eshop-cloudx-weu-app-web-eshop-cloudx-weu-slot.azurewebsites.net",
            "enabled": true,
            "hosting_environment_id": "",
            "https_only": false,
            "id": "/subscriptions/1d8b4140-7b97-4795-8d20-000c29db057a/resourceGroups/rg-final-weu/providers/Microsoft.Web/sites/app-web-eshop-cloudx-weu/slots/app-web-eshop-cloudx-weu-slot",
            "identity": [],
            "key_vault_reference_identity_id": "SystemAssigned",
            "kind": "app",
            "logs": [],
            "name": "app-web-eshop-cloudx-weu-slot",
            "outbound_ip_address_list": [
              "20.126.187.180",
              "20.126.189.40",
              "20.126.189.99",
              "20.126.189.128",
              "20.126.189.162",
              "20.126.189.201",
              "20.105.224.14"
            ],
            "outbound_ip_addresses": "20.126.187.180,20.126.189.40,20.126.189.99,20.126.189.128,20.126.189.162,20.126.189.201,20.105.224.14",
            "possible_outbound_ip_address_list": [
              "20.126.187.180",
              "20.126.189.40",
              "20.126.189.99",
              "20.126.189.128",
              "20.126.189.162",
              "20.126.189.201",
              "20.126.190.35",
              "20.126.190.127",
              "20.126.190.151",
              "20.126.190.180",
              "20.126.190.210",
              "20.126.191.13",
              "20.126.191.47",
              "20.126.191.98",
              "20.126.191.155",
              "20.31.104.23",
              "20.31.104.209",
              "20.31.105.70",
              "20.31.105.200",
              "20.31.106.82",
              "20.31.106.234",
              "20.31.106.242",
              "20.31.106.246",
              "20.31.107.5",
              "20.31.107.32",
              "20.31.107.97",
              "20.82.28.148",
              "20.103.181.129",
              "20.31.107.104",
              "20.31.107.107",
              "20.105.224.14"
            ],
            "possible_outbound_ip_addresses": "20.126.187.180,20.126.189.40,20.126.189.99,20.126.189.128,20.126.189.162,20.126.189.201,20.126.190.35,20.126.190.127,20.126.190.151,20.126.190.180,20.126.190.210,20.126.191.13,20.126.191.47,20.126.191.98,20.126.191.155,20.31.104.23,20.31.104.209,20.31.105.70,20.31.105.200,20.31.106.82,20.31.106.234,20.31.106.242,20.31.106.246,20.31.107.5,20.31.107.32,20.31.107.97,20.82.28.148,20.103.181.129,20.31.107.104,20.31.107.107,20.105.224.14",
            "service_plan_id": "",
            "site_config": [
              {
                "always_on": true,
                "api_definition_url": "",
                "api_management_api_id": "",
                "app_command_line": "",
                "application_stack": [
                  {
                    "current_stack": "",
                    "docker_container_name": "",
                    "docker_container_registry": "",
                    "docker_container_tag": "",
                    "dotnet_core_version": "",
                    "dotnet_version": "v4.0",
                    "java_container": "",
                    "java_container_version": "",
                    "java_embedded_server_enabled": false,
                    "java_version": "",
                    "node_version": "",
                    "php_version": "5.6",
                    "python": false,
                    "python_version": "",
                    "tomcat_version": ""
                  }
                ],
                "auto_heal_enabled": false,
                "auto_heal_setting": [],
                "auto_swap_slot_name": "",
                "container_registry_managed_identity_client_id": "",
                "container_registry_use_managed_identity": false,
                "cors": [],
                "default_documents": [
                  "Default.htm",
                  "Default.html",
                  "Default.asp",
                  "index.htm",
                  "index.html",
                  "iisstart.htm",
                  "default.aspx",
                  "index.php",
                  "hostingstart.html"
                ],
                "detailed_error_logging_enabled": false,
                "ftps_state": "Disabled",
                "health_check_eviction_time_in_min": 0,
                "health_check_path": "",
                "http2_enabled": false,
                "ip_restriction": [],
                "load_balancing_mode": "LeastRequests",
                "local_mysql_enabled": false,
                "managed_pipeline_mode": "Integrated",
                "minimum_tls_version": "1.2",
                "remote_debugging_enabled": false,
                "remote_debugging_version": "",
                "scm_ip_restriction": [],
                "scm_minimum_tls_version": "1.2",
                "scm_type": "None",
                "scm_use_main_ip_restriction": false,
                "use_32_bit_worker": false,
                "virtual_application": [],
                "vnet_route_all_enabled": false,
                "websockets_enabled": false,
                "windows_fx_version": "",
                "worker_count": 1
              }
            ],
            "site_credential": [
              {
                "name": "$app-web-eshop-cloudx-weu__app-web-eshop-cloudx-weu-slot",
                "password": "tdnh4vhAtfThswjCkmlzhsaagufbf3dYoxd39J11leRvbtqtCfDKGiyYjLCG"
              }
            ],
            "storage_account": [],
            "tags": null,
            "timeouts": null,
            "virtual_network_subnet_id": "",
            "zip_deploy_file": ""
          },
          "sensitive_attributes": [],
          "private": "eyJlMmJmYjczMC1lY2FhLTExZTYtOGY4OC0zNDM2M2JjN2M0YzAiOnsiY3JlYXRlIjoxODAwMDAwMDAwMDAwLCJkZWxldGUiOjE4MDAwMDAwMDAwMDAsInJlYWQiOjMwMDAwMDAwMDAwMCwidXBkYXRlIjoxODAwMDAwMDAwMDAwfX0=",
          "dependencies": [
            "azurerm_application_insights.funcapp",
            "azurerm_application_insights.web-weu",
            "azurerm_key_vault.kv",
            "azurerm_key_vault_secret.kvs-db-connection",
            "azurerm_resource_group.this",
            "azurerm_service_plan.funcapp",
            "azurerm_service_plan.windows-weu",
            "azurerm_servicebus_namespace.this",
            "azurerm_servicebus_queue.order-reservation-failed",
            "azurerm_servicebus_queue.order-reservation-requested",
            "azurerm_storage_account.this",
            "azurerm_windows_function_app.func-app",
            "azurerm_windows_web_app.web-weu",
            "data.azurerm_client_config.current",
            "data.azurerm_function_app_host_keys.this",
            "data.azurerm_key_vault_secret.db-connection"
          ]
        }
      ]
    },
    {
      "mode": "managed",
      "type": "random_integer",
      "name": "ri",
      "provider": "provider[\"registry.terraform.io/hashicorp/random\"]",
      "instances": [
        {
          "schema_version": 0,
          "attributes": {
            "id": "13027",
            "keepers": null,
            "max": 99999,
            "min": 10000,
            "result": 13027,
            "seed": null
          },
          "sensitive_attributes": []
        }
      ]
    }
  ],
  "check_results": null
}
