{
  "version": 4,
  "terraform_version": "1.4.6",
  "serial": 357,
  "lineage": "7992d447-1bdd-623c-a4b1-0355fa43707c",
  "outputs": {},
  "resources": [
    {
      "mode": "data",
      "type": "azuread_service_principal",
      "name": "sp-publicapi",
      "provider": "provider[\"registry.terraform.io/hashicorp/azuread\"]",
      "instances": [
        {
          "schema_version": 0,
          "attributes": {
            "account_enabled": true,
            "alternative_names": [
              "isExplicit=False",
              "/subscriptions/1d8b4140-7b97-4795-8d20-000c29db057a/resourcegroups/rg-events-eus/providers/Microsoft.Web/sites/app-publicapi-eshop-cloudx"
            ],
            "app_role_assignment_required": false,
            "app_role_ids": {},
            "app_roles": [],
            "application_id": "d93bb195-b567-4157-bbac-6defa184657a",
            "application_tenant_id": "",
            "description": "",
            "display_name": "app-publicapi-eshop-cloudx",
            "feature_tags": [
              {
                "custom_single_sign_on": false,
                "enterprise": false,
                "gallery": false,
                "hide": false
              }
            ],
            "features": [
              {
                "custom_single_sign_on_app": false,
                "enterprise_application": false,
                "gallery_application": false,
                "visible_to_users": true
              }
            ],
            "homepage_url": "",
            "id": "f27c213b-ab34-47ff-bdb6-17bca05a0be7",
            "login_url": "",
            "logout_url": "",
            "notes": "",
            "notification_email_addresses": [],
            "oauth2_permission_scope_ids": {},
            "oauth2_permission_scopes": [],
            "object_id": "f27c213b-ab34-47ff-bdb6-17bca05a0be7",
            "preferred_single_sign_on_mode": "",
            "redirect_uris": [],
            "saml_metadata_url": "",
            "saml_single_sign_on": [],
            "service_principal_names": [
              "https://identity.azure.net/lxYVpk57JNz3uyMvTkNSqvUpQSY33mRa1v5mt0It2A4="
            ],
            "sign_in_audience": "",
            "tags": [],
            "timeouts": null,
            "type": "ManagedIdentity"
          },
          "sensitive_attributes": []
        }
      ]
    },
    {
      "mode": "data",
      "type": "azuread_service_principal",
      "name": "sp-web",
      "provider": "provider[\"registry.terraform.io/hashicorp/azuread\"]",
      "instances": [
        {
          "schema_version": 0,
          "attributes": {
            "account_enabled": true,
            "alternative_names": [
              "isExplicit=False",
              "/subscriptions/1d8b4140-7b97-4795-8d20-000c29db057a/resourcegroups/rg-events-eus/providers/Microsoft.Web/sites/app-web-eshop-cloudx"
            ],
            "app_role_assignment_required": false,
            "app_role_ids": {},
            "app_roles": [],
            "application_id": "f267f9c0-ed93-4701-9285-dd2ea7ff1291",
            "application_tenant_id": "",
            "description": "",
            "display_name": "app-web-eshop-cloudx",
            "feature_tags": [
              {
                "custom_single_sign_on": false,
                "enterprise": false,
                "gallery": false,
                "hide": false
              }
            ],
            "features": [
              {
                "custom_single_sign_on_app": false,
                "enterprise_application": false,
                "gallery_application": false,
                "visible_to_users": true
              }
            ],
            "homepage_url": "",
            "id": "766d1ba9-1b20-4003-bea0-043066a2f5e3",
            "login_url": "",
            "logout_url": "",
            "notes": "",
            "notification_email_addresses": [],
            "oauth2_permission_scope_ids": {},
            "oauth2_permission_scopes": [],
            "object_id": "766d1ba9-1b20-4003-bea0-043066a2f5e3",
            "preferred_single_sign_on_mode": "",
            "redirect_uris": [],
            "saml_metadata_url": "",
            "saml_single_sign_on": [],
            "service_principal_names": [
              "https://identity.azure.net/G8mCJGRqyZqMzx61iFCLS4fyI0cRFRRq/z9DnKSG7xk="
            ],
            "sign_in_audience": "",
            "tags": [],
            "timeouts": null,
            "type": "ManagedIdentity"
          },
          "sensitive_attributes": []
        }
      ]
    },
    {
      "mode": "data",
      "type": "azurerm_client_config",
      "name": "current",
      "provider": "provider[\"registry.terraform.io/hashicorp/azurerm\"]",
      "instances": [
        {
          "schema_version": 0,
          "attributes": {
            "client_id": "04b07795-8ddb-461a-bbee-02f9e1bf7b46",
            "id": "Y2xpZW50Q29uZmlncy9jbGllbnRJZD0wNGIwNzc5NS04ZGRiLTQ2MWEtYmJlZS0wMmY5ZTFiZjdiNDY7b2JqZWN0SWQ9Y2ExNzVmYmEtNmIzMS00MjAxLWEzNDEtOTU2NGQ0NWY2MDMyO3N1YnNjcmlwdGlvbklkPTFkOGI0MTQwLTdiOTctNDc5NS04ZDIwLTAwMGMyOWRiMDU3YTt0ZW5hbnRJZD1iNDFiNzJkMC00ZTlmLTRjMjYtOGE2OS1mOTQ5ZjM2N2M5MWQ=",
            "object_id": "ca175fba-6b31-4201-a341-9564d45f6032",
            "subscription_id": "1d8b4140-7b97-4795-8d20-000c29db057a",
            "tenant_id": "b41b72d0-4e9f-4c26-8a69-f949f367c91d",
            "timeouts": null
          },
          "sensitive_attributes": []
        }
      ]
    },
    {
      "mode": "managed",
      "type": "azurerm_application_insights",
      "name": "appi-funcapp",
      "provider": "provider[\"registry.terraform.io/hashicorp/azurerm\"]",
      "instances": [
        {
          "schema_version": 1,
          "attributes": {
            "app_id": "68daeb95-e7f0-4d05-8265-74e64fb8de7b",
            "application_type": "web",
            "connection_string": "InstrumentationKey=4899c3f3-90d0-4f8e-a7eb-2c391cc8a72c;IngestionEndpoint=https://eastus-3.in.applicationinsights.azure.com/;LiveEndpoint=https://eastus.livediagnostics.monitor.azure.com/",
            "daily_data_cap_in_gb": 100,
            "daily_data_cap_notifications_disabled": false,
            "disable_ip_masking": false,
            "force_customer_storage_for_profiler": false,
            "id": "/subscriptions/1d8b4140-7b97-4795-8d20-000c29db057a/resourceGroups/rg-events-eus/providers/Microsoft.Insights/components/appi-funcapp-eshop-cloudx",
            "instrumentation_key": "4899c3f3-90d0-4f8e-a7eb-2c391cc8a72c",
            "internet_ingestion_enabled": true,
            "internet_query_enabled": true,
            "local_authentication_disabled": false,
            "location": "eastus",
            "name": "appi-funcapp-eshop-cloudx",
            "resource_group_name": "rg-events-eus",
            "retention_in_days": 90,
            "sampling_percentage": 100,
            "tags": {},
            "timeouts": null,
            "workspace_id": ""
          },
          "sensitive_attributes": [],
          "private": "eyJlMmJmYjczMC1lY2FhLTExZTYtOGY4OC0zNDM2M2JjN2M0YzAiOnsiY3JlYXRlIjozNjAwMDAwMDAwMDAwLCJkZWxldGUiOjE4MDAwMDAwMDAwMDAsInJlYWQiOjMwMDAwMDAwMDAwMCwidXBkYXRlIjoxODAwMDAwMDAwMDAwfSwic2NoZW1hX3ZlcnNpb24iOiIxIn0=",
          "dependencies": [
            "azurerm_resource_group.rg-cloudx"
          ]
        }
      ]
    },
    {
      "mode": "managed",
      "type": "azurerm_application_insights",
      "name": "appi-publicapi",
      "provider": "provider[\"registry.terraform.io/hashicorp/azurerm\"]",
      "instances": [
        {
          "schema_version": 1,
          "attributes": {
            "app_id": "79d8f1c4-cbb2-4a0f-95ee-c156dddb6e0d",
            "application_type": "web",
            "connection_string": "InstrumentationKey=00d842f2-409a-4e4d-8784-8180d273a607;IngestionEndpoint=https://eastus-1.in.applicationinsights.azure.com/;LiveEndpoint=https://eastus.livediagnostics.monitor.azure.com/",
            "daily_data_cap_in_gb": 100,
            "daily_data_cap_notifications_disabled": false,
            "disable_ip_masking": false,
            "force_customer_storage_for_profiler": false,
            "id": "/subscriptions/1d8b4140-7b97-4795-8d20-000c29db057a/resourceGroups/rg-events-eus/providers/Microsoft.Insights/components/appi-public-eshop-cloudx",
            "instrumentation_key": "00d842f2-409a-4e4d-8784-8180d273a607",
            "internet_ingestion_enabled": true,
            "internet_query_enabled": true,
            "local_authentication_disabled": false,
            "location": "eastus",
            "name": "appi-public-eshop-cloudx",
            "resource_group_name": "rg-events-eus",
            "retention_in_days": 90,
            "sampling_percentage": 100,
            "tags": {},
            "timeouts": null,
            "workspace_id": ""
          },
          "sensitive_attributes": [],
          "private": "eyJlMmJmYjczMC1lY2FhLTExZTYtOGY4OC0zNDM2M2JjN2M0YzAiOnsiY3JlYXRlIjozNjAwMDAwMDAwMDAwLCJkZWxldGUiOjE4MDAwMDAwMDAwMDAsInJlYWQiOjMwMDAwMDAwMDAwMCwidXBkYXRlIjoxODAwMDAwMDAwMDAwfSwic2NoZW1hX3ZlcnNpb24iOiIxIn0=",
          "dependencies": [
            "azurerm_resource_group.rg-cloudx"
          ]
        }
      ]
    },
    {
      "mode": "managed",
      "type": "azurerm_application_insights",
      "name": "appi-web",
      "provider": "provider[\"registry.terraform.io/hashicorp/azurerm\"]",
      "instances": [
        {
          "schema_version": 1,
          "attributes": {
            "app_id": "a8388fa3-5f3f-412c-af9f-5cc3dbe7bc48",
            "application_type": "web",
            "connection_string": "InstrumentationKey=27b5407d-8bb6-4055-8baa-9b45fa4c4781;IngestionEndpoint=https://eastus-3.in.applicationinsights.azure.com/;LiveEndpoint=https://eastus.livediagnostics.monitor.azure.com/",
            "daily_data_cap_in_gb": 100,
            "daily_data_cap_notifications_disabled": false,
            "disable_ip_masking": false,
            "force_customer_storage_for_profiler": false,
            "id": "/subscriptions/1d8b4140-7b97-4795-8d20-000c29db057a/resourceGroups/rg-events-eus/providers/Microsoft.Insights/components/appi-web-eshop-cloudx",
            "instrumentation_key": "27b5407d-8bb6-4055-8baa-9b45fa4c4781",
            "internet_ingestion_enabled": true,
            "internet_query_enabled": true,
            "local_authentication_disabled": false,
            "location": "eastus",
            "name": "appi-web-eshop-cloudx",
            "resource_group_name": "rg-events-eus",
            "retention_in_days": 90,
            "sampling_percentage": 100,
            "tags": {},
            "timeouts": null,
            "workspace_id": ""
          },
          "sensitive_attributes": [],
          "private": "eyJlMmJmYjczMC1lY2FhLTExZTYtOGY4OC0zNDM2M2JjN2M0YzAiOnsiY3JlYXRlIjozNjAwMDAwMDAwMDAwLCJkZWxldGUiOjE4MDAwMDAwMDAwMDAsInJlYWQiOjMwMDAwMDAwMDAwMCwidXBkYXRlIjoxODAwMDAwMDAwMDAwfSwic2NoZW1hX3ZlcnNpb24iOiIxIn0=",
          "dependencies": [
            "azurerm_resource_group.rg-cloudx"
          ]
        }
      ]
    },
    {
      "mode": "managed",
      "type": "azurerm_eventgrid_event_subscription",
      "name": "evgs-reserved",
      "provider": "provider[\"registry.terraform.io/hashicorp/azurerm\"]",
      "instances": [
        {
          "schema_version": 0,
          "attributes": {
            "advanced_filter": [],
            "advanced_filtering_on_arrays_enabled": false,
            "azure_function_endpoint": [
              {
                "function_id": "/subscriptions/1d8b4140-7b97-4795-8d20-000c29db057a/resourceGroups/rg-events-eus/providers/Microsoft.Web/sites/func-app-eshop-cloudx/functions/OrderItemsReserver",
                "max_events_per_batch": 1,
                "preferred_batch_size_in_kilobytes": 64
              }
            ],
            "dead_letter_identity": [],
            "delivery_identity": [],
            "delivery_property": [],
            "event_delivery_schema": "EventGridSchema",
            "eventhub_endpoint_id": null,
            "expiration_time_utc": null,
            "hybrid_connection_endpoint_id": null,
            "id": "/subscriptions/1d8b4140-7b97-4795-8d20-000c29db057a/resourceGroups/rg-events-eus/providers/Microsoft.EventGrid/topics/evgt-order-reserved-cloudx/providers/Microsoft.EventGrid/eventSubscriptions/evgs-order-reserved-cloudx",
            "included_event_types": [],
            "labels": [],
            "name": "evgs-order-reserved-cloudx",
            "retry_policy": [
              {
                "event_time_to_live": 1440,
                "max_delivery_attempts": 30
              }
            ],
            "scope": "/subscriptions/1d8b4140-7b97-4795-8d20-000c29db057a/resourceGroups/rg-events-eus/providers/Microsoft.EventGrid/topics/evgt-order-reserved-cloudx",
            "service_bus_queue_endpoint_id": null,
            "service_bus_topic_endpoint_id": null,
            "storage_blob_dead_letter_destination": [],
            "storage_queue_endpoint": [],
            "subject_filter": [],
            "timeouts": null,
            "webhook_endpoint": []
          },
          "sensitive_attributes": [],
          "private": "eyJlMmJmYjczMC1lY2FhLTExZTYtOGY4OC0zNDM2M2JjN2M0YzAiOnsiY3JlYXRlIjoxODAwMDAwMDAwMDAwLCJkZWxldGUiOjE4MDAwMDAwMDAwMDAsInJlYWQiOjMwMDAwMDAwMDAwMCwidXBkYXRlIjoxODAwMDAwMDAwMDAwfX0=",
          "dependencies": [
            "azurerm_application_insights.appi-funcapp",
            "azurerm_eventgrid_topic.evgt-failed",
            "azurerm_eventgrid_topic.evgt-reserved",
            "azurerm_resource_group.rg-cloudx",
            "azurerm_service_plan.aps-funcapp",
            "azurerm_storage_account.st-acc",
            "azurerm_windows_function_app.func-app"
          ]
        }
      ]
    },
    {
      "mode": "managed",
      "type": "azurerm_eventgrid_topic",
      "name": "evgt-failed",
      "provider": "provider[\"registry.terraform.io/hashicorp/azurerm\"]",
      "instances": [
        {
          "schema_version": 0,
          "attributes": {
            "endpoint": "https://evgt-order-failed-cloudx.eastus-1.eventgrid.azure.net/api/events",
            "id": "/subscriptions/1d8b4140-7b97-4795-8d20-000c29db057a/resourceGroups/rg-events-eus/providers/Microsoft.EventGrid/topics/evgt-order-failed-cloudx",
            "identity": [
              {
                "identity_ids": null,
                "principal_id": "c26c64ae-29e3-4bfd-959f-c9d9409c8b93",
                "tenant_id": "b41b72d0-4e9f-4c26-8a69-f949f367c91d",
                "type": "SystemAssigned"
              }
            ],
            "inbound_ip_rule": null,
            "input_mapping_default_values": [],
            "input_mapping_fields": [],
            "input_schema": "EventGridSchema",
            "local_auth_enabled": true,
            "location": "eastus",
            "name": "evgt-order-failed-cloudx",
            "primary_access_key": "YpIaCbo01GTsv3nNZMDOC8kDYrRXnolXsiYiOGFGtbI=",
            "public_network_access_enabled": true,
            "resource_group_name": "rg-events-eus",
            "secondary_access_key": "Bz4J4z1Xhvr5W82RF2On5w76JvuAHe4NheQFoTNoGf8=",
            "tags": null,
            "timeouts": null
          },
          "sensitive_attributes": [],
          "private": "eyJlMmJmYjczMC1lY2FhLTExZTYtOGY4OC0zNDM2M2JjN2M0YzAiOnsiY3JlYXRlIjoxODAwMDAwMDAwMDAwLCJkZWxldGUiOjE4MDAwMDAwMDAwMDAsInJlYWQiOjMwMDAwMDAwMDAwMCwidXBkYXRlIjoxODAwMDAwMDAwMDAwfX0=",
          "dependencies": [
            "azurerm_resource_group.rg-cloudx"
          ]
        }
      ]
    },
    {
      "mode": "managed",
      "type": "azurerm_eventgrid_topic",
      "name": "evgt-reserved",
      "provider": "provider[\"registry.terraform.io/hashicorp/azurerm\"]",
      "instances": [
        {
          "schema_version": 0,
          "attributes": {
            "endpoint": "https://evgt-order-reserved-cloudx.eastus-1.eventgrid.azure.net/api/events",
            "id": "/subscriptions/1d8b4140-7b97-4795-8d20-000c29db057a/resourceGroups/rg-events-eus/providers/Microsoft.EventGrid/topics/evgt-order-reserved-cloudx",
            "identity": [
              {
                "identity_ids": [],
                "principal_id": "31df5fc5-f7e3-4f50-b8dd-7d1d43f82218",
                "tenant_id": "b41b72d0-4e9f-4c26-8a69-f949f367c91d",
                "type": "SystemAssigned"
              }
            ],
            "inbound_ip_rule": [],
            "input_mapping_default_values": [],
            "input_mapping_fields": [],
            "input_schema": "EventGridSchema",
            "local_auth_enabled": true,
            "location": "eastus",
            "name": "evgt-order-reserved-cloudx",
            "primary_access_key": "XPyW6A2iviUXmpxnXGVKo1JmBjuNeXTPJXxtrDKuXYU=",
            "public_network_access_enabled": true,
            "resource_group_name": "rg-events-eus",
            "secondary_access_key": "0DgVDIMiYRwaWnufym7ykPat+NqpovZ1ztPQgVHrsWE=",
            "tags": {},
            "timeouts": null
          },
          "sensitive_attributes": [],
          "private": "eyJlMmJmYjczMC1lY2FhLTExZTYtOGY4OC0zNDM2M2JjN2M0YzAiOnsiY3JlYXRlIjoxODAwMDAwMDAwMDAwLCJkZWxldGUiOjE4MDAwMDAwMDAwMDAsInJlYWQiOjMwMDAwMDAwMDAwMCwidXBkYXRlIjoxODAwMDAwMDAwMDAwfX0=",
          "dependencies": [
            "azurerm_resource_group.rg-cloudx"
          ]
        }
      ]
    },
    {
      "mode": "managed",
      "type": "azurerm_key_vault",
      "name": "kv",
      "provider": "provider[\"registry.terraform.io/hashicorp/azurerm\"]",
      "instances": [
        {
          "schema_version": 2,
          "attributes": {
            "access_policy": [
              {
                "application_id": "",
                "certificate_permissions": [],
                "key_permissions": [
                  "Create",
                  "Get"
                ],
                "object_id": "ca175fba-6b31-4201-a341-9564d45f6032",
                "secret_permissions": [
                  "Set",
                  "Get",
                  "Delete",
                  "Purge",
                  "Recover"
                ],
                "storage_permissions": [
                  "Get"
                ],
                "tenant_id": "b41b72d0-4e9f-4c26-8a69-f949f367c91d"
              }
            ],
            "contact": [],
            "enable_rbac_authorization": false,
            "enabled_for_deployment": false,
            "enabled_for_disk_encryption": true,
            "enabled_for_template_deployment": false,
            "id": "/subscriptions/1d8b4140-7b97-4795-8d20-000c29db057a/resourceGroups/rg-events-eus/providers/Microsoft.KeyVault/vaults/kv-eshop-cloudx",
            "location": "eastus",
            "name": "kv-eshop-cloudx",
            "network_acls": [
              {
                "bypass": "AzureServices",
                "default_action": "Allow",
                "ip_rules": [],
                "virtual_network_subnet_ids": []
              }
            ],
            "public_network_access_enabled": true,
            "purge_protection_enabled": false,
            "resource_group_name": "rg-events-eus",
            "sku_name": "standard",
            "soft_delete_retention_days": 7,
            "tags": {},
            "tenant_id": "b41b72d0-4e9f-4c26-8a69-f949f367c91d",
            "timeouts": null,
            "vault_uri": "https://kv-eshop-cloudx.vault.azure.net/"
          },
          "sensitive_attributes": [],
          "private": "eyJlMmJmYjczMC1lY2FhLTExZTYtOGY4OC0zNDM2M2JjN2M0YzAiOnsiY3JlYXRlIjoxODAwMDAwMDAwMDAwLCJkZWxldGUiOjE4MDAwMDAwMDAwMDAsInJlYWQiOjMwMDAwMDAwMDAwMCwidXBkYXRlIjoxODAwMDAwMDAwMDAwfSwic2NoZW1hX3ZlcnNpb24iOiIyIn0=",
          "dependencies": [
            "azurerm_resource_group.rg-cloudx",
            "data.azurerm_client_config.current"
          ]
        }
      ]
    },
    {
      "mode": "managed",
      "type": "azurerm_key_vault_access_policy",
      "name": "kvap-publicapi",
      "provider": "provider[\"registry.terraform.io/hashicorp/azurerm\"]",
      "instances": [
        {
          "schema_version": 0,
          "attributes": {
            "application_id": null,
            "certificate_permissions": [
              "Get",
              "List"
            ],
            "id": "/subscriptions/1d8b4140-7b97-4795-8d20-000c29db057a/resourceGroups/rg-events-eus/providers/Microsoft.KeyVault/vaults/kv-eshop-cloudx/objectId/f27c213b-ab34-47ff-bdb6-17bca05a0be7",
            "key_permissions": [
              "Get",
              "List"
            ],
            "key_vault_id": "/subscriptions/1d8b4140-7b97-4795-8d20-000c29db057a/resourceGroups/rg-events-eus/providers/Microsoft.KeyVault/vaults/kv-eshop-cloudx",
            "object_id": "f27c213b-ab34-47ff-bdb6-17bca05a0be7",
            "secret_permissions": [
              "Get",
              "List"
            ],
            "storage_permissions": null,
            "tenant_id": "b41b72d0-4e9f-4c26-8a69-f949f367c91d",
            "timeouts": null
          },
          "sensitive_attributes": [],
          "private": "eyJlMmJmYjczMC1lY2FhLTExZTYtOGY4OC0zNDM2M2JjN2M0YzAiOnsiY3JlYXRlIjoxODAwMDAwMDAwMDAwLCJkZWxldGUiOjE4MDAwMDAwMDAwMDAsInJlYWQiOjMwMDAwMDAwMDAwMCwidXBkYXRlIjoxODAwMDAwMDAwMDAwfX0=",
          "dependencies": [
            "azurerm_application_insights.appi-publicapi",
            "azurerm_key_vault.kv",
            "azurerm_key_vault_secret.kvs-db-connection",
            "azurerm_resource_group.rg-cloudx",
            "azurerm_service_plan.asp-web",
            "azurerm_windows_web_app.app-publicapi",
            "data.azuread_service_principal.sp-publicapi",
            "data.azurerm_client_config.current"
          ]
        }
      ]
    },
    {
      "mode": "managed",
      "type": "azurerm_key_vault_access_policy",
      "name": "kvap-web",
      "provider": "provider[\"registry.terraform.io/hashicorp/azurerm\"]",
      "instances": [
        {
          "schema_version": 0,
          "attributes": {
            "application_id": null,
            "certificate_permissions": [
              "Get",
              "List"
            ],
            "id": "/subscriptions/1d8b4140-7b97-4795-8d20-000c29db057a/resourceGroups/rg-events-eus/providers/Microsoft.KeyVault/vaults/kv-eshop-cloudx/objectId/766d1ba9-1b20-4003-bea0-043066a2f5e3",
            "key_permissions": [
              "Get",
              "List"
            ],
            "key_vault_id": "/subscriptions/1d8b4140-7b97-4795-8d20-000c29db057a/resourceGroups/rg-events-eus/providers/Microsoft.KeyVault/vaults/kv-eshop-cloudx",
            "object_id": "766d1ba9-1b20-4003-bea0-043066a2f5e3",
            "secret_permissions": [
              "Get",
              "List"
            ],
            "storage_permissions": null,
            "tenant_id": "b41b72d0-4e9f-4c26-8a69-f949f367c91d",
            "timeouts": null
          },
          "sensitive_attributes": [],
          "private": "eyJlMmJmYjczMC1lY2FhLTExZTYtOGY4OC0zNDM2M2JjN2M0YzAiOnsiY3JlYXRlIjoxODAwMDAwMDAwMDAwLCJkZWxldGUiOjE4MDAwMDAwMDAwMDAsInJlYWQiOjMwMDAwMDAwMDAwMCwidXBkYXRlIjoxODAwMDAwMDAwMDAwfX0=",
          "dependencies": [
            "azurerm_application_insights.appi-web",
            "azurerm_eventgrid_topic.evgt-reserved",
            "azurerm_key_vault.kv",
            "azurerm_key_vault_secret.kvs-db-connection",
            "azurerm_resource_group.rg-cloudx",
            "azurerm_service_plan.asp-web",
            "azurerm_windows_web_app.app-web",
            "data.azuread_service_principal.sp-web",
            "data.azurerm_client_config.current"
          ]
        }
      ]
    },
    {
      "mode": "managed",
      "type": "azurerm_key_vault_secret",
      "name": "kvs-db-connection",
      "provider": "provider[\"registry.terraform.io/hashicorp/azurerm\"]",
      "instances": [
        {
          "schema_version": 0,
          "attributes": {
            "content_type": "",
            "expiration_date": null,
            "id": "https://kv-eshop-cloudx.vault.azure.net/secrets/db-connection-string/e10626e58594449b82b4ae6a4dc20302",
            "key_vault_id": "/subscriptions/1d8b4140-7b97-4795-8d20-000c29db057a/resourceGroups/rg-events-eus/providers/Microsoft.KeyVault/vaults/kv-eshop-cloudx",
            "name": "db-connection-string",
            "not_before_date": null,
            "resource_id": "/subscriptions/1d8b4140-7b97-4795-8d20-000c29db057a/resourceGroups/rg-events-eus/providers/Microsoft.KeyVault/vaults/kv-eshop-cloudx/secrets/db-connection-string/versions/e10626e58594449b82b4ae6a4dc20302",
            "resource_versionless_id": "/subscriptions/1d8b4140-7b97-4795-8d20-000c29db057a/resourceGroups/rg-events-eus/providers/Microsoft.KeyVault/vaults/kv-eshop-cloudx/secrets/db-connection-string",
            "tags": {},
            "timeouts": null,
            "value": "Server=tcp:sql-eshop-cloudx.database.windows.net,1433;Initial Catalog=sqldb-eShopOnWeb;Persist Security Info=False;User ID=xcloud-admin;Password=@someThingComplicated1234;MultipleActiveResultSets=True;Encrypt=True;TrustServerCertificate=False;Connection Timeout=30;",
            "version": "e10626e58594449b82b4ae6a4dc20302",
            "versionless_id": "https://kv-eshop-cloudx.vault.azure.net/secrets/db-connection-string"
          },
          "sensitive_attributes": [],
          "private": "eyJlMmJmYjczMC1lY2FhLTExZTYtOGY4OC0zNDM2M2JjN2M0YzAiOnsiY3JlYXRlIjoxODAwMDAwMDAwMDAwLCJkZWxldGUiOjE4MDAwMDAwMDAwMDAsInJlYWQiOjE4MDAwMDAwMDAwMDAsInVwZGF0ZSI6MTgwMDAwMDAwMDAwMH19",
          "dependencies": [
            "azurerm_key_vault.kv",
            "azurerm_mssql_database.sql-db",
            "azurerm_mssql_server.sql-server",
            "azurerm_resource_group.rg-cloudx",
            "data.azurerm_client_config.current"
          ]
        }
      ]
    },
    {
      "mode": "managed",
      "type": "azurerm_mssql_database",
      "name": "sql-db",
      "provider": "provider[\"registry.terraform.io/hashicorp/azurerm\"]",
      "instances": [
        {
          "schema_version": 1,
          "attributes": {
            "auto_pause_delay_in_minutes": 0,
            "collation": "SQL_Latin1_General_CP1_CI_AS",
            "create_mode": "Default",
            "creation_source_database_id": null,
            "elastic_pool_id": "",
            "geo_backup_enabled": true,
            "id": "/subscriptions/1d8b4140-7b97-4795-8d20-000c29db057a/resourceGroups/rg-events-eus/providers/Microsoft.Sql/servers/sql-eshop-cloudx/databases/sqldb-eShopOnWeb",
            "import": [],
            "ledger_enabled": false,
            "license_type": "LicenseIncluded",
            "long_term_retention_policy": [
              {
                "monthly_retention": "PT0S",
                "week_of_year": 1,
                "weekly_retention": "PT0S",
                "yearly_retention": "PT0S"
              }
            ],
            "maintenance_configuration_name": "SQL_Default",
            "max_size_gb": 2,
            "min_capacity": 0,
            "name": "sqldb-eShopOnWeb",
            "read_replica_count": 0,
            "read_scale": false,
            "recover_database_id": null,
            "restore_dropped_database_id": null,
            "restore_point_in_time": null,
            "sample_name": null,
            "server_id": "/subscriptions/1d8b4140-7b97-4795-8d20-000c29db057a/resourceGroups/rg-events-eus/providers/Microsoft.Sql/servers/sql-eshop-cloudx",
            "short_term_retention_policy": [
              {
                "backup_interval_in_hours": 24,
                "retention_days": 7
              }
            ],
            "sku_name": "S0",
            "storage_account_type": "Geo",
            "tags": {},
            "threat_detection_policy": [
              {
                "disabled_alerts": [],
                "email_account_admins": "Disabled",
                "email_addresses": [],
                "retention_days": 0,
                "state": "Disabled",
                "storage_account_access_key": "",
                "storage_endpoint": ""
              }
            ],
            "timeouts": null,
            "transparent_data_encryption_enabled": true,
            "zone_redundant": false
          },
          "sensitive_attributes": [],
          "private": "eyJlMmJmYjczMC1lY2FhLTExZTYtOGY4OC0zNDM2M2JjN2M0YzAiOnsiY3JlYXRlIjozNjAwMDAwMDAwMDAwLCJkZWxldGUiOjM2MDAwMDAwMDAwMDAsInJlYWQiOjMwMDAwMDAwMDAwMCwidXBkYXRlIjozNjAwMDAwMDAwMDAwfSwic2NoZW1hX3ZlcnNpb24iOiIxIn0=",
          "dependencies": [
            "azurerm_mssql_server.sql-server",
            "azurerm_resource_group.rg-cloudx"
          ]
        }
      ]
    },
    {
      "mode": "managed",
      "type": "azurerm_mssql_firewall_rule",
      "name": "sql-rule-azure",
      "provider": "provider[\"registry.terraform.io/hashicorp/azurerm\"]",
      "instances": [
        {
          "schema_version": 0,
          "attributes": {
            "end_ip_address": "0.0.0.0",
            "id": "/subscriptions/1d8b4140-7b97-4795-8d20-000c29db057a/resourceGroups/rg-events-eus/providers/Microsoft.Sql/servers/sql-eshop-cloudx/firewallRules/allow-azure-services",
            "name": "allow-azure-services",
            "server_id": "/subscriptions/1d8b4140-7b97-4795-8d20-000c29db057a/resourceGroups/rg-events-eus/providers/Microsoft.Sql/servers/sql-eshop-cloudx",
            "start_ip_address": "0.0.0.0",
            "timeouts": null
          },
          "sensitive_attributes": [],
          "private": "eyJlMmJmYjczMC1lY2FhLTExZTYtOGY4OC0zNDM2M2JjN2M0YzAiOnsiY3JlYXRlIjoxODAwMDAwMDAwMDAwLCJkZWxldGUiOjE4MDAwMDAwMDAwMDAsInJlYWQiOjMwMDAwMDAwMDAwMCwidXBkYXRlIjoxODAwMDAwMDAwMDAwfX0=",
          "dependencies": [
            "azurerm_mssql_server.sql-server",
            "azurerm_resource_group.rg-cloudx"
          ]
        }
      ]
    },
    {
      "mode": "managed",
      "type": "azurerm_mssql_server",
      "name": "sql-server",
      "provider": "provider[\"registry.terraform.io/hashicorp/azurerm\"]",
      "instances": [
        {
          "schema_version": 0,
          "attributes": {
            "administrator_login": "xcloud-admin",
            "administrator_login_password": "@someThingComplicated1234",
            "azuread_administrator": [],
            "connection_policy": "Default",
            "fully_qualified_domain_name": "sql-eshop-cloudx.database.windows.net",
            "id": "/subscriptions/1d8b4140-7b97-4795-8d20-000c29db057a/resourceGroups/rg-events-eus/providers/Microsoft.Sql/servers/sql-eshop-cloudx",
            "identity": [],
            "location": "eastus",
            "minimum_tls_version": "1.2",
            "name": "sql-eshop-cloudx",
            "outbound_network_restriction_enabled": false,
            "primary_user_assigned_identity_id": "",
            "public_network_access_enabled": true,
            "resource_group_name": "rg-events-eus",
            "restorable_dropped_database_ids": [],
            "tags": {},
            "timeouts": null,
            "version": "12.0"
          },
          "sensitive_attributes": [],
          "private": "eyJlMmJmYjczMC1lY2FhLTExZTYtOGY4OC0zNDM2M2JjN2M0YzAiOnsiY3JlYXRlIjozNjAwMDAwMDAwMDAwLCJkZWxldGUiOjM2MDAwMDAwMDAwMDAsInJlYWQiOjMwMDAwMDAwMDAwMCwidXBkYXRlIjozNjAwMDAwMDAwMDAwfX0=",
          "dependencies": [
            "azurerm_resource_group.rg-cloudx"
          ]
        }
      ]
    },
    {
      "mode": "managed",
      "type": "azurerm_resource_group",
      "name": "rg-cloudx",
      "provider": "provider[\"registry.terraform.io/hashicorp/azurerm\"]",
      "instances": [
        {
          "schema_version": 0,
          "attributes": {
            "id": "/subscriptions/1d8b4140-7b97-4795-8d20-000c29db057a/resourceGroups/rg-events-eus",
            "location": "eastus",
            "name": "rg-events-eus",
            "tags": {
              "module": "Events"
            },
            "timeouts": null
          },
          "sensitive_attributes": [],
          "private": "eyJlMmJmYjczMC1lY2FhLTExZTYtOGY4OC0zNDM2M2JjN2M0YzAiOnsiY3JlYXRlIjo1NDAwMDAwMDAwMDAwLCJkZWxldGUiOjU0MDAwMDAwMDAwMDAsInJlYWQiOjMwMDAwMDAwMDAwMCwidXBkYXRlIjo1NDAwMDAwMDAwMDAwfX0="
        }
      ]
    },
    {
      "mode": "managed",
      "type": "azurerm_role_assignment",
      "name": "ars-evgt-failed-func-app",
      "provider": "provider[\"registry.terraform.io/hashicorp/azurerm\"]",
      "instances": [
        {
          "schema_version": 0,
          "attributes": {
            "condition": "",
            "condition_version": "",
            "delegated_managed_identity_resource_id": "",
            "description": "",
            "id": "/subscriptions/1d8b4140-7b97-4795-8d20-000c29db057a/resourceGroups/rg-events-eus/providers/Microsoft.EventGrid/topics/evgt-order-failed-cloudx/providers/Microsoft.Authorization/roleAssignments/c6fdcd62-c7e8-343f-6318-0ac151463f42",
            "name": "c6fdcd62-c7e8-343f-6318-0ac151463f42",
            "principal_id": "f79c29d4-de4d-4028-8b16-253afe1cada4",
            "principal_type": "ServicePrincipal",
            "role_definition_id": "/subscriptions/1d8b4140-7b97-4795-8d20-000c29db057a/providers/Microsoft.Authorization/roleDefinitions/d5a91429-5739-47e2-a06b-3470a27159e7",
            "role_definition_name": "EventGrid Data Sender",
            "scope": "/subscriptions/1d8b4140-7b97-4795-8d20-000c29db057a/resourceGroups/rg-events-eus/providers/Microsoft.EventGrid/topics/evgt-order-failed-cloudx",
            "skip_service_principal_aad_check": null,
            "timeouts": null
          },
          "sensitive_attributes": [],
          "private": "eyJlMmJmYjczMC1lY2FhLTExZTYtOGY4OC0zNDM2M2JjN2M0YzAiOnsiY3JlYXRlIjoxODAwMDAwMDAwMDAwLCJkZWxldGUiOjE4MDAwMDAwMDAwMDAsInJlYWQiOjMwMDAwMDAwMDAwMCwidXBkYXRlIjoxODAwMDAwMDAwMDAwfX0=",
          "dependencies": [
            "azurerm_application_insights.appi-funcapp",
            "azurerm_eventgrid_topic.evgt-failed",
            "azurerm_resource_group.rg-cloudx",
            "azurerm_service_plan.aps-funcapp",
            "azurerm_storage_account.st-acc",
            "azurerm_windows_function_app.func-app"
          ]
        }
      ]
    },
    {
      "mode": "managed",
      "type": "azurerm_role_assignment",
      "name": "ars-evgt-reserved-web-app",
      "provider": "provider[\"registry.terraform.io/hashicorp/azurerm\"]",
      "instances": [
        {
          "schema_version": 0,
          "attributes": {
            "condition": "",
            "condition_version": "",
            "delegated_managed_identity_resource_id": "",
            "description": "",
            "id": "/subscriptions/1d8b4140-7b97-4795-8d20-000c29db057a/resourceGroups/rg-events-eus/providers/Microsoft.EventGrid/topics/evgt-order-reserved-cloudx/providers/Microsoft.Authorization/roleAssignments/a179bf7b-55c7-6f8f-e1df-c1a77a488869",
            "name": "a179bf7b-55c7-6f8f-e1df-c1a77a488869",
            "principal_id": "766d1ba9-1b20-4003-bea0-043066a2f5e3",
            "principal_type": "ServicePrincipal",
            "role_definition_id": "/subscriptions/1d8b4140-7b97-4795-8d20-000c29db057a/providers/Microsoft.Authorization/roleDefinitions/d5a91429-5739-47e2-a06b-3470a27159e7",
            "role_definition_name": "EventGrid Data Sender",
            "scope": "/subscriptions/1d8b4140-7b97-4795-8d20-000c29db057a/resourceGroups/rg-events-eus/providers/Microsoft.EventGrid/topics/evgt-order-reserved-cloudx",
            "skip_service_principal_aad_check": null,
            "timeouts": null
          },
          "sensitive_attributes": [],
          "private": "eyJlMmJmYjczMC1lY2FhLTExZTYtOGY4OC0zNDM2M2JjN2M0YzAiOnsiY3JlYXRlIjoxODAwMDAwMDAwMDAwLCJkZWxldGUiOjE4MDAwMDAwMDAwMDAsInJlYWQiOjMwMDAwMDAwMDAwMCwidXBkYXRlIjoxODAwMDAwMDAwMDAwfX0=",
          "dependencies": [
            "azurerm_application_insights.appi-web",
            "azurerm_eventgrid_topic.evgt-reserved",
            "azurerm_key_vault.kv",
            "azurerm_key_vault_secret.kvs-db-connection",
            "azurerm_resource_group.rg-cloudx",
            "azurerm_service_plan.asp-web",
            "azurerm_windows_web_app.app-web",
            "data.azurerm_client_config.current"
          ]
        }
      ]
    },
    {
      "mode": "managed",
      "type": "azurerm_role_assignment",
      "name": "ars-st-acc-func-app",
      "provider": "provider[\"registry.terraform.io/hashicorp/azurerm\"]",
      "instances": [
        {
          "schema_version": 0,
          "attributes": {
            "condition": "",
            "condition_version": "",
            "delegated_managed_identity_resource_id": "",
            "description": "",
            "id": "/subscriptions/1d8b4140-7b97-4795-8d20-000c29db057a/resourceGroups/rg-events-eus/providers/Microsoft.Storage/storageAccounts/steshopcloudx/providers/Microsoft.Authorization/roleAssignments/6606a7ca-46a7-864d-3e5b-056c027beac1",
            "name": "6606a7ca-46a7-864d-3e5b-056c027beac1",
            "principal_id": "f79c29d4-de4d-4028-8b16-253afe1cada4",
            "principal_type": "ServicePrincipal",
            "role_definition_id": "/subscriptions/1d8b4140-7b97-4795-8d20-000c29db057a/providers/Microsoft.Authorization/roleDefinitions/ba92f5b4-2d11-453d-a403-e96b0029c9fe",
            "role_definition_name": "Storage Blob Data Contributor",
            "scope": "/subscriptions/1d8b4140-7b97-4795-8d20-000c29db057a/resourceGroups/rg-events-eus/providers/Microsoft.Storage/storageAccounts/steshopcloudx",
            "skip_service_principal_aad_check": null,
            "timeouts": null
          },
          "sensitive_attributes": [],
          "private": "eyJlMmJmYjczMC1lY2FhLTExZTYtOGY4OC0zNDM2M2JjN2M0YzAiOnsiY3JlYXRlIjoxODAwMDAwMDAwMDAwLCJkZWxldGUiOjE4MDAwMDAwMDAwMDAsInJlYWQiOjMwMDAwMDAwMDAwMCwidXBkYXRlIjoxODAwMDAwMDAwMDAwfX0=",
          "dependencies": [
            "azurerm_application_insights.appi-funcapp",
            "azurerm_eventgrid_topic.evgt-failed",
            "azurerm_resource_group.rg-cloudx",
            "azurerm_service_plan.aps-funcapp",
            "azurerm_storage_account.st-acc",
            "azurerm_windows_function_app.func-app"
          ]
        }
      ]
    },
    {
      "mode": "managed",
      "type": "azurerm_service_plan",
      "name": "aps-funcapp",
      "provider": "provider[\"registry.terraform.io/hashicorp/azurerm\"]",
      "instances": [
        {
          "schema_version": 0,
          "attributes": {
            "app_service_environment_id": "",
            "id": "/subscriptions/1d8b4140-7b97-4795-8d20-000c29db057a/resourceGroups/rg-events-eus/providers/Microsoft.Web/serverfarms/aps-funcapp-eshop-cloudx",
            "kind": "functionapp",
            "location": "eastus",
            "maximum_elastic_worker_count": 1,
            "name": "aps-funcapp-eshop-cloudx",
            "os_type": "Windows",
            "per_site_scaling_enabled": false,
            "reserved": false,
            "resource_group_name": "rg-events-eus",
            "sku_name": "Y1",
            "tags": {},
            "timeouts": null,
            "worker_count": 0,
            "zone_balancing_enabled": false
          },
          "sensitive_attributes": [],
          "private": "eyJlMmJmYjczMC1lY2FhLTExZTYtOGY4OC0zNDM2M2JjN2M0YzAiOnsiY3JlYXRlIjozNjAwMDAwMDAwMDAwLCJkZWxldGUiOjM2MDAwMDAwMDAwMDAsInJlYWQiOjMwMDAwMDAwMDAwMCwidXBkYXRlIjozNjAwMDAwMDAwMDAwfX0=",
          "dependencies": [
            "azurerm_resource_group.rg-cloudx"
          ]
        }
      ]
    },
    {
      "mode": "managed",
      "type": "azurerm_service_plan",
      "name": "asp-web",
      "provider": "provider[\"registry.terraform.io/hashicorp/azurerm\"]",
      "instances": [
        {
          "schema_version": 0,
          "attributes": {
            "app_service_environment_id": "",
            "id": "/subscriptions/1d8b4140-7b97-4795-8d20-000c29db057a/resourceGroups/rg-events-eus/providers/Microsoft.Web/serverfarms/asp-eshop-cloudx",
            "kind": "app",
            "location": "eastus",
            "maximum_elastic_worker_count": 1,
            "name": "asp-eshop-cloudx",
            "os_type": "Windows",
            "per_site_scaling_enabled": false,
            "reserved": false,
            "resource_group_name": "rg-events-eus",
            "sku_name": "F1",
            "tags": {},
            "timeouts": null,
            "worker_count": 0,
            "zone_balancing_enabled": false
          },
          "sensitive_attributes": [],
          "private": "eyJlMmJmYjczMC1lY2FhLTExZTYtOGY4OC0zNDM2M2JjN2M0YzAiOnsiY3JlYXRlIjozNjAwMDAwMDAwMDAwLCJkZWxldGUiOjM2MDAwMDAwMDAwMDAsInJlYWQiOjMwMDAwMDAwMDAwMCwidXBkYXRlIjozNjAwMDAwMDAwMDAwfX0=",
          "dependencies": [
            "azurerm_resource_group.rg-cloudx"
          ]
        }
      ]
    },
    {
      "mode": "managed",
      "type": "azurerm_storage_account",
      "name": "st-acc",
      "provider": "provider[\"registry.terraform.io/hashicorp/azurerm\"]",
      "instances": [
        {
          "schema_version": 3,
          "attributes": {
            "access_tier": "Hot",
            "account_kind": "StorageV2",
            "account_replication_type": "LRS",
            "account_tier": "Standard",
            "allow_nested_items_to_be_public": true,
            "allowed_copy_scope": "",
            "azure_files_authentication": [],
            "blob_properties": [
              {
                "change_feed_enabled": false,
                "change_feed_retention_in_days": 0,
                "container_delete_retention_policy": [],
                "cors_rule": [],
                "default_service_version": "",
                "delete_retention_policy": [],
                "last_access_time_enabled": false,
                "restore_policy": [],
                "versioning_enabled": false
              }
            ],
            "cross_tenant_replication_enabled": true,
            "custom_domain": [],
            "customer_managed_key": [],
            "default_to_oauth_authentication": false,
            "edge_zone": "",
            "enable_https_traffic_only": true,
            "id": "/subscriptions/1d8b4140-7b97-4795-8d20-000c29db057a/resourceGroups/rg-events-eus/providers/Microsoft.Storage/storageAccounts/steshopcloudx",
            "identity": [],
            "immutability_policy": [],
            "infrastructure_encryption_enabled": false,
            "is_hns_enabled": false,
            "large_file_share_enabled": null,
            "location": "eastus",
            "min_tls_version": "TLS1_2",
            "name": "steshopcloudx",
            "network_rules": [
              {
                "bypass": [
                  "AzureServices"
                ],
                "default_action": "Allow",
                "ip_rules": [],
                "private_link_access": [],
                "virtual_network_subnet_ids": []
              }
            ],
            "nfsv3_enabled": false,
            "primary_access_key": "GTZiwH3SDYRHr5+x6ZCXPOeqG0A78O7VjgiEiT0U2Rtw5bJ0klR8ZHGk7/4GAqYtAxLUtTUPNPJN+AStVOEn0w==",
            "primary_blob_connection_string": "DefaultEndpointsProtocol=https;BlobEndpoint=https://steshopcloudx.blob.core.windows.net/;AccountName=steshopcloudx;AccountKey=GTZiwH3SDYRHr5+x6ZCXPOeqG0A78O7VjgiEiT0U2Rtw5bJ0klR8ZHGk7/4GAqYtAxLUtTUPNPJN+AStVOEn0w==",
            "primary_blob_endpoint": "https://steshopcloudx.blob.core.windows.net/",
            "primary_blob_host": "steshopcloudx.blob.core.windows.net",
            "primary_connection_string": "DefaultEndpointsProtocol=https;AccountName=steshopcloudx;AccountKey=GTZiwH3SDYRHr5+x6ZCXPOeqG0A78O7VjgiEiT0U2Rtw5bJ0klR8ZHGk7/4GAqYtAxLUtTUPNPJN+AStVOEn0w==;EndpointSuffix=core.windows.net",
            "primary_dfs_endpoint": "https://steshopcloudx.dfs.core.windows.net/",
            "primary_dfs_host": "steshopcloudx.dfs.core.windows.net",
            "primary_file_endpoint": "https://steshopcloudx.file.core.windows.net/",
            "primary_file_host": "steshopcloudx.file.core.windows.net",
            "primary_location": "eastus",
            "primary_queue_endpoint": "https://steshopcloudx.queue.core.windows.net/",
            "primary_queue_host": "steshopcloudx.queue.core.windows.net",
            "primary_table_endpoint": "https://steshopcloudx.table.core.windows.net/",
            "primary_table_host": "steshopcloudx.table.core.windows.net",
            "primary_web_endpoint": "https://steshopcloudx.z13.web.core.windows.net/",
            "primary_web_host": "steshopcloudx.z13.web.core.windows.net",
            "public_network_access_enabled": true,
            "queue_encryption_key_type": "Service",
            "queue_properties": [
              {
                "cors_rule": [],
                "hour_metrics": [
                  {
                    "enabled": true,
                    "include_apis": true,
                    "retention_policy_days": 7,
                    "version": "1.0"
                  }
                ],
                "logging": [
                  {
                    "delete": false,
                    "read": false,
                    "retention_policy_days": 0,
                    "version": "1.0",
                    "write": false
                  }
                ],
                "minute_metrics": [
                  {
                    "enabled": false,
                    "include_apis": false,
                    "retention_policy_days": 0,
                    "version": "1.0"
                  }
                ]
              }
            ],
            "resource_group_name": "rg-events-eus",
            "routing": [],
            "sas_policy": [],
            "secondary_access_key": "J3qRvIuM8mgzF/pgCFO95LK3HjlqXmUmBf+dfDKA9ql/hhdCClfPoS9u9bkP3iimBmGYomxYyAyc+AStY6bh6w==",
            "secondary_blob_connection_string": "",
            "secondary_blob_endpoint": null,
            "secondary_blob_host": null,
            "secondary_connection_string": "DefaultEndpointsProtocol=https;AccountName=steshopcloudx;AccountKey=J3qRvIuM8mgzF/pgCFO95LK3HjlqXmUmBf+dfDKA9ql/hhdCClfPoS9u9bkP3iimBmGYomxYyAyc+AStY6bh6w==;EndpointSuffix=core.windows.net",
            "secondary_dfs_endpoint": null,
            "secondary_dfs_host": null,
            "secondary_file_endpoint": null,
            "secondary_file_host": null,
            "secondary_location": "",
            "secondary_queue_endpoint": null,
            "secondary_queue_host": null,
            "secondary_table_endpoint": null,
            "secondary_table_host": null,
            "secondary_web_endpoint": null,
            "secondary_web_host": null,
            "sftp_enabled": false,
            "share_properties": [
              {
                "cors_rule": [],
                "retention_policy": [
                  {
                    "days": 7
                  }
                ],
                "smb": []
              }
            ],
            "shared_access_key_enabled": true,
            "static_website": [],
            "table_encryption_key_type": "Service",
            "tags": {},
            "timeouts": null
          },
          "sensitive_attributes": [],
          "private": "eyJlMmJmYjczMC1lY2FhLTExZTYtOGY4OC0zNDM2M2JjN2M0YzAiOnsiY3JlYXRlIjozNjAwMDAwMDAwMDAwLCJkZWxldGUiOjM2MDAwMDAwMDAwMDAsInJlYWQiOjMwMDAwMDAwMDAwMCwidXBkYXRlIjozNjAwMDAwMDAwMDAwfSwic2NoZW1hX3ZlcnNpb24iOiIzIn0=",
          "dependencies": [
            "azurerm_resource_group.rg-cloudx"
          ]
        }
      ]
    },
    {
      "mode": "managed",
      "type": "azurerm_windows_function_app",
      "name": "func-app",
      "provider": "provider[\"registry.terraform.io/hashicorp/azurerm\"]",
      "instances": [
        {
          "schema_version": 0,
          "attributes": {
            "app_settings": {
              "COSMOS_DATABASE": "eShopOnWebDb",
              "COSMOS_ENDPOINT": "",
              "COSMOS_ORDERS_CONTAINER": "orders",
              "EVENTGRID_ORDER_FAILED_TOPIC_ENDPOINT": "https://evgt-order-failed-cloudx.eastus-1.eventgrid.azure.net/api/events",
              "ORDERS_CONTAINER_URL": "https://steshopcloudx.blob.core.windows.net/orders",
              "WEBSITE_RUN_FROM_PACKAGE": "1"
            },
            "auth_settings": [],
            "auth_settings_v2": [],
            "backup": [],
            "builtin_logging_enabled": true,
            "client_certificate_enabled": false,
            "client_certificate_exclusion_paths": "",
            "client_certificate_mode": "Optional",
            "connection_string": [],
            "content_share_force_disabled": false,
            "custom_domain_verification_id": "E42D7731AFC9D9E8CC65C67D0DBEC51307A50DDCB2821FAC1EE768D1C8A9C196",
            "daily_memory_time_quota": 0,
            "default_hostname": "func-app-eshop-cloudx.azurewebsites.net",
            "enabled": true,
            "functions_extension_version": "~4",
            "hosting_environment_id": "",
            "https_only": false,
            "id": "/subscriptions/1d8b4140-7b97-4795-8d20-000c29db057a/resourceGroups/rg-events-eus/providers/Microsoft.Web/sites/func-app-eshop-cloudx",
            "identity": [
              {
                "identity_ids": [],
                "principal_id": "f79c29d4-de4d-4028-8b16-253afe1cada4",
                "tenant_id": "b41b72d0-4e9f-4c26-8a69-f949f367c91d",
                "type": "SystemAssigned"
              }
            ],
            "key_vault_reference_identity_id": "SystemAssigned",
            "kind": "functionapp",
            "location": "eastus",
            "name": "func-app-eshop-cloudx",
            "outbound_ip_address_list": [
              "20.241.192.146",
              "20.241.192.227",
              "20.241.192.241",
              "20.241.193.14",
              "20.241.193.32",
              "20.241.193.210",
              "20.119.0.41"
            ],
            "outbound_ip_addresses": "20.241.192.146,20.241.192.227,20.241.192.241,20.241.193.14,20.241.193.32,20.241.193.210,20.119.0.41",
            "possible_outbound_ip_address_list": [
              "20.241.192.146",
              "20.241.192.227",
              "20.241.192.241",
              "20.241.193.14",
              "20.241.193.32",
              "20.241.193.210",
              "20.241.193.212",
              "20.241.193.217",
              "20.241.193.222",
              "20.241.193.226",
              "20.241.193.242",
              "20.241.194.42",
              "20.241.194.84",
              "20.241.196.146",
              "20.241.196.254",
              "20.241.197.35",
              "20.241.197.251",
              "20.241.198.10",
              "20.241.198.68",
              "20.241.198.99",
              "20.241.198.124",
              "20.241.198.129",
              "20.124.149.219",
              "20.241.198.201",
              "20.241.198.237",
              "20.241.198.241",
              "20.241.199.5",
              "20.241.199.59",
              "20.241.199.65",
              "20.241.199.78",
              "20.119.0.41"
            ],
            "possible_outbound_ip_addresses": "20.241.192.146,20.241.192.227,20.241.192.241,20.241.193.14,20.241.193.32,20.241.193.210,20.241.193.212,20.241.193.217,20.241.193.222,20.241.193.226,20.241.193.242,20.241.194.42,20.241.194.84,20.241.196.146,20.241.196.254,20.241.197.35,20.241.197.251,20.241.198.10,20.241.198.68,20.241.198.99,20.241.198.124,20.241.198.129,20.124.149.219,20.241.198.201,20.241.198.237,20.241.198.241,20.241.199.5,20.241.199.59,20.241.199.65,20.241.199.78,20.119.0.41",
            "resource_group_name": "rg-events-eus",
            "service_plan_id": "/subscriptions/1d8b4140-7b97-4795-8d20-000c29db057a/resourceGroups/rg-events-eus/providers/Microsoft.Web/serverfarms/aps-funcapp-eshop-cloudx",
            "site_config": [
              {
                "always_on": false,
                "api_definition_url": "",
                "api_management_api_id": "",
                "app_command_line": "",
                "app_scale_limit": 200,
                "app_service_logs": [],
                "application_insights_connection_string": "InstrumentationKey=4899c3f3-90d0-4f8e-a7eb-2c391cc8a72c;IngestionEndpoint=https://eastus-3.in.applicationinsights.azure.com/;LiveEndpoint=https://eastus.livediagnostics.monitor.azure.com/",
                "application_insights_key": "4899c3f3-90d0-4f8e-a7eb-2c391cc8a72c",
                "application_stack": [
                  {
                    "dotnet_version": "v7.0",
                    "java_version": "",
                    "node_version": "",
                    "powershell_core_version": "",
                    "use_custom_runtime": false,
                    "use_dotnet_isolated_runtime": true
                  }
                ],
                "cors": [],
                "default_documents": [
                  "Default.htm",
                  "Default.html",
                  "Default.asp",
                  "index.htm",
                  "index.html",
                  "iisstart.htm",
                  "default.aspx",
                  "index.php"
                ],
                "detailed_error_logging_enabled": false,
                "elastic_instance_minimum": 0,
                "ftps_state": "Disabled",
                "health_check_eviction_time_in_min": 0,
                "health_check_path": "",
                "http2_enabled": false,
                "ip_restriction": [],
                "load_balancing_mode": "LeastRequests",
                "managed_pipeline_mode": "Integrated",
                "minimum_tls_version": "1.2",
                "pre_warmed_instance_count": 0,
                "remote_debugging_enabled": false,
                "remote_debugging_version": "VS2019",
                "runtime_scale_monitoring_enabled": false,
                "scm_ip_restriction": [],
                "scm_minimum_tls_version": "1.2",
                "scm_type": "None",
                "scm_use_main_ip_restriction": false,
                "use_32_bit_worker": true,
                "vnet_route_all_enabled": false,
                "websockets_enabled": false,
                "windows_fx_version": "",
                "worker_count": 1
              }
            ],
            "site_credential": [
              {
                "name": "$func-app-eshop-cloudx",
                "password": "kZg4YlW1KWmstW22m4e3Rity3ENZghrdjttNXCks3BWFFwuPiSLT2K5BWS6a"
              }
            ],
            "sticky_settings": [],
            "storage_account": [],
            "storage_account_access_key": "GTZiwH3SDYRHr5+x6ZCXPOeqG0A78O7VjgiEiT0U2Rtw5bJ0klR8ZHGk7/4GAqYtAxLUtTUPNPJN+AStVOEn0w==",
            "storage_account_name": "steshopcloudx",
            "storage_key_vault_secret_id": "",
            "storage_uses_managed_identity": false,
            "tags": {},
            "timeouts": null,
            "virtual_network_subnet_id": "",
            "zip_deploy_file": ""
          },
          "sensitive_attributes": [
            [
              {
                "type": "get_attr",
                "value": "storage_account_access_key"
              }
            ]
          ],
          "private": "eyJlMmJmYjczMC1lY2FhLTExZTYtOGY4OC0zNDM2M2JjN2M0YzAiOnsiY3JlYXRlIjoxODAwMDAwMDAwMDAwLCJkZWxldGUiOjE4MDAwMDAwMDAwMDAsInJlYWQiOjMwMDAwMDAwMDAwMCwidXBkYXRlIjoxODAwMDAwMDAwMDAwfX0=",
          "dependencies": [
            "azurerm_application_insights.appi-funcapp",
            "azurerm_eventgrid_topic.evgt-failed",
            "azurerm_resource_group.rg-cloudx",
            "azurerm_service_plan.aps-funcapp",
            "azurerm_storage_account.st-acc"
          ]
        }
      ]
    },
    {
      "mode": "managed",
      "type": "azurerm_windows_web_app",
      "name": "app-publicapi",
      "provider": "provider[\"registry.terraform.io/hashicorp/azurerm\"]",
      "instances": [
        {
          "schema_version": 0,
          "attributes": {
            "app_settings": {
              "APPINSIGHTS_INSTRUMENTATIONKEY": "00d842f2-409a-4e4d-8784-8180d273a607",
              "APPLICATIONINSIGHTS_CONNECTION_STRING": "InstrumentationKey=00d842f2-409a-4e4d-8784-8180d273a607;IngestionEndpoint=https://eastus-1.in.applicationinsights.azure.com/;LiveEndpoint=https://eastus.livediagnostics.monitor.azure.com/",
              "ApplicationInsightsAgent_EXTENSION_VERSION": "~2"
            },
            "auth_settings": [],
            "auth_settings_v2": [],
            "backup": [],
            "client_affinity_enabled": false,
            "client_certificate_enabled": false,
            "client_certificate_exclusion_paths": "",
            "client_certificate_mode": "Required",
            "connection_string": [
              {
                "name": "CatalogConnection",
                "type": "SQLServer",
                "value": "@Microsoft.KeyVault(VaultName=kv-eshop-cloudx;SecretName=db-connection-string)"
              },
              {
                "name": "IdentityConnection",
                "type": "SQLServer",
                "value": "@Microsoft.KeyVault(VaultName=kv-eshop-cloudx;SecretName=db-connection-string)"
              }
            ],
            "custom_domain_verification_id": "E42D7731AFC9D9E8CC65C67D0DBEC51307A50DDCB2821FAC1EE768D1C8A9C196",
            "default_hostname": "app-publicapi-eshop-cloudx.azurewebsites.net",
            "enabled": true,
            "hosting_environment_id": "",
            "https_only": false,
            "id": "/subscriptions/1d8b4140-7b97-4795-8d20-000c29db057a/resourceGroups/rg-events-eus/providers/Microsoft.Web/sites/app-publicapi-eshop-cloudx",
            "identity": [
              {
                "identity_ids": [],
                "principal_id": "f27c213b-ab34-47ff-bdb6-17bca05a0be7",
                "tenant_id": "b41b72d0-4e9f-4c26-8a69-f949f367c91d",
                "type": "SystemAssigned"
              }
            ],
            "key_vault_reference_identity_id": "SystemAssigned",
            "kind": "app",
            "location": "eastus",
            "logs": [
              {
                "application_logs": [
                  {
                    "azure_blob_storage": [],
                    "file_system_level": "Information"
                  }
                ],
                "detailed_error_messages": false,
                "failed_request_tracing": false,
                "http_logs": []
              }
            ],
            "name": "app-publicapi-eshop-cloudx",
            "outbound_ip_address_list": [
              "20.241.192.146",
              "20.241.192.227",
              "20.241.192.241",
              "20.241.193.14",
              "20.241.193.32",
              "20.241.193.210",
              "20.119.0.41"
            ],
            "outbound_ip_addresses": "20.241.192.146,20.241.192.227,20.241.192.241,20.241.193.14,20.241.193.32,20.241.193.210,20.119.0.41",
            "possible_outbound_ip_address_list": [
              "20.241.192.146",
              "20.241.192.227",
              "20.241.192.241",
              "20.241.193.14",
              "20.241.193.32",
              "20.241.193.210",
              "20.241.193.212",
              "20.241.193.217",
              "20.241.193.222",
              "20.241.193.226",
              "20.241.193.242",
              "20.241.194.42",
              "20.241.194.84",
              "20.241.196.146",
              "20.241.196.254",
              "20.241.197.35",
              "20.241.197.251",
              "20.241.198.10",
              "20.241.198.68",
              "20.241.198.99",
              "20.241.198.124",
              "20.241.198.129",
              "20.124.149.219",
              "20.241.198.201",
              "20.241.198.237",
              "20.241.198.241",
              "20.241.199.5",
              "20.241.199.59",
              "20.241.199.65",
              "20.241.199.78",
              "20.119.0.41"
            ],
            "possible_outbound_ip_addresses": "20.241.192.146,20.241.192.227,20.241.192.241,20.241.193.14,20.241.193.32,20.241.193.210,20.241.193.212,20.241.193.217,20.241.193.222,20.241.193.226,20.241.193.242,20.241.194.42,20.241.194.84,20.241.196.146,20.241.196.254,20.241.197.35,20.241.197.251,20.241.198.10,20.241.198.68,20.241.198.99,20.241.198.124,20.241.198.129,20.124.149.219,20.241.198.201,20.241.198.237,20.241.198.241,20.241.199.5,20.241.199.59,20.241.199.65,20.241.199.78,20.119.0.41",
            "resource_group_name": "rg-events-eus",
            "service_plan_id": "/subscriptions/1d8b4140-7b97-4795-8d20-000c29db057a/resourceGroups/rg-events-eus/providers/Microsoft.Web/serverfarms/asp-eshop-cloudx",
            "site_config": [
              {
                "always_on": false,
                "api_definition_url": "",
                "api_management_api_id": "",
                "app_command_line": "",
                "application_stack": [
                  {
                    "current_stack": "dotnet",
                    "docker_container_name": "",
                    "docker_container_registry": "",
                    "docker_container_tag": "",
                    "dotnet_core_version": "",
                    "dotnet_version": "v7.0",
                    "java_container": "",
                    "java_container_version": "",
                    "java_embedded_server_enabled": false,
                    "java_version": "",
                    "node_version": "",
                    "php_version": "5.6",
                    "python": false,
                    "python_version": "",
                    "tomcat_version": ""
                  }
                ],
                "auto_heal_enabled": false,
                "auto_heal_setting": [],
                "container_registry_managed_identity_client_id": "",
                "container_registry_use_managed_identity": false,
                "cors": [],
                "default_documents": [
                  "Default.htm",
                  "Default.html",
                  "Default.asp",
                  "index.htm",
                  "index.html",
                  "iisstart.htm",
                  "default.aspx",
                  "index.php",
                  "hostingstart.html"
                ],
                "detailed_error_logging_enabled": false,
                "ftps_state": "Disabled",
                "health_check_eviction_time_in_min": 0,
                "health_check_path": "",
                "http2_enabled": false,
                "ip_restriction": [],
                "linux_fx_version": "",
                "load_balancing_mode": "LeastRequests",
                "local_mysql_enabled": false,
                "managed_pipeline_mode": "Integrated",
                "minimum_tls_version": "1.2",
                "remote_debugging_enabled": false,
                "remote_debugging_version": "VS2019",
                "scm_ip_restriction": [],
                "scm_minimum_tls_version": "1.2",
                "scm_type": "None",
                "scm_use_main_ip_restriction": false,
                "use_32_bit_worker": true,
                "virtual_application": [],
                "vnet_route_all_enabled": false,
                "websockets_enabled": false,
                "windows_fx_version": "",
                "worker_count": 1
              }
            ],
            "site_credential": [
              {
                "name": "$app-publicapi-eshop-cloudx",
                "password": "Ctd1dE3cJljKvrD5AkfxFErFAeZASh2c41e7tcR9Jg3xGLaunKXwgPYbvHpR"
              }
            ],
            "sticky_settings": [],
            "storage_account": [],
            "tags": {},
            "timeouts": null,
            "virtual_network_subnet_id": "",
            "zip_deploy_file": ""
          },
          "sensitive_attributes": [
            [
              {
                "type": "get_attr",
                "value": "app_settings"
              },
              {
                "type": "index",
                "value": {
                  "value": "APPINSIGHTS_INSTRUMENTATIONKEY",
                  "type": "string"
                }
              }
            ],
            [
              {
                "type": "get_attr",
                "value": "app_settings"
              },
              {
                "type": "index",
                "value": {
                  "value": "APPLICATIONINSIGHTS_CONNECTION_STRING",
                  "type": "string"
                }
              }
            ]
          ],
          "private": "eyJlMmJmYjczMC1lY2FhLTExZTYtOGY4OC0zNDM2M2JjN2M0YzAiOnsiY3JlYXRlIjoxODAwMDAwMDAwMDAwLCJkZWxldGUiOjE4MDAwMDAwMDAwMDAsInJlYWQiOjMwMDAwMDAwMDAwMCwidXBkYXRlIjoxODAwMDAwMDAwMDAwfX0=",
          "dependencies": [
            "azurerm_application_insights.appi-publicapi",
            "azurerm_key_vault.kv",
            "azurerm_key_vault_secret.kvs-db-connection",
            "azurerm_resource_group.rg-cloudx",
            "azurerm_service_plan.asp-web",
            "data.azurerm_client_config.current"
          ]
        }
      ]
    },
    {
      "mode": "managed",
      "type": "azurerm_windows_web_app",
      "name": "app-web",
      "provider": "provider[\"registry.terraform.io/hashicorp/azurerm\"]",
      "instances": [
        {
          "schema_version": 0,
          "attributes": {
            "app_settings": {
              "APPINSIGHTS_INSTRUMENTATIONKEY": "27b5407d-8bb6-4055-8baa-9b45fa4c4781",
              "APPLICATIONINSIGHTS_CONNECTION_STRING": "InstrumentationKey=27b5407d-8bb6-4055-8baa-9b45fa4c4781;IngestionEndpoint=https://eastus-3.in.applicationinsights.azure.com/;LiveEndpoint=https://eastus.livediagnostics.monitor.azure.com/",
              "ApplicationInsightsAgent_EXTENSION_VERSION": "~2",
              "Features:OrderDeliveryEnabled": "false",
              "Features:OrderDeliveryUrl": "",
              "Features:OrderReserveEnabled": "true",
              "Features:OrderReserveTopicEnpoint": "https://evgt-order-reserved-cloudx.eastus-1.eventgrid.azure.net/api/events",
              "baseUrls:apiBase": "https://app-publicapi-eshop-cloudx.azurewebsites.net/api/",
              "baseUrls:webBase": "https://app-web-eshop-cloudx.azurewebsites.net/"
            },
            "auth_settings": [],
            "auth_settings_v2": [],
            "backup": [],
            "client_affinity_enabled": false,
            "client_certificate_enabled": false,
            "client_certificate_exclusion_paths": "",
            "client_certificate_mode": "Required",
            "connection_string": [
              {
                "name": "CatalogConnection",
                "type": "SQLServer",
                "value": "@Microsoft.KeyVault(VaultName=kv-eshop-cloudx;SecretName=db-connection-string)"
              },
              {
                "name": "IdentityConnection",
                "type": "SQLServer",
                "value": "@Microsoft.KeyVault(VaultName=kv-eshop-cloudx;SecretName=db-connection-string)"
              }
            ],
            "custom_domain_verification_id": "E42D7731AFC9D9E8CC65C67D0DBEC51307A50DDCB2821FAC1EE768D1C8A9C196",
            "default_hostname": "app-web-eshop-cloudx.azurewebsites.net",
            "enabled": true,
            "hosting_environment_id": "",
            "https_only": false,
            "id": "/subscriptions/1d8b4140-7b97-4795-8d20-000c29db057a/resourceGroups/rg-events-eus/providers/Microsoft.Web/sites/app-web-eshop-cloudx",
            "identity": [
              {
                "identity_ids": [],
                "principal_id": "766d1ba9-1b20-4003-bea0-043066a2f5e3",
                "tenant_id": "b41b72d0-4e9f-4c26-8a69-f949f367c91d",
                "type": "SystemAssigned"
              }
            ],
            "key_vault_reference_identity_id": "SystemAssigned",
            "kind": "app",
            "location": "eastus",
            "logs": [
              {
                "application_logs": [
                  {
                    "azure_blob_storage": [],
                    "file_system_level": "Information"
                  }
                ],
                "detailed_error_messages": false,
                "failed_request_tracing": false,
                "http_logs": []
              }
            ],
            "name": "app-web-eshop-cloudx",
            "outbound_ip_address_list": [
              "20.241.192.146",
              "20.241.192.227",
              "20.241.192.241",
              "20.241.193.14",
              "20.241.193.32",
              "20.241.193.210",
              "20.119.0.41"
            ],
            "outbound_ip_addresses": "20.241.192.146,20.241.192.227,20.241.192.241,20.241.193.14,20.241.193.32,20.241.193.210,20.119.0.41",
            "possible_outbound_ip_address_list": [
              "20.241.192.146",
              "20.241.192.227",
              "20.241.192.241",
              "20.241.193.14",
              "20.241.193.32",
              "20.241.193.210",
              "20.241.193.212",
              "20.241.193.217",
              "20.241.193.222",
              "20.241.193.226",
              "20.241.193.242",
              "20.241.194.42",
              "20.241.194.84",
              "20.241.196.146",
              "20.241.196.254",
              "20.241.197.35",
              "20.241.197.251",
              "20.241.198.10",
              "20.241.198.68",
              "20.241.198.99",
              "20.241.198.124",
              "20.241.198.129",
              "20.124.149.219",
              "20.241.198.201",
              "20.241.198.237",
              "20.241.198.241",
              "20.241.199.5",
              "20.241.199.59",
              "20.241.199.65",
              "20.241.199.78",
              "20.119.0.41"
            ],
            "possible_outbound_ip_addresses": "20.241.192.146,20.241.192.227,20.241.192.241,20.241.193.14,20.241.193.32,20.241.193.210,20.241.193.212,20.241.193.217,20.241.193.222,20.241.193.226,20.241.193.242,20.241.194.42,20.241.194.84,20.241.196.146,20.241.196.254,20.241.197.35,20.241.197.251,20.241.198.10,20.241.198.68,20.241.198.99,20.241.198.124,20.241.198.129,20.124.149.219,20.241.198.201,20.241.198.237,20.241.198.241,20.241.199.5,20.241.199.59,20.241.199.65,20.241.199.78,20.119.0.41",
            "resource_group_name": "rg-events-eus",
            "service_plan_id": "/subscriptions/1d8b4140-7b97-4795-8d20-000c29db057a/resourceGroups/rg-events-eus/providers/Microsoft.Web/serverfarms/asp-eshop-cloudx",
            "site_config": [
              {
                "always_on": false,
                "api_definition_url": "",
                "api_management_api_id": "",
                "app_command_line": "",
                "application_stack": [
                  {
                    "current_stack": "dotnet",
                    "docker_container_name": "",
                    "docker_container_registry": "",
                    "docker_container_tag": "",
                    "dotnet_core_version": "",
                    "dotnet_version": "v7.0",
                    "java_container": "",
                    "java_container_version": "",
                    "java_embedded_server_enabled": false,
                    "java_version": "",
                    "node_version": "",
                    "php_version": "5.6",
                    "python": false,
                    "python_version": "",
                    "tomcat_version": ""
                  }
                ],
                "auto_heal_enabled": false,
                "auto_heal_setting": [],
                "container_registry_managed_identity_client_id": "",
                "container_registry_use_managed_identity": false,
                "cors": [],
                "default_documents": [
                  "Default.htm",
                  "Default.html",
                  "Default.asp",
                  "index.htm",
                  "index.html",
                  "iisstart.htm",
                  "default.aspx",
                  "index.php",
                  "hostingstart.html"
                ],
                "detailed_error_logging_enabled": false,
                "ftps_state": "Disabled",
                "health_check_eviction_time_in_min": 0,
                "health_check_path": "",
                "http2_enabled": false,
                "ip_restriction": [],
                "linux_fx_version": "",
                "load_balancing_mode": "LeastRequests",
                "local_mysql_enabled": false,
                "managed_pipeline_mode": "Integrated",
                "minimum_tls_version": "1.2",
                "remote_debugging_enabled": false,
                "remote_debugging_version": "VS2019",
                "scm_ip_restriction": [],
                "scm_minimum_tls_version": "1.2",
                "scm_type": "None",
                "scm_use_main_ip_restriction": false,
                "use_32_bit_worker": true,
                "virtual_application": [],
                "vnet_route_all_enabled": false,
                "websockets_enabled": false,
                "windows_fx_version": "",
                "worker_count": 1
              }
            ],
            "site_credential": [
              {
                "name": "$app-web-eshop-cloudx",
                "password": "weE3t5DXWXirJhGr17LtWxHCk4Th0XiGwXuu6Wjv4mWgWnzHFjRK6aM0wp1s"
              }
            ],
            "sticky_settings": [],
            "storage_account": [],
            "tags": {},
            "timeouts": null,
            "virtual_network_subnet_id": "",
            "zip_deploy_file": ""
          },
          "sensitive_attributes": [
            [
              {
                "type": "get_attr",
                "value": "app_settings"
              },
              {
                "type": "index",
                "value": {
                  "value": "APPINSIGHTS_INSTRUMENTATIONKEY",
                  "type": "string"
                }
              }
            ],
            [
              {
                "type": "get_attr",
                "value": "app_settings"
              },
              {
                "type": "index",
                "value": {
                  "value": "APPLICATIONINSIGHTS_CONNECTION_STRING",
                  "type": "string"
                }
              }
            ]
          ],
          "private": "eyJlMmJmYjczMC1lY2FhLTExZTYtOGY4OC0zNDM2M2JjN2M0YzAiOnsiY3JlYXRlIjoxODAwMDAwMDAwMDAwLCJkZWxldGUiOjE4MDAwMDAwMDAwMDAsInJlYWQiOjMwMDAwMDAwMDAwMCwidXBkYXRlIjoxODAwMDAwMDAwMDAwfX0=",
          "dependencies": [
            "azurerm_application_insights.appi-web",
            "azurerm_eventgrid_topic.evgt-reserved",
            "azurerm_key_vault.kv",
            "azurerm_key_vault_secret.kvs-db-connection",
            "azurerm_resource_group.rg-cloudx",
            "azurerm_service_plan.asp-web",
            "data.azurerm_client_config.current"
          ]
        }
      ]
    }
  ],
  "check_results": null
}
