{
  "version": 4,
  "terraform_version": "1.4.6",
  "serial": 66,
  "lineage": "c5aff04b-4523-266c-5f7a-013e6aa362ee",
  "outputs": {},
  "resources": [
    {
      "mode": "data",
      "type": "azuread_service_principal",
      "name": "asp-linux-publicapi",
      "provider": "provider[\"registry.terraform.io/hashicorp/azuread\"]",
      "instances": [
        {
          "schema_version": 0,
          "attributes": {
            "account_enabled": true,
            "alternative_names": [
              "isExplicit=False",
              "/subscriptions/1d8b4140-7b97-4795-8d20-000c29db057a/resourcegroups/rg-containers-eus/providers/Microsoft.Web/sites/app-publicapi-eshop-cloudx"
            ],
            "app_role_assignment_required": false,
            "app_role_ids": {},
            "app_roles": [],
            "application_id": "de96c08d-1255-4927-8918-413fc0af47b5",
            "application_tenant_id": "",
            "description": "",
            "display_name": "app-publicapi-eshop-cloudx",
            "feature_tags": [
              {
                "custom_single_sign_on": false,
                "enterprise": false,
                "gallery": false,
                "hide": false
              }
            ],
            "features": [
              {
                "custom_single_sign_on_app": false,
                "enterprise_application": false,
                "gallery_application": false,
                "visible_to_users": true
              }
            ],
            "homepage_url": "",
            "id": "9cefa049-589a-469f-a129-de71f34c0fad",
            "login_url": "",
            "logout_url": "",
            "notes": "",
            "notification_email_addresses": [],
            "oauth2_permission_scope_ids": {},
            "oauth2_permission_scopes": [],
            "object_id": "9cefa049-589a-469f-a129-de71f34c0fad",
            "preferred_single_sign_on_mode": "",
            "redirect_uris": [],
            "saml_metadata_url": "",
            "saml_single_sign_on": [],
            "service_principal_names": [
              "https://identity.azure.net/5Ci9UyHmUc2/z5WxCVvq0F3bI6vJxBc25/F+5mEbTS0="
            ],
            "sign_in_audience": "",
            "tags": [],
            "timeouts": null,
            "type": "ManagedIdentity"
          },
          "sensitive_attributes": []
        }
      ]
    },
    {
      "mode": "data",
      "type": "azuread_service_principal",
      "name": "asp-linux-web",
      "provider": "provider[\"registry.terraform.io/hashicorp/azuread\"]",
      "instances": [
        {
          "schema_version": 0,
          "attributes": {
            "account_enabled": true,
            "alternative_names": [
              "isExplicit=False",
              "/subscriptions/1d8b4140-7b97-4795-8d20-000c29db057a/resourcegroups/rg-containers-eus/providers/Microsoft.Web/sites/app-web-eshop-cloudx"
            ],
            "app_role_assignment_required": false,
            "app_role_ids": {},
            "app_roles": [],
            "application_id": "1f63460e-2214-4726-8acf-e381862a2211",
            "application_tenant_id": "",
            "description": "",
            "display_name": "app-web-eshop-cloudx",
            "feature_tags": [
              {
                "custom_single_sign_on": false,
                "enterprise": false,
                "gallery": false,
                "hide": false
              }
            ],
            "features": [
              {
                "custom_single_sign_on_app": false,
                "enterprise_application": false,
                "gallery_application": false,
                "visible_to_users": true
              }
            ],
            "homepage_url": "",
            "id": "68f1cc5e-1d0b-4cdd-a90b-47535ef78528",
            "login_url": "",
            "logout_url": "",
            "notes": "",
            "notification_email_addresses": [],
            "oauth2_permission_scope_ids": {},
            "oauth2_permission_scopes": [],
            "object_id": "68f1cc5e-1d0b-4cdd-a90b-47535ef78528",
            "preferred_single_sign_on_mode": "",
            "redirect_uris": [],
            "saml_metadata_url": "",
            "saml_single_sign_on": [],
            "service_principal_names": [
              "https://identity.azure.net/HwfpiVlwiuyRmeObhp27fueorvu6yu4CZmteMCt1IG8="
            ],
            "sign_in_audience": "",
            "tags": [],
            "timeouts": null,
            "type": "ManagedIdentity"
          },
          "sensitive_attributes": []
        }
      ]
    },
    {
      "mode": "data",
      "type": "azurerm_client_config",
      "name": "current",
      "provider": "provider[\"registry.terraform.io/hashicorp/azurerm\"]",
      "instances": [
        {
          "schema_version": 0,
          "attributes": {
            "client_id": "04b07795-8ddb-461a-bbee-02f9e1bf7b46",
            "id": "Y2xpZW50Q29uZmlncy9jbGllbnRJZD0wNGIwNzc5NS04ZGRiLTQ2MWEtYmJlZS0wMmY5ZTFiZjdiNDY7b2JqZWN0SWQ9Y2ExNzVmYmEtNmIzMS00MjAxLWEzNDEtOTU2NGQ0NWY2MDMyO3N1YnNjcmlwdGlvbklkPTFkOGI0MTQwLTdiOTctNDc5NS04ZDIwLTAwMGMyOWRiMDU3YTt0ZW5hbnRJZD1iNDFiNzJkMC00ZTlmLTRjMjYtOGE2OS1mOTQ5ZjM2N2M5MWQ=",
            "object_id": "ca175fba-6b31-4201-a341-9564d45f6032",
            "subscription_id": "1d8b4140-7b97-4795-8d20-000c29db057a",
            "tenant_id": "b41b72d0-4e9f-4c26-8a69-f949f367c91d",
            "timeouts": null
          },
          "sensitive_attributes": []
        }
      ]
    },
    {
      "mode": "managed",
      "type": "azurerm_application_insights",
      "name": "appi-funcapp",
      "provider": "provider[\"registry.terraform.io/hashicorp/azurerm\"]",
      "instances": [
        {
          "schema_version": 1,
          "attributes": {
            "app_id": "e65cf23b-5cb1-491f-a8ca-91d1c3bc49fd",
            "application_type": "web",
            "connection_string": "InstrumentationKey=6ca2936b-5c26-44f3-8efb-eab5227aa35c;IngestionEndpoint=https://eastus-6.in.applicationinsights.azure.com/;LiveEndpoint=https://eastus.livediagnostics.monitor.azure.com/",
            "daily_data_cap_in_gb": 100,
            "daily_data_cap_notifications_disabled": false,
            "disable_ip_masking": false,
            "force_customer_storage_for_profiler": false,
            "id": "/subscriptions/1d8b4140-7b97-4795-8d20-000c29db057a/resourceGroups/rg-containers-eus/providers/Microsoft.Insights/components/appi-funcapp-eshop-cloudx",
            "instrumentation_key": "6ca2936b-5c26-44f3-8efb-eab5227aa35c",
            "internet_ingestion_enabled": true,
            "internet_query_enabled": true,
            "local_authentication_disabled": false,
            "location": "eastus",
            "name": "appi-funcapp-eshop-cloudx",
            "resource_group_name": "rg-containers-eus",
            "retention_in_days": 90,
            "sampling_percentage": 100,
            "tags": {},
            "timeouts": null,
            "workspace_id": ""
          },
          "sensitive_attributes": [],
          "private": "eyJlMmJmYjczMC1lY2FhLTExZTYtOGY4OC0zNDM2M2JjN2M0YzAiOnsiY3JlYXRlIjozNjAwMDAwMDAwMDAwLCJkZWxldGUiOjE4MDAwMDAwMDAwMDAsInJlYWQiOjMwMDAwMDAwMDAwMCwidXBkYXRlIjoxODAwMDAwMDAwMDAwfSwic2NoZW1hX3ZlcnNpb24iOiIxIn0=",
          "dependencies": [
            "azurerm_resource_group.rg-cloudx"
          ]
        }
      ]
    },
    {
      "mode": "managed",
      "type": "azurerm_application_insights",
      "name": "appi-publicapi",
      "provider": "provider[\"registry.terraform.io/hashicorp/azurerm\"]",
      "instances": [
        {
          "schema_version": 1,
          "attributes": {
            "app_id": "8c5a3889-af3c-4b97-97bd-1433b7ec1dce",
            "application_type": "web",
            "connection_string": "InstrumentationKey=921f7e4b-7d85-4d0c-9590-ef209cdfbf7d;IngestionEndpoint=https://eastus-3.in.applicationinsights.azure.com/;LiveEndpoint=https://eastus.livediagnostics.monitor.azure.com/",
            "daily_data_cap_in_gb": 100,
            "daily_data_cap_notifications_disabled": false,
            "disable_ip_masking": false,
            "force_customer_storage_for_profiler": false,
            "id": "/subscriptions/1d8b4140-7b97-4795-8d20-000c29db057a/resourceGroups/rg-containers-eus/providers/Microsoft.Insights/components/appi-public-eshop-cloudx",
            "instrumentation_key": "921f7e4b-7d85-4d0c-9590-ef209cdfbf7d",
            "internet_ingestion_enabled": true,
            "internet_query_enabled": true,
            "local_authentication_disabled": false,
            "location": "eastus",
            "name": "appi-public-eshop-cloudx",
            "resource_group_name": "rg-containers-eus",
            "retention_in_days": 90,
            "sampling_percentage": 100,
            "tags": {},
            "timeouts": null,
            "workspace_id": ""
          },
          "sensitive_attributes": [],
          "private": "eyJlMmJmYjczMC1lY2FhLTExZTYtOGY4OC0zNDM2M2JjN2M0YzAiOnsiY3JlYXRlIjozNjAwMDAwMDAwMDAwLCJkZWxldGUiOjE4MDAwMDAwMDAwMDAsInJlYWQiOjMwMDAwMDAwMDAwMCwidXBkYXRlIjoxODAwMDAwMDAwMDAwfSwic2NoZW1hX3ZlcnNpb24iOiIxIn0=",
          "dependencies": [
            "azurerm_resource_group.rg-cloudx"
          ]
        }
      ]
    },
    {
      "mode": "managed",
      "type": "azurerm_application_insights",
      "name": "appi-web",
      "provider": "provider[\"registry.terraform.io/hashicorp/azurerm\"]",
      "instances": [
        {
          "schema_version": 1,
          "attributes": {
            "app_id": "702bd717-daa5-461d-b971-345412aa3f5e",
            "application_type": "web",
            "connection_string": "InstrumentationKey=968e2752-bf45-4022-94fa-3bc06589443c;IngestionEndpoint=https://eastus-0.in.applicationinsights.azure.com/;LiveEndpoint=https://eastus.livediagnostics.monitor.azure.com/",
            "daily_data_cap_in_gb": 100,
            "daily_data_cap_notifications_disabled": false,
            "disable_ip_masking": false,
            "force_customer_storage_for_profiler": false,
            "id": "/subscriptions/1d8b4140-7b97-4795-8d20-000c29db057a/resourceGroups/rg-containers-eus/providers/Microsoft.Insights/components/appi-web-eshop-cloudx",
            "instrumentation_key": "968e2752-bf45-4022-94fa-3bc06589443c",
            "internet_ingestion_enabled": true,
            "internet_query_enabled": true,
            "local_authentication_disabled": false,
            "location": "eastus",
            "name": "appi-web-eshop-cloudx",
            "resource_group_name": "rg-containers-eus",
            "retention_in_days": 90,
            "sampling_percentage": 100,
            "tags": {},
            "timeouts": null,
            "workspace_id": ""
          },
          "sensitive_attributes": [],
          "private": "eyJlMmJmYjczMC1lY2FhLTExZTYtOGY4OC0zNDM2M2JjN2M0YzAiOnsiY3JlYXRlIjozNjAwMDAwMDAwMDAwLCJkZWxldGUiOjE4MDAwMDAwMDAwMDAsInJlYWQiOjMwMDAwMDAwMDAwMCwidXBkYXRlIjoxODAwMDAwMDAwMDAwfSwic2NoZW1hX3ZlcnNpb24iOiIxIn0=",
          "dependencies": [
            "azurerm_resource_group.rg-cloudx"
          ]
        }
      ]
    },
    {
      "mode": "managed",
      "type": "azurerm_container_registry",
      "name": "acr",
      "provider": "provider[\"registry.terraform.io/hashicorp/azurerm\"]",
      "instances": [
        {
          "schema_version": 2,
          "attributes": {
            "admin_enabled": true,
            "admin_password": "56VfiqP8ZruBlg3U1O5qe7rUNGNOIZcSGFPLVC3pil+ACRD1S359",
            "admin_username": "acreshopcloudx",
            "anonymous_pull_enabled": false,
            "data_endpoint_enabled": false,
            "encryption": [
              {
                "enabled": false,
                "identity_client_id": "",
                "key_vault_key_id": ""
              }
            ],
            "export_policy_enabled": true,
            "georeplications": [],
            "id": "/subscriptions/1d8b4140-7b97-4795-8d20-000c29db057a/resourceGroups/rg-containers-eus/providers/Microsoft.ContainerRegistry/registries/acreshopcloudx",
            "identity": [
              {
                "identity_ids": [],
                "principal_id": "7b15227a-3761-49e2-84fd-3a2c645a2d18",
                "tenant_id": "b41b72d0-4e9f-4c26-8a69-f949f367c91d",
                "type": "SystemAssigned"
              }
            ],
            "location": "eastus",
            "login_server": "acreshopcloudx.azurecr.io",
            "name": "acreshopcloudx",
            "network_rule_bypass_option": "AzureServices",
            "network_rule_set": [],
            "public_network_access_enabled": true,
            "quarantine_policy_enabled": false,
            "resource_group_name": "rg-containers-eus",
            "retention_policy": [
              {
                "days": 7,
                "enabled": false
              }
            ],
            "sku": "Basic",
            "tags": {},
            "timeouts": null,
            "trust_policy": [
              {
                "enabled": false
              }
            ],
            "zone_redundancy_enabled": false
          },
          "sensitive_attributes": [],
          "private": "eyJlMmJmYjczMC1lY2FhLTExZTYtOGY4OC0zNDM2M2JjN2M0YzAiOnsiY3JlYXRlIjoxODAwMDAwMDAwMDAwLCJkZWxldGUiOjE4MDAwMDAwMDAwMDAsInJlYWQiOjMwMDAwMDAwMDAwMCwidXBkYXRlIjoxODAwMDAwMDAwMDAwfSwic2NoZW1hX3ZlcnNpb24iOiIyIn0=",
          "dependencies": [
            "azurerm_resource_group.rg-cloudx"
          ]
        }
      ]
    },
    {
      "mode": "managed",
      "type": "azurerm_container_registry_webhook",
      "name": "acrwh-publicapi",
      "provider": "provider[\"registry.terraform.io/hashicorp/azurerm\"]",
      "instances": [
        {
          "schema_version": 1,
          "attributes": {
            "actions": [
              "push"
            ],
            "custom_headers": {
              "Content-Type": "application/json"
            },
            "id": "/subscriptions/1d8b4140-7b97-4795-8d20-000c29db057a/resourceGroups/rg-containers-eus/providers/Microsoft.ContainerRegistry/registries/acreshopcloudx/webHooks/webhookpublicapi",
            "location": "eastus",
            "name": "webhookpublicapi",
            "registry_name": "acreshopcloudx",
            "resource_group_name": "rg-containers-eus",
            "scope": "publicapi:*",
            "service_uri": "https://app-publicapi-eshop-cloudx.azurewebsites.net/api",
            "status": "enabled",
            "tags": {},
            "timeouts": null
          },
          "sensitive_attributes": [],
          "private": "eyJlMmJmYjczMC1lY2FhLTExZTYtOGY4OC0zNDM2M2JjN2M0YzAiOnsiY3JlYXRlIjoxODAwMDAwMDAwMDAwLCJkZWxldGUiOjE4MDAwMDAwMDAwMDAsInJlYWQiOjMwMDAwMDAwMDAwMCwidXBkYXRlIjoxODAwMDAwMDAwMDAwfSwic2NoZW1hX3ZlcnNpb24iOiIxIn0=",
          "dependencies": [
            "azurerm_container_registry.acr",
            "azurerm_resource_group.rg-cloudx",
            "azurerm_service_plan.asp-web"
          ]
        }
      ]
    },
    {
      "mode": "managed",
      "type": "azurerm_container_registry_webhook",
      "name": "acrwh-web",
      "provider": "provider[\"registry.terraform.io/hashicorp/azurerm\"]",
      "instances": [
        {
          "schema_version": 1,
          "attributes": {
            "actions": [
              "push"
            ],
            "custom_headers": {
              "Content-Type": "application/json"
            },
            "id": "/subscriptions/1d8b4140-7b97-4795-8d20-000c29db057a/resourceGroups/rg-containers-eus/providers/Microsoft.ContainerRegistry/registries/acreshopcloudx/webHooks/webhookweb",
            "location": "eastus",
            "name": "webhookweb",
            "registry_name": "acreshopcloudx",
            "resource_group_name": "rg-containers-eus",
            "scope": "web:*",
            "service_uri": "https://app-web-eshop-cloudx.azurewebsites.net/api",
            "status": "enabled",
            "tags": {},
            "timeouts": null
          },
          "sensitive_attributes": [],
          "private": "eyJlMmJmYjczMC1lY2FhLTExZTYtOGY4OC0zNDM2M2JjN2M0YzAiOnsiY3JlYXRlIjoxODAwMDAwMDAwMDAwLCJkZWxldGUiOjE4MDAwMDAwMDAwMDAsInJlYWQiOjMwMDAwMDAwMDAwMCwidXBkYXRlIjoxODAwMDAwMDAwMDAwfSwic2NoZW1hX3ZlcnNpb24iOiIxIn0=",
          "dependencies": [
            "azurerm_container_registry.acr",
            "azurerm_resource_group.rg-cloudx",
            "azurerm_service_plan.asp-web"
          ]
        }
      ]
    },
    {
      "mode": "managed",
      "type": "azurerm_eventgrid_topic",
      "name": "evgt-failed",
      "provider": "provider[\"registry.terraform.io/hashicorp/azurerm\"]",
      "instances": [
        {
          "schema_version": 0,
          "attributes": {
            "endpoint": "https://evgt-order-failed-cloudx.eastus-1.eventgrid.azure.net/api/events",
            "id": "/subscriptions/1d8b4140-7b97-4795-8d20-000c29db057a/resourceGroups/rg-containers-eus/providers/Microsoft.EventGrid/topics/evgt-order-failed-cloudx",
            "identity": [
              {
                "identity_ids": [],
                "principal_id": "37a94660-e06e-4a0e-9610-866e97319a7d",
                "tenant_id": "b41b72d0-4e9f-4c26-8a69-f949f367c91d",
                "type": "SystemAssigned"
              }
            ],
            "inbound_ip_rule": [],
            "input_mapping_default_values": [],
            "input_mapping_fields": [],
            "input_schema": "EventGridSchema",
            "local_auth_enabled": true,
            "location": "eastus",
            "name": "evgt-order-failed-cloudx",
            "primary_access_key": "sqcgJPHnW3O0SrWT833J8Oq4aL/12ipKwIG88NiWZZU=",
            "public_network_access_enabled": true,
            "resource_group_name": "rg-containers-eus",
            "secondary_access_key": "7iQd0+wki4XJ6d/+IeHZ6as3//rLqWREBVIUdZDI1/o=",
            "tags": {},
            "timeouts": null
          },
          "sensitive_attributes": [],
          "private": "eyJlMmJmYjczMC1lY2FhLTExZTYtOGY4OC0zNDM2M2JjN2M0YzAiOnsiY3JlYXRlIjoxODAwMDAwMDAwMDAwLCJkZWxldGUiOjE4MDAwMDAwMDAwMDAsInJlYWQiOjMwMDAwMDAwMDAwMCwidXBkYXRlIjoxODAwMDAwMDAwMDAwfX0=",
          "dependencies": [
            "azurerm_resource_group.rg-cloudx"
          ]
        }
      ]
    },
    {
      "mode": "managed",
      "type": "azurerm_eventgrid_topic",
      "name": "evgt-reserved",
      "provider": "provider[\"registry.terraform.io/hashicorp/azurerm\"]",
      "instances": [
        {
          "schema_version": 0,
          "attributes": {
            "endpoint": "https://evgt-order-reserved-cloudx.eastus-1.eventgrid.azure.net/api/events",
            "id": "/subscriptions/1d8b4140-7b97-4795-8d20-000c29db057a/resourceGroups/rg-containers-eus/providers/Microsoft.EventGrid/topics/evgt-order-reserved-cloudx",
            "identity": [
              {
                "identity_ids": [],
                "principal_id": "12f24f17-9f7a-483c-81c7-8fbacd125720",
                "tenant_id": "b41b72d0-4e9f-4c26-8a69-f949f367c91d",
                "type": "SystemAssigned"
              }
            ],
            "inbound_ip_rule": [],
            "input_mapping_default_values": [],
            "input_mapping_fields": [],
            "input_schema": "EventGridSchema",
            "local_auth_enabled": true,
            "location": "eastus",
            "name": "evgt-order-reserved-cloudx",
            "primary_access_key": "LkHxfG0zTnwXgqunk9eUTAUmxF5117jwlm0NXYeHbMo=",
            "public_network_access_enabled": true,
            "resource_group_name": "rg-containers-eus",
            "secondary_access_key": "2JcjUa91Hjv09L0dyqlhFnBIkeAdJY01f9haMrqpn+U=",
            "tags": {},
            "timeouts": null
          },
          "sensitive_attributes": [],
          "private": "eyJlMmJmYjczMC1lY2FhLTExZTYtOGY4OC0zNDM2M2JjN2M0YzAiOnsiY3JlYXRlIjoxODAwMDAwMDAwMDAwLCJkZWxldGUiOjE4MDAwMDAwMDAwMDAsInJlYWQiOjMwMDAwMDAwMDAwMCwidXBkYXRlIjoxODAwMDAwMDAwMDAwfX0=",
          "dependencies": [
            "azurerm_resource_group.rg-cloudx"
          ]
        }
      ]
    },
    {
      "mode": "managed",
      "type": "azurerm_key_vault",
      "name": "kv",
      "provider": "provider[\"registry.terraform.io/hashicorp/azurerm\"]",
      "instances": [
        {
          "schema_version": 2,
          "attributes": {
            "access_policy": [
              {
                "application_id": "",
                "certificate_permissions": [],
                "key_permissions": [
                  "Create",
                  "Get"
                ],
                "object_id": "ca175fba-6b31-4201-a341-9564d45f6032",
                "secret_permissions": [
                  "Set",
                  "Get",
                  "Delete",
                  "Purge",
                  "Recover"
                ],
                "storage_permissions": [
                  "Get"
                ],
                "tenant_id": "b41b72d0-4e9f-4c26-8a69-f949f367c91d"
              }
            ],
            "contact": [],
            "enable_rbac_authorization": false,
            "enabled_for_deployment": false,
            "enabled_for_disk_encryption": true,
            "enabled_for_template_deployment": false,
            "id": "/subscriptions/1d8b4140-7b97-4795-8d20-000c29db057a/resourceGroups/rg-containers-eus/providers/Microsoft.KeyVault/vaults/kv-eshop-cloudx",
            "location": "eastus",
            "name": "kv-eshop-cloudx",
            "network_acls": [
              {
                "bypass": "AzureServices",
                "default_action": "Allow",
                "ip_rules": [],
                "virtual_network_subnet_ids": []
              }
            ],
            "public_network_access_enabled": true,
            "purge_protection_enabled": false,
            "resource_group_name": "rg-containers-eus",
            "sku_name": "standard",
            "soft_delete_retention_days": 7,
            "tags": {},
            "tenant_id": "b41b72d0-4e9f-4c26-8a69-f949f367c91d",
            "timeouts": null,
            "vault_uri": "https://kv-eshop-cloudx.vault.azure.net/"
          },
          "sensitive_attributes": [],
          "private": "eyJlMmJmYjczMC1lY2FhLTExZTYtOGY4OC0zNDM2M2JjN2M0YzAiOnsiY3JlYXRlIjoxODAwMDAwMDAwMDAwLCJkZWxldGUiOjE4MDAwMDAwMDAwMDAsInJlYWQiOjMwMDAwMDAwMDAwMCwidXBkYXRlIjoxODAwMDAwMDAwMDAwfSwic2NoZW1hX3ZlcnNpb24iOiIyIn0=",
          "dependencies": [
            "azurerm_resource_group.rg-cloudx",
            "data.azurerm_client_config.current"
          ]
        }
      ]
    },
    {
      "mode": "managed",
      "type": "azurerm_key_vault_access_policy",
      "name": "kvap-publicapi",
      "provider": "provider[\"registry.terraform.io/hashicorp/azurerm\"]",
      "instances": [
        {
          "schema_version": 0,
          "attributes": {
            "application_id": null,
            "certificate_permissions": [
              "Get",
              "List"
            ],
            "id": "/subscriptions/1d8b4140-7b97-4795-8d20-000c29db057a/resourceGroups/rg-containers-eus/providers/Microsoft.KeyVault/vaults/kv-eshop-cloudx/objectId/9cefa049-589a-469f-a129-de71f34c0fad",
            "key_permissions": [
              "Get",
              "List"
            ],
            "key_vault_id": "/subscriptions/1d8b4140-7b97-4795-8d20-000c29db057a/resourceGroups/rg-containers-eus/providers/Microsoft.KeyVault/vaults/kv-eshop-cloudx",
            "object_id": "9cefa049-589a-469f-a129-de71f34c0fad",
            "secret_permissions": [
              "Get",
              "List"
            ],
            "storage_permissions": null,
            "tenant_id": "b41b72d0-4e9f-4c26-8a69-f949f367c91d",
            "timeouts": null
          },
          "sensitive_attributes": [],
          "private": "eyJlMmJmYjczMC1lY2FhLTExZTYtOGY4OC0zNDM2M2JjN2M0YzAiOnsiY3JlYXRlIjoxODAwMDAwMDAwMDAwLCJkZWxldGUiOjE4MDAwMDAwMDAwMDAsInJlYWQiOjMwMDAwMDAwMDAwMCwidXBkYXRlIjoxODAwMDAwMDAwMDAwfX0=",
          "dependencies": [
            "azurerm_application_insights.appi-publicapi",
            "azurerm_container_registry.acr",
            "azurerm_key_vault.kv",
            "azurerm_key_vault_secret.kvs-acr-pass",
            "azurerm_key_vault_secret.kvs-acr-user",
            "azurerm_key_vault_secret.kvs-db-connection",
            "azurerm_linux_web_app.app-publicapi",
            "azurerm_resource_group.rg-cloudx",
            "azurerm_service_plan.asp-web",
            "data.azuread_service_principal.asp-linux-publicapi",
            "data.azurerm_client_config.current"
          ]
        }
      ]
    },
    {
      "mode": "managed",
      "type": "azurerm_key_vault_access_policy",
      "name": "kvap-web",
      "provider": "provider[\"registry.terraform.io/hashicorp/azurerm\"]",
      "instances": [
        {
          "schema_version": 0,
          "attributes": {
            "application_id": null,
            "certificate_permissions": [
              "Get",
              "List"
            ],
            "id": "/subscriptions/1d8b4140-7b97-4795-8d20-000c29db057a/resourceGroups/rg-containers-eus/providers/Microsoft.KeyVault/vaults/kv-eshop-cloudx/objectId/68f1cc5e-1d0b-4cdd-a90b-47535ef78528",
            "key_permissions": [
              "Get",
              "List"
            ],
            "key_vault_id": "/subscriptions/1d8b4140-7b97-4795-8d20-000c29db057a/resourceGroups/rg-containers-eus/providers/Microsoft.KeyVault/vaults/kv-eshop-cloudx",
            "object_id": "68f1cc5e-1d0b-4cdd-a90b-47535ef78528",
            "secret_permissions": [
              "Get",
              "List"
            ],
            "storage_permissions": null,
            "tenant_id": "b41b72d0-4e9f-4c26-8a69-f949f367c91d",
            "timeouts": null
          },
          "sensitive_attributes": [],
          "private": "eyJlMmJmYjczMC1lY2FhLTExZTYtOGY4OC0zNDM2M2JjN2M0YzAiOnsiY3JlYXRlIjoxODAwMDAwMDAwMDAwLCJkZWxldGUiOjE4MDAwMDAwMDAwMDAsInJlYWQiOjMwMDAwMDAwMDAwMCwidXBkYXRlIjoxODAwMDAwMDAwMDAwfX0=",
          "dependencies": [
            "azurerm_application_insights.appi-web",
            "azurerm_container_registry.acr",
            "azurerm_eventgrid_topic.evgt-reserved",
            "azurerm_key_vault.kv",
            "azurerm_key_vault_secret.kvs-acr-pass",
            "azurerm_key_vault_secret.kvs-acr-user",
            "azurerm_key_vault_secret.kvs-db-connection",
            "azurerm_linux_web_app.app-web",
            "azurerm_resource_group.rg-cloudx",
            "azurerm_service_plan.asp-web",
            "data.azuread_service_principal.asp-linux-web",
            "data.azurerm_client_config.current"
          ]
        }
      ]
    },
    {
      "mode": "managed",
      "type": "azurerm_key_vault_secret",
      "name": "kvs-acr-pass",
      "provider": "provider[\"registry.terraform.io/hashicorp/azurerm\"]",
      "instances": [
        {
          "schema_version": 0,
          "attributes": {
            "content_type": "",
            "expiration_date": null,
            "id": "https://kv-eshop-cloudx.vault.azure.net/secrets/acr-admin-pass/6e79b5638743409499bce5054f563841",
            "key_vault_id": "/subscriptions/1d8b4140-7b97-4795-8d20-000c29db057a/resourceGroups/rg-containers-eus/providers/Microsoft.KeyVault/vaults/kv-eshop-cloudx",
            "name": "acr-admin-pass",
            "not_before_date": null,
            "resource_id": "/subscriptions/1d8b4140-7b97-4795-8d20-000c29db057a/resourceGroups/rg-containers-eus/providers/Microsoft.KeyVault/vaults/kv-eshop-cloudx/secrets/acr-admin-pass/versions/6e79b5638743409499bce5054f563841",
            "resource_versionless_id": "/subscriptions/1d8b4140-7b97-4795-8d20-000c29db057a/resourceGroups/rg-containers-eus/providers/Microsoft.KeyVault/vaults/kv-eshop-cloudx/secrets/acr-admin-pass",
            "tags": null,
            "timeouts": null,
            "value": "56VfiqP8ZruBlg3U1O5qe7rUNGNOIZcSGFPLVC3pil+ACRD1S359",
            "version": "6e79b5638743409499bce5054f563841",
            "versionless_id": "https://kv-eshop-cloudx.vault.azure.net/secrets/acr-admin-pass"
          },
          "sensitive_attributes": [
            [
              {
                "type": "get_attr",
                "value": "value"
              }
            ]
          ],
          "private": "eyJlMmJmYjczMC1lY2FhLTExZTYtOGY4OC0zNDM2M2JjN2M0YzAiOnsiY3JlYXRlIjoxODAwMDAwMDAwMDAwLCJkZWxldGUiOjE4MDAwMDAwMDAwMDAsInJlYWQiOjE4MDAwMDAwMDAwMDAsInVwZGF0ZSI6MTgwMDAwMDAwMDAwMH19",
          "dependencies": [
            "azurerm_container_registry.acr",
            "azurerm_key_vault.kv"
          ]
        }
      ]
    },
    {
      "mode": "managed",
      "type": "azurerm_key_vault_secret",
      "name": "kvs-acr-user",
      "provider": "provider[\"registry.terraform.io/hashicorp/azurerm\"]",
      "instances": [
        {
          "schema_version": 0,
          "attributes": {
            "content_type": "",
            "expiration_date": null,
            "id": "https://kv-eshop-cloudx.vault.azure.net/secrets/acr-admin-name/e3fd239c92914eba82656e04ff23d664",
            "key_vault_id": "/subscriptions/1d8b4140-7b97-4795-8d20-000c29db057a/resourceGroups/rg-containers-eus/providers/Microsoft.KeyVault/vaults/kv-eshop-cloudx",
            "name": "acr-admin-name",
            "not_before_date": null,
            "resource_id": "/subscriptions/1d8b4140-7b97-4795-8d20-000c29db057a/resourceGroups/rg-containers-eus/providers/Microsoft.KeyVault/vaults/kv-eshop-cloudx/secrets/acr-admin-name/versions/e3fd239c92914eba82656e04ff23d664",
            "resource_versionless_id": "/subscriptions/1d8b4140-7b97-4795-8d20-000c29db057a/resourceGroups/rg-containers-eus/providers/Microsoft.KeyVault/vaults/kv-eshop-cloudx/secrets/acr-admin-name",
            "tags": null,
            "timeouts": null,
            "value": "acreshopcloudx",
            "version": "e3fd239c92914eba82656e04ff23d664",
            "versionless_id": "https://kv-eshop-cloudx.vault.azure.net/secrets/acr-admin-name"
          },
          "sensitive_attributes": [],
          "private": "eyJlMmJmYjczMC1lY2FhLTExZTYtOGY4OC0zNDM2M2JjN2M0YzAiOnsiY3JlYXRlIjoxODAwMDAwMDAwMDAwLCJkZWxldGUiOjE4MDAwMDAwMDAwMDAsInJlYWQiOjE4MDAwMDAwMDAwMDAsInVwZGF0ZSI6MTgwMDAwMDAwMDAwMH19",
          "dependencies": [
            "azurerm_container_registry.acr",
            "azurerm_key_vault.kv"
          ]
        }
      ]
    },
    {
      "mode": "managed",
      "type": "azurerm_key_vault_secret",
      "name": "kvs-db-connection",
      "provider": "provider[\"registry.terraform.io/hashicorp/azurerm\"]",
      "instances": [
        {
          "schema_version": 0,
          "attributes": {
            "content_type": "",
            "expiration_date": null,
            "id": "https://kv-eshop-cloudx.vault.azure.net/secrets/db-connection-string/0d477903d932497cbee56d413420e7d2",
            "key_vault_id": "/subscriptions/1d8b4140-7b97-4795-8d20-000c29db057a/resourceGroups/rg-containers-eus/providers/Microsoft.KeyVault/vaults/kv-eshop-cloudx",
            "name": "db-connection-string",
            "not_before_date": null,
            "resource_id": "/subscriptions/1d8b4140-7b97-4795-8d20-000c29db057a/resourceGroups/rg-containers-eus/providers/Microsoft.KeyVault/vaults/kv-eshop-cloudx/secrets/db-connection-string/versions/0d477903d932497cbee56d413420e7d2",
            "resource_versionless_id": "/subscriptions/1d8b4140-7b97-4795-8d20-000c29db057a/resourceGroups/rg-containers-eus/providers/Microsoft.KeyVault/vaults/kv-eshop-cloudx/secrets/db-connection-string",
            "tags": {},
            "timeouts": null,
            "value": "Server=tcp:sql-eshop-cloudx.database.windows.net,1433;Initial Catalog=sqldb-eShopOnWeb;Persist Security Info=False;User ID=xcloud-admin;Password=@someThingComplicated1234;MultipleActiveResultSets=True;Encrypt=True;TrustServerCertificate=False;Connection Timeout=30;",
            "version": "0d477903d932497cbee56d413420e7d2",
            "versionless_id": "https://kv-eshop-cloudx.vault.azure.net/secrets/db-connection-string"
          },
          "sensitive_attributes": [],
          "private": "eyJlMmJmYjczMC1lY2FhLTExZTYtOGY4OC0zNDM2M2JjN2M0YzAiOnsiY3JlYXRlIjoxODAwMDAwMDAwMDAwLCJkZWxldGUiOjE4MDAwMDAwMDAwMDAsInJlYWQiOjE4MDAwMDAwMDAwMDAsInVwZGF0ZSI6MTgwMDAwMDAwMDAwMH19",
          "dependencies": [
            "azurerm_key_vault.kv",
            "azurerm_mssql_database.sql-db",
            "azurerm_mssql_server.sql-server",
            "azurerm_resource_group.rg-cloudx",
            "data.azurerm_client_config.current"
          ]
        }
      ]
    },
    {
      "mode": "managed",
      "type": "azurerm_linux_web_app",
      "name": "app-publicapi",
      "provider": "provider[\"registry.terraform.io/hashicorp/azurerm\"]",
      "instances": [
        {
          "schema_version": 0,
          "attributes": {
            "app_settings": {
              "APPINSIGHTS_INSTRUMENTATIONKEY": "921f7e4b-7d85-4d0c-9590-ef209cdfbf7d",
              "APPLICATIONINSIGHTS_CONNECTION_STRING": "InstrumentationKey=921f7e4b-7d85-4d0c-9590-ef209cdfbf7d;IngestionEndpoint=https://eastus-3.in.applicationinsights.azure.com/;LiveEndpoint=https://eastus.livediagnostics.monitor.azure.com/",
              "ApplicationInsightsAgent_EXTENSION_VERSION": "~2",
              "DOCKER_REGISTRY_SERVER_PASSWORD": "@Microsoft.KeyVault(VaultName=kv-eshop-cloudx;SecretName=acr-admin-pass)",
              "DOCKER_REGISTRY_SERVER_URL": "acreshopcloudx.azurecr.io",
              "DOCKER_REGISTRY_SERVER_USERNAME": "@Microsoft.KeyVault(VaultName=kv-eshop-cloudx;SecretName=acr-admin-name)"
            },
            "auth_settings": [],
            "auth_settings_v2": [],
            "backup": [],
            "client_affinity_enabled": false,
            "client_certificate_enabled": false,
            "client_certificate_exclusion_paths": "",
            "client_certificate_mode": "Required",
            "connection_string": [
              {
                "name": "CatalogConnection",
                "type": "SQLServer",
                "value": "@Microsoft.KeyVault(VaultName=kv-eshop-cloudx;SecretName=db-connection-string)"
              },
              {
                "name": "IdentityConnection",
                "type": "SQLServer",
                "value": "@Microsoft.KeyVault(VaultName=kv-eshop-cloudx;SecretName=db-connection-string)"
              }
            ],
            "custom_domain_verification_id": "E42D7731AFC9D9E8CC65C67D0DBEC51307A50DDCB2821FAC1EE768D1C8A9C196",
            "default_hostname": "app-publicapi-eshop-cloudx.azurewebsites.net",
            "enabled": true,
            "hosting_environment_id": "",
            "https_only": false,
            "id": "/subscriptions/1d8b4140-7b97-4795-8d20-000c29db057a/resourceGroups/rg-containers-eus/providers/Microsoft.Web/sites/app-publicapi-eshop-cloudx",
            "identity": [
              {
                "identity_ids": [],
                "principal_id": "9cefa049-589a-469f-a129-de71f34c0fad",
                "tenant_id": "b41b72d0-4e9f-4c26-8a69-f949f367c91d",
                "type": "SystemAssigned"
              }
            ],
            "key_vault_reference_identity_id": "SystemAssigned",
            "kind": "app,linux,container",
            "location": "eastus",
            "logs": [
              {
                "application_logs": [
                  {
                    "azure_blob_storage": [],
                    "file_system_level": "Information"
                  }
                ],
                "detailed_error_messages": false,
                "failed_request_tracing": false,
                "http_logs": []
              }
            ],
            "name": "app-publicapi-eshop-cloudx",
            "outbound_ip_address_list": [
              "52.151.232.37",
              "52.179.115.85",
              "52.188.38.160",
              "20.42.34.0",
              "20.42.34.103",
              "20.42.34.127",
              "20.49.104.9"
            ],
            "outbound_ip_addresses": "52.151.232.37,52.179.115.85,52.188.38.160,20.42.34.0,20.42.34.103,20.42.34.127,20.49.104.9",
            "possible_outbound_ip_address_list": [
              "52.151.232.37",
              "52.179.115.85",
              "52.188.38.160",
              "20.42.34.0",
              "20.42.34.103",
              "20.42.34.127",
              "20.42.36.182",
              "20.42.37.79",
              "20.42.39.183",
              "52.188.40.50",
              "52.188.40.190",
              "52.188.40.212",
              "52.188.42.76",
              "52.188.42.131",
              "52.188.43.40",
              "52.188.43.177",
              "52.188.43.221",
              "52.188.44.142",
              "52.188.74.218",
              "52.142.29.202",
              "52.147.216.212",
              "52.147.216.250",
              "52.147.217.187",
              "52.147.217.236",
              "20.49.104.9"
            ],
            "possible_outbound_ip_addresses": "52.151.232.37,52.179.115.85,52.188.38.160,20.42.34.0,20.42.34.103,20.42.34.127,20.42.36.182,20.42.37.79,20.42.39.183,52.188.40.50,52.188.40.190,52.188.40.212,52.188.42.76,52.188.42.131,52.188.43.40,52.188.43.177,52.188.43.221,52.188.44.142,52.188.74.218,52.142.29.202,52.147.216.212,52.147.216.250,52.147.217.187,52.147.217.236,20.49.104.9",
            "resource_group_name": "rg-containers-eus",
            "service_plan_id": "/subscriptions/1d8b4140-7b97-4795-8d20-000c29db057a/resourceGroups/rg-containers-eus/providers/Microsoft.Web/serverfarms/asp-linux-eshop-cloudx",
            "site_config": [
              {
                "always_on": false,
                "api_definition_url": "",
                "api_management_api_id": "",
                "app_command_line": "",
                "application_stack": [
                  {
                    "docker_image": "acreshopcloudx.azurecr.io/publicapi",
                    "docker_image_tag": "latest",
                    "dotnet_version": "",
                    "go_version": "",
                    "java_server": "",
                    "java_server_version": "",
                    "java_version": "",
                    "node_version": "",
                    "php_version": "",
                    "python_version": "",
                    "ruby_version": ""
                  }
                ],
                "auto_heal_enabled": false,
                "auto_heal_setting": [],
                "container_registry_managed_identity_client_id": "",
                "container_registry_use_managed_identity": false,
                "cors": [],
                "default_documents": [
                  "Default.htm",
                  "Default.html",
                  "Default.asp",
                  "index.htm",
                  "index.html",
                  "iisstart.htm",
                  "default.aspx",
                  "index.php",
                  "hostingstart.html"
                ],
                "detailed_error_logging_enabled": false,
                "ftps_state": "Disabled",
                "health_check_eviction_time_in_min": 0,
                "health_check_path": "",
                "http2_enabled": false,
                "ip_restriction": [],
                "linux_fx_version": "DOCKER|acreshopcloudx.azurecr.io/publicapi:latest",
                "load_balancing_mode": "LeastRequests",
                "local_mysql_enabled": false,
                "managed_pipeline_mode": "Integrated",
                "minimum_tls_version": "1.2",
                "remote_debugging_enabled": false,
                "remote_debugging_version": "VS2019",
                "scm_ip_restriction": [],
                "scm_minimum_tls_version": "1.2",
                "scm_type": "None",
                "scm_use_main_ip_restriction": false,
                "use_32_bit_worker": true,
                "vnet_route_all_enabled": false,
                "websockets_enabled": false,
                "worker_count": 1
              }
            ],
            "site_credential": [
              {
                "name": "$app-publicapi-eshop-cloudx",
                "password": "98h4bkbG8qXjpuqbLHeuFqYyR5zrLdjZmCJZmyDcXD000sGlft3GjaTNLaGj"
              }
            ],
            "sticky_settings": [],
            "storage_account": [],
            "tags": {},
            "timeouts": null,
            "virtual_network_subnet_id": "",
            "zip_deploy_file": ""
          },
          "sensitive_attributes": [
            [
              {
                "type": "get_attr",
                "value": "app_settings"
              },
              {
                "type": "index",
                "value": {
                  "value": "APPINSIGHTS_INSTRUMENTATIONKEY",
                  "type": "string"
                }
              }
            ],
            [
              {
                "type": "get_attr",
                "value": "app_settings"
              },
              {
                "type": "index",
                "value": {
                  "value": "APPLICATIONINSIGHTS_CONNECTION_STRING",
                  "type": "string"
                }
              }
            ]
          ],
          "private": "eyJlMmJmYjczMC1lY2FhLTExZTYtOGY4OC0zNDM2M2JjN2M0YzAiOnsiY3JlYXRlIjoxODAwMDAwMDAwMDAwLCJkZWxldGUiOjE4MDAwMDAwMDAwMDAsInJlYWQiOjMwMDAwMDAwMDAwMCwidXBkYXRlIjoxODAwMDAwMDAwMDAwfX0=",
          "dependencies": [
            "azurerm_application_insights.appi-publicapi",
            "azurerm_container_registry.acr",
            "azurerm_key_vault.kv",
            "azurerm_key_vault_secret.kvs-acr-pass",
            "azurerm_key_vault_secret.kvs-acr-user",
            "azurerm_key_vault_secret.kvs-db-connection",
            "azurerm_resource_group.rg-cloudx",
            "azurerm_service_plan.asp-web"
          ]
        }
      ]
    },
    {
      "mode": "managed",
      "type": "azurerm_linux_web_app",
      "name": "app-web",
      "provider": "provider[\"registry.terraform.io/hashicorp/azurerm\"]",
      "instances": [
        {
          "schema_version": 0,
          "attributes": {
            "app_settings": {
              "APPINSIGHTS_INSTRUMENTATIONKEY": "968e2752-bf45-4022-94fa-3bc06589443c",
              "APPLICATIONINSIGHTS_CONNECTION_STRING": "InstrumentationKey=968e2752-bf45-4022-94fa-3bc06589443c;IngestionEndpoint=https://eastus-0.in.applicationinsights.azure.com/;LiveEndpoint=https://eastus.livediagnostics.monitor.azure.com/",
              "ApplicationInsightsAgent_EXTENSION_VERSION": "~2",
              "DOCKER_REGISTRY_SERVER_PASSWORD": "@Microsoft.KeyVault(VaultName=kv-eshop-cloudx;SecretName=acr-admin-pass)",
              "DOCKER_REGISTRY_SERVER_URL": "acreshopcloudx.azurecr.io",
              "DOCKER_REGISTRY_SERVER_USERNAME": "@Microsoft.KeyVault(VaultName=kv-eshop-cloudx;SecretName=acr-admin-name)",
              "Features__OrderDeliveryEnabled": "false",
              "Features__OrderDeliveryUrl": "",
              "Features__OrderReserveEnabled": "true",
              "Features__OrderReserveTopicEnpoint": "https://evgt-order-reserved-cloudx.eastus-1.eventgrid.azure.net/api/events",
              "baseUrls__apiBase": "https://app-publicapi-eshop-cloudx.azurewebsites.net/api/",
              "baseUrls__webBase": "https://app-web-eshop-cloudx.azurewebsites.net/"
            },
            "auth_settings": [],
            "auth_settings_v2": [],
            "backup": [],
            "client_affinity_enabled": false,
            "client_certificate_enabled": false,
            "client_certificate_exclusion_paths": "",
            "client_certificate_mode": "Required",
            "connection_string": [
              {
                "name": "CatalogConnection",
                "type": "SQLServer",
                "value": "@Microsoft.KeyVault(VaultName=kv-eshop-cloudx;SecretName=db-connection-string)"
              },
              {
                "name": "IdentityConnection",
                "type": "SQLServer",
                "value": "@Microsoft.KeyVault(VaultName=kv-eshop-cloudx;SecretName=db-connection-string)"
              }
            ],
            "custom_domain_verification_id": "E42D7731AFC9D9E8CC65C67D0DBEC51307A50DDCB2821FAC1EE768D1C8A9C196",
            "default_hostname": "app-web-eshop-cloudx.azurewebsites.net",
            "enabled": true,
            "hosting_environment_id": "",
            "https_only": false,
            "id": "/subscriptions/1d8b4140-7b97-4795-8d20-000c29db057a/resourceGroups/rg-containers-eus/providers/Microsoft.Web/sites/app-web-eshop-cloudx",
            "identity": [
              {
                "identity_ids": [],
                "principal_id": "68f1cc5e-1d0b-4cdd-a90b-47535ef78528",
                "tenant_id": "b41b72d0-4e9f-4c26-8a69-f949f367c91d",
                "type": "SystemAssigned"
              }
            ],
            "key_vault_reference_identity_id": "SystemAssigned",
            "kind": "app,linux,container",
            "location": "eastus",
            "logs": [
              {
                "application_logs": [
                  {
                    "azure_blob_storage": [],
                    "file_system_level": "Information"
                  }
                ],
                "detailed_error_messages": false,
                "failed_request_tracing": false,
                "http_logs": []
              }
            ],
            "name": "app-web-eshop-cloudx",
            "outbound_ip_address_list": [
              "52.151.232.37",
              "52.179.115.85",
              "52.188.38.160",
              "20.42.34.0",
              "20.42.34.103",
              "20.42.34.127",
              "20.49.104.9"
            ],
            "outbound_ip_addresses": "52.151.232.37,52.179.115.85,52.188.38.160,20.42.34.0,20.42.34.103,20.42.34.127,20.49.104.9",
            "possible_outbound_ip_address_list": [
              "52.151.232.37",
              "52.179.115.85",
              "52.188.38.160",
              "20.42.34.0",
              "20.42.34.103",
              "20.42.34.127",
              "20.42.36.182",
              "20.42.37.79",
              "20.42.39.183",
              "52.188.40.50",
              "52.188.40.190",
              "52.188.40.212",
              "52.188.42.76",
              "52.188.42.131",
              "52.188.43.40",
              "52.188.43.177",
              "52.188.43.221",
              "52.188.44.142",
              "52.188.74.218",
              "52.142.29.202",
              "52.147.216.212",
              "52.147.216.250",
              "52.147.217.187",
              "52.147.217.236",
              "20.49.104.9"
            ],
            "possible_outbound_ip_addresses": "52.151.232.37,52.179.115.85,52.188.38.160,20.42.34.0,20.42.34.103,20.42.34.127,20.42.36.182,20.42.37.79,20.42.39.183,52.188.40.50,52.188.40.190,52.188.40.212,52.188.42.76,52.188.42.131,52.188.43.40,52.188.43.177,52.188.43.221,52.188.44.142,52.188.74.218,52.142.29.202,52.147.216.212,52.147.216.250,52.147.217.187,52.147.217.236,20.49.104.9",
            "resource_group_name": "rg-containers-eus",
            "service_plan_id": "/subscriptions/1d8b4140-7b97-4795-8d20-000c29db057a/resourceGroups/rg-containers-eus/providers/Microsoft.Web/serverfarms/asp-linux-eshop-cloudx",
            "site_config": [
              {
                "always_on": false,
                "api_definition_url": "",
                "api_management_api_id": "",
                "app_command_line": "",
                "application_stack": [
                  {
                    "docker_image": "acreshopcloudx.azurecr.io/web",
                    "docker_image_tag": "latest",
                    "dotnet_version": "",
                    "go_version": "",
                    "java_server": "",
                    "java_server_version": "",
                    "java_version": "",
                    "node_version": "",
                    "php_version": "",
                    "python_version": "",
                    "ruby_version": ""
                  }
                ],
                "auto_heal_enabled": false,
                "auto_heal_setting": [],
                "container_registry_managed_identity_client_id": "",
                "container_registry_use_managed_identity": false,
                "cors": [],
                "default_documents": [
                  "Default.htm",
                  "Default.html",
                  "Default.asp",
                  "index.htm",
                  "index.html",
                  "iisstart.htm",
                  "default.aspx",
                  "index.php",
                  "hostingstart.html"
                ],
                "detailed_error_logging_enabled": false,
                "ftps_state": "Disabled",
                "health_check_eviction_time_in_min": 0,
                "health_check_path": "",
                "http2_enabled": false,
                "ip_restriction": [],
                "linux_fx_version": "DOCKER|acreshopcloudx.azurecr.io/web:latest",
                "load_balancing_mode": "LeastRequests",
                "local_mysql_enabled": false,
                "managed_pipeline_mode": "Integrated",
                "minimum_tls_version": "1.2",
                "remote_debugging_enabled": false,
                "remote_debugging_version": "VS2019",
                "scm_ip_restriction": [],
                "scm_minimum_tls_version": "1.2",
                "scm_type": "None",
                "scm_use_main_ip_restriction": false,
                "use_32_bit_worker": true,
                "vnet_route_all_enabled": false,
                "websockets_enabled": false,
                "worker_count": 1
              }
            ],
            "site_credential": [
              {
                "name": "$app-web-eshop-cloudx",
                "password": "Wlpo6s5NdHwJpl44os93fPWTisQLXJfyxgKsPKfNSfYzA5gl7Eludvq2rsP2"
              }
            ],
            "sticky_settings": [],
            "storage_account": [],
            "tags": {},
            "timeouts": null,
            "virtual_network_subnet_id": "",
            "zip_deploy_file": ""
          },
          "sensitive_attributes": [
            [
              {
                "type": "get_attr",
                "value": "app_settings"
              },
              {
                "type": "index",
                "value": {
                  "value": "APPINSIGHTS_INSTRUMENTATIONKEY",
                  "type": "string"
                }
              }
            ],
            [
              {
                "type": "get_attr",
                "value": "app_settings"
              },
              {
                "type": "index",
                "value": {
                  "value": "APPLICATIONINSIGHTS_CONNECTION_STRING",
                  "type": "string"
                }
              }
            ]
          ],
          "private": "eyJlMmJmYjczMC1lY2FhLTExZTYtOGY4OC0zNDM2M2JjN2M0YzAiOnsiY3JlYXRlIjoxODAwMDAwMDAwMDAwLCJkZWxldGUiOjE4MDAwMDAwMDAwMDAsInJlYWQiOjMwMDAwMDAwMDAwMCwidXBkYXRlIjoxODAwMDAwMDAwMDAwfX0=",
          "dependencies": [
            "azurerm_application_insights.appi-web",
            "azurerm_container_registry.acr",
            "azurerm_eventgrid_topic.evgt-reserved",
            "azurerm_key_vault.kv",
            "azurerm_key_vault_secret.kvs-acr-pass",
            "azurerm_key_vault_secret.kvs-acr-user",
            "azurerm_key_vault_secret.kvs-db-connection",
            "azurerm_resource_group.rg-cloudx",
            "azurerm_service_plan.asp-web"
          ]
        }
      ]
    },
    {
      "mode": "managed",
      "type": "azurerm_mssql_database",
      "name": "sql-db",
      "provider": "provider[\"registry.terraform.io/hashicorp/azurerm\"]",
      "instances": [
        {
          "schema_version": 1,
          "attributes": {
            "auto_pause_delay_in_minutes": 0,
            "collation": "SQL_Latin1_General_CP1_CI_AS",
            "create_mode": "Default",
            "creation_source_database_id": null,
            "elastic_pool_id": "",
            "geo_backup_enabled": true,
            "id": "/subscriptions/1d8b4140-7b97-4795-8d20-000c29db057a/resourceGroups/rg-containers-eus/providers/Microsoft.Sql/servers/sql-eshop-cloudx/databases/sqldb-eShopOnWeb",
            "import": [],
            "ledger_enabled": false,
            "license_type": "LicenseIncluded",
            "long_term_retention_policy": [
              {
                "monthly_retention": "PT0S",
                "week_of_year": 1,
                "weekly_retention": "PT0S",
                "yearly_retention": "PT0S"
              }
            ],
            "maintenance_configuration_name": "SQL_Default",
            "max_size_gb": 2,
            "min_capacity": 0,
            "name": "sqldb-eShopOnWeb",
            "read_replica_count": 0,
            "read_scale": false,
            "recover_database_id": null,
            "restore_dropped_database_id": null,
            "restore_point_in_time": null,
            "sample_name": null,
            "server_id": "/subscriptions/1d8b4140-7b97-4795-8d20-000c29db057a/resourceGroups/rg-containers-eus/providers/Microsoft.Sql/servers/sql-eshop-cloudx",
            "short_term_retention_policy": [
              {
                "backup_interval_in_hours": 24,
                "retention_days": 7
              }
            ],
            "sku_name": "S0",
            "storage_account_type": "Geo",
            "tags": {},
            "threat_detection_policy": [
              {
                "disabled_alerts": [],
                "email_account_admins": "Disabled",
                "email_addresses": [],
                "retention_days": 0,
                "state": "Disabled",
                "storage_account_access_key": "",
                "storage_endpoint": ""
              }
            ],
            "timeouts": null,
            "transparent_data_encryption_enabled": true,
            "zone_redundant": false
          },
          "sensitive_attributes": [],
          "private": "eyJlMmJmYjczMC1lY2FhLTExZTYtOGY4OC0zNDM2M2JjN2M0YzAiOnsiY3JlYXRlIjozNjAwMDAwMDAwMDAwLCJkZWxldGUiOjM2MDAwMDAwMDAwMDAsInJlYWQiOjMwMDAwMDAwMDAwMCwidXBkYXRlIjozNjAwMDAwMDAwMDAwfSwic2NoZW1hX3ZlcnNpb24iOiIxIn0=",
          "dependencies": [
            "azurerm_mssql_server.sql-server",
            "azurerm_resource_group.rg-cloudx"
          ]
        }
      ]
    },
    {
      "mode": "managed",
      "type": "azurerm_mssql_firewall_rule",
      "name": "sql-rule-azure",
      "provider": "provider[\"registry.terraform.io/hashicorp/azurerm\"]",
      "instances": [
        {
          "schema_version": 0,
          "attributes": {
            "end_ip_address": "0.0.0.0",
            "id": "/subscriptions/1d8b4140-7b97-4795-8d20-000c29db057a/resourceGroups/rg-containers-eus/providers/Microsoft.Sql/servers/sql-eshop-cloudx/firewallRules/allow-azure-services",
            "name": "allow-azure-services",
            "server_id": "/subscriptions/1d8b4140-7b97-4795-8d20-000c29db057a/resourceGroups/rg-containers-eus/providers/Microsoft.Sql/servers/sql-eshop-cloudx",
            "start_ip_address": "0.0.0.0",
            "timeouts": null
          },
          "sensitive_attributes": [],
          "private": "eyJlMmJmYjczMC1lY2FhLTExZTYtOGY4OC0zNDM2M2JjN2M0YzAiOnsiY3JlYXRlIjoxODAwMDAwMDAwMDAwLCJkZWxldGUiOjE4MDAwMDAwMDAwMDAsInJlYWQiOjMwMDAwMDAwMDAwMCwidXBkYXRlIjoxODAwMDAwMDAwMDAwfX0=",
          "dependencies": [
            "azurerm_mssql_server.sql-server",
            "azurerm_resource_group.rg-cloudx"
          ]
        }
      ]
    },
    {
      "mode": "managed",
      "type": "azurerm_mssql_server",
      "name": "sql-server",
      "provider": "provider[\"registry.terraform.io/hashicorp/azurerm\"]",
      "instances": [
        {
          "schema_version": 0,
          "attributes": {
            "administrator_login": "xcloud-admin",
            "administrator_login_password": "@someThingComplicated1234",
            "azuread_administrator": [],
            "connection_policy": "Default",
            "fully_qualified_domain_name": "sql-eshop-cloudx.database.windows.net",
            "id": "/subscriptions/1d8b4140-7b97-4795-8d20-000c29db057a/resourceGroups/rg-containers-eus/providers/Microsoft.Sql/servers/sql-eshop-cloudx",
            "identity": [],
            "location": "eastus",
            "minimum_tls_version": "1.2",
            "name": "sql-eshop-cloudx",
            "outbound_network_restriction_enabled": false,
            "primary_user_assigned_identity_id": "",
            "public_network_access_enabled": true,
            "resource_group_name": "rg-containers-eus",
            "restorable_dropped_database_ids": [],
            "tags": {},
            "timeouts": null,
            "version": "12.0"
          },
          "sensitive_attributes": [],
          "private": "eyJlMmJmYjczMC1lY2FhLTExZTYtOGY4OC0zNDM2M2JjN2M0YzAiOnsiY3JlYXRlIjozNjAwMDAwMDAwMDAwLCJkZWxldGUiOjM2MDAwMDAwMDAwMDAsInJlYWQiOjMwMDAwMDAwMDAwMCwidXBkYXRlIjozNjAwMDAwMDAwMDAwfX0=",
          "dependencies": [
            "azurerm_resource_group.rg-cloudx"
          ]
        }
      ]
    },
    {
      "mode": "managed",
      "type": "azurerm_resource_group",
      "name": "rg-cloudx",
      "provider": "provider[\"registry.terraform.io/hashicorp/azurerm\"]",
      "instances": [
        {
          "schema_version": 0,
          "attributes": {
            "id": "/subscriptions/1d8b4140-7b97-4795-8d20-000c29db057a/resourceGroups/rg-containers-eus",
            "location": "eastus",
            "name": "rg-containers-eus",
            "tags": {
              "module": "Containers"
            },
            "timeouts": null
          },
          "sensitive_attributes": [],
          "private": "eyJlMmJmYjczMC1lY2FhLTExZTYtOGY4OC0zNDM2M2JjN2M0YzAiOnsiY3JlYXRlIjo1NDAwMDAwMDAwMDAwLCJkZWxldGUiOjU0MDAwMDAwMDAwMDAsInJlYWQiOjMwMDAwMDAwMDAwMCwidXBkYXRlIjo1NDAwMDAwMDAwMDAwfX0="
        }
      ]
    },
    {
      "mode": "managed",
      "type": "azurerm_role_assignment",
      "name": "ara-acr-app-publicapi",
      "provider": "provider[\"registry.terraform.io/hashicorp/azurerm\"]",
      "instances": [
        {
          "schema_version": 0,
          "attributes": {
            "condition": "",
            "condition_version": "",
            "delegated_managed_identity_resource_id": "",
            "description": "",
            "id": "/subscriptions/1d8b4140-7b97-4795-8d20-000c29db057a/resourceGroups/rg-containers-eus/providers/Microsoft.ContainerRegistry/registries/acreshopcloudx/providers/Microsoft.Authorization/roleAssignments/8e884c6f-9a63-ff4e-47a8-a90c5f148785",
            "name": "8e884c6f-9a63-ff4e-47a8-a90c5f148785",
            "principal_id": "9cefa049-589a-469f-a129-de71f34c0fad",
            "principal_type": "ServicePrincipal",
            "role_definition_id": "/subscriptions/1d8b4140-7b97-4795-8d20-000c29db057a/providers/Microsoft.Authorization/roleDefinitions/7f951dda-4ed3-4680-a7ca-43fe172d538d",
            "role_definition_name": "AcrPull",
            "scope": "/subscriptions/1d8b4140-7b97-4795-8d20-000c29db057a/resourceGroups/rg-containers-eus/providers/Microsoft.ContainerRegistry/registries/acreshopcloudx",
            "skip_service_principal_aad_check": null,
            "timeouts": null
          },
          "sensitive_attributes": [],
          "private": "eyJlMmJmYjczMC1lY2FhLTExZTYtOGY4OC0zNDM2M2JjN2M0YzAiOnsiY3JlYXRlIjoxODAwMDAwMDAwMDAwLCJkZWxldGUiOjE4MDAwMDAwMDAwMDAsInJlYWQiOjMwMDAwMDAwMDAwMCwidXBkYXRlIjoxODAwMDAwMDAwMDAwfX0=",
          "dependencies": [
            "azurerm_application_insights.appi-publicapi",
            "azurerm_container_registry.acr",
            "azurerm_key_vault.kv",
            "azurerm_key_vault_secret.kvs-acr-pass",
            "azurerm_key_vault_secret.kvs-acr-user",
            "azurerm_key_vault_secret.kvs-db-connection",
            "azurerm_linux_web_app.app-publicapi",
            "azurerm_mssql_database.sql-db",
            "azurerm_mssql_server.sql-server",
            "azurerm_resource_group.rg-cloudx",
            "azurerm_service_plan.asp-web",
            "data.azurerm_client_config.current"
          ]
        }
      ]
    },
    {
      "mode": "managed",
      "type": "azurerm_role_assignment",
      "name": "ara-acr-app-web",
      "provider": "provider[\"registry.terraform.io/hashicorp/azurerm\"]",
      "instances": [
        {
          "schema_version": 0,
          "attributes": {
            "condition": "",
            "condition_version": "",
            "delegated_managed_identity_resource_id": "",
            "description": "",
            "id": "/subscriptions/1d8b4140-7b97-4795-8d20-000c29db057a/resourceGroups/rg-containers-eus/providers/Microsoft.ContainerRegistry/registries/acreshopcloudx/providers/Microsoft.Authorization/roleAssignments/d5d9796a-14ca-ef69-ab6e-d1635c56eea8",
            "name": "d5d9796a-14ca-ef69-ab6e-d1635c56eea8",
            "principal_id": "68f1cc5e-1d0b-4cdd-a90b-47535ef78528",
            "principal_type": "ServicePrincipal",
            "role_definition_id": "/subscriptions/1d8b4140-7b97-4795-8d20-000c29db057a/providers/Microsoft.Authorization/roleDefinitions/7f951dda-4ed3-4680-a7ca-43fe172d538d",
            "role_definition_name": "AcrPull",
            "scope": "/subscriptions/1d8b4140-7b97-4795-8d20-000c29db057a/resourceGroups/rg-containers-eus/providers/Microsoft.ContainerRegistry/registries/acreshopcloudx",
            "skip_service_principal_aad_check": null,
            "timeouts": null
          },
          "sensitive_attributes": [],
          "private": "eyJlMmJmYjczMC1lY2FhLTExZTYtOGY4OC0zNDM2M2JjN2M0YzAiOnsiY3JlYXRlIjoxODAwMDAwMDAwMDAwLCJkZWxldGUiOjE4MDAwMDAwMDAwMDAsInJlYWQiOjMwMDAwMDAwMDAwMCwidXBkYXRlIjoxODAwMDAwMDAwMDAwfX0=",
          "dependencies": [
            "azurerm_application_insights.appi-web",
            "azurerm_container_registry.acr",
            "azurerm_eventgrid_topic.evgt-reserved",
            "azurerm_key_vault.kv",
            "azurerm_key_vault_secret.kvs-acr-pass",
            "azurerm_key_vault_secret.kvs-acr-user",
            "azurerm_key_vault_secret.kvs-db-connection",
            "azurerm_linux_web_app.app-web",
            "azurerm_mssql_database.sql-db",
            "azurerm_mssql_server.sql-server",
            "azurerm_resource_group.rg-cloudx",
            "azurerm_service_plan.asp-web",
            "data.azurerm_client_config.current"
          ]
        }
      ]
    },
    {
      "mode": "managed",
      "type": "azurerm_role_assignment",
      "name": "ara-evgt-reserved-web-app",
      "provider": "provider[\"registry.terraform.io/hashicorp/azurerm\"]",
      "instances": [
        {
          "schema_version": 0,
          "attributes": {
            "condition": "",
            "condition_version": "",
            "delegated_managed_identity_resource_id": "",
            "description": "",
            "id": "/subscriptions/1d8b4140-7b97-4795-8d20-000c29db057a/resourceGroups/rg-containers-eus/providers/Microsoft.EventGrid/topics/evgt-order-reserved-cloudx/providers/Microsoft.Authorization/roleAssignments/a04add89-7fc1-6289-8333-ca48c0a3c99a",
            "name": "a04add89-7fc1-6289-8333-ca48c0a3c99a",
            "principal_id": "68f1cc5e-1d0b-4cdd-a90b-47535ef78528",
            "principal_type": "ServicePrincipal",
            "role_definition_id": "/subscriptions/1d8b4140-7b97-4795-8d20-000c29db057a/providers/Microsoft.Authorization/roleDefinitions/d5a91429-5739-47e2-a06b-3470a27159e7",
            "role_definition_name": "EventGrid Data Sender",
            "scope": "/subscriptions/1d8b4140-7b97-4795-8d20-000c29db057a/resourceGroups/rg-containers-eus/providers/Microsoft.EventGrid/topics/evgt-order-reserved-cloudx",
            "skip_service_principal_aad_check": null,
            "timeouts": null
          },
          "sensitive_attributes": [],
          "private": "eyJlMmJmYjczMC1lY2FhLTExZTYtOGY4OC0zNDM2M2JjN2M0YzAiOnsiY3JlYXRlIjoxODAwMDAwMDAwMDAwLCJkZWxldGUiOjE4MDAwMDAwMDAwMDAsInJlYWQiOjMwMDAwMDAwMDAwMCwidXBkYXRlIjoxODAwMDAwMDAwMDAwfX0=",
          "dependencies": [
            "azurerm_application_insights.appi-web",
            "azurerm_container_registry.acr",
            "azurerm_eventgrid_topic.evgt-reserved",
            "azurerm_key_vault.kv",
            "azurerm_key_vault_secret.kvs-acr-pass",
            "azurerm_key_vault_secret.kvs-acr-user",
            "azurerm_key_vault_secret.kvs-db-connection",
            "azurerm_linux_web_app.app-web",
            "azurerm_mssql_database.sql-db",
            "azurerm_mssql_server.sql-server",
            "azurerm_resource_group.rg-cloudx",
            "azurerm_service_plan.asp-web",
            "data.azurerm_client_config.current"
          ]
        }
      ]
    },
    {
      "mode": "managed",
      "type": "azurerm_role_assignment",
      "name": "ars-evgt-failed-func-app",
      "provider": "provider[\"registry.terraform.io/hashicorp/azurerm\"]",
      "instances": [
        {
          "schema_version": 0,
          "attributes": {
            "condition": "",
            "condition_version": "",
            "delegated_managed_identity_resource_id": "",
            "description": "",
            "id": "/subscriptions/1d8b4140-7b97-4795-8d20-000c29db057a/resourceGroups/rg-containers-eus/providers/Microsoft.EventGrid/topics/evgt-order-failed-cloudx/providers/Microsoft.Authorization/roleAssignments/fd951eaf-e652-ddaa-c976-4b5156748165",
            "name": "fd951eaf-e652-ddaa-c976-4b5156748165",
            "principal_id": "2ef2051c-00e7-4aae-82c0-7b1e3db002e2",
            "principal_type": "ServicePrincipal",
            "role_definition_id": "/subscriptions/1d8b4140-7b97-4795-8d20-000c29db057a/providers/Microsoft.Authorization/roleDefinitions/d5a91429-5739-47e2-a06b-3470a27159e7",
            "role_definition_name": "EventGrid Data Sender",
            "scope": "/subscriptions/1d8b4140-7b97-4795-8d20-000c29db057a/resourceGroups/rg-containers-eus/providers/Microsoft.EventGrid/topics/evgt-order-failed-cloudx",
            "skip_service_principal_aad_check": null,
            "timeouts": null
          },
          "sensitive_attributes": [],
          "private": "eyJlMmJmYjczMC1lY2FhLTExZTYtOGY4OC0zNDM2M2JjN2M0YzAiOnsiY3JlYXRlIjoxODAwMDAwMDAwMDAwLCJkZWxldGUiOjE4MDAwMDAwMDAwMDAsInJlYWQiOjMwMDAwMDAwMDAwMCwidXBkYXRlIjoxODAwMDAwMDAwMDAwfX0=",
          "dependencies": [
            "azurerm_application_insights.appi-funcapp",
            "azurerm_eventgrid_topic.evgt-failed",
            "azurerm_resource_group.rg-cloudx",
            "azurerm_service_plan.aps-funcapp",
            "azurerm_storage_account.st-acc",
            "azurerm_windows_function_app.func-app"
          ]
        }
      ]
    },
    {
      "mode": "managed",
      "type": "azurerm_role_assignment",
      "name": "ars-st-acc-func-app",
      "provider": "provider[\"registry.terraform.io/hashicorp/azurerm\"]",
      "instances": [
        {
          "schema_version": 0,
          "attributes": {
            "condition": "",
            "condition_version": "",
            "delegated_managed_identity_resource_id": "",
            "description": "",
            "id": "/subscriptions/1d8b4140-7b97-4795-8d20-000c29db057a/resourceGroups/rg-containers-eus/providers/Microsoft.Storage/storageAccounts/steshopcloudx/providers/Microsoft.Authorization/roleAssignments/2d02ecb2-528d-e896-df05-aa6702370e31",
            "name": "2d02ecb2-528d-e896-df05-aa6702370e31",
            "principal_id": "2ef2051c-00e7-4aae-82c0-7b1e3db002e2",
            "principal_type": "ServicePrincipal",
            "role_definition_id": "/subscriptions/1d8b4140-7b97-4795-8d20-000c29db057a/providers/Microsoft.Authorization/roleDefinitions/ba92f5b4-2d11-453d-a403-e96b0029c9fe",
            "role_definition_name": "Storage Blob Data Contributor",
            "scope": "/subscriptions/1d8b4140-7b97-4795-8d20-000c29db057a/resourceGroups/rg-containers-eus/providers/Microsoft.Storage/storageAccounts/steshopcloudx",
            "skip_service_principal_aad_check": null,
            "timeouts": null
          },
          "sensitive_attributes": [],
          "private": "eyJlMmJmYjczMC1lY2FhLTExZTYtOGY4OC0zNDM2M2JjN2M0YzAiOnsiY3JlYXRlIjoxODAwMDAwMDAwMDAwLCJkZWxldGUiOjE4MDAwMDAwMDAwMDAsInJlYWQiOjMwMDAwMDAwMDAwMCwidXBkYXRlIjoxODAwMDAwMDAwMDAwfX0=",
          "dependencies": [
            "azurerm_application_insights.appi-funcapp",
            "azurerm_eventgrid_topic.evgt-failed",
            "azurerm_resource_group.rg-cloudx",
            "azurerm_service_plan.aps-funcapp",
            "azurerm_storage_account.st-acc",
            "azurerm_windows_function_app.func-app"
          ]
        }
      ]
    },
    {
      "mode": "managed",
      "type": "azurerm_service_plan",
      "name": "aps-funcapp",
      "provider": "provider[\"registry.terraform.io/hashicorp/azurerm\"]",
      "instances": [
        {
          "schema_version": 0,
          "attributes": {
            "app_service_environment_id": "",
            "id": "/subscriptions/1d8b4140-7b97-4795-8d20-000c29db057a/resourceGroups/rg-containers-eus/providers/Microsoft.Web/serverfarms/aps-funcapp-eshop-cloudx",
            "kind": "functionapp",
            "location": "eastus",
            "maximum_elastic_worker_count": 1,
            "name": "aps-funcapp-eshop-cloudx",
            "os_type": "Windows",
            "per_site_scaling_enabled": false,
            "reserved": false,
            "resource_group_name": "rg-containers-eus",
            "sku_name": "Y1",
            "tags": {},
            "timeouts": null,
            "worker_count": 0,
            "zone_balancing_enabled": false
          },
          "sensitive_attributes": [],
          "private": "eyJlMmJmYjczMC1lY2FhLTExZTYtOGY4OC0zNDM2M2JjN2M0YzAiOnsiY3JlYXRlIjozNjAwMDAwMDAwMDAwLCJkZWxldGUiOjM2MDAwMDAwMDAwMDAsInJlYWQiOjMwMDAwMDAwMDAwMCwidXBkYXRlIjozNjAwMDAwMDAwMDAwfX0=",
          "dependencies": [
            "azurerm_resource_group.rg-cloudx"
          ]
        }
      ]
    },
    {
      "mode": "managed",
      "type": "azurerm_service_plan",
      "name": "asp-web",
      "provider": "provider[\"registry.terraform.io/hashicorp/azurerm\"]",
      "instances": [
        {
          "schema_version": 0,
          "attributes": {
            "app_service_environment_id": "",
            "id": "/subscriptions/1d8b4140-7b97-4795-8d20-000c29db057a/resourceGroups/rg-containers-eus/providers/Microsoft.Web/serverfarms/asp-linux-eshop-cloudx",
            "kind": "linux",
            "location": "eastus",
            "maximum_elastic_worker_count": 1,
            "name": "asp-linux-eshop-cloudx",
            "os_type": "Linux",
            "per_site_scaling_enabled": false,
            "reserved": true,
            "resource_group_name": "rg-containers-eus",
            "sku_name": "B1",
            "tags": {},
            "timeouts": null,
            "worker_count": 1,
            "zone_balancing_enabled": false
          },
          "sensitive_attributes": [],
          "private": "eyJlMmJmYjczMC1lY2FhLTExZTYtOGY4OC0zNDM2M2JjN2M0YzAiOnsiY3JlYXRlIjozNjAwMDAwMDAwMDAwLCJkZWxldGUiOjM2MDAwMDAwMDAwMDAsInJlYWQiOjMwMDAwMDAwMDAwMCwidXBkYXRlIjozNjAwMDAwMDAwMDAwfX0=",
          "dependencies": [
            "azurerm_resource_group.rg-cloudx"
          ]
        }
      ]
    },
    {
      "mode": "managed",
      "type": "azurerm_storage_account",
      "name": "st-acc",
      "provider": "provider[\"registry.terraform.io/hashicorp/azurerm\"]",
      "instances": [
        {
          "schema_version": 3,
          "attributes": {
            "access_tier": "Hot",
            "account_kind": "StorageV2",
            "account_replication_type": "LRS",
            "account_tier": "Standard",
            "allow_nested_items_to_be_public": true,
            "allowed_copy_scope": "",
            "azure_files_authentication": [],
            "blob_properties": [
              {
                "change_feed_enabled": false,
                "change_feed_retention_in_days": 0,
                "container_delete_retention_policy": [],
                "cors_rule": [],
                "default_service_version": "",
                "delete_retention_policy": [],
                "last_access_time_enabled": false,
                "restore_policy": [],
                "versioning_enabled": false
              }
            ],
            "cross_tenant_replication_enabled": true,
            "custom_domain": [],
            "customer_managed_key": [],
            "default_to_oauth_authentication": false,
            "edge_zone": "",
            "enable_https_traffic_only": true,
            "id": "/subscriptions/1d8b4140-7b97-4795-8d20-000c29db057a/resourceGroups/rg-containers-eus/providers/Microsoft.Storage/storageAccounts/steshopcloudx",
            "identity": [],
            "immutability_policy": [],
            "infrastructure_encryption_enabled": false,
            "is_hns_enabled": false,
            "large_file_share_enabled": null,
            "location": "eastus",
            "min_tls_version": "TLS1_2",
            "name": "steshopcloudx",
            "network_rules": [
              {
                "bypass": [
                  "AzureServices"
                ],
                "default_action": "Allow",
                "ip_rules": [],
                "private_link_access": [],
                "virtual_network_subnet_ids": []
              }
            ],
            "nfsv3_enabled": false,
            "primary_access_key": "hKS4bWq8fFEmY7ij/iJe90I6YLSfas3nq3CYzxDQXorjFryKYq8FxYYGeyfU8pSAM9yk8y3GEKmz+ASt8RAcEQ==",
            "primary_blob_connection_string": "DefaultEndpointsProtocol=https;BlobEndpoint=https://steshopcloudx.blob.core.windows.net/;AccountName=steshopcloudx;AccountKey=hKS4bWq8fFEmY7ij/iJe90I6YLSfas3nq3CYzxDQXorjFryKYq8FxYYGeyfU8pSAM9yk8y3GEKmz+ASt8RAcEQ==",
            "primary_blob_endpoint": "https://steshopcloudx.blob.core.windows.net/",
            "primary_blob_host": "steshopcloudx.blob.core.windows.net",
            "primary_connection_string": "DefaultEndpointsProtocol=https;AccountName=steshopcloudx;AccountKey=hKS4bWq8fFEmY7ij/iJe90I6YLSfas3nq3CYzxDQXorjFryKYq8FxYYGeyfU8pSAM9yk8y3GEKmz+ASt8RAcEQ==;EndpointSuffix=core.windows.net",
            "primary_dfs_endpoint": "https://steshopcloudx.dfs.core.windows.net/",
            "primary_dfs_host": "steshopcloudx.dfs.core.windows.net",
            "primary_file_endpoint": "https://steshopcloudx.file.core.windows.net/",
            "primary_file_host": "steshopcloudx.file.core.windows.net",
            "primary_location": "eastus",
            "primary_queue_endpoint": "https://steshopcloudx.queue.core.windows.net/",
            "primary_queue_host": "steshopcloudx.queue.core.windows.net",
            "primary_table_endpoint": "https://steshopcloudx.table.core.windows.net/",
            "primary_table_host": "steshopcloudx.table.core.windows.net",
            "primary_web_endpoint": "https://steshopcloudx.z13.web.core.windows.net/",
            "primary_web_host": "steshopcloudx.z13.web.core.windows.net",
            "public_network_access_enabled": true,
            "queue_encryption_key_type": "Service",
            "queue_properties": [
              {
                "cors_rule": [],
                "hour_metrics": [
                  {
                    "enabled": true,
                    "include_apis": true,
                    "retention_policy_days": 7,
                    "version": "1.0"
                  }
                ],
                "logging": [
                  {
                    "delete": false,
                    "read": false,
                    "retention_policy_days": 0,
                    "version": "1.0",
                    "write": false
                  }
                ],
                "minute_metrics": [
                  {
                    "enabled": false,
                    "include_apis": false,
                    "retention_policy_days": 0,
                    "version": "1.0"
                  }
                ]
              }
            ],
            "resource_group_name": "rg-containers-eus",
            "routing": [],
            "sas_policy": [],
            "secondary_access_key": "kK8j48w23xC/KlY73O1Zb6bJnLJ4q84AfQe37gDQSo2W5lTepBLS5Oaa/v8nNIia/8weGz4FzRZ6+ASt89kqYA==",
            "secondary_blob_connection_string": "",
            "secondary_blob_endpoint": null,
            "secondary_blob_host": null,
            "secondary_connection_string": "DefaultEndpointsProtocol=https;AccountName=steshopcloudx;AccountKey=kK8j48w23xC/KlY73O1Zb6bJnLJ4q84AfQe37gDQSo2W5lTepBLS5Oaa/v8nNIia/8weGz4FzRZ6+ASt89kqYA==;EndpointSuffix=core.windows.net",
            "secondary_dfs_endpoint": null,
            "secondary_dfs_host": null,
            "secondary_file_endpoint": null,
            "secondary_file_host": null,
            "secondary_location": "",
            "secondary_queue_endpoint": null,
            "secondary_queue_host": null,
            "secondary_table_endpoint": null,
            "secondary_table_host": null,
            "secondary_web_endpoint": null,
            "secondary_web_host": null,
            "sftp_enabled": false,
            "share_properties": [
              {
                "cors_rule": [],
                "retention_policy": [
                  {
                    "days": 7
                  }
                ],
                "smb": []
              }
            ],
            "shared_access_key_enabled": true,
            "static_website": [],
            "table_encryption_key_type": "Service",
            "tags": {},
            "timeouts": null
          },
          "sensitive_attributes": [],
          "private": "eyJlMmJmYjczMC1lY2FhLTExZTYtOGY4OC0zNDM2M2JjN2M0YzAiOnsiY3JlYXRlIjozNjAwMDAwMDAwMDAwLCJkZWxldGUiOjM2MDAwMDAwMDAwMDAsInJlYWQiOjMwMDAwMDAwMDAwMCwidXBkYXRlIjozNjAwMDAwMDAwMDAwfSwic2NoZW1hX3ZlcnNpb24iOiIzIn0=",
          "dependencies": [
            "azurerm_resource_group.rg-cloudx"
          ]
        }
      ]
    },
    {
      "mode": "managed",
      "type": "azurerm_windows_function_app",
      "name": "func-app",
      "provider": "provider[\"registry.terraform.io/hashicorp/azurerm\"]",
      "instances": [
        {
          "schema_version": 0,
          "attributes": {
            "app_settings": {
              "COSMOS_DATABASE": "eShopOnWebDb",
              "COSMOS_ENDPOINT": "",
              "COSMOS_ORDERS_CONTAINER": "orders",
              "EVENTGRID_ORDER_FAILED_TOPIC_ENDPOINT": "https://evgt-order-failed-cloudx.eastus-1.eventgrid.azure.net/api/events",
              "ORDERS_CONTAINER_URL": "https://steshopcloudx.blob.core.windows.net/orders",
              "WEBSITE_RUN_FROM_PACKAGE": "1"
            },
            "auth_settings": [],
            "auth_settings_v2": [],
            "backup": [],
            "builtin_logging_enabled": true,
            "client_certificate_enabled": false,
            "client_certificate_exclusion_paths": "",
            "client_certificate_mode": "Optional",
            "connection_string": [],
            "content_share_force_disabled": false,
            "custom_domain_verification_id": "E42D7731AFC9D9E8CC65C67D0DBEC51307A50DDCB2821FAC1EE768D1C8A9C196",
            "daily_memory_time_quota": 0,
            "default_hostname": "func-app-eshop-cloudx.azurewebsites.net",
            "enabled": true,
            "functions_extension_version": "~4",
            "hosting_environment_id": "",
            "https_only": false,
            "id": "/subscriptions/1d8b4140-7b97-4795-8d20-000c29db057a/resourceGroups/rg-containers-eus/providers/Microsoft.Web/sites/func-app-eshop-cloudx",
            "identity": [
              {
                "identity_ids": [],
                "principal_id": "2ef2051c-00e7-4aae-82c0-7b1e3db002e2",
                "tenant_id": "b41b72d0-4e9f-4c26-8a69-f949f367c91d",
                "type": "SystemAssigned"
              }
            ],
            "key_vault_reference_identity_id": "SystemAssigned",
            "kind": "functionapp",
            "location": "eastus",
            "name": "func-app-eshop-cloudx",
            "outbound_ip_address_list": [
              "52.188.31.63",
              "52.188.31.203",
              "52.191.80.62",
              "52.191.80.165",
              "52.191.80.223",
              "52.191.81.17",
              "20.49.104.40"
            ],
            "outbound_ip_addresses": "52.188.31.63,52.188.31.203,52.191.80.62,52.191.80.165,52.191.80.223,52.191.81.17,20.49.104.40",
            "possible_outbound_ip_address_list": [
              "52.188.31.63",
              "52.188.31.203",
              "52.191.80.62",
              "52.191.80.165",
              "52.191.80.223",
              "52.191.81.17",
              "52.191.81.30",
              "104.45.186.3",
              "52.191.81.89",
              "52.191.81.153",
              "52.191.81.184",
              "52.191.82.22",
              "52.191.82.30",
              "52.191.82.44",
              "52.191.82.63",
              "52.188.25.118",
              "52.191.82.178",
              "52.191.82.255",
              "52.188.27.21",
              "20.185.103.71",
              "52.191.83.28",
              "52.191.83.46",
              "52.191.83.88",
              "52.191.83.108",
              "52.191.83.129",
              "52.191.83.133",
              "52.191.83.176",
              "52.191.84.7",
              "52.191.84.40",
              "104.45.189.246",
              "20.49.104.40"
            ],
            "possible_outbound_ip_addresses": "52.188.31.63,52.188.31.203,52.191.80.62,52.191.80.165,52.191.80.223,52.191.81.17,52.191.81.30,104.45.186.3,52.191.81.89,52.191.81.153,52.191.81.184,52.191.82.22,52.191.82.30,52.191.82.44,52.191.82.63,52.188.25.118,52.191.82.178,52.191.82.255,52.188.27.21,20.185.103.71,52.191.83.28,52.191.83.46,52.191.83.88,52.191.83.108,52.191.83.129,52.191.83.133,52.191.83.176,52.191.84.7,52.191.84.40,104.45.189.246,20.49.104.40",
            "resource_group_name": "rg-containers-eus",
            "service_plan_id": "/subscriptions/1d8b4140-7b97-4795-8d20-000c29db057a/resourceGroups/rg-containers-eus/providers/Microsoft.Web/serverfarms/aps-funcapp-eshop-cloudx",
            "site_config": [
              {
                "always_on": false,
                "api_definition_url": "",
                "api_management_api_id": "",
                "app_command_line": "",
                "app_scale_limit": 200,
                "app_service_logs": [],
                "application_insights_connection_string": "InstrumentationKey=6ca2936b-5c26-44f3-8efb-eab5227aa35c;IngestionEndpoint=https://eastus-6.in.applicationinsights.azure.com/;LiveEndpoint=https://eastus.livediagnostics.monitor.azure.com/",
                "application_insights_key": "6ca2936b-5c26-44f3-8efb-eab5227aa35c",
                "application_stack": [
                  {
                    "dotnet_version": "v7.0",
                    "java_version": "",
                    "node_version": "",
                    "powershell_core_version": "",
                    "use_custom_runtime": false,
                    "use_dotnet_isolated_runtime": true
                  }
                ],
                "cors": [],
                "default_documents": [
                  "Default.htm",
                  "Default.html",
                  "Default.asp",
                  "index.htm",
                  "index.html",
                  "iisstart.htm",
                  "default.aspx",
                  "index.php"
                ],
                "detailed_error_logging_enabled": false,
                "elastic_instance_minimum": 0,
                "ftps_state": "Disabled",
                "health_check_eviction_time_in_min": 0,
                "health_check_path": "",
                "http2_enabled": false,
                "ip_restriction": [],
                "load_balancing_mode": "LeastRequests",
                "managed_pipeline_mode": "Integrated",
                "minimum_tls_version": "1.2",
                "pre_warmed_instance_count": 0,
                "remote_debugging_enabled": false,
                "remote_debugging_version": "",
                "runtime_scale_monitoring_enabled": false,
                "scm_ip_restriction": [],
                "scm_minimum_tls_version": "1.2",
                "scm_type": "None",
                "scm_use_main_ip_restriction": false,
                "use_32_bit_worker": true,
                "vnet_route_all_enabled": false,
                "websockets_enabled": false,
                "windows_fx_version": "",
                "worker_count": 1
              }
            ],
            "site_credential": [
              {
                "name": "$func-app-eshop-cloudx",
                "password": "gRKQr307mSBdgElSxvQkT4pM8ahbt0xrAwe8HYdXEdBRScLbxzTy2lGuiXvn"
              }
            ],
            "sticky_settings": [],
            "storage_account": [],
            "storage_account_access_key": "hKS4bWq8fFEmY7ij/iJe90I6YLSfas3nq3CYzxDQXorjFryKYq8FxYYGeyfU8pSAM9yk8y3GEKmz+ASt8RAcEQ==",
            "storage_account_name": "steshopcloudx",
            "storage_key_vault_secret_id": "",
            "storage_uses_managed_identity": false,
            "tags": {},
            "timeouts": null,
            "virtual_network_subnet_id": "",
            "zip_deploy_file": ""
          },
          "sensitive_attributes": [
            [
              {
                "type": "get_attr",
                "value": "storage_account_access_key"
              }
            ]
          ],
          "private": "eyJlMmJmYjczMC1lY2FhLTExZTYtOGY4OC0zNDM2M2JjN2M0YzAiOnsiY3JlYXRlIjoxODAwMDAwMDAwMDAwLCJkZWxldGUiOjE4MDAwMDAwMDAwMDAsInJlYWQiOjMwMDAwMDAwMDAwMCwidXBkYXRlIjoxODAwMDAwMDAwMDAwfX0=",
          "dependencies": [
            "azurerm_application_insights.appi-funcapp",
            "azurerm_eventgrid_topic.evgt-failed",
            "azurerm_resource_group.rg-cloudx",
            "azurerm_service_plan.aps-funcapp",
            "azurerm_storage_account.st-acc"
          ]
        }
      ]
    }
  ],
  "check_results": null
}
