{
  "version": 4,
  "terraform_version": "1.4.6",
  "serial": 140,
  "lineage": "7992d447-1bdd-623c-a4b1-0355fa43707c",
  "outputs": {},
  "resources": [
    {
      "mode": "data",
      "type": "azuread_service_principal",
      "name": "sp-publicapi",
      "provider": "provider[\"registry.terraform.io/hashicorp/azuread\"]",
      "instances": [
        {
          "schema_version": 0,
          "attributes": {
            "account_enabled": true,
            "alternative_names": [
              "isExplicit=False",
              "/subscriptions/1d8b4140-7b97-4795-8d20-000c29db057a/resourcegroups/rg-key-vault-eus/providers/Microsoft.Web/sites/app-publicapi-eshop-cloudx"
            ],
            "app_role_assignment_required": false,
            "app_role_ids": {},
            "app_roles": [],
            "application_id": "b610d3b2-fb95-4cef-aafb-be6d533b9ee8",
            "application_tenant_id": "",
            "description": "",
            "display_name": "app-publicapi-eshop-cloudx",
            "feature_tags": [
              {
                "custom_single_sign_on": false,
                "enterprise": false,
                "gallery": false,
                "hide": false
              }
            ],
            "features": [
              {
                "custom_single_sign_on_app": false,
                "enterprise_application": false,
                "gallery_application": false,
                "visible_to_users": true
              }
            ],
            "homepage_url": "",
            "id": "da1c14fb-d38d-4338-8cbe-166b7ebbfcc0",
            "login_url": "",
            "logout_url": "",
            "notes": "",
            "notification_email_addresses": [],
            "oauth2_permission_scope_ids": {},
            "oauth2_permission_scopes": [],
            "object_id": "da1c14fb-d38d-4338-8cbe-166b7ebbfcc0",
            "preferred_single_sign_on_mode": "",
            "redirect_uris": [],
            "saml_metadata_url": "",
            "saml_single_sign_on": [],
            "service_principal_names": [
              "https://identity.azure.net/K3J+P16HiHlz9weB80WBULxnLqXcZbby4+ANsuwPbMs="
            ],
            "sign_in_audience": "",
            "tags": [],
            "timeouts": null,
            "type": "ManagedIdentity"
          },
          "sensitive_attributes": []
        }
      ]
    },
    {
      "mode": "data",
      "type": "azuread_service_principal",
      "name": "sp-web",
      "provider": "provider[\"registry.terraform.io/hashicorp/azuread\"]",
      "instances": [
        {
          "schema_version": 0,
          "attributes": {
            "account_enabled": true,
            "alternative_names": [
              "isExplicit=False",
              "/subscriptions/1d8b4140-7b97-4795-8d20-000c29db057a/resourcegroups/rg-key-vault-eus/providers/Microsoft.Web/sites/app-web-eshop-cloudx"
            ],
            "app_role_assignment_required": false,
            "app_role_ids": {},
            "app_roles": [],
            "application_id": "c2eeed24-229e-410f-8ed0-34361f31c22b",
            "application_tenant_id": "",
            "description": "",
            "display_name": "app-web-eshop-cloudx",
            "feature_tags": [
              {
                "custom_single_sign_on": false,
                "enterprise": false,
                "gallery": false,
                "hide": false
              }
            ],
            "features": [
              {
                "custom_single_sign_on_app": false,
                "enterprise_application": false,
                "gallery_application": false,
                "visible_to_users": true
              }
            ],
            "homepage_url": "",
            "id": "570de5da-b5d5-41ad-ae7e-513e473bd49e",
            "login_url": "",
            "logout_url": "",
            "notes": "",
            "notification_email_addresses": [],
            "oauth2_permission_scope_ids": {},
            "oauth2_permission_scopes": [],
            "object_id": "570de5da-b5d5-41ad-ae7e-513e473bd49e",
            "preferred_single_sign_on_mode": "",
            "redirect_uris": [],
            "saml_metadata_url": "",
            "saml_single_sign_on": [],
            "service_principal_names": [
              "https://identity.azure.net/m79tOVYx6umJi6NXnJHUKs8Ll6isQYgPfZh+jh2RBQ8="
            ],
            "sign_in_audience": "",
            "tags": [],
            "timeouts": null,
            "type": "ManagedIdentity"
          },
          "sensitive_attributes": []
        }
      ]
    },
    {
      "mode": "data",
      "type": "azurerm_client_config",
      "name": "current",
      "provider": "provider[\"registry.terraform.io/hashicorp/azurerm\"]",
      "instances": [
        {
          "schema_version": 0,
          "attributes": {
            "client_id": "04b07795-8ddb-461a-bbee-02f9e1bf7b46",
            "id": "Y2xpZW50Q29uZmlncy9jbGllbnRJZD0wNGIwNzc5NS04ZGRiLTQ2MWEtYmJlZS0wMmY5ZTFiZjdiNDY7b2JqZWN0SWQ9Y2ExNzVmYmEtNmIzMS00MjAxLWEzNDEtOTU2NGQ0NWY2MDMyO3N1YnNjcmlwdGlvbklkPTFkOGI0MTQwLTdiOTctNDc5NS04ZDIwLTAwMGMyOWRiMDU3YTt0ZW5hbnRJZD1iNDFiNzJkMC00ZTlmLTRjMjYtOGE2OS1mOTQ5ZjM2N2M5MWQ=",
            "object_id": "ca175fba-6b31-4201-a341-9564d45f6032",
            "subscription_id": "1d8b4140-7b97-4795-8d20-000c29db057a",
            "tenant_id": "b41b72d0-4e9f-4c26-8a69-f949f367c91d",
            "timeouts": null
          },
          "sensitive_attributes": []
        }
      ]
    },
    {
      "mode": "managed",
      "type": "azurerm_application_insights",
      "name": "appi-funcapp",
      "provider": "provider[\"registry.terraform.io/hashicorp/azurerm\"]",
      "instances": [
        {
          "schema_version": 1,
          "attributes": {
            "app_id": "5f7c2e94-67a7-41c3-bcbe-d0cd69c48220",
            "application_type": "web",
            "connection_string": "InstrumentationKey=70571c56-7fa6-49ec-b9a2-8fbaae95e13d;IngestionEndpoint=https://eastus-1.in.applicationinsights.azure.com/;LiveEndpoint=https://eastus.livediagnostics.monitor.azure.com/",
            "daily_data_cap_in_gb": 100,
            "daily_data_cap_notifications_disabled": false,
            "disable_ip_masking": false,
            "force_customer_storage_for_profiler": false,
            "id": "/subscriptions/1d8b4140-7b97-4795-8d20-000c29db057a/resourceGroups/rg-key-vault-eus/providers/Microsoft.Insights/components/appi-funcapp-eshop-cloudx",
            "instrumentation_key": "70571c56-7fa6-49ec-b9a2-8fbaae95e13d",
            "internet_ingestion_enabled": true,
            "internet_query_enabled": true,
            "local_authentication_disabled": false,
            "location": "eastus",
            "name": "appi-funcapp-eshop-cloudx",
            "resource_group_name": "rg-key-vault-eus",
            "retention_in_days": 90,
            "sampling_percentage": 100,
            "tags": {},
            "timeouts": null,
            "workspace_id": ""
          },
          "sensitive_attributes": [],
          "private": "eyJlMmJmYjczMC1lY2FhLTExZTYtOGY4OC0zNDM2M2JjN2M0YzAiOnsiY3JlYXRlIjozNjAwMDAwMDAwMDAwLCJkZWxldGUiOjE4MDAwMDAwMDAwMDAsInJlYWQiOjMwMDAwMDAwMDAwMCwidXBkYXRlIjoxODAwMDAwMDAwMDAwfSwic2NoZW1hX3ZlcnNpb24iOiIxIn0=",
          "dependencies": [
            "azurerm_resource_group.rg-cloudx"
          ]
        }
      ]
    },
    {
      "mode": "managed",
      "type": "azurerm_application_insights",
      "name": "appi-publicapi",
      "provider": "provider[\"registry.terraform.io/hashicorp/azurerm\"]",
      "instances": [
        {
          "schema_version": 1,
          "attributes": {
            "app_id": "39d7ec5a-e0b9-44fd-9557-5a980986a5f1",
            "application_type": "web",
            "connection_string": "InstrumentationKey=9e87fb4f-7233-437f-9fa2-c6dd8b8f2773;IngestionEndpoint=https://eastus-6.in.applicationinsights.azure.com/;LiveEndpoint=https://eastus.livediagnostics.monitor.azure.com/",
            "daily_data_cap_in_gb": 100,
            "daily_data_cap_notifications_disabled": false,
            "disable_ip_masking": false,
            "force_customer_storage_for_profiler": false,
            "id": "/subscriptions/1d8b4140-7b97-4795-8d20-000c29db057a/resourceGroups/rg-key-vault-eus/providers/Microsoft.Insights/components/appi-public-eshop-cloudx",
            "instrumentation_key": "9e87fb4f-7233-437f-9fa2-c6dd8b8f2773",
            "internet_ingestion_enabled": true,
            "internet_query_enabled": true,
            "local_authentication_disabled": false,
            "location": "eastus",
            "name": "appi-public-eshop-cloudx",
            "resource_group_name": "rg-key-vault-eus",
            "retention_in_days": 90,
            "sampling_percentage": 100,
            "tags": {},
            "timeouts": null,
            "workspace_id": ""
          },
          "sensitive_attributes": [],
          "private": "eyJlMmJmYjczMC1lY2FhLTExZTYtOGY4OC0zNDM2M2JjN2M0YzAiOnsiY3JlYXRlIjozNjAwMDAwMDAwMDAwLCJkZWxldGUiOjE4MDAwMDAwMDAwMDAsInJlYWQiOjMwMDAwMDAwMDAwMCwidXBkYXRlIjoxODAwMDAwMDAwMDAwfSwic2NoZW1hX3ZlcnNpb24iOiIxIn0=",
          "dependencies": [
            "azurerm_resource_group.rg-cloudx"
          ]
        }
      ]
    },
    {
      "mode": "managed",
      "type": "azurerm_application_insights",
      "name": "appi-web",
      "provider": "provider[\"registry.terraform.io/hashicorp/azurerm\"]",
      "instances": [
        {
          "schema_version": 1,
          "attributes": {
            "app_id": "beac4bae-e626-4038-bc08-b7601b34d2a5",
            "application_type": "web",
            "connection_string": "InstrumentationKey=b124efac-e4a7-43aa-8d17-633e186073c7;IngestionEndpoint=https://eastus-5.in.applicationinsights.azure.com/;LiveEndpoint=https://eastus.livediagnostics.monitor.azure.com/",
            "daily_data_cap_in_gb": 100,
            "daily_data_cap_notifications_disabled": false,
            "disable_ip_masking": false,
            "force_customer_storage_for_profiler": false,
            "id": "/subscriptions/1d8b4140-7b97-4795-8d20-000c29db057a/resourceGroups/rg-key-vault-eus/providers/Microsoft.Insights/components/appi-web-eshop-cloudx",
            "instrumentation_key": "b124efac-e4a7-43aa-8d17-633e186073c7",
            "internet_ingestion_enabled": true,
            "internet_query_enabled": true,
            "local_authentication_disabled": false,
            "location": "eastus",
            "name": "appi-web-eshop-cloudx",
            "resource_group_name": "rg-key-vault-eus",
            "retention_in_days": 90,
            "sampling_percentage": 100,
            "tags": {},
            "timeouts": null,
            "workspace_id": ""
          },
          "sensitive_attributes": [],
          "private": "eyJlMmJmYjczMC1lY2FhLTExZTYtOGY4OC0zNDM2M2JjN2M0YzAiOnsiY3JlYXRlIjozNjAwMDAwMDAwMDAwLCJkZWxldGUiOjE4MDAwMDAwMDAwMDAsInJlYWQiOjMwMDAwMDAwMDAwMCwidXBkYXRlIjoxODAwMDAwMDAwMDAwfSwic2NoZW1hX3ZlcnNpb24iOiIxIn0=",
          "dependencies": [
            "azurerm_resource_group.rg-cloudx"
          ]
        }
      ]
    },
    {
      "mode": "managed",
      "type": "azurerm_key_vault",
      "name": "kv",
      "provider": "provider[\"registry.terraform.io/hashicorp/azurerm\"]",
      "instances": [
        {
          "schema_version": 2,
          "attributes": {
            "access_policy": [
              {
                "application_id": "",
                "certificate_permissions": [],
                "key_permissions": [
                  "Create",
                  "Get"
                ],
                "object_id": "ca175fba-6b31-4201-a341-9564d45f6032",
                "secret_permissions": [
                  "Set",
                  "Get",
                  "Delete",
                  "Purge",
                  "Recover"
                ],
                "storage_permissions": [
                  "Get"
                ],
                "tenant_id": "b41b72d0-4e9f-4c26-8a69-f949f367c91d"
              }
            ],
            "contact": [],
            "enable_rbac_authorization": false,
            "enabled_for_deployment": false,
            "enabled_for_disk_encryption": true,
            "enabled_for_template_deployment": false,
            "id": "/subscriptions/1d8b4140-7b97-4795-8d20-000c29db057a/resourceGroups/rg-key-vault-eus/providers/Microsoft.KeyVault/vaults/kv-eshop-cloudx",
            "location": "eastus",
            "name": "kv-eshop-cloudx",
            "network_acls": [
              {
                "bypass": "AzureServices",
                "default_action": "Allow",
                "ip_rules": [],
                "virtual_network_subnet_ids": []
              }
            ],
            "public_network_access_enabled": true,
            "purge_protection_enabled": false,
            "resource_group_name": "rg-key-vault-eus",
            "sku_name": "standard",
            "soft_delete_retention_days": 7,
            "tags": {},
            "tenant_id": "b41b72d0-4e9f-4c26-8a69-f949f367c91d",
            "timeouts": null,
            "vault_uri": "https://kv-eshop-cloudx.vault.azure.net/"
          },
          "sensitive_attributes": [],
          "private": "eyJlMmJmYjczMC1lY2FhLTExZTYtOGY4OC0zNDM2M2JjN2M0YzAiOnsiY3JlYXRlIjoxODAwMDAwMDAwMDAwLCJkZWxldGUiOjE4MDAwMDAwMDAwMDAsInJlYWQiOjMwMDAwMDAwMDAwMCwidXBkYXRlIjoxODAwMDAwMDAwMDAwfSwic2NoZW1hX3ZlcnNpb24iOiIyIn0=",
          "dependencies": [
            "azurerm_resource_group.rg-cloudx",
            "data.azurerm_client_config.current"
          ]
        }
      ]
    },
    {
      "mode": "managed",
      "type": "azurerm_key_vault_access_policy",
      "name": "kvap-publicapi",
      "provider": "provider[\"registry.terraform.io/hashicorp/azurerm\"]",
      "instances": [
        {
          "schema_version": 0,
          "attributes": {
            "application_id": null,
            "certificate_permissions": [
              "Get",
              "List"
            ],
            "id": "/subscriptions/1d8b4140-7b97-4795-8d20-000c29db057a/resourceGroups/rg-key-vault-eus/providers/Microsoft.KeyVault/vaults/kv-eshop-cloudx/objectId/da1c14fb-d38d-4338-8cbe-166b7ebbfcc0",
            "key_permissions": [
              "Get",
              "List"
            ],
            "key_vault_id": "/subscriptions/1d8b4140-7b97-4795-8d20-000c29db057a/resourceGroups/rg-key-vault-eus/providers/Microsoft.KeyVault/vaults/kv-eshop-cloudx",
            "object_id": "da1c14fb-d38d-4338-8cbe-166b7ebbfcc0",
            "secret_permissions": [
              "Get",
              "List"
            ],
            "storage_permissions": null,
            "tenant_id": "b41b72d0-4e9f-4c26-8a69-f949f367c91d",
            "timeouts": null
          },
          "sensitive_attributes": [],
          "private": "eyJlMmJmYjczMC1lY2FhLTExZTYtOGY4OC0zNDM2M2JjN2M0YzAiOnsiY3JlYXRlIjoxODAwMDAwMDAwMDAwLCJkZWxldGUiOjE4MDAwMDAwMDAwMDAsInJlYWQiOjMwMDAwMDAwMDAwMCwidXBkYXRlIjoxODAwMDAwMDAwMDAwfX0=",
          "dependencies": [
            "azurerm_application_insights.appi-publicapi",
            "azurerm_key_vault.kv",
            "azurerm_key_vault_secret.kvs-db-connection",
            "azurerm_mssql_database.sql-db",
            "azurerm_mssql_server.sql-server",
            "azurerm_resource_group.rg-cloudx",
            "azurerm_service_plan.asp-web",
            "azurerm_windows_web_app.app-publicapi",
            "data.azuread_service_principal.sp-publicapi",
            "data.azurerm_client_config.current"
          ]
        }
      ]
    },
    {
      "mode": "managed",
      "type": "azurerm_key_vault_access_policy",
      "name": "kvap-web",
      "provider": "provider[\"registry.terraform.io/hashicorp/azurerm\"]",
      "instances": [
        {
          "schema_version": 0,
          "attributes": {
            "application_id": null,
            "certificate_permissions": [
              "Get",
              "List"
            ],
            "id": "/subscriptions/1d8b4140-7b97-4795-8d20-000c29db057a/resourceGroups/rg-key-vault-eus/providers/Microsoft.KeyVault/vaults/kv-eshop-cloudx/objectId/570de5da-b5d5-41ad-ae7e-513e473bd49e",
            "key_permissions": [
              "Get",
              "List"
            ],
            "key_vault_id": "/subscriptions/1d8b4140-7b97-4795-8d20-000c29db057a/resourceGroups/rg-key-vault-eus/providers/Microsoft.KeyVault/vaults/kv-eshop-cloudx",
            "object_id": "570de5da-b5d5-41ad-ae7e-513e473bd49e",
            "secret_permissions": [
              "Get",
              "List"
            ],
            "storage_permissions": null,
            "tenant_id": "b41b72d0-4e9f-4c26-8a69-f949f367c91d",
            "timeouts": null
          },
          "sensitive_attributes": [],
          "private": "eyJlMmJmYjczMC1lY2FhLTExZTYtOGY4OC0zNDM2M2JjN2M0YzAiOnsiY3JlYXRlIjoxODAwMDAwMDAwMDAwLCJkZWxldGUiOjE4MDAwMDAwMDAwMDAsInJlYWQiOjMwMDAwMDAwMDAwMCwidXBkYXRlIjoxODAwMDAwMDAwMDAwfX0=",
          "dependencies": [
            "azurerm_application_insights.appi-web",
            "azurerm_key_vault.kv",
            "azurerm_key_vault_secret.kvs-db-connection",
            "azurerm_mssql_database.sql-db",
            "azurerm_mssql_server.sql-server",
            "azurerm_resource_group.rg-cloudx",
            "azurerm_service_plan.asp-web",
            "azurerm_windows_web_app.app-web",
            "data.azuread_service_principal.sp-web",
            "data.azurerm_client_config.current"
          ]
        }
      ]
    },
    {
      "mode": "managed",
      "type": "azurerm_key_vault_secret",
      "name": "kvs-db-connection",
      "provider": "provider[\"registry.terraform.io/hashicorp/azurerm\"]",
      "instances": [
        {
          "schema_version": 0,
          "attributes": {
            "content_type": "",
            "expiration_date": null,
            "id": "https://kv-eshop-cloudx.vault.azure.net/secrets/db-connection-string/7eb85f6c7fd2402791bd7fb159827950",
            "key_vault_id": "/subscriptions/1d8b4140-7b97-4795-8d20-000c29db057a/resourceGroups/rg-key-vault-eus/providers/Microsoft.KeyVault/vaults/kv-eshop-cloudx",
            "name": "db-connection-string",
            "not_before_date": null,
            "resource_id": "/subscriptions/1d8b4140-7b97-4795-8d20-000c29db057a/resourceGroups/rg-key-vault-eus/providers/Microsoft.KeyVault/vaults/kv-eshop-cloudx/secrets/db-connection-string/versions/7eb85f6c7fd2402791bd7fb159827950",
            "resource_versionless_id": "/subscriptions/1d8b4140-7b97-4795-8d20-000c29db057a/resourceGroups/rg-key-vault-eus/providers/Microsoft.KeyVault/vaults/kv-eshop-cloudx/secrets/db-connection-string",
            "tags": null,
            "timeouts": null,
            "value": "Server=tcp:sql-eshop-cloudx.database.windows.net,1433;Initial Catalog=sqldb-eShopOnWeb;Persist Security Info=False;User ID=xcloud-admin;Password=@someThingComplicated1234;MultipleActiveResultSets=True;Encrypt=True;TrustServerCertificate=False;Connection Timeout=30;",
            "version": "7eb85f6c7fd2402791bd7fb159827950",
            "versionless_id": "https://kv-eshop-cloudx.vault.azure.net/secrets/db-connection-string"
          },
          "sensitive_attributes": [],
          "private": "eyJlMmJmYjczMC1lY2FhLTExZTYtOGY4OC0zNDM2M2JjN2M0YzAiOnsiY3JlYXRlIjoxODAwMDAwMDAwMDAwLCJkZWxldGUiOjE4MDAwMDAwMDAwMDAsInJlYWQiOjE4MDAwMDAwMDAwMDAsInVwZGF0ZSI6MTgwMDAwMDAwMDAwMH19",
          "dependencies": [
            "azurerm_key_vault.kv",
            "azurerm_mssql_database.sql-db",
            "azurerm_mssql_server.sql-server",
            "azurerm_resource_group.rg-cloudx",
            "data.azurerm_client_config.current"
          ]
        }
      ]
    },
    {
      "mode": "managed",
      "type": "azurerm_mssql_database",
      "name": "sql-db",
      "provider": "provider[\"registry.terraform.io/hashicorp/azurerm\"]",
      "instances": [
        {
          "schema_version": 1,
          "attributes": {
            "auto_pause_delay_in_minutes": 0,
            "collation": "SQL_Latin1_General_CP1_CI_AS",
            "create_mode": "Default",
            "creation_source_database_id": null,
            "elastic_pool_id": "",
            "geo_backup_enabled": true,
            "id": "/subscriptions/1d8b4140-7b97-4795-8d20-000c29db057a/resourceGroups/rg-key-vault-eus/providers/Microsoft.Sql/servers/sql-eshop-cloudx/databases/sqldb-eShopOnWeb",
            "import": [],
            "ledger_enabled": false,
            "license_type": "LicenseIncluded",
            "long_term_retention_policy": [
              {
                "monthly_retention": "PT0S",
                "week_of_year": 1,
                "weekly_retention": "PT0S",
                "yearly_retention": "PT0S"
              }
            ],
            "maintenance_configuration_name": "SQL_Default",
            "max_size_gb": 2,
            "min_capacity": 0,
            "name": "sqldb-eShopOnWeb",
            "read_replica_count": 0,
            "read_scale": false,
            "recover_database_id": null,
            "restore_dropped_database_id": null,
            "restore_point_in_time": null,
            "sample_name": null,
            "server_id": "/subscriptions/1d8b4140-7b97-4795-8d20-000c29db057a/resourceGroups/rg-key-vault-eus/providers/Microsoft.Sql/servers/sql-eshop-cloudx",
            "short_term_retention_policy": [
              {
                "backup_interval_in_hours": 24,
                "retention_days": 7
              }
            ],
            "sku_name": "S0",
            "storage_account_type": "Geo",
            "tags": {},
            "threat_detection_policy": [
              {
                "disabled_alerts": [],
                "email_account_admins": "Disabled",
                "email_addresses": [],
                "retention_days": 0,
                "state": "Disabled",
                "storage_account_access_key": "",
                "storage_endpoint": ""
              }
            ],
            "timeouts": null,
            "transparent_data_encryption_enabled": true,
            "zone_redundant": false
          },
          "sensitive_attributes": [],
          "private": "eyJlMmJmYjczMC1lY2FhLTExZTYtOGY4OC0zNDM2M2JjN2M0YzAiOnsiY3JlYXRlIjozNjAwMDAwMDAwMDAwLCJkZWxldGUiOjM2MDAwMDAwMDAwMDAsInJlYWQiOjMwMDAwMDAwMDAwMCwidXBkYXRlIjozNjAwMDAwMDAwMDAwfSwic2NoZW1hX3ZlcnNpb24iOiIxIn0=",
          "dependencies": [
            "azurerm_mssql_server.sql-server",
            "azurerm_resource_group.rg-cloudx"
          ]
        }
      ]
    },
    {
      "mode": "managed",
      "type": "azurerm_mssql_firewall_rule",
      "name": "sql-rule-azure",
      "provider": "provider[\"registry.terraform.io/hashicorp/azurerm\"]",
      "instances": [
        {
          "schema_version": 0,
          "attributes": {
            "end_ip_address": "0.0.0.0",
            "id": "/subscriptions/1d8b4140-7b97-4795-8d20-000c29db057a/resourceGroups/rg-key-vault-eus/providers/Microsoft.Sql/servers/sql-eshop-cloudx/firewallRules/allow-azure-services",
            "name": "allow-azure-services",
            "server_id": "/subscriptions/1d8b4140-7b97-4795-8d20-000c29db057a/resourceGroups/rg-key-vault-eus/providers/Microsoft.Sql/servers/sql-eshop-cloudx",
            "start_ip_address": "0.0.0.0",
            "timeouts": null
          },
          "sensitive_attributes": [],
          "private": "eyJlMmJmYjczMC1lY2FhLTExZTYtOGY4OC0zNDM2M2JjN2M0YzAiOnsiY3JlYXRlIjoxODAwMDAwMDAwMDAwLCJkZWxldGUiOjE4MDAwMDAwMDAwMDAsInJlYWQiOjMwMDAwMDAwMDAwMCwidXBkYXRlIjoxODAwMDAwMDAwMDAwfX0=",
          "dependencies": [
            "azurerm_mssql_server.sql-server",
            "azurerm_resource_group.rg-cloudx"
          ]
        }
      ]
    },
    {
      "mode": "managed",
      "type": "azurerm_mssql_server",
      "name": "sql-server",
      "provider": "provider[\"registry.terraform.io/hashicorp/azurerm\"]",
      "instances": [
        {
          "schema_version": 0,
          "attributes": {
            "administrator_login": "xcloud-admin",
            "administrator_login_password": "@someThingComplicated1234",
            "azuread_administrator": [],
            "connection_policy": "Default",
            "fully_qualified_domain_name": "sql-eshop-cloudx.database.windows.net",
            "id": "/subscriptions/1d8b4140-7b97-4795-8d20-000c29db057a/resourceGroups/rg-key-vault-eus/providers/Microsoft.Sql/servers/sql-eshop-cloudx",
            "identity": [],
            "location": "eastus",
            "minimum_tls_version": "1.2",
            "name": "sql-eshop-cloudx",
            "outbound_network_restriction_enabled": false,
            "primary_user_assigned_identity_id": "",
            "public_network_access_enabled": true,
            "resource_group_name": "rg-key-vault-eus",
            "restorable_dropped_database_ids": [],
            "tags": {},
            "timeouts": null,
            "version": "12.0"
          },
          "sensitive_attributes": [],
          "private": "eyJlMmJmYjczMC1lY2FhLTExZTYtOGY4OC0zNDM2M2JjN2M0YzAiOnsiY3JlYXRlIjozNjAwMDAwMDAwMDAwLCJkZWxldGUiOjM2MDAwMDAwMDAwMDAsInJlYWQiOjMwMDAwMDAwMDAwMCwidXBkYXRlIjozNjAwMDAwMDAwMDAwfX0=",
          "dependencies": [
            "azurerm_resource_group.rg-cloudx"
          ]
        }
      ]
    },
    {
      "mode": "managed",
      "type": "azurerm_resource_group",
      "name": "rg-cloudx",
      "provider": "provider[\"registry.terraform.io/hashicorp/azurerm\"]",
      "instances": [
        {
          "schema_version": 0,
          "attributes": {
            "id": "/subscriptions/1d8b4140-7b97-4795-8d20-000c29db057a/resourceGroups/rg-key-vault-eus",
            "location": "eastus",
            "name": "rg-key-vault-eus",
            "tags": {
              "module": "Key Vault"
            },
            "timeouts": null
          },
          "sensitive_attributes": [],
          "private": "eyJlMmJmYjczMC1lY2FhLTExZTYtOGY4OC0zNDM2M2JjN2M0YzAiOnsiY3JlYXRlIjo1NDAwMDAwMDAwMDAwLCJkZWxldGUiOjU0MDAwMDAwMDAwMDAsInJlYWQiOjMwMDAwMDAwMDAwMCwidXBkYXRlIjo1NDAwMDAwMDAwMDAwfX0="
        }
      ]
    },
    {
      "mode": "managed",
      "type": "azurerm_service_plan",
      "name": "aps-funcapp",
      "provider": "provider[\"registry.terraform.io/hashicorp/azurerm\"]",
      "instances": [
        {
          "schema_version": 0,
          "attributes": {
            "app_service_environment_id": "",
            "id": "/subscriptions/1d8b4140-7b97-4795-8d20-000c29db057a/resourceGroups/rg-key-vault-eus/providers/Microsoft.Web/serverfarms/aps-funcapp-eshop-cloudx",
            "kind": "functionapp",
            "location": "eastus",
            "maximum_elastic_worker_count": 1,
            "name": "aps-funcapp-eshop-cloudx",
            "os_type": "Windows",
            "per_site_scaling_enabled": false,
            "reserved": false,
            "resource_group_name": "rg-key-vault-eus",
            "sku_name": "Y1",
            "tags": {},
            "timeouts": null,
            "worker_count": 0,
            "zone_balancing_enabled": false
          },
          "sensitive_attributes": [],
          "private": "eyJlMmJmYjczMC1lY2FhLTExZTYtOGY4OC0zNDM2M2JjN2M0YzAiOnsiY3JlYXRlIjozNjAwMDAwMDAwMDAwLCJkZWxldGUiOjM2MDAwMDAwMDAwMDAsInJlYWQiOjMwMDAwMDAwMDAwMCwidXBkYXRlIjozNjAwMDAwMDAwMDAwfX0=",
          "dependencies": [
            "azurerm_resource_group.rg-cloudx"
          ]
        }
      ]
    },
    {
      "mode": "managed",
      "type": "azurerm_service_plan",
      "name": "asp-web",
      "provider": "provider[\"registry.terraform.io/hashicorp/azurerm\"]",
      "instances": [
        {
          "schema_version": 0,
          "attributes": {
            "app_service_environment_id": "",
            "id": "/subscriptions/1d8b4140-7b97-4795-8d20-000c29db057a/resourceGroups/rg-key-vault-eus/providers/Microsoft.Web/serverfarms/asp-eshop-cloudx",
            "kind": "app",
            "location": "eastus",
            "maximum_elastic_worker_count": 1,
            "name": "asp-eshop-cloudx",
            "os_type": "Windows",
            "per_site_scaling_enabled": false,
            "reserved": false,
            "resource_group_name": "rg-key-vault-eus",
            "sku_name": "F1",
            "tags": {},
            "timeouts": null,
            "worker_count": 0,
            "zone_balancing_enabled": false
          },
          "sensitive_attributes": [],
          "private": "eyJlMmJmYjczMC1lY2FhLTExZTYtOGY4OC0zNDM2M2JjN2M0YzAiOnsiY3JlYXRlIjozNjAwMDAwMDAwMDAwLCJkZWxldGUiOjM2MDAwMDAwMDAwMDAsInJlYWQiOjMwMDAwMDAwMDAwMCwidXBkYXRlIjozNjAwMDAwMDAwMDAwfX0=",
          "dependencies": [
            "azurerm_resource_group.rg-cloudx"
          ]
        }
      ]
    },
    {
      "mode": "managed",
      "type": "azurerm_storage_account",
      "name": "st-acc",
      "provider": "provider[\"registry.terraform.io/hashicorp/azurerm\"]",
      "instances": [
        {
          "schema_version": 3,
          "attributes": {
            "access_tier": "Hot",
            "account_kind": "StorageV2",
            "account_replication_type": "LRS",
            "account_tier": "Standard",
            "allow_nested_items_to_be_public": true,
            "allowed_copy_scope": "",
            "azure_files_authentication": [],
            "blob_properties": [
              {
                "change_feed_enabled": false,
                "change_feed_retention_in_days": 0,
                "container_delete_retention_policy": [],
                "cors_rule": [],
                "default_service_version": "",
                "delete_retention_policy": [],
                "last_access_time_enabled": false,
                "restore_policy": [],
                "versioning_enabled": false
              }
            ],
            "cross_tenant_replication_enabled": true,
            "custom_domain": [],
            "customer_managed_key": [],
            "default_to_oauth_authentication": false,
            "edge_zone": "",
            "enable_https_traffic_only": true,
            "id": "/subscriptions/1d8b4140-7b97-4795-8d20-000c29db057a/resourceGroups/rg-key-vault-eus/providers/Microsoft.Storage/storageAccounts/steshopcloudx",
            "identity": [],
            "immutability_policy": [],
            "infrastructure_encryption_enabled": false,
            "is_hns_enabled": false,
            "large_file_share_enabled": null,
            "location": "eastus",
            "min_tls_version": "TLS1_2",
            "name": "steshopcloudx",
            "network_rules": [
              {
                "bypass": [
                  "AzureServices"
                ],
                "default_action": "Allow",
                "ip_rules": [],
                "private_link_access": [],
                "virtual_network_subnet_ids": []
              }
            ],
            "nfsv3_enabled": false,
            "primary_access_key": "e1oLz2uL25AXMVRpfRXMgeAYUUjFjJz5N+yyBd82aeO1GLyk8CAzGQdBg6JadO+lscZFwIwBCjig+AStO4zHIQ==",
            "primary_blob_connection_string": "DefaultEndpointsProtocol=https;BlobEndpoint=https://steshopcloudx.blob.core.windows.net/;AccountName=steshopcloudx;AccountKey=e1oLz2uL25AXMVRpfRXMgeAYUUjFjJz5N+yyBd82aeO1GLyk8CAzGQdBg6JadO+lscZFwIwBCjig+AStO4zHIQ==",
            "primary_blob_endpoint": "https://steshopcloudx.blob.core.windows.net/",
            "primary_blob_host": "steshopcloudx.blob.core.windows.net",
            "primary_connection_string": "DefaultEndpointsProtocol=https;AccountName=steshopcloudx;AccountKey=e1oLz2uL25AXMVRpfRXMgeAYUUjFjJz5N+yyBd82aeO1GLyk8CAzGQdBg6JadO+lscZFwIwBCjig+AStO4zHIQ==;EndpointSuffix=core.windows.net",
            "primary_dfs_endpoint": "https://steshopcloudx.dfs.core.windows.net/",
            "primary_dfs_host": "steshopcloudx.dfs.core.windows.net",
            "primary_file_endpoint": "https://steshopcloudx.file.core.windows.net/",
            "primary_file_host": "steshopcloudx.file.core.windows.net",
            "primary_location": "eastus",
            "primary_queue_endpoint": "https://steshopcloudx.queue.core.windows.net/",
            "primary_queue_host": "steshopcloudx.queue.core.windows.net",
            "primary_table_endpoint": "https://steshopcloudx.table.core.windows.net/",
            "primary_table_host": "steshopcloudx.table.core.windows.net",
            "primary_web_endpoint": "https://steshopcloudx.z13.web.core.windows.net/",
            "primary_web_host": "steshopcloudx.z13.web.core.windows.net",
            "public_network_access_enabled": true,
            "queue_encryption_key_type": "Service",
            "queue_properties": [
              {
                "cors_rule": [],
                "hour_metrics": [
                  {
                    "enabled": true,
                    "include_apis": true,
                    "retention_policy_days": 7,
                    "version": "1.0"
                  }
                ],
                "logging": [
                  {
                    "delete": false,
                    "read": false,
                    "retention_policy_days": 0,
                    "version": "1.0",
                    "write": false
                  }
                ],
                "minute_metrics": [
                  {
                    "enabled": false,
                    "include_apis": false,
                    "retention_policy_days": 0,
                    "version": "1.0"
                  }
                ]
              }
            ],
            "resource_group_name": "rg-key-vault-eus",
            "routing": [],
            "sas_policy": [],
            "secondary_access_key": "+PNveNgIHH2JpDNMtkWm8UKY8hayagcdy68yWVdKBMCJ1hnU3PtGRwRYr2HwX2tj0lCsSocFtZme+AStUWUp+A==",
            "secondary_blob_connection_string": "",
            "secondary_blob_endpoint": null,
            "secondary_blob_host": null,
            "secondary_connection_string": "DefaultEndpointsProtocol=https;AccountName=steshopcloudx;AccountKey=+PNveNgIHH2JpDNMtkWm8UKY8hayagcdy68yWVdKBMCJ1hnU3PtGRwRYr2HwX2tj0lCsSocFtZme+AStUWUp+A==;EndpointSuffix=core.windows.net",
            "secondary_dfs_endpoint": null,
            "secondary_dfs_host": null,
            "secondary_file_endpoint": null,
            "secondary_file_host": null,
            "secondary_location": "",
            "secondary_queue_endpoint": null,
            "secondary_queue_host": null,
            "secondary_table_endpoint": null,
            "secondary_table_host": null,
            "secondary_web_endpoint": null,
            "secondary_web_host": null,
            "sftp_enabled": false,
            "share_properties": [
              {
                "cors_rule": [],
                "retention_policy": [
                  {
                    "days": 7
                  }
                ],
                "smb": []
              }
            ],
            "shared_access_key_enabled": true,
            "static_website": [],
            "table_encryption_key_type": "Service",
            "tags": {},
            "timeouts": null
          },
          "sensitive_attributes": [],
          "private": "eyJlMmJmYjczMC1lY2FhLTExZTYtOGY4OC0zNDM2M2JjN2M0YzAiOnsiY3JlYXRlIjozNjAwMDAwMDAwMDAwLCJkZWxldGUiOjM2MDAwMDAwMDAwMDAsInJlYWQiOjMwMDAwMDAwMDAwMCwidXBkYXRlIjozNjAwMDAwMDAwMDAwfSwic2NoZW1hX3ZlcnNpb24iOiIzIn0=",
          "dependencies": [
            "azurerm_resource_group.rg-cloudx"
          ]
        }
      ]
    },
    {
      "mode": "managed",
      "type": "azurerm_windows_function_app",
      "name": "func-app",
      "provider": "provider[\"registry.terraform.io/hashicorp/azurerm\"]",
      "instances": [
        {
          "schema_version": 0,
          "attributes": {
            "app_settings": {
              "COSMOS_DATABASE": "eShopOnWebDb",
              "COSMOS_ENDPOINT": "",
              "COSMOS_ORDERS_CONTAINER": "orders",
              "ORDERS_CONTAINER_URL": "",
              "WEBSITE_RUN_FROM_PACKAGE": "1"
            },
            "auth_settings": [],
            "auth_settings_v2": [],
            "backup": [],
            "builtin_logging_enabled": true,
            "client_certificate_enabled": false,
            "client_certificate_exclusion_paths": "",
            "client_certificate_mode": "Optional",
            "connection_string": [],
            "content_share_force_disabled": false,
            "custom_domain_verification_id": "E42D7731AFC9D9E8CC65C67D0DBEC51307A50DDCB2821FAC1EE768D1C8A9C196",
            "daily_memory_time_quota": 0,
            "default_hostname": "func-app-eshop-cloudx.azurewebsites.net",
            "enabled": true,
            "functions_extension_version": "~4",
            "hosting_environment_id": "",
            "https_only": false,
            "id": "/subscriptions/1d8b4140-7b97-4795-8d20-000c29db057a/resourceGroups/rg-key-vault-eus/providers/Microsoft.Web/sites/func-app-eshop-cloudx",
            "identity": [
              {
                "identity_ids": [],
                "principal_id": "b9d7da94-1bf3-4d5c-810e-11527dc80bf5",
                "tenant_id": "b41b72d0-4e9f-4c26-8a69-f949f367c91d",
                "type": "SystemAssigned"
              }
            ],
            "key_vault_reference_identity_id": "SystemAssigned",
            "kind": "functionapp",
            "location": "eastus",
            "name": "func-app-eshop-cloudx",
            "outbound_ip_address_list": [
              "52.186.161.161",
              "52.191.32.247",
              "52.191.39.114",
              "52.191.34.60",
              "52.224.76.167",
              "52.224.78.130",
              "20.49.104.35"
            ],
            "outbound_ip_addresses": "52.186.161.161,52.191.32.247,52.191.39.114,52.191.34.60,52.224.76.167,52.224.78.130,20.49.104.35",
            "possible_outbound_ip_address_list": [
              "52.186.161.161",
              "52.191.32.247",
              "52.191.39.114",
              "52.191.34.60",
              "52.224.76.167",
              "52.224.78.130",
              "52.224.78.134",
              "52.224.79.106",
              "52.224.79.121",
              "52.224.72.186",
              "52.224.79.128",
              "52.191.39.141",
              "52.224.79.169",
              "52.224.79.211",
              "52.224.79.234",
              "52.226.49.204",
              "52.226.49.229",
              "52.226.50.54",
              "52.226.50.60",
              "52.224.78.192",
              "52.191.36.184",
              "52.226.50.63",
              "52.226.50.75",
              "52.226.50.82",
              "104.45.179.8",
              "52.224.78.158",
              "52.226.50.95",
              "52.224.73.160",
              "52.226.50.111",
              "52.226.50.124",
              "20.49.104.35"
            ],
            "possible_outbound_ip_addresses": "52.186.161.161,52.191.32.247,52.191.39.114,52.191.34.60,52.224.76.167,52.224.78.130,52.224.78.134,52.224.79.106,52.224.79.121,52.224.72.186,52.224.79.128,52.191.39.141,52.224.79.169,52.224.79.211,52.224.79.234,52.226.49.204,52.226.49.229,52.226.50.54,52.226.50.60,52.224.78.192,52.191.36.184,52.226.50.63,52.226.50.75,52.226.50.82,104.45.179.8,52.224.78.158,52.226.50.95,52.224.73.160,52.226.50.111,52.226.50.124,20.49.104.35",
            "resource_group_name": "rg-key-vault-eus",
            "service_plan_id": "/subscriptions/1d8b4140-7b97-4795-8d20-000c29db057a/resourceGroups/rg-key-vault-eus/providers/Microsoft.Web/serverfarms/aps-funcapp-eshop-cloudx",
            "site_config": [
              {
                "always_on": false,
                "api_definition_url": "",
                "api_management_api_id": "",
                "app_command_line": "",
                "app_scale_limit": 200,
                "app_service_logs": [],
                "application_insights_connection_string": "InstrumentationKey=70571c56-7fa6-49ec-b9a2-8fbaae95e13d;IngestionEndpoint=https://eastus-1.in.applicationinsights.azure.com/;LiveEndpoint=https://eastus.livediagnostics.monitor.azure.com/",
                "application_insights_key": "70571c56-7fa6-49ec-b9a2-8fbaae95e13d",
                "application_stack": [
                  {
                    "dotnet_version": "v7.0",
                    "java_version": "",
                    "node_version": "",
                    "powershell_core_version": "",
                    "use_custom_runtime": false,
                    "use_dotnet_isolated_runtime": true
                  }
                ],
                "cors": [],
                "default_documents": [
                  "Default.htm",
                  "Default.html",
                  "Default.asp",
                  "index.htm",
                  "index.html",
                  "iisstart.htm",
                  "default.aspx",
                  "index.php"
                ],
                "detailed_error_logging_enabled": false,
                "elastic_instance_minimum": 0,
                "ftps_state": "Disabled",
                "health_check_eviction_time_in_min": 0,
                "health_check_path": "",
                "http2_enabled": false,
                "ip_restriction": [],
                "load_balancing_mode": "LeastRequests",
                "managed_pipeline_mode": "Integrated",
                "minimum_tls_version": "1.2",
                "pre_warmed_instance_count": 0,
                "remote_debugging_enabled": false,
                "remote_debugging_version": "",
                "runtime_scale_monitoring_enabled": false,
                "scm_ip_restriction": [],
                "scm_minimum_tls_version": "1.2",
                "scm_type": "None",
                "scm_use_main_ip_restriction": false,
                "use_32_bit_worker": true,
                "vnet_route_all_enabled": false,
                "websockets_enabled": false,
                "windows_fx_version": "",
                "worker_count": 1
              }
            ],
            "site_credential": [
              {
                "name": "$func-app-eshop-cloudx",
                "password": "kGs8ZJZLzXAEvMgRw0jo9NBskmvA9MeoExPv2eCc0oAtuhwYjPliDmM7pwqi"
              }
            ],
            "sticky_settings": [],
            "storage_account": [],
            "storage_account_access_key": "e1oLz2uL25AXMVRpfRXMgeAYUUjFjJz5N+yyBd82aeO1GLyk8CAzGQdBg6JadO+lscZFwIwBCjig+AStO4zHIQ==",
            "storage_account_name": "steshopcloudx",
            "storage_key_vault_secret_id": "",
            "storage_uses_managed_identity": false,
            "tags": {},
            "timeouts": null,
            "virtual_network_subnet_id": "",
            "zip_deploy_file": ""
          },
          "sensitive_attributes": [
            [
              {
                "type": "get_attr",
                "value": "storage_account_access_key"
              }
            ]
          ],
          "private": "eyJlMmJmYjczMC1lY2FhLTExZTYtOGY4OC0zNDM2M2JjN2M0YzAiOnsiY3JlYXRlIjoxODAwMDAwMDAwMDAwLCJkZWxldGUiOjE4MDAwMDAwMDAwMDAsInJlYWQiOjMwMDAwMDAwMDAwMCwidXBkYXRlIjoxODAwMDAwMDAwMDAwfX0=",
          "dependencies": [
            "azurerm_application_insights.appi-funcapp",
            "azurerm_resource_group.rg-cloudx",
            "azurerm_service_plan.aps-funcapp",
            "azurerm_storage_account.st-acc"
          ]
        }
      ]
    },
    {
      "mode": "managed",
      "type": "azurerm_windows_web_app",
      "name": "app-publicapi",
      "provider": "provider[\"registry.terraform.io/hashicorp/azurerm\"]",
      "instances": [
        {
          "schema_version": 0,
          "attributes": {
            "app_settings": {
              "APPINSIGHTS_INSTRUMENTATIONKEY": "9e87fb4f-7233-437f-9fa2-c6dd8b8f2773",
              "APPLICATIONINSIGHTS_CONNECTION_STRING": "InstrumentationKey=9e87fb4f-7233-437f-9fa2-c6dd8b8f2773;IngestionEndpoint=https://eastus-6.in.applicationinsights.azure.com/;LiveEndpoint=https://eastus.livediagnostics.monitor.azure.com/",
              "ApplicationInsightsAgent_EXTENSION_VERSION": "~2"
            },
            "auth_settings": [],
            "auth_settings_v2": [],
            "backup": [],
            "client_affinity_enabled": false,
            "client_certificate_enabled": false,
            "client_certificate_exclusion_paths": "",
            "client_certificate_mode": "Required",
            "connection_string": [
              {
                "name": "CatalogConnection",
                "type": "SQLServer",
                "value": "@Microsoft.KeyVault(VaultName=kv-eshop-cloudx;SecretName=db-connection-string)"
              },
              {
                "name": "IdentityConnection",
                "type": "SQLServer",
                "value": "@Microsoft.KeyVault(VaultName=kv-eshop-cloudx;SecretName=db-connection-string)"
              }
            ],
            "custom_domain_verification_id": "E42D7731AFC9D9E8CC65C67D0DBEC51307A50DDCB2821FAC1EE768D1C8A9C196",
            "default_hostname": "app-publicapi-eshop-cloudx.azurewebsites.net",
            "enabled": true,
            "hosting_environment_id": "",
            "https_only": false,
            "id": "/subscriptions/1d8b4140-7b97-4795-8d20-000c29db057a/resourceGroups/rg-key-vault-eus/providers/Microsoft.Web/sites/app-publicapi-eshop-cloudx",
            "identity": [
              {
                "identity_ids": [],
                "principal_id": "da1c14fb-d38d-4338-8cbe-166b7ebbfcc0",
                "tenant_id": "b41b72d0-4e9f-4c26-8a69-f949f367c91d",
                "type": "SystemAssigned"
              }
            ],
            "key_vault_reference_identity_id": "SystemAssigned",
            "kind": "app",
            "location": "eastus",
            "logs": [
              {
                "application_logs": [
                  {
                    "azure_blob_storage": [],
                    "file_system_level": "Information"
                  }
                ],
                "detailed_error_messages": false,
                "failed_request_tracing": false,
                "http_logs": []
              }
            ],
            "name": "app-publicapi-eshop-cloudx",
            "outbound_ip_address_list": [
              "52.186.161.161",
              "52.191.32.247",
              "52.191.39.114",
              "52.191.34.60",
              "52.224.76.167",
              "52.224.78.130",
              "20.49.104.35"
            ],
            "outbound_ip_addresses": "52.186.161.161,52.191.32.247,52.191.39.114,52.191.34.60,52.224.76.167,52.224.78.130,20.49.104.35",
            "possible_outbound_ip_address_list": [
              "52.186.161.161",
              "52.191.32.247",
              "52.191.39.114",
              "52.191.34.60",
              "52.224.76.167",
              "52.224.78.130",
              "52.224.78.134",
              "52.224.79.106",
              "52.224.79.121",
              "52.224.72.186",
              "52.224.79.128",
              "52.191.39.141",
              "52.224.79.169",
              "52.224.79.211",
              "52.224.79.234",
              "52.226.49.204",
              "52.226.49.229",
              "52.226.50.54",
              "52.226.50.60",
              "52.224.78.192",
              "52.191.36.184",
              "52.226.50.63",
              "52.226.50.75",
              "52.226.50.82",
              "104.45.179.8",
              "52.224.78.158",
              "52.226.50.95",
              "52.224.73.160",
              "52.226.50.111",
              "52.226.50.124",
              "20.49.104.35"
            ],
            "possible_outbound_ip_addresses": "52.186.161.161,52.191.32.247,52.191.39.114,52.191.34.60,52.224.76.167,52.224.78.130,52.224.78.134,52.224.79.106,52.224.79.121,52.224.72.186,52.224.79.128,52.191.39.141,52.224.79.169,52.224.79.211,52.224.79.234,52.226.49.204,52.226.49.229,52.226.50.54,52.226.50.60,52.224.78.192,52.191.36.184,52.226.50.63,52.226.50.75,52.226.50.82,104.45.179.8,52.224.78.158,52.226.50.95,52.224.73.160,52.226.50.111,52.226.50.124,20.49.104.35",
            "resource_group_name": "rg-key-vault-eus",
            "service_plan_id": "/subscriptions/1d8b4140-7b97-4795-8d20-000c29db057a/resourceGroups/rg-key-vault-eus/providers/Microsoft.Web/serverfarms/asp-eshop-cloudx",
            "site_config": [
              {
                "always_on": false,
                "api_definition_url": "",
                "api_management_api_id": "",
                "app_command_line": "",
                "application_stack": [
                  {
                    "current_stack": "dotnet",
                    "docker_container_name": "",
                    "docker_container_registry": "",
                    "docker_container_tag": "",
                    "dotnet_core_version": "",
                    "dotnet_version": "v7.0",
                    "java_container": "",
                    "java_container_version": "",
                    "java_embedded_server_enabled": false,
                    "java_version": "",
                    "node_version": "",
                    "php_version": "5.6",
                    "python": false,
                    "python_version": "",
                    "tomcat_version": ""
                  }
                ],
                "auto_heal_enabled": false,
                "auto_heal_setting": [],
                "container_registry_managed_identity_client_id": "",
                "container_registry_use_managed_identity": false,
                "cors": [],
                "default_documents": [
                  "Default.htm",
                  "Default.html",
                  "Default.asp",
                  "index.htm",
                  "index.html",
                  "iisstart.htm",
                  "default.aspx",
                  "index.php",
                  "hostingstart.html"
                ],
                "detailed_error_logging_enabled": false,
                "ftps_state": "Disabled",
                "health_check_eviction_time_in_min": 0,
                "health_check_path": "",
                "http2_enabled": false,
                "ip_restriction": [],
                "linux_fx_version": "",
                "load_balancing_mode": "LeastRequests",
                "local_mysql_enabled": false,
                "managed_pipeline_mode": "Integrated",
                "minimum_tls_version": "1.2",
                "remote_debugging_enabled": false,
                "remote_debugging_version": "VS2019",
                "scm_ip_restriction": [],
                "scm_minimum_tls_version": "1.2",
                "scm_type": "None",
                "scm_use_main_ip_restriction": false,
                "use_32_bit_worker": true,
                "virtual_application": [],
                "vnet_route_all_enabled": false,
                "websockets_enabled": false,
                "windows_fx_version": "",
                "worker_count": 1
              }
            ],
            "site_credential": [
              {
                "name": "$app-publicapi-eshop-cloudx",
                "password": "nWu4NbwYmrvfJu4xoPlfgogoF2pdn6Chmk6YbPTQuoZeb5d4bvpJt02x2fp9"
              }
            ],
            "sticky_settings": [],
            "storage_account": [],
            "tags": {},
            "timeouts": null,
            "virtual_network_subnet_id": "",
            "zip_deploy_file": ""
          },
          "sensitive_attributes": [
            [
              {
                "type": "get_attr",
                "value": "app_settings"
              },
              {
                "type": "index",
                "value": {
                  "value": "APPINSIGHTS_INSTRUMENTATIONKEY",
                  "type": "string"
                }
              }
            ],
            [
              {
                "type": "get_attr",
                "value": "app_settings"
              },
              {
                "type": "index",
                "value": {
                  "value": "APPLICATIONINSIGHTS_CONNECTION_STRING",
                  "type": "string"
                }
              }
            ]
          ],
          "private": "eyJlMmJmYjczMC1lY2FhLTExZTYtOGY4OC0zNDM2M2JjN2M0YzAiOnsiY3JlYXRlIjoxODAwMDAwMDAwMDAwLCJkZWxldGUiOjE4MDAwMDAwMDAwMDAsInJlYWQiOjMwMDAwMDAwMDAwMCwidXBkYXRlIjoxODAwMDAwMDAwMDAwfX0=",
          "dependencies": [
            "azurerm_application_insights.appi-publicapi",
            "azurerm_key_vault.kv",
            "azurerm_key_vault_secret.kvs-db-connection",
            "azurerm_mssql_database.sql-db",
            "azurerm_mssql_server.sql-server",
            "azurerm_resource_group.rg-cloudx",
            "azurerm_service_plan.asp-web",
            "data.azurerm_client_config.current"
          ]
        }
      ]
    },
    {
      "mode": "managed",
      "type": "azurerm_windows_web_app",
      "name": "app-web",
      "provider": "provider[\"registry.terraform.io/hashicorp/azurerm\"]",
      "instances": [
        {
          "schema_version": 0,
          "attributes": {
            "app_settings": {
              "APPINSIGHTS_INSTRUMENTATIONKEY": "b124efac-e4a7-43aa-8d17-633e186073c7",
              "APPLICATIONINSIGHTS_CONNECTION_STRING": "InstrumentationKey=b124efac-e4a7-43aa-8d17-633e186073c7;IngestionEndpoint=https://eastus-5.in.applicationinsights.azure.com/;LiveEndpoint=https://eastus.livediagnostics.monitor.azure.com/",
              "ApplicationInsightsAgent_EXTENSION_VERSION": "~2",
              "Features:OrderDeliveryEnabled": "false",
              "Features:OrderDeliveryUrl": "",
              "Features:OrderReserveEnabled": "false",
              "Features:OrderReserveUrl": "",
              "baseUrls:apiBase": "https://app-publicapi-eshop-cloudx.azurewebsites.net/api/",
              "baseUrls:webBase": "https://app-web-eshop-cloudx.azurewebsites.net/"
            },
            "auth_settings": [],
            "auth_settings_v2": [],
            "backup": [],
            "client_affinity_enabled": false,
            "client_certificate_enabled": false,
            "client_certificate_exclusion_paths": "",
            "client_certificate_mode": "Required",
            "connection_string": [
              {
                "name": "CatalogConnection",
                "type": "SQLServer",
                "value": "@Microsoft.KeyVault(VaultName=kv-eshop-cloudx;SecretName=db-connection-string)"
              },
              {
                "name": "IdentityConnection",
                "type": "SQLServer",
                "value": "@Microsoft.KeyVault(VaultName=kv-eshop-cloudx;SecretName=db-connection-string)"
              }
            ],
            "custom_domain_verification_id": "E42D7731AFC9D9E8CC65C67D0DBEC51307A50DDCB2821FAC1EE768D1C8A9C196",
            "default_hostname": "app-web-eshop-cloudx.azurewebsites.net",
            "enabled": true,
            "hosting_environment_id": "",
            "https_only": false,
            "id": "/subscriptions/1d8b4140-7b97-4795-8d20-000c29db057a/resourceGroups/rg-key-vault-eus/providers/Microsoft.Web/sites/app-web-eshop-cloudx",
            "identity": [
              {
                "identity_ids": [],
                "principal_id": "570de5da-b5d5-41ad-ae7e-513e473bd49e",
                "tenant_id": "b41b72d0-4e9f-4c26-8a69-f949f367c91d",
                "type": "SystemAssigned"
              }
            ],
            "key_vault_reference_identity_id": "SystemAssigned",
            "kind": "app",
            "location": "eastus",
            "logs": [
              {
                "application_logs": [
                  {
                    "azure_blob_storage": [],
                    "file_system_level": "Information"
                  }
                ],
                "detailed_error_messages": false,
                "failed_request_tracing": false,
                "http_logs": []
              }
            ],
            "name": "app-web-eshop-cloudx",
            "outbound_ip_address_list": [
              "52.186.161.161",
              "52.191.32.247",
              "52.191.39.114",
              "52.191.34.60",
              "52.224.76.167",
              "52.224.78.130",
              "20.49.104.35"
            ],
            "outbound_ip_addresses": "52.186.161.161,52.191.32.247,52.191.39.114,52.191.34.60,52.224.76.167,52.224.78.130,20.49.104.35",
            "possible_outbound_ip_address_list": [
              "52.186.161.161",
              "52.191.32.247",
              "52.191.39.114",
              "52.191.34.60",
              "52.224.76.167",
              "52.224.78.130",
              "52.224.78.134",
              "52.224.79.106",
              "52.224.79.121",
              "52.224.72.186",
              "52.224.79.128",
              "52.191.39.141",
              "52.224.79.169",
              "52.224.79.211",
              "52.224.79.234",
              "52.226.49.204",
              "52.226.49.229",
              "52.226.50.54",
              "52.226.50.60",
              "52.224.78.192",
              "52.191.36.184",
              "52.226.50.63",
              "52.226.50.75",
              "52.226.50.82",
              "104.45.179.8",
              "52.224.78.158",
              "52.226.50.95",
              "52.224.73.160",
              "52.226.50.111",
              "52.226.50.124",
              "20.49.104.35"
            ],
            "possible_outbound_ip_addresses": "52.186.161.161,52.191.32.247,52.191.39.114,52.191.34.60,52.224.76.167,52.224.78.130,52.224.78.134,52.224.79.106,52.224.79.121,52.224.72.186,52.224.79.128,52.191.39.141,52.224.79.169,52.224.79.211,52.224.79.234,52.226.49.204,52.226.49.229,52.226.50.54,52.226.50.60,52.224.78.192,52.191.36.184,52.226.50.63,52.226.50.75,52.226.50.82,104.45.179.8,52.224.78.158,52.226.50.95,52.224.73.160,52.226.50.111,52.226.50.124,20.49.104.35",
            "resource_group_name": "rg-key-vault-eus",
            "service_plan_id": "/subscriptions/1d8b4140-7b97-4795-8d20-000c29db057a/resourceGroups/rg-key-vault-eus/providers/Microsoft.Web/serverfarms/asp-eshop-cloudx",
            "site_config": [
              {
                "always_on": false,
                "api_definition_url": "",
                "api_management_api_id": "",
                "app_command_line": "",
                "application_stack": [
                  {
                    "current_stack": "dotnet",
                    "docker_container_name": "",
                    "docker_container_registry": "",
                    "docker_container_tag": "",
                    "dotnet_core_version": "",
                    "dotnet_version": "v7.0",
                    "java_container": "",
                    "java_container_version": "",
                    "java_embedded_server_enabled": false,
                    "java_version": "",
                    "node_version": "",
                    "php_version": "5.6",
                    "python": false,
                    "python_version": "",
                    "tomcat_version": ""
                  }
                ],
                "auto_heal_enabled": false,
                "auto_heal_setting": [],
                "container_registry_managed_identity_client_id": "",
                "container_registry_use_managed_identity": false,
                "cors": [],
                "default_documents": [
                  "Default.htm",
                  "Default.html",
                  "Default.asp",
                  "index.htm",
                  "index.html",
                  "iisstart.htm",
                  "default.aspx",
                  "index.php",
                  "hostingstart.html"
                ],
                "detailed_error_logging_enabled": false,
                "ftps_state": "Disabled",
                "health_check_eviction_time_in_min": 0,
                "health_check_path": "",
                "http2_enabled": false,
                "ip_restriction": [],
                "linux_fx_version": "",
                "load_balancing_mode": "LeastRequests",
                "local_mysql_enabled": false,
                "managed_pipeline_mode": "Integrated",
                "minimum_tls_version": "1.2",
                "remote_debugging_enabled": false,
                "remote_debugging_version": "VS2019",
                "scm_ip_restriction": [],
                "scm_minimum_tls_version": "1.2",
                "scm_type": "None",
                "scm_use_main_ip_restriction": false,
                "use_32_bit_worker": true,
                "virtual_application": [],
                "vnet_route_all_enabled": false,
                "websockets_enabled": false,
                "windows_fx_version": "",
                "worker_count": 1
              }
            ],
            "site_credential": [
              {
                "name": "$app-web-eshop-cloudx",
                "password": "neZG0jmmhLfYcX8abQYXqzpg1JYFBrrusSXwztXgf8HC5oc2k263kN7gpSxK"
              }
            ],
            "sticky_settings": [],
            "storage_account": [],
            "tags": {},
            "timeouts": null,
            "virtual_network_subnet_id": "",
            "zip_deploy_file": ""
          },
          "sensitive_attributes": [
            [
              {
                "type": "get_attr",
                "value": "app_settings"
              },
              {
                "type": "index",
                "value": {
                  "value": "APPINSIGHTS_INSTRUMENTATIONKEY",
                  "type": "string"
                }
              }
            ],
            [
              {
                "type": "get_attr",
                "value": "app_settings"
              },
              {
                "type": "index",
                "value": {
                  "value": "APPLICATIONINSIGHTS_CONNECTION_STRING",
                  "type": "string"
                }
              }
            ]
          ],
          "private": "eyJlMmJmYjczMC1lY2FhLTExZTYtOGY4OC0zNDM2M2JjN2M0YzAiOnsiY3JlYXRlIjoxODAwMDAwMDAwMDAwLCJkZWxldGUiOjE4MDAwMDAwMDAwMDAsInJlYWQiOjMwMDAwMDAwMDAwMCwidXBkYXRlIjoxODAwMDAwMDAwMDAwfX0=",
          "dependencies": [
            "azurerm_application_insights.appi-web",
            "azurerm_key_vault.kv",
            "azurerm_key_vault_secret.kvs-db-connection",
            "azurerm_mssql_database.sql-db",
            "azurerm_mssql_server.sql-server",
            "azurerm_resource_group.rg-cloudx",
            "azurerm_service_plan.asp-web",
            "data.azurerm_client_config.current"
          ]
        }
      ]
    }
  ],
  "check_results": null
}
