{
  "version": 4,
  "terraform_version": "1.4.6",
  "serial": 50,
  "lineage": "736b29bd-12a8-41e2-859c-c2441ee55f3d",
  "outputs": {},
  "resources": [
    {
      "mode": "data",
      "type": "azuread_service_principal",
      "name": "asp-linux-publicapi",
      "provider": "provider[\"registry.terraform.io/hashicorp/azuread\"]",
      "instances": [
        {
          "schema_version": 0,
          "attributes": {
            "account_enabled": true,
            "alternative_names": [
              "isExplicit=False",
              "/subscriptions/1d8b4140-7b97-4795-8d20-000c29db057a/resourcegroups/rg-final-eus/providers/Microsoft.Web/sites/app-publicapi-eshop-cloudx"
            ],
            "app_role_assignment_required": false,
            "app_role_ids": {},
            "app_roles": [],
            "application_id": "07d13ed2-a96f-42fb-ae03-4ccc143dd4f0",
            "application_tenant_id": "",
            "description": "",
            "display_name": "app-publicapi-eshop-cloudx",
            "feature_tags": [
              {
                "custom_single_sign_on": false,
                "enterprise": false,
                "gallery": false,
                "hide": false
              }
            ],
            "features": [
              {
                "custom_single_sign_on_app": false,
                "enterprise_application": false,
                "gallery_application": false,
                "visible_to_users": true
              }
            ],
            "homepage_url": "",
            "id": "d6dfae7f-de0c-4d08-8cc9-bd147706e1df",
            "login_url": "",
            "logout_url": "",
            "notes": "",
            "notification_email_addresses": [],
            "oauth2_permission_scope_ids": {},
            "oauth2_permission_scopes": [],
            "object_id": "d6dfae7f-de0c-4d08-8cc9-bd147706e1df",
            "preferred_single_sign_on_mode": "",
            "redirect_uris": [],
            "saml_metadata_url": "",
            "saml_single_sign_on": [],
            "service_principal_names": [
              "https://identity.azure.net/Wt+cp5JqfsloOf+9YE/iD8BQOyZWc7LF+Qn/pt3JpKU="
            ],
            "sign_in_audience": "",
            "tags": [],
            "timeouts": null,
            "type": "ManagedIdentity"
          },
          "sensitive_attributes": []
        }
      ]
    },
    {
      "mode": "data",
      "type": "azuread_service_principal",
      "name": "web-eus",
      "provider": "provider[\"registry.terraform.io/hashicorp/azuread\"]",
      "instances": []
    },
    {
      "mode": "data",
      "type": "azuread_service_principal",
      "name": "web-neu",
      "provider": "provider[\"registry.terraform.io/hashicorp/azuread\"]",
      "instances": []
    },
    {
      "mode": "data",
      "type": "azurerm_client_config",
      "name": "current",
      "provider": "provider[\"registry.terraform.io/hashicorp/azurerm\"]",
      "instances": [
        {
          "schema_version": 0,
          "attributes": {
            "client_id": "04b07795-8ddb-461a-bbee-02f9e1bf7b46",
            "id": "Y2xpZW50Q29uZmlncy9jbGllbnRJZD0wNGIwNzc5NS04ZGRiLTQ2MWEtYmJlZS0wMmY5ZTFiZjdiNDY7b2JqZWN0SWQ9Y2ExNzVmYmEtNmIzMS00MjAxLWEzNDEtOTU2NGQ0NWY2MDMyO3N1YnNjcmlwdGlvbklkPTFkOGI0MTQwLTdiOTctNDc5NS04ZDIwLTAwMGMyOWRiMDU3YTt0ZW5hbnRJZD1iNDFiNzJkMC00ZTlmLTRjMjYtOGE2OS1mOTQ5ZjM2N2M5MWQ=",
            "object_id": "ca175fba-6b31-4201-a341-9564d45f6032",
            "subscription_id": "1d8b4140-7b97-4795-8d20-000c29db057a",
            "tenant_id": "b41b72d0-4e9f-4c26-8a69-f949f367c91d",
            "timeouts": null
          },
          "sensitive_attributes": []
        }
      ]
    },
    {
      "mode": "data",
      "type": "azurerm_function_app_host_keys",
      "name": "this",
      "provider": "provider[\"registry.terraform.io/hashicorp/azurerm\"]",
      "instances": []
    },
    {
      "mode": "managed",
      "type": "azurerm_application_insights",
      "name": "funcapp",
      "provider": "provider[\"registry.terraform.io/hashicorp/azurerm\"]",
      "instances": [
        {
          "schema_version": 1,
          "attributes": {
            "app_id": "a7763c7d-21a3-4f11-96c0-0aa504477826",
            "application_type": "web",
            "connection_string": "InstrumentationKey=11e60c2b-3a76-4fb7-9b83-645d17023080;IngestionEndpoint=https://eastus-2.in.applicationinsights.azure.com/;LiveEndpoint=https://eastus.livediagnostics.monitor.azure.com/",
            "daily_data_cap_in_gb": 100,
            "daily_data_cap_notifications_disabled": false,
            "disable_ip_masking": false,
            "force_customer_storage_for_profiler": false,
            "id": "/subscriptions/1d8b4140-7b97-4795-8d20-000c29db057a/resourceGroups/rg-final-eus/providers/Microsoft.Insights/components/appi-funcapp-eshop-cloudx",
            "instrumentation_key": "11e60c2b-3a76-4fb7-9b83-645d17023080",
            "internet_ingestion_enabled": true,
            "internet_query_enabled": true,
            "local_authentication_disabled": false,
            "location": "eastus",
            "name": "appi-funcapp-eshop-cloudx",
            "resource_group_name": "rg-final-eus",
            "retention_in_days": 90,
            "sampling_percentage": 100,
            "tags": {},
            "timeouts": null,
            "workspace_id": ""
          },
          "sensitive_attributes": [],
          "private": "eyJlMmJmYjczMC1lY2FhLTExZTYtOGY4OC0zNDM2M2JjN2M0YzAiOnsiY3JlYXRlIjozNjAwMDAwMDAwMDAwLCJkZWxldGUiOjE4MDAwMDAwMDAwMDAsInJlYWQiOjMwMDAwMDAwMDAwMCwidXBkYXRlIjoxODAwMDAwMDAwMDAwfSwic2NoZW1hX3ZlcnNpb24iOiIxIn0=",
          "dependencies": [
            "azurerm_resource_group.this"
          ]
        }
      ]
    },
    {
      "mode": "managed",
      "type": "azurerm_application_insights",
      "name": "publicapi",
      "provider": "provider[\"registry.terraform.io/hashicorp/azurerm\"]",
      "instances": [
        {
          "schema_version": 1,
          "attributes": {
            "app_id": "7aef8975-1344-4f1b-877d-634ef089c510",
            "application_type": "web",
            "connection_string": "InstrumentationKey=2b3ee7d0-1b17-4328-8646-cbfa18cdea76;IngestionEndpoint=https://eastus-6.in.applicationinsights.azure.com/;LiveEndpoint=https://eastus.livediagnostics.monitor.azure.com/",
            "daily_data_cap_in_gb": 100,
            "daily_data_cap_notifications_disabled": false,
            "disable_ip_masking": false,
            "force_customer_storage_for_profiler": false,
            "id": "/subscriptions/1d8b4140-7b97-4795-8d20-000c29db057a/resourceGroups/rg-final-eus/providers/Microsoft.Insights/components/appi-public-eshop-cloudx",
            "instrumentation_key": "2b3ee7d0-1b17-4328-8646-cbfa18cdea76",
            "internet_ingestion_enabled": true,
            "internet_query_enabled": true,
            "local_authentication_disabled": false,
            "location": "eastus",
            "name": "appi-public-eshop-cloudx",
            "resource_group_name": "rg-final-eus",
            "retention_in_days": 90,
            "sampling_percentage": 100,
            "tags": {},
            "timeouts": null,
            "workspace_id": ""
          },
          "sensitive_attributes": [],
          "private": "eyJlMmJmYjczMC1lY2FhLTExZTYtOGY4OC0zNDM2M2JjN2M0YzAiOnsiY3JlYXRlIjozNjAwMDAwMDAwMDAwLCJkZWxldGUiOjE4MDAwMDAwMDAwMDAsInJlYWQiOjMwMDAwMDAwMDAwMCwidXBkYXRlIjoxODAwMDAwMDAwMDAwfSwic2NoZW1hX3ZlcnNpb24iOiIxIn0=",
          "dependencies": [
            "azurerm_resource_group.this"
          ]
        }
      ]
    },
    {
      "mode": "managed",
      "type": "azurerm_application_insights",
      "name": "web-eus",
      "provider": "provider[\"registry.terraform.io/hashicorp/azurerm\"]",
      "instances": [
        {
          "schema_version": 1,
          "attributes": {
            "app_id": "c719f18e-b1b2-4815-831d-ccf8b5b51242",
            "application_type": "web",
            "connection_string": "InstrumentationKey=55b38fd0-571e-47b9-9efb-cf976a48ff44;IngestionEndpoint=https://eastus-3.in.applicationinsights.azure.com/;LiveEndpoint=https://eastus.livediagnostics.monitor.azure.com/",
            "daily_data_cap_in_gb": 100,
            "daily_data_cap_notifications_disabled": false,
            "disable_ip_masking": false,
            "force_customer_storage_for_profiler": false,
            "id": "/subscriptions/1d8b4140-7b97-4795-8d20-000c29db057a/resourceGroups/rg-final-eus/providers/Microsoft.Insights/components/appi-web-eshop-cloudx-eus",
            "instrumentation_key": "55b38fd0-571e-47b9-9efb-cf976a48ff44",
            "internet_ingestion_enabled": true,
            "internet_query_enabled": true,
            "local_authentication_disabled": false,
            "location": "eastus",
            "name": "appi-web-eshop-cloudx-eus",
            "resource_group_name": "rg-final-eus",
            "retention_in_days": 90,
            "sampling_percentage": 100,
            "tags": {},
            "timeouts": null,
            "workspace_id": ""
          },
          "sensitive_attributes": [],
          "private": "eyJlMmJmYjczMC1lY2FhLTExZTYtOGY4OC0zNDM2M2JjN2M0YzAiOnsiY3JlYXRlIjozNjAwMDAwMDAwMDAwLCJkZWxldGUiOjE4MDAwMDAwMDAwMDAsInJlYWQiOjMwMDAwMDAwMDAwMCwidXBkYXRlIjoxODAwMDAwMDAwMDAwfSwic2NoZW1hX3ZlcnNpb24iOiIxIn0=",
          "dependencies": [
            "azurerm_resource_group.this",
            "azurerm_service_plan.windows-eus"
          ]
        }
      ]
    },
    {
      "mode": "managed",
      "type": "azurerm_application_insights",
      "name": "web-neu",
      "provider": "provider[\"registry.terraform.io/hashicorp/azurerm\"]",
      "instances": [
        {
          "schema_version": 1,
          "attributes": {
            "app_id": "66ed18ee-32f1-4294-954c-746f56b0db70",
            "application_type": "web",
            "connection_string": "InstrumentationKey=821f89c3-e58a-4a22-b69a-e2e261a19517;IngestionEndpoint=https://northeurope-3.in.applicationinsights.azure.com/;LiveEndpoint=https://northeurope.livediagnostics.monitor.azure.com/",
            "daily_data_cap_in_gb": 100,
            "daily_data_cap_notifications_disabled": false,
            "disable_ip_masking": false,
            "force_customer_storage_for_profiler": false,
            "id": "/subscriptions/1d8b4140-7b97-4795-8d20-000c29db057a/resourceGroups/rg-final-eus/providers/Microsoft.Insights/components/appi-web-eshop-cloudx-neu",
            "instrumentation_key": "821f89c3-e58a-4a22-b69a-e2e261a19517",
            "internet_ingestion_enabled": true,
            "internet_query_enabled": true,
            "local_authentication_disabled": false,
            "location": "northeurope",
            "name": "appi-web-eshop-cloudx-neu",
            "resource_group_name": "rg-final-eus",
            "retention_in_days": 90,
            "sampling_percentage": 100,
            "tags": {},
            "timeouts": null,
            "workspace_id": ""
          },
          "sensitive_attributes": [],
          "private": "eyJlMmJmYjczMC1lY2FhLTExZTYtOGY4OC0zNDM2M2JjN2M0YzAiOnsiY3JlYXRlIjozNjAwMDAwMDAwMDAwLCJkZWxldGUiOjE4MDAwMDAwMDAwMDAsInJlYWQiOjMwMDAwMDAwMDAwMCwidXBkYXRlIjoxODAwMDAwMDAwMDAwfSwic2NoZW1hX3ZlcnNpb24iOiIxIn0=",
          "dependencies": [
            "azurerm_resource_group.this",
            "azurerm_service_plan.windows-neu"
          ]
        }
      ]
    },
    {
      "mode": "managed",
      "type": "azurerm_container_registry",
      "name": "acr",
      "provider": "provider[\"registry.terraform.io/hashicorp/azurerm\"]",
      "instances": [
        {
          "schema_version": 2,
          "attributes": {
            "admin_enabled": true,
            "admin_password": "vAfm8yBkf5Q8xH9a8++yn8dP8RPB1hk1Op20v3IMiC+ACRAZirAP",
            "admin_username": "acreshopcloudx",
            "anonymous_pull_enabled": false,
            "data_endpoint_enabled": false,
            "encryption": [
              {
                "enabled": false,
                "identity_client_id": "",
                "key_vault_key_id": ""
              }
            ],
            "export_policy_enabled": true,
            "georeplications": [],
            "id": "/subscriptions/1d8b4140-7b97-4795-8d20-000c29db057a/resourceGroups/rg-final-eus/providers/Microsoft.ContainerRegistry/registries/acreshopcloudx",
            "identity": [
              {
                "identity_ids": [],
                "principal_id": "44e3f6d8-f36d-4094-884b-1cac69bee69e",
                "tenant_id": "b41b72d0-4e9f-4c26-8a69-f949f367c91d",
                "type": "SystemAssigned"
              }
            ],
            "location": "eastus",
            "login_server": "acreshopcloudx.azurecr.io",
            "name": "acreshopcloudx",
            "network_rule_bypass_option": "AzureServices",
            "network_rule_set": [],
            "public_network_access_enabled": true,
            "quarantine_policy_enabled": false,
            "resource_group_name": "rg-final-eus",
            "retention_policy": [
              {
                "days": 7,
                "enabled": false
              }
            ],
            "sku": "Basic",
            "tags": {},
            "timeouts": null,
            "trust_policy": [
              {
                "enabled": false
              }
            ],
            "zone_redundancy_enabled": false
          },
          "sensitive_attributes": [],
          "private": "eyJlMmJmYjczMC1lY2FhLTExZTYtOGY4OC0zNDM2M2JjN2M0YzAiOnsiY3JlYXRlIjoxODAwMDAwMDAwMDAwLCJkZWxldGUiOjE4MDAwMDAwMDAwMDAsInJlYWQiOjMwMDAwMDAwMDAwMCwidXBkYXRlIjoxODAwMDAwMDAwMDAwfSwic2NoZW1hX3ZlcnNpb24iOiIyIn0=",
          "dependencies": [
            "azurerm_resource_group.this"
          ]
        }
      ]
    },
    {
      "mode": "managed",
      "type": "azurerm_container_registry_webhook",
      "name": "acrwh-publicapi",
      "provider": "provider[\"registry.terraform.io/hashicorp/azurerm\"]",
      "instances": [
        {
          "schema_version": 1,
          "attributes": {
            "actions": [
              "push"
            ],
            "custom_headers": {
              "Content-Type": "application/json"
            },
            "id": "/subscriptions/1d8b4140-7b97-4795-8d20-000c29db057a/resourceGroups/rg-final-eus/providers/Microsoft.ContainerRegistry/registries/acreshopcloudx/webHooks/webhookpublicapi",
            "location": "eastus",
            "name": "webhookpublicapi",
            "registry_name": "acreshopcloudx",
            "resource_group_name": "rg-final-eus",
            "scope": "publicapi:*",
            "service_uri": "https://$app-publicapi-eshop-cloudx:Th1xY0nMRkdAGDuS8BCqWF5Qj06vEti5mtbrTKkMFQ6qD4kHDjHklA8xikay@app-publicapi-eshop-cloudx.scm.azurewebsites.net/docker/hook",
            "status": "enabled",
            "tags": {},
            "timeouts": null
          },
          "sensitive_attributes": [
            [
              {
                "type": "get_attr",
                "value": "service_uri"
              }
            ]
          ],
          "private": "eyJlMmJmYjczMC1lY2FhLTExZTYtOGY4OC0zNDM2M2JjN2M0YzAiOnsiY3JlYXRlIjoxODAwMDAwMDAwMDAwLCJkZWxldGUiOjE4MDAwMDAwMDAwMDAsInJlYWQiOjMwMDAwMDAwMDAwMCwidXBkYXRlIjoxODAwMDAwMDAwMDAwfSwic2NoZW1hX3ZlcnNpb24iOiIxIn0=",
          "dependencies": [
            "azurerm_application_insights.publicapi",
            "azurerm_container_registry.acr",
            "azurerm_key_vault.kv",
            "azurerm_key_vault_secret.kvs-db-connection",
            "azurerm_linux_web_app.app-publicapi",
            "azurerm_mssql_database.sql-db",
            "azurerm_mssql_server.sql-server",
            "azurerm_resource_group.this",
            "azurerm_service_plan.asp-linux",
            "data.azurerm_client_config.current"
          ]
        }
      ]
    },
    {
      "mode": "managed",
      "type": "azurerm_cosmosdb_account",
      "name": "this",
      "provider": "provider[\"registry.terraform.io/hashicorp/azurerm\"]",
      "instances": [
        {
          "schema_version": 0,
          "attributes": {
            "access_key_metadata_writes_enabled": true,
            "analytical_storage": [
              {
                "schema_type": "WellDefined"
              }
            ],
            "analytical_storage_enabled": false,
            "backup": [
              {
                "interval_in_minutes": 240,
                "retention_in_hours": 8,
                "storage_redundancy": "Geo",
                "type": "Periodic"
              }
            ],
            "capabilities": [],
            "capacity": [
              {
                "total_throughput_limit": 1000
              }
            ],
            "connection_strings": [
              "AccountEndpoint=https://cosmos-eshop-cloudx.documents.azure.com:443/;AccountKey=t7TkfS9g1LI6Y6S3RpWnvIHzGkVcr3vTrOI6X3clCEMT75uFslQo3SCDzVzTA3KDCXv0x9MEzgCjACDb2G09Yg==;",
              "AccountEndpoint=https://cosmos-eshop-cloudx.documents.azure.com:443/;AccountKey=qyhhtEegLJGAFWDERnya1K9KABgREQrkg70tt4PuYyj6CYCJagKa8VZs9tqtpJd6kh9RdMN4FgHKACDbNieeeQ==;",
              "AccountEndpoint=https://cosmos-eshop-cloudx.documents.azure.com:443/;AccountKey=c1AXv0oIEI9zoIvggA6e2QdDVTNwhRYyY7NvBNGitFtCmrUtqTTEGBf1EDwYWJNCR9JFYeJlZCLUACDbuI1JaQ==;",
              "AccountEndpoint=https://cosmos-eshop-cloudx.documents.azure.com:443/;AccountKey=Ng2d6swUhX4Of8ojxF9x6bFgou56jAMKzbHu1k4u3QmMCpugluPuOwHGvKmr9Tk7KPhE4i7BbtSLACDbyU6Zzw==;"
            ],
            "consistency_policy": [
              {
                "consistency_level": "Session",
                "max_interval_in_seconds": 5,
                "max_staleness_prefix": 100
              }
            ],
            "cors_rule": [],
            "create_mode": "",
            "default_identity_type": "FirstPartyIdentity",
            "enable_automatic_failover": false,
            "enable_free_tier": false,
            "enable_multiple_write_locations": false,
            "endpoint": "https://cosmos-eshop-cloudx.documents.azure.com:443/",
            "geo_location": [
              {
                "failover_priority": 0,
                "id": "cosmos-eshop-cloudx-eastus",
                "location": "eastus",
                "zone_redundant": false
              }
            ],
            "id": "/subscriptions/1d8b4140-7b97-4795-8d20-000c29db057a/resourceGroups/rg-final-eus/providers/Microsoft.DocumentDB/databaseAccounts/cosmos-eshop-cloudx",
            "identity": [
              {
                "identity_ids": [],
                "principal_id": "a60565ac-cc8a-41df-840b-4ae964127128",
                "tenant_id": "b41b72d0-4e9f-4c26-8a69-f949f367c91d",
                "type": "SystemAssigned"
              }
            ],
            "ip_range_filter": "",
            "is_virtual_network_filter_enabled": false,
            "key_vault_key_id": null,
            "kind": "GlobalDocumentDB",
            "local_authentication_disabled": false,
            "location": "eastus",
            "mongo_server_version": null,
            "name": "cosmos-eshop-cloudx",
            "network_acl_bypass_for_azure_services": false,
            "network_acl_bypass_ids": [],
            "offer_type": "Standard",
            "primary_key": "t7TkfS9g1LI6Y6S3RpWnvIHzGkVcr3vTrOI6X3clCEMT75uFslQo3SCDzVzTA3KDCXv0x9MEzgCjACDb2G09Yg==",
            "primary_readonly_key": "c1AXv0oIEI9zoIvggA6e2QdDVTNwhRYyY7NvBNGitFtCmrUtqTTEGBf1EDwYWJNCR9JFYeJlZCLUACDbuI1JaQ==",
            "primary_readonly_sql_connection_string": "AccountEndpoint=https://cosmos-eshop-cloudx.documents.azure.com:443/;AccountKey=c1AXv0oIEI9zoIvggA6e2QdDVTNwhRYyY7NvBNGitFtCmrUtqTTEGBf1EDwYWJNCR9JFYeJlZCLUACDbuI1JaQ==;",
            "primary_sql_connection_string": "AccountEndpoint=https://cosmos-eshop-cloudx.documents.azure.com:443/;AccountKey=t7TkfS9g1LI6Y6S3RpWnvIHzGkVcr3vTrOI6X3clCEMT75uFslQo3SCDzVzTA3KDCXv0x9MEzgCjACDb2G09Yg==;",
            "public_network_access_enabled": true,
            "read_endpoints": [
              "https://cosmos-eshop-cloudx-eastus.documents.azure.com:443/"
            ],
            "resource_group_name": "rg-final-eus",
            "restore": [],
            "secondary_key": "qyhhtEegLJGAFWDERnya1K9KABgREQrkg70tt4PuYyj6CYCJagKa8VZs9tqtpJd6kh9RdMN4FgHKACDbNieeeQ==",
            "secondary_readonly_key": "Ng2d6swUhX4Of8ojxF9x6bFgou56jAMKzbHu1k4u3QmMCpugluPuOwHGvKmr9Tk7KPhE4i7BbtSLACDbyU6Zzw==",
            "secondary_readonly_sql_connection_string": "AccountEndpoint=https://cosmos-eshop-cloudx.documents.azure.com:443/;AccountKey=Ng2d6swUhX4Of8ojxF9x6bFgou56jAMKzbHu1k4u3QmMCpugluPuOwHGvKmr9Tk7KPhE4i7BbtSLACDbyU6Zzw==;",
            "secondary_sql_connection_string": "AccountEndpoint=https://cosmos-eshop-cloudx.documents.azure.com:443/;AccountKey=qyhhtEegLJGAFWDERnya1K9KABgREQrkg70tt4PuYyj6CYCJagKa8VZs9tqtpJd6kh9RdMN4FgHKACDbNieeeQ==;",
            "tags": {},
            "timeouts": null,
            "virtual_network_rule": [],
            "write_endpoints": [
              "https://cosmos-eshop-cloudx-eastus.documents.azure.com:443/"
            ]
          },
          "sensitive_attributes": [],
          "private": "eyJlMmJmYjczMC1lY2FhLTExZTYtOGY4OC0zNDM2M2JjN2M0YzAiOnsiY3JlYXRlIjoxMDgwMDAwMDAwMDAwMCwiZGVsZXRlIjoxMDgwMDAwMDAwMDAwMCwicmVhZCI6MzAwMDAwMDAwMDAwLCJ1cGRhdGUiOjEwODAwMDAwMDAwMDAwfX0=",
          "dependencies": [
            "azurerm_resource_group.this"
          ]
        }
      ]
    },
    {
      "mode": "managed",
      "type": "azurerm_cosmosdb_sql_container",
      "name": "orders",
      "provider": "provider[\"registry.terraform.io/hashicorp/azurerm\"]",
      "instances": [
        {
          "schema_version": 1,
          "attributes": {
            "account_name": "cosmos-eshop-cloudx",
            "analytical_storage_ttl": null,
            "autoscale_settings": [],
            "conflict_resolution_policy": [
              {
                "conflict_resolution_path": "/_ts",
                "conflict_resolution_procedure": "",
                "mode": "LastWriterWins"
              }
            ],
            "database_name": "eShopOnWebDb",
            "default_ttl": null,
            "id": "/subscriptions/1d8b4140-7b97-4795-8d20-000c29db057a/resourceGroups/rg-final-eus/providers/Microsoft.DocumentDB/databaseAccounts/cosmos-eshop-cloudx/sqlDatabases/eShopOnWebDb/containers/orders",
            "indexing_policy": [
              {
                "composite_index": [],
                "excluded_path": [],
                "included_path": [
                  {
                    "path": "/*"
                  }
                ],
                "indexing_mode": "consistent",
                "spatial_index": []
              }
            ],
            "name": "orders",
            "partition_key_path": "/orderId",
            "partition_key_version": 1,
            "resource_group_name": "rg-final-eus",
            "throughput": 400,
            "timeouts": null,
            "unique_key": []
          },
          "sensitive_attributes": [],
          "private": "eyJlMmJmYjczMC1lY2FhLTExZTYtOGY4OC0zNDM2M2JjN2M0YzAiOnsiY3JlYXRlIjoxODAwMDAwMDAwMDAwLCJkZWxldGUiOjE4MDAwMDAwMDAwMDAsInJlYWQiOjMwMDAwMDAwMDAwMCwidXBkYXRlIjoxODAwMDAwMDAwMDAwfSwic2NoZW1hX3ZlcnNpb24iOiIxIn0=",
          "dependencies": [
            "azurerm_cosmosdb_account.this",
            "azurerm_cosmosdb_sql_database.main",
            "azurerm_resource_group.this"
          ]
        }
      ]
    },
    {
      "mode": "managed",
      "type": "azurerm_cosmosdb_sql_database",
      "name": "main",
      "provider": "provider[\"registry.terraform.io/hashicorp/azurerm\"]",
      "instances": [
        {
          "schema_version": 1,
          "attributes": {
            "account_name": "cosmos-eshop-cloudx",
            "autoscale_settings": [],
            "id": "/subscriptions/1d8b4140-7b97-4795-8d20-000c29db057a/resourceGroups/rg-final-eus/providers/Microsoft.DocumentDB/databaseAccounts/cosmos-eshop-cloudx/sqlDatabases/eShopOnWebDb",
            "name": "eShopOnWebDb",
            "resource_group_name": "rg-final-eus",
            "throughput": 0,
            "timeouts": null
          },
          "sensitive_attributes": [],
          "private": "eyJlMmJmYjczMC1lY2FhLTExZTYtOGY4OC0zNDM2M2JjN2M0YzAiOnsiY3JlYXRlIjoxODAwMDAwMDAwMDAwLCJkZWxldGUiOjE4MDAwMDAwMDAwMDAsInJlYWQiOjMwMDAwMDAwMDAwMCwidXBkYXRlIjoxODAwMDAwMDAwMDAwfSwic2NoZW1hX3ZlcnNpb24iOiIxIn0=",
          "dependencies": [
            "azurerm_cosmosdb_account.this",
            "azurerm_resource_group.this"
          ]
        }
      ]
    },
    {
      "mode": "managed",
      "type": "azurerm_key_vault",
      "name": "kv",
      "provider": "provider[\"registry.terraform.io/hashicorp/azurerm\"]",
      "instances": [
        {
          "schema_version": 2,
          "attributes": {
            "access_policy": [
              {
                "application_id": "",
                "certificate_permissions": [],
                "key_permissions": [
                  "Create",
                  "Get"
                ],
                "object_id": "ca175fba-6b31-4201-a341-9564d45f6032",
                "secret_permissions": [
                  "Set",
                  "Get",
                  "Delete",
                  "Purge",
                  "Recover"
                ],
                "storage_permissions": [
                  "Get"
                ],
                "tenant_id": "b41b72d0-4e9f-4c26-8a69-f949f367c91d"
              }
            ],
            "contact": [],
            "enable_rbac_authorization": false,
            "enabled_for_deployment": false,
            "enabled_for_disk_encryption": true,
            "enabled_for_template_deployment": false,
            "id": "/subscriptions/1d8b4140-7b97-4795-8d20-000c29db057a/resourceGroups/rg-final-eus/providers/Microsoft.KeyVault/vaults/kv-eshop-cloudx",
            "location": "eastus",
            "name": "kv-eshop-cloudx",
            "network_acls": [
              {
                "bypass": "AzureServices",
                "default_action": "Allow",
                "ip_rules": [],
                "virtual_network_subnet_ids": []
              }
            ],
            "public_network_access_enabled": true,
            "purge_protection_enabled": false,
            "resource_group_name": "rg-final-eus",
            "sku_name": "standard",
            "soft_delete_retention_days": 7,
            "tags": {},
            "tenant_id": "b41b72d0-4e9f-4c26-8a69-f949f367c91d",
            "timeouts": null,
            "vault_uri": "https://kv-eshop-cloudx.vault.azure.net/"
          },
          "sensitive_attributes": [],
          "private": "eyJlMmJmYjczMC1lY2FhLTExZTYtOGY4OC0zNDM2M2JjN2M0YzAiOnsiY3JlYXRlIjoxODAwMDAwMDAwMDAwLCJkZWxldGUiOjE4MDAwMDAwMDAwMDAsInJlYWQiOjMwMDAwMDAwMDAwMCwidXBkYXRlIjoxODAwMDAwMDAwMDAwfSwic2NoZW1hX3ZlcnNpb24iOiIyIn0=",
          "dependencies": [
            "azurerm_resource_group.this",
            "data.azurerm_client_config.current"
          ]
        }
      ]
    },
    {
      "mode": "managed",
      "type": "azurerm_key_vault_access_policy",
      "name": "kvap-publicapi",
      "provider": "provider[\"registry.terraform.io/hashicorp/azurerm\"]",
      "instances": [
        {
          "schema_version": 0,
          "attributes": {
            "application_id": "",
            "certificate_permissions": [
              "Get",
              "List"
            ],
            "id": "/subscriptions/1d8b4140-7b97-4795-8d20-000c29db057a/resourceGroups/rg-final-eus/providers/Microsoft.KeyVault/vaults/kv-eshop-cloudx/objectId/d6dfae7f-de0c-4d08-8cc9-bd147706e1df",
            "key_permissions": [
              "Get",
              "List"
            ],
            "key_vault_id": "/subscriptions/1d8b4140-7b97-4795-8d20-000c29db057a/resourceGroups/rg-final-eus/providers/Microsoft.KeyVault/vaults/kv-eshop-cloudx",
            "object_id": "d6dfae7f-de0c-4d08-8cc9-bd147706e1df",
            "secret_permissions": [
              "Get",
              "List"
            ],
            "storage_permissions": [],
            "tenant_id": "b41b72d0-4e9f-4c26-8a69-f949f367c91d",
            "timeouts": null
          },
          "sensitive_attributes": [],
          "private": "eyJlMmJmYjczMC1lY2FhLTExZTYtOGY4OC0zNDM2M2JjN2M0YzAiOnsiY3JlYXRlIjoxODAwMDAwMDAwMDAwLCJkZWxldGUiOjE4MDAwMDAwMDAwMDAsInJlYWQiOjMwMDAwMDAwMDAwMCwidXBkYXRlIjoxODAwMDAwMDAwMDAwfX0=",
          "dependencies": [
            "azurerm_application_insights.publicapi",
            "azurerm_container_registry.acr",
            "azurerm_key_vault.kv",
            "azurerm_key_vault_secret.kvs-db-connection",
            "azurerm_linux_web_app.app-publicapi",
            "azurerm_mssql_database.sql-db",
            "azurerm_mssql_server.sql-server",
            "azurerm_resource_group.this",
            "azurerm_service_plan.asp-linux",
            "data.azuread_service_principal.asp-linux-publicapi",
            "data.azurerm_client_config.current"
          ]
        }
      ]
    },
    {
      "mode": "managed",
      "type": "azurerm_key_vault_access_policy",
      "name": "web-eus",
      "provider": "provider[\"registry.terraform.io/hashicorp/azurerm\"]",
      "instances": []
    },
    {
      "mode": "managed",
      "type": "azurerm_key_vault_access_policy",
      "name": "web-neu",
      "provider": "provider[\"registry.terraform.io/hashicorp/azurerm\"]",
      "instances": []
    },
    {
      "mode": "managed",
      "type": "azurerm_key_vault_secret",
      "name": "kvs-db-connection",
      "provider": "provider[\"registry.terraform.io/hashicorp/azurerm\"]",
      "instances": [
        {
          "schema_version": 0,
          "attributes": {
            "content_type": "",
            "expiration_date": null,
            "id": "https://kv-eshop-cloudx.vault.azure.net/secrets/db-connection-string/820a45357ad44d9b86d1dda7182e5210",
            "key_vault_id": "/subscriptions/1d8b4140-7b97-4795-8d20-000c29db057a/resourceGroups/rg-final-eus/providers/Microsoft.KeyVault/vaults/kv-eshop-cloudx",
            "name": "db-connection-string",
            "not_before_date": null,
            "resource_id": "/subscriptions/1d8b4140-7b97-4795-8d20-000c29db057a/resourceGroups/rg-final-eus/providers/Microsoft.KeyVault/vaults/kv-eshop-cloudx/secrets/db-connection-string/versions/820a45357ad44d9b86d1dda7182e5210",
            "resource_versionless_id": "/subscriptions/1d8b4140-7b97-4795-8d20-000c29db057a/resourceGroups/rg-final-eus/providers/Microsoft.KeyVault/vaults/kv-eshop-cloudx/secrets/db-connection-string",
            "tags": {},
            "timeouts": null,
            "value": "Server=tcp:sql-eshop-cloudx.database.windows.net,1433;Initial Catalog=sqldb-eShopOnWeb;Persist Security Info=False;User ID=xcloud-admin;Password=@someThingComplicated1234;MultipleActiveResultSets=True;Encrypt=True;TrustServerCertificate=False;Connection Timeout=30;",
            "version": "820a45357ad44d9b86d1dda7182e5210",
            "versionless_id": "https://kv-eshop-cloudx.vault.azure.net/secrets/db-connection-string"
          },
          "sensitive_attributes": [],
          "private": "eyJlMmJmYjczMC1lY2FhLTExZTYtOGY4OC0zNDM2M2JjN2M0YzAiOnsiY3JlYXRlIjoxODAwMDAwMDAwMDAwLCJkZWxldGUiOjE4MDAwMDAwMDAwMDAsInJlYWQiOjE4MDAwMDAwMDAwMDAsInVwZGF0ZSI6MTgwMDAwMDAwMDAwMH19",
          "dependencies": [
            "azurerm_key_vault.kv",
            "azurerm_mssql_database.sql-db",
            "azurerm_mssql_server.sql-server",
            "azurerm_resource_group.this",
            "data.azurerm_client_config.current"
          ]
        }
      ]
    },
    {
      "mode": "managed",
      "type": "azurerm_linux_web_app",
      "name": "app-publicapi",
      "provider": "provider[\"registry.terraform.io/hashicorp/azurerm\"]",
      "instances": [
        {
          "schema_version": 0,
          "attributes": {
            "app_settings": {
              "APPINSIGHTS_INSTRUMENTATIONKEY": "2b3ee7d0-1b17-4328-8646-cbfa18cdea76",
              "APPLICATIONINSIGHTS_CONNECTION_STRING": "InstrumentationKey=2b3ee7d0-1b17-4328-8646-cbfa18cdea76;IngestionEndpoint=https://eastus-6.in.applicationinsights.azure.com/;LiveEndpoint=https://eastus.livediagnostics.monitor.azure.com/",
              "ApplicationInsightsAgent_EXTENSION_VERSION": "~2",
              "DOCKER_REGISTRY_SERVER_URL": "acreshopcloudx.azurecr.io"
            },
            "auth_settings": [],
            "auth_settings_v2": [],
            "backup": [],
            "client_affinity_enabled": false,
            "client_certificate_enabled": false,
            "client_certificate_exclusion_paths": "",
            "client_certificate_mode": "Required",
            "connection_string": [
              {
                "name": "CatalogConnection",
                "type": "SQLServer",
                "value": "@Microsoft.KeyVault(VaultName=kv-eshop-cloudx;SecretName=db-connection-string)"
              },
              {
                "name": "IdentityConnection",
                "type": "SQLServer",
                "value": "@Microsoft.KeyVault(VaultName=kv-eshop-cloudx;SecretName=db-connection-string)"
              }
            ],
            "custom_domain_verification_id": "E42D7731AFC9D9E8CC65C67D0DBEC51307A50DDCB2821FAC1EE768D1C8A9C196",
            "default_hostname": "app-publicapi-eshop-cloudx.azurewebsites.net",
            "enabled": true,
            "hosting_environment_id": "",
            "https_only": false,
            "id": "/subscriptions/1d8b4140-7b97-4795-8d20-000c29db057a/resourceGroups/rg-final-eus/providers/Microsoft.Web/sites/app-publicapi-eshop-cloudx",
            "identity": [
              {
                "identity_ids": [],
                "principal_id": "d6dfae7f-de0c-4d08-8cc9-bd147706e1df",
                "tenant_id": "b41b72d0-4e9f-4c26-8a69-f949f367c91d",
                "type": "SystemAssigned"
              }
            ],
            "key_vault_reference_identity_id": "SystemAssigned",
            "kind": "app,linux,container",
            "location": "eastus",
            "logs": [
              {
                "application_logs": [
                  {
                    "azure_blob_storage": [],
                    "file_system_level": "Information"
                  }
                ],
                "detailed_error_messages": false,
                "failed_request_tracing": false,
                "http_logs": []
              }
            ],
            "name": "app-publicapi-eshop-cloudx",
            "outbound_ip_address_list": [
              "20.124.145.155",
              "20.253.48.62",
              "20.253.48.70",
              "20.253.48.84",
              "20.253.48.88",
              "20.253.48.101",
              "20.119.0.42"
            ],
            "outbound_ip_addresses": "20.124.145.155,20.253.48.62,20.253.48.70,20.253.48.84,20.253.48.88,20.253.48.101,20.119.0.42",
            "possible_outbound_ip_address_list": [
              "20.124.145.155",
              "20.253.48.62",
              "20.253.48.70",
              "20.253.48.84",
              "20.253.48.88",
              "20.253.48.101",
              "20.253.48.105",
              "20.253.48.108",
              "20.253.48.110",
              "20.253.48.115",
              "20.253.48.122",
              "20.253.48.142",
              "20.253.48.149",
              "20.253.48.151",
              "20.253.48.155",
              "20.253.48.181",
              "20.253.48.206",
              "20.120.59.9",
              "20.120.60.55",
              "20.253.48.214",
              "20.253.48.231",
              "20.253.48.235",
              "20.253.48.250",
              "20.241.199.127",
              "20.119.0.42"
            ],
            "possible_outbound_ip_addresses": "20.124.145.155,20.253.48.62,20.253.48.70,20.253.48.84,20.253.48.88,20.253.48.101,20.253.48.105,20.253.48.108,20.253.48.110,20.253.48.115,20.253.48.122,20.253.48.142,20.253.48.149,20.253.48.151,20.253.48.155,20.253.48.181,20.253.48.206,20.120.59.9,20.120.60.55,20.253.48.214,20.253.48.231,20.253.48.235,20.253.48.250,20.241.199.127,20.119.0.42",
            "resource_group_name": "rg-final-eus",
            "service_plan_id": "/subscriptions/1d8b4140-7b97-4795-8d20-000c29db057a/resourceGroups/rg-final-eus/providers/Microsoft.Web/serverfarms/asp-linux-eshop-cloudx",
            "site_config": [
              {
                "always_on": false,
                "api_definition_url": "",
                "api_management_api_id": "",
                "app_command_line": "",
                "application_stack": [
                  {
                    "docker_image": "acreshopcloudx.azurecr.io/publicapi",
                    "docker_image_tag": "latest",
                    "dotnet_version": "",
                    "go_version": "",
                    "java_server": "",
                    "java_server_version": "",
                    "java_version": "",
                    "node_version": "",
                    "php_version": "",
                    "python_version": "",
                    "ruby_version": ""
                  }
                ],
                "auto_heal_enabled": false,
                "auto_heal_setting": [],
                "container_registry_managed_identity_client_id": "44e3f6d8-f36d-4094-884b-1cac69bee69e",
                "container_registry_use_managed_identity": true,
                "cors": [],
                "default_documents": [
                  "Default.htm",
                  "Default.html",
                  "Default.asp",
                  "index.htm",
                  "index.html",
                  "iisstart.htm",
                  "default.aspx",
                  "index.php",
                  "hostingstart.html"
                ],
                "detailed_error_logging_enabled": false,
                "ftps_state": "Disabled",
                "health_check_eviction_time_in_min": 0,
                "health_check_path": "",
                "http2_enabled": false,
                "ip_restriction": [],
                "linux_fx_version": "DOCKER|acreshopcloudx.azurecr.io/publicapi:latest",
                "load_balancing_mode": "LeastRequests",
                "local_mysql_enabled": false,
                "managed_pipeline_mode": "Integrated",
                "minimum_tls_version": "1.2",
                "remote_debugging_enabled": false,
                "remote_debugging_version": "VS2019",
                "scm_ip_restriction": [],
                "scm_minimum_tls_version": "1.2",
                "scm_type": "None",
                "scm_use_main_ip_restriction": false,
                "use_32_bit_worker": true,
                "vnet_route_all_enabled": false,
                "websockets_enabled": false,
                "worker_count": 1
              }
            ],
            "site_credential": [
              {
                "name": "$app-publicapi-eshop-cloudx",
                "password": "Th1xY0nMRkdAGDuS8BCqWF5Qj06vEti5mtbrTKkMFQ6qD4kHDjHklA8xikay"
              }
            ],
            "sticky_settings": [],
            "storage_account": [],
            "tags": {},
            "timeouts": null,
            "virtual_network_subnet_id": "",
            "zip_deploy_file": ""
          },
          "sensitive_attributes": [
            [
              {
                "type": "get_attr",
                "value": "app_settings"
              },
              {
                "type": "index",
                "value": {
                  "value": "APPINSIGHTS_INSTRUMENTATIONKEY",
                  "type": "string"
                }
              }
            ],
            [
              {
                "type": "get_attr",
                "value": "app_settings"
              },
              {
                "type": "index",
                "value": {
                  "value": "APPLICATIONINSIGHTS_CONNECTION_STRING",
                  "type": "string"
                }
              }
            ]
          ],
          "private": "eyJlMmJmYjczMC1lY2FhLTExZTYtOGY4OC0zNDM2M2JjN2M0YzAiOnsiY3JlYXRlIjoxODAwMDAwMDAwMDAwLCJkZWxldGUiOjE4MDAwMDAwMDAwMDAsInJlYWQiOjMwMDAwMDAwMDAwMCwidXBkYXRlIjoxODAwMDAwMDAwMDAwfX0=",
          "dependencies": [
            "azurerm_application_insights.publicapi",
            "azurerm_container_registry.acr",
            "azurerm_key_vault.kv",
            "azurerm_key_vault_secret.kvs-db-connection",
            "azurerm_mssql_database.sql-db",
            "azurerm_mssql_server.sql-server",
            "azurerm_resource_group.this",
            "azurerm_service_plan.asp-linux",
            "data.azurerm_client_config.current"
          ]
        }
      ]
    },
    {
      "mode": "managed",
      "type": "azurerm_mssql_database",
      "name": "sql-db",
      "provider": "provider[\"registry.terraform.io/hashicorp/azurerm\"]",
      "instances": [
        {
          "schema_version": 1,
          "attributes": {
            "auto_pause_delay_in_minutes": 0,
            "collation": "SQL_Latin1_General_CP1_CI_AS",
            "create_mode": "Default",
            "creation_source_database_id": null,
            "elastic_pool_id": "",
            "geo_backup_enabled": true,
            "id": "/subscriptions/1d8b4140-7b97-4795-8d20-000c29db057a/resourceGroups/rg-final-eus/providers/Microsoft.Sql/servers/sql-eshop-cloudx/databases/sqldb-eShopOnWeb",
            "import": [],
            "ledger_enabled": false,
            "license_type": "LicenseIncluded",
            "long_term_retention_policy": [
              {
                "monthly_retention": "PT0S",
                "week_of_year": 1,
                "weekly_retention": "PT0S",
                "yearly_retention": "PT0S"
              }
            ],
            "maintenance_configuration_name": "SQL_Default",
            "max_size_gb": 2,
            "min_capacity": 0,
            "name": "sqldb-eShopOnWeb",
            "read_replica_count": 0,
            "read_scale": false,
            "recover_database_id": null,
            "restore_dropped_database_id": null,
            "restore_point_in_time": null,
            "sample_name": null,
            "server_id": "/subscriptions/1d8b4140-7b97-4795-8d20-000c29db057a/resourceGroups/rg-final-eus/providers/Microsoft.Sql/servers/sql-eshop-cloudx",
            "short_term_retention_policy": [
              {
                "backup_interval_in_hours": 24,
                "retention_days": 7
              }
            ],
            "sku_name": "S0",
            "storage_account_type": "Geo",
            "tags": {},
            "threat_detection_policy": [
              {
                "disabled_alerts": [],
                "email_account_admins": "Disabled",
                "email_addresses": [],
                "retention_days": 0,
                "state": "Disabled",
                "storage_account_access_key": "",
                "storage_endpoint": ""
              }
            ],
            "timeouts": null,
            "transparent_data_encryption_enabled": true,
            "zone_redundant": false
          },
          "sensitive_attributes": [],
          "private": "eyJlMmJmYjczMC1lY2FhLTExZTYtOGY4OC0zNDM2M2JjN2M0YzAiOnsiY3JlYXRlIjozNjAwMDAwMDAwMDAwLCJkZWxldGUiOjM2MDAwMDAwMDAwMDAsInJlYWQiOjMwMDAwMDAwMDAwMCwidXBkYXRlIjozNjAwMDAwMDAwMDAwfSwic2NoZW1hX3ZlcnNpb24iOiIxIn0=",
          "dependencies": [
            "azurerm_mssql_server.sql-server",
            "azurerm_resource_group.this"
          ]
        }
      ]
    },
    {
      "mode": "managed",
      "type": "azurerm_mssql_firewall_rule",
      "name": "sql-rule-azure",
      "provider": "provider[\"registry.terraform.io/hashicorp/azurerm\"]",
      "instances": [
        {
          "schema_version": 0,
          "attributes": {
            "end_ip_address": "0.0.0.0",
            "id": "/subscriptions/1d8b4140-7b97-4795-8d20-000c29db057a/resourceGroups/rg-final-eus/providers/Microsoft.Sql/servers/sql-eshop-cloudx/firewallRules/allow-azure-services",
            "name": "allow-azure-services",
            "server_id": "/subscriptions/1d8b4140-7b97-4795-8d20-000c29db057a/resourceGroups/rg-final-eus/providers/Microsoft.Sql/servers/sql-eshop-cloudx",
            "start_ip_address": "0.0.0.0",
            "timeouts": null
          },
          "sensitive_attributes": [],
          "private": "eyJlMmJmYjczMC1lY2FhLTExZTYtOGY4OC0zNDM2M2JjN2M0YzAiOnsiY3JlYXRlIjoxODAwMDAwMDAwMDAwLCJkZWxldGUiOjE4MDAwMDAwMDAwMDAsInJlYWQiOjMwMDAwMDAwMDAwMCwidXBkYXRlIjoxODAwMDAwMDAwMDAwfX0=",
          "dependencies": [
            "azurerm_mssql_server.sql-server",
            "azurerm_resource_group.this"
          ]
        }
      ]
    },
    {
      "mode": "managed",
      "type": "azurerm_mssql_server",
      "name": "sql-server",
      "provider": "provider[\"registry.terraform.io/hashicorp/azurerm\"]",
      "instances": [
        {
          "schema_version": 0,
          "attributes": {
            "administrator_login": "xcloud-admin",
            "administrator_login_password": "@someThingComplicated1234",
            "azuread_administrator": [],
            "connection_policy": "Default",
            "fully_qualified_domain_name": "sql-eshop-cloudx.database.windows.net",
            "id": "/subscriptions/1d8b4140-7b97-4795-8d20-000c29db057a/resourceGroups/rg-final-eus/providers/Microsoft.Sql/servers/sql-eshop-cloudx",
            "identity": [],
            "location": "eastus",
            "minimum_tls_version": "1.2",
            "name": "sql-eshop-cloudx",
            "outbound_network_restriction_enabled": false,
            "primary_user_assigned_identity_id": "",
            "public_network_access_enabled": true,
            "resource_group_name": "rg-final-eus",
            "restorable_dropped_database_ids": [],
            "tags": {},
            "timeouts": null,
            "version": "12.0"
          },
          "sensitive_attributes": [],
          "private": "eyJlMmJmYjczMC1lY2FhLTExZTYtOGY4OC0zNDM2M2JjN2M0YzAiOnsiY3JlYXRlIjozNjAwMDAwMDAwMDAwLCJkZWxldGUiOjM2MDAwMDAwMDAwMDAsInJlYWQiOjMwMDAwMDAwMDAwMCwidXBkYXRlIjozNjAwMDAwMDAwMDAwfX0=",
          "dependencies": [
            "azurerm_resource_group.this"
          ]
        }
      ]
    },
    {
      "mode": "managed",
      "type": "azurerm_resource_group",
      "name": "this",
      "provider": "provider[\"registry.terraform.io/hashicorp/azurerm\"]",
      "instances": [
        {
          "schema_version": 0,
          "attributes": {
            "id": "/subscriptions/1d8b4140-7b97-4795-8d20-000c29db057a/resourceGroups/rg-final-eus",
            "location": "eastus",
            "name": "rg-final-eus",
            "tags": {
              "module": "final"
            },
            "timeouts": null
          },
          "sensitive_attributes": [],
          "private": "eyJlMmJmYjczMC1lY2FhLTExZTYtOGY4OC0zNDM2M2JjN2M0YzAiOnsiY3JlYXRlIjo1NDAwMDAwMDAwMDAwLCJkZWxldGUiOjU0MDAwMDAwMDAwMDAsInJlYWQiOjMwMDAwMDAwMDAwMCwidXBkYXRlIjo1NDAwMDAwMDAwMDAwfX0="
        }
      ]
    },
    {
      "mode": "managed",
      "type": "azurerm_role_assignment",
      "name": "ara-acr-app-publicapi",
      "provider": "provider[\"registry.terraform.io/hashicorp/azurerm\"]",
      "instances": [
        {
          "schema_version": 0,
          "attributes": {
            "condition": "",
            "condition_version": "",
            "delegated_managed_identity_resource_id": "",
            "description": "",
            "id": "/subscriptions/1d8b4140-7b97-4795-8d20-000c29db057a/resourceGroups/rg-final-eus/providers/Microsoft.ContainerRegistry/registries/acreshopcloudx/providers/Microsoft.Authorization/roleAssignments/ad0cdb0f-af47-6156-ca6c-87c8e45e0eb0",
            "name": "ad0cdb0f-af47-6156-ca6c-87c8e45e0eb0",
            "principal_id": "d6dfae7f-de0c-4d08-8cc9-bd147706e1df",
            "principal_type": "ServicePrincipal",
            "role_definition_id": "/subscriptions/1d8b4140-7b97-4795-8d20-000c29db057a/providers/Microsoft.Authorization/roleDefinitions/7f951dda-4ed3-4680-a7ca-43fe172d538d",
            "role_definition_name": "AcrPull",
            "scope": "/subscriptions/1d8b4140-7b97-4795-8d20-000c29db057a/resourceGroups/rg-final-eus/providers/Microsoft.ContainerRegistry/registries/acreshopcloudx",
            "skip_service_principal_aad_check": null,
            "timeouts": null
          },
          "sensitive_attributes": [],
          "private": "eyJlMmJmYjczMC1lY2FhLTExZTYtOGY4OC0zNDM2M2JjN2M0YzAiOnsiY3JlYXRlIjoxODAwMDAwMDAwMDAwLCJkZWxldGUiOjE4MDAwMDAwMDAwMDAsInJlYWQiOjMwMDAwMDAwMDAwMCwidXBkYXRlIjoxODAwMDAwMDAwMDAwfX0=",
          "dependencies": [
            "azurerm_application_insights.publicapi",
            "azurerm_container_registry.acr",
            "azurerm_key_vault.kv",
            "azurerm_key_vault_secret.kvs-db-connection",
            "azurerm_linux_web_app.app-publicapi",
            "azurerm_mssql_database.sql-db",
            "azurerm_mssql_server.sql-server",
            "azurerm_resource_group.this",
            "azurerm_service_plan.asp-linux",
            "data.azurerm_client_config.current"
          ]
        }
      ]
    },
    {
      "mode": "managed",
      "type": "azurerm_role_assignment",
      "name": "ars-st-acc-func-app",
      "provider": "provider[\"registry.terraform.io/hashicorp/azurerm\"]",
      "instances": [
        {
          "schema_version": 0,
          "attributes": {
            "condition": "",
            "condition_version": "",
            "delegated_managed_identity_resource_id": "",
            "description": "",
            "id": "/subscriptions/1d8b4140-7b97-4795-8d20-000c29db057a/resourceGroups/rg-final-eus/providers/Microsoft.Storage/storageAccounts/steshopcloudx/providers/Microsoft.Authorization/roleAssignments/729622c8-9cf3-0de5-d5c4-fb9e20df42d6",
            "name": "729622c8-9cf3-0de5-d5c4-fb9e20df42d6",
            "principal_id": "7e42dd7a-d6f7-4286-8473-d668adfcf2f2",
            "principal_type": "ServicePrincipal",
            "role_definition_id": "/subscriptions/1d8b4140-7b97-4795-8d20-000c29db057a/providers/Microsoft.Authorization/roleDefinitions/ba92f5b4-2d11-453d-a403-e96b0029c9fe",
            "role_definition_name": "Storage Blob Data Contributor",
            "scope": "/subscriptions/1d8b4140-7b97-4795-8d20-000c29db057a/resourceGroups/rg-final-eus/providers/Microsoft.Storage/storageAccounts/steshopcloudx",
            "skip_service_principal_aad_check": null,
            "timeouts": null
          },
          "sensitive_attributes": [],
          "private": "eyJlMmJmYjczMC1lY2FhLTExZTYtOGY4OC0zNDM2M2JjN2M0YzAiOnsiY3JlYXRlIjoxODAwMDAwMDAwMDAwLCJkZWxldGUiOjE4MDAwMDAwMDAwMDAsInJlYWQiOjMwMDAwMDAwMDAwMCwidXBkYXRlIjoxODAwMDAwMDAwMDAwfX0=",
          "dependencies": [
            "azurerm_application_insights.funcapp",
            "azurerm_resource_group.this",
            "azurerm_service_plan.funcapp",
            "azurerm_servicebus_namespace.this",
            "azurerm_servicebus_queue.order-reservation-failed",
            "azurerm_servicebus_queue.order-reservation-requested",
            "azurerm_storage_account.st-acc",
            "azurerm_windows_function_app.func-app"
          ]
        }
      ]
    },
    {
      "mode": "managed",
      "type": "azurerm_role_assignment",
      "name": "cosmos-funcs",
      "provider": "provider[\"registry.terraform.io/hashicorp/azurerm\"]",
      "instances": [
        {
          "schema_version": 0,
          "attributes": {
            "condition": "",
            "condition_version": "",
            "delegated_managed_identity_resource_id": "",
            "description": "",
            "id": "/subscriptions/1d8b4140-7b97-4795-8d20-000c29db057a/resourceGroups/rg-final-eus/providers/Microsoft.DocumentDB/databaseAccounts/cosmos-eshop-cloudx/providers/Microsoft.Authorization/roleAssignments/a2dcf33d-f957-363b-a805-454bf8698b08",
            "name": "a2dcf33d-f957-363b-a805-454bf8698b08",
            "principal_id": "7e42dd7a-d6f7-4286-8473-d668adfcf2f2",
            "principal_type": "ServicePrincipal",
            "role_definition_id": "/subscriptions/1d8b4140-7b97-4795-8d20-000c29db057a/providers/Microsoft.Authorization/roleDefinitions/fbdf93bf-df7d-467e-a4d2-9458aa1360c8",
            "role_definition_name": "Cosmos DB Account Reader Role",
            "scope": "/subscriptions/1d8b4140-7b97-4795-8d20-000c29db057a/resourceGroups/rg-final-eus/providers/Microsoft.DocumentDB/databaseAccounts/cosmos-eshop-cloudx",
            "skip_service_principal_aad_check": null,
            "timeouts": null
          },
          "sensitive_attributes": [],
          "private": "eyJlMmJmYjczMC1lY2FhLTExZTYtOGY4OC0zNDM2M2JjN2M0YzAiOnsiY3JlYXRlIjoxODAwMDAwMDAwMDAwLCJkZWxldGUiOjE4MDAwMDAwMDAwMDAsInJlYWQiOjMwMDAwMDAwMDAwMCwidXBkYXRlIjoxODAwMDAwMDAwMDAwfX0=",
          "dependencies": [
            "azurerm_application_insights.funcapp",
            "azurerm_cosmosdb_account.this",
            "azurerm_resource_group.this",
            "azurerm_service_plan.funcapp",
            "azurerm_servicebus_namespace.this",
            "azurerm_servicebus_queue.order-reservation-failed",
            "azurerm_servicebus_queue.order-reservation-requested",
            "azurerm_storage_account.st-acc",
            "azurerm_windows_function_app.func-app"
          ]
        }
      ]
    },
    {
      "mode": "managed",
      "type": "azurerm_role_assignment",
      "name": "cosmos-web-eus",
      "provider": "provider[\"registry.terraform.io/hashicorp/azurerm\"]",
      "instances": []
    },
    {
      "mode": "managed",
      "type": "azurerm_role_assignment",
      "name": "cosmos-web-neu",
      "provider": "provider[\"registry.terraform.io/hashicorp/azurerm\"]",
      "instances": []
    },
    {
      "mode": "managed",
      "type": "azurerm_role_assignment",
      "name": "servicebus-order-reservation-failed-func-app",
      "provider": "provider[\"registry.terraform.io/hashicorp/azurerm\"]",
      "instances": [
        {
          "schema_version": 0,
          "attributes": {
            "condition": "",
            "condition_version": "",
            "delegated_managed_identity_resource_id": "",
            "description": "",
            "id": "/subscriptions/1d8b4140-7b97-4795-8d20-000c29db057a/resourceGroups/rg-final-eus/providers/Microsoft.ServiceBus/namespaces/sbns-eshop-cloudx/queues/sbq-order-reservation-failed/providers/Microsoft.Authorization/roleAssignments/313f1aa7-235e-cf63-0a80-503293e80aa1",
            "name": "313f1aa7-235e-cf63-0a80-503293e80aa1",
            "principal_id": "7e42dd7a-d6f7-4286-8473-d668adfcf2f2",
            "principal_type": "ServicePrincipal",
            "role_definition_id": "/subscriptions/1d8b4140-7b97-4795-8d20-000c29db057a/providers/Microsoft.Authorization/roleDefinitions/69a216fc-b8fb-44d8-bc22-1f3c2cd27a39",
            "role_definition_name": "Azure Service Bus Data Sender",
            "scope": "/subscriptions/1d8b4140-7b97-4795-8d20-000c29db057a/resourceGroups/rg-final-eus/providers/Microsoft.ServiceBus/namespaces/sbns-eshop-cloudx/queues/sbq-order-reservation-failed",
            "skip_service_principal_aad_check": null,
            "timeouts": null
          },
          "sensitive_attributes": [],
          "private": "eyJlMmJmYjczMC1lY2FhLTExZTYtOGY4OC0zNDM2M2JjN2M0YzAiOnsiY3JlYXRlIjoxODAwMDAwMDAwMDAwLCJkZWxldGUiOjE4MDAwMDAwMDAwMDAsInJlYWQiOjMwMDAwMDAwMDAwMCwidXBkYXRlIjoxODAwMDAwMDAwMDAwfX0=",
          "dependencies": [
            "azurerm_application_insights.funcapp",
            "azurerm_resource_group.this",
            "azurerm_service_plan.funcapp",
            "azurerm_servicebus_namespace.this",
            "azurerm_servicebus_queue.order-reservation-failed",
            "azurerm_servicebus_queue.order-reservation-requested",
            "azurerm_storage_account.st-acc",
            "azurerm_windows_function_app.func-app"
          ]
        }
      ]
    },
    {
      "mode": "managed",
      "type": "azurerm_role_assignment",
      "name": "servicebus-order-reservation-requested--web-eus",
      "provider": "provider[\"registry.terraform.io/hashicorp/azurerm\"]",
      "instances": []
    },
    {
      "mode": "managed",
      "type": "azurerm_role_assignment",
      "name": "servicebus-order-reservation-requested-func-app",
      "provider": "provider[\"registry.terraform.io/hashicorp/azurerm\"]",
      "instances": [
        {
          "schema_version": 0,
          "attributes": {
            "condition": "",
            "condition_version": "",
            "delegated_managed_identity_resource_id": "",
            "description": "",
            "id": "/subscriptions/1d8b4140-7b97-4795-8d20-000c29db057a/resourceGroups/rg-final-eus/providers/Microsoft.ServiceBus/namespaces/sbns-eshop-cloudx/queues/sbq-order-reservation-failed/providers/Microsoft.Authorization/roleAssignments/e6ce48ca-3dd3-8992-21a4-1ee630bec2b1",
            "name": "e6ce48ca-3dd3-8992-21a4-1ee630bec2b1",
            "principal_id": "7e42dd7a-d6f7-4286-8473-d668adfcf2f2",
            "principal_type": "ServicePrincipal",
            "role_definition_id": "/subscriptions/1d8b4140-7b97-4795-8d20-000c29db057a/providers/Microsoft.Authorization/roleDefinitions/4f6d3b9b-027b-4f4c-9142-0e5a2a2247e0",
            "role_definition_name": "Azure Service Bus Data Receiver",
            "scope": "/subscriptions/1d8b4140-7b97-4795-8d20-000c29db057a/resourceGroups/rg-final-eus/providers/Microsoft.ServiceBus/namespaces/sbns-eshop-cloudx/queues/sbq-order-reservation-failed",
            "skip_service_principal_aad_check": null,
            "timeouts": null
          },
          "sensitive_attributes": [],
          "private": "eyJlMmJmYjczMC1lY2FhLTExZTYtOGY4OC0zNDM2M2JjN2M0YzAiOnsiY3JlYXRlIjoxODAwMDAwMDAwMDAwLCJkZWxldGUiOjE4MDAwMDAwMDAwMDAsInJlYWQiOjMwMDAwMDAwMDAwMCwidXBkYXRlIjoxODAwMDAwMDAwMDAwfX0=",
          "dependencies": [
            "azurerm_application_insights.funcapp",
            "azurerm_resource_group.this",
            "azurerm_service_plan.funcapp",
            "azurerm_servicebus_namespace.this",
            "azurerm_servicebus_queue.order-reservation-failed",
            "azurerm_servicebus_queue.order-reservation-requested",
            "azurerm_storage_account.st-acc",
            "azurerm_windows_function_app.func-app"
          ]
        }
      ]
    },
    {
      "mode": "managed",
      "type": "azurerm_role_assignment",
      "name": "servicebus-order-reservation-requested-web-nue",
      "provider": "provider[\"registry.terraform.io/hashicorp/azurerm\"]",
      "instances": []
    },
    {
      "mode": "managed",
      "type": "azurerm_service_plan",
      "name": "asp-linux",
      "provider": "provider[\"registry.terraform.io/hashicorp/azurerm\"]",
      "instances": [
        {
          "schema_version": 0,
          "attributes": {
            "app_service_environment_id": "",
            "id": "/subscriptions/1d8b4140-7b97-4795-8d20-000c29db057a/resourceGroups/rg-final-eus/providers/Microsoft.Web/serverfarms/asp-linux-eshop-cloudx",
            "kind": "linux",
            "location": "eastus",
            "maximum_elastic_worker_count": 1,
            "name": "asp-linux-eshop-cloudx",
            "os_type": "Linux",
            "per_site_scaling_enabled": false,
            "reserved": true,
            "resource_group_name": "rg-final-eus",
            "sku_name": "B1",
            "tags": {},
            "timeouts": null,
            "worker_count": 1,
            "zone_balancing_enabled": false
          },
          "sensitive_attributes": [],
          "private": "eyJlMmJmYjczMC1lY2FhLTExZTYtOGY4OC0zNDM2M2JjN2M0YzAiOnsiY3JlYXRlIjozNjAwMDAwMDAwMDAwLCJkZWxldGUiOjM2MDAwMDAwMDAwMDAsInJlYWQiOjMwMDAwMDAwMDAwMCwidXBkYXRlIjozNjAwMDAwMDAwMDAwfX0=",
          "dependencies": [
            "azurerm_resource_group.this"
          ]
        }
      ]
    },
    {
      "mode": "managed",
      "type": "azurerm_service_plan",
      "name": "funcapp",
      "provider": "provider[\"registry.terraform.io/hashicorp/azurerm\"]",
      "instances": [
        {
          "schema_version": 0,
          "attributes": {
            "app_service_environment_id": "",
            "id": "/subscriptions/1d8b4140-7b97-4795-8d20-000c29db057a/resourceGroups/rg-final-eus/providers/Microsoft.Web/serverfarms/aps-funcapp-eshop-cloudx",
            "kind": "functionapp",
            "location": "eastus",
            "maximum_elastic_worker_count": 1,
            "name": "aps-funcapp-eshop-cloudx",
            "os_type": "Windows",
            "per_site_scaling_enabled": false,
            "reserved": false,
            "resource_group_name": "rg-final-eus",
            "sku_name": "Y1",
            "tags": {},
            "timeouts": null,
            "worker_count": 0,
            "zone_balancing_enabled": false
          },
          "sensitive_attributes": [],
          "private": "eyJlMmJmYjczMC1lY2FhLTExZTYtOGY4OC0zNDM2M2JjN2M0YzAiOnsiY3JlYXRlIjozNjAwMDAwMDAwMDAwLCJkZWxldGUiOjM2MDAwMDAwMDAwMDAsInJlYWQiOjMwMDAwMDAwMDAwMCwidXBkYXRlIjozNjAwMDAwMDAwMDAwfX0=",
          "dependencies": [
            "azurerm_resource_group.this"
          ]
        }
      ]
    },
    {
      "mode": "managed",
      "type": "azurerm_service_plan",
      "name": "windows-eus",
      "provider": "provider[\"registry.terraform.io/hashicorp/azurerm\"]",
      "instances": [
        {
          "schema_version": 0,
          "attributes": {
            "app_service_environment_id": "",
            "id": "/subscriptions/1d8b4140-7b97-4795-8d20-000c29db057a/resourceGroups/rg-final-eus/providers/Microsoft.Web/serverfarms/asp-eshop-cloudx-eus",
            "kind": "app",
            "location": "eastus",
            "maximum_elastic_worker_count": 1,
            "name": "asp-eshop-cloudx-eus",
            "os_type": "Windows",
            "per_site_scaling_enabled": false,
            "reserved": false,
            "resource_group_name": "rg-final-eus",
            "sku_name": "F1",
            "tags": {},
            "timeouts": null,
            "worker_count": 0,
            "zone_balancing_enabled": false
          },
          "sensitive_attributes": [],
          "private": "eyJlMmJmYjczMC1lY2FhLTExZTYtOGY4OC0zNDM2M2JjN2M0YzAiOnsiY3JlYXRlIjozNjAwMDAwMDAwMDAwLCJkZWxldGUiOjM2MDAwMDAwMDAwMDAsInJlYWQiOjMwMDAwMDAwMDAwMCwidXBkYXRlIjozNjAwMDAwMDAwMDAwfX0=",
          "dependencies": [
            "azurerm_resource_group.this"
          ]
        }
      ]
    },
    {
      "mode": "managed",
      "type": "azurerm_service_plan",
      "name": "windows-neu",
      "provider": "provider[\"registry.terraform.io/hashicorp/azurerm\"]",
      "instances": [
        {
          "schema_version": 0,
          "attributes": {
            "app_service_environment_id": "",
            "id": "/subscriptions/1d8b4140-7b97-4795-8d20-000c29db057a/resourceGroups/rg-final-eus/providers/Microsoft.Web/serverfarms/asp-eshop-cloudx-neu",
            "kind": "app",
            "location": "northeurope",
            "maximum_elastic_worker_count": 1,
            "name": "asp-eshop-cloudx-neu",
            "os_type": "Windows",
            "per_site_scaling_enabled": false,
            "reserved": false,
            "resource_group_name": "rg-final-eus",
            "sku_name": "F1",
            "tags": {},
            "timeouts": null,
            "worker_count": 0,
            "zone_balancing_enabled": false
          },
          "sensitive_attributes": [],
          "private": "eyJlMmJmYjczMC1lY2FhLTExZTYtOGY4OC0zNDM2M2JjN2M0YzAiOnsiY3JlYXRlIjozNjAwMDAwMDAwMDAwLCJkZWxldGUiOjM2MDAwMDAwMDAwMDAsInJlYWQiOjMwMDAwMDAwMDAwMCwidXBkYXRlIjozNjAwMDAwMDAwMDAwfX0=",
          "dependencies": [
            "azurerm_resource_group.this"
          ]
        }
      ]
    },
    {
      "mode": "managed",
      "type": "azurerm_servicebus_namespace",
      "name": "this",
      "provider": "provider[\"registry.terraform.io/hashicorp/azurerm\"]",
      "instances": [
        {
          "schema_version": 1,
          "attributes": {
            "capacity": 0,
            "customer_managed_key": [],
            "default_primary_connection_string": "Endpoint=sb://sbns-eshop-cloudx.servicebus.windows.net/;SharedAccessKeyName=RootManageSharedAccessKey;SharedAccessKey=HROpfV5fUDLCXEBnWEcFKOeICdjW48b4W+ASbNTWzkw=",
            "default_primary_key": "HROpfV5fUDLCXEBnWEcFKOeICdjW48b4W+ASbNTWzkw=",
            "default_secondary_connection_string": "Endpoint=sb://sbns-eshop-cloudx.servicebus.windows.net/;SharedAccessKeyName=RootManageSharedAccessKey;SharedAccessKey=ab2DnNAf9mheHXJp/yiVQhkowRqKsKbIc+ASbAMK02Y=",
            "default_secondary_key": "ab2DnNAf9mheHXJp/yiVQhkowRqKsKbIc+ASbAMK02Y=",
            "endpoint": "https://sbns-eshop-cloudx.servicebus.windows.net:443/",
            "id": "/subscriptions/1d8b4140-7b97-4795-8d20-000c29db057a/resourceGroups/rg-final-eus/providers/Microsoft.ServiceBus/namespaces/sbns-eshop-cloudx",
            "identity": [],
            "local_auth_enabled": true,
            "location": "eastus",
            "minimum_tls_version": "1.2",
            "name": "sbns-eshop-cloudx",
            "public_network_access_enabled": true,
            "resource_group_name": "rg-final-eus",
            "sku": "Basic",
            "tags": {},
            "timeouts": null,
            "zone_redundant": false
          },
          "sensitive_attributes": [],
          "private": "eyJlMmJmYjczMC1lY2FhLTExZTYtOGY4OC0zNDM2M2JjN2M0YzAiOnsiY3JlYXRlIjoxODAwMDAwMDAwMDAwLCJkZWxldGUiOjE4MDAwMDAwMDAwMDAsInJlYWQiOjMwMDAwMDAwMDAwMCwidXBkYXRlIjoxODAwMDAwMDAwMDAwfSwic2NoZW1hX3ZlcnNpb24iOiIxIn0=",
          "dependencies": [
            "azurerm_resource_group.this"
          ]
        }
      ]
    },
    {
      "mode": "managed",
      "type": "azurerm_servicebus_queue",
      "name": "order-reservation-failed",
      "provider": "provider[\"registry.terraform.io/hashicorp/azurerm\"]",
      "instances": [
        {
          "schema_version": 0,
          "attributes": {
            "auto_delete_on_idle": "P10675199DT2H48M5.4775807S",
            "dead_lettering_on_message_expiration": false,
            "default_message_ttl": "P14D",
            "duplicate_detection_history_time_window": "PT10M",
            "enable_batched_operations": true,
            "enable_express": false,
            "enable_partitioning": true,
            "forward_dead_lettered_messages_to": "",
            "forward_to": "",
            "id": "/subscriptions/1d8b4140-7b97-4795-8d20-000c29db057a/resourceGroups/rg-final-eus/providers/Microsoft.ServiceBus/namespaces/sbns-eshop-cloudx/queues/sbq-order-reservation-failed",
            "lock_duration": "PT1M",
            "max_delivery_count": 10,
            "max_message_size_in_kilobytes": 256,
            "max_size_in_megabytes": 5120,
            "name": "sbq-order-reservation-failed",
            "namespace_id": "/subscriptions/1d8b4140-7b97-4795-8d20-000c29db057a/resourceGroups/rg-final-eus/providers/Microsoft.ServiceBus/namespaces/sbns-eshop-cloudx",
            "requires_duplicate_detection": false,
            "requires_session": false,
            "status": "Active",
            "timeouts": null
          },
          "sensitive_attributes": [],
          "private": "eyJlMmJmYjczMC1lY2FhLTExZTYtOGY4OC0zNDM2M2JjN2M0YzAiOnsiY3JlYXRlIjoxODAwMDAwMDAwMDAwLCJkZWxldGUiOjE4MDAwMDAwMDAwMDAsInJlYWQiOjMwMDAwMDAwMDAwMCwidXBkYXRlIjoxODAwMDAwMDAwMDAwfX0=",
          "dependencies": [
            "azurerm_resource_group.this",
            "azurerm_servicebus_namespace.this"
          ]
        }
      ]
    },
    {
      "mode": "managed",
      "type": "azurerm_servicebus_queue",
      "name": "order-reservation-requested",
      "provider": "provider[\"registry.terraform.io/hashicorp/azurerm\"]",
      "instances": [
        {
          "schema_version": 0,
          "attributes": {
            "auto_delete_on_idle": "P10675199DT2H48M5.4775807S",
            "dead_lettering_on_message_expiration": false,
            "default_message_ttl": "P14D",
            "duplicate_detection_history_time_window": "PT10M",
            "enable_batched_operations": true,
            "enable_express": false,
            "enable_partitioning": true,
            "forward_dead_lettered_messages_to": "",
            "forward_to": "",
            "id": "/subscriptions/1d8b4140-7b97-4795-8d20-000c29db057a/resourceGroups/rg-final-eus/providers/Microsoft.ServiceBus/namespaces/sbns-eshop-cloudx/queues/sbq-order-reservation-requested",
            "lock_duration": "PT1M",
            "max_delivery_count": 10,
            "max_message_size_in_kilobytes": 256,
            "max_size_in_megabytes": 5120,
            "name": "sbq-order-reservation-requested",
            "namespace_id": "/subscriptions/1d8b4140-7b97-4795-8d20-000c29db057a/resourceGroups/rg-final-eus/providers/Microsoft.ServiceBus/namespaces/sbns-eshop-cloudx",
            "requires_duplicate_detection": false,
            "requires_session": false,
            "status": "Active",
            "timeouts": null
          },
          "sensitive_attributes": [],
          "private": "eyJlMmJmYjczMC1lY2FhLTExZTYtOGY4OC0zNDM2M2JjN2M0YzAiOnsiY3JlYXRlIjoxODAwMDAwMDAwMDAwLCJkZWxldGUiOjE4MDAwMDAwMDAwMDAsInJlYWQiOjMwMDAwMDAwMDAwMCwidXBkYXRlIjoxODAwMDAwMDAwMDAwfX0=",
          "dependencies": [
            "azurerm_resource_group.this",
            "azurerm_servicebus_namespace.this"
          ]
        }
      ]
    },
    {
      "mode": "managed",
      "type": "azurerm_storage_account",
      "name": "st-acc",
      "provider": "provider[\"registry.terraform.io/hashicorp/azurerm\"]",
      "instances": [
        {
          "schema_version": 3,
          "attributes": {
            "access_tier": "Hot",
            "account_kind": "StorageV2",
            "account_replication_type": "LRS",
            "account_tier": "Standard",
            "allow_nested_items_to_be_public": true,
            "allowed_copy_scope": "",
            "azure_files_authentication": [],
            "blob_properties": [
              {
                "change_feed_enabled": false,
                "change_feed_retention_in_days": 0,
                "container_delete_retention_policy": [],
                "cors_rule": [],
                "default_service_version": "",
                "delete_retention_policy": [],
                "last_access_time_enabled": false,
                "restore_policy": [],
                "versioning_enabled": false
              }
            ],
            "cross_tenant_replication_enabled": true,
            "custom_domain": [],
            "customer_managed_key": [],
            "default_to_oauth_authentication": false,
            "edge_zone": "",
            "enable_https_traffic_only": true,
            "id": "/subscriptions/1d8b4140-7b97-4795-8d20-000c29db057a/resourceGroups/rg-final-eus/providers/Microsoft.Storage/storageAccounts/steshopcloudx",
            "identity": [],
            "immutability_policy": [],
            "infrastructure_encryption_enabled": false,
            "is_hns_enabled": false,
            "large_file_share_enabled": null,
            "location": "eastus",
            "min_tls_version": "TLS1_2",
            "name": "steshopcloudx",
            "network_rules": [
              {
                "bypass": [
                  "AzureServices"
                ],
                "default_action": "Allow",
                "ip_rules": [],
                "private_link_access": [],
                "virtual_network_subnet_ids": []
              }
            ],
            "nfsv3_enabled": false,
            "primary_access_key": "TdPXN7xw+Q7CHFvr0ZPKJIUwxs6dGTW3pbGQ7ps+NY1QOYuYYCIWuvibwVnQtqWS+7k3eoR5HD2/+AStYdFxUg==",
            "primary_blob_connection_string": "DefaultEndpointsProtocol=https;BlobEndpoint=https://steshopcloudx.blob.core.windows.net/;AccountName=steshopcloudx;AccountKey=TdPXN7xw+Q7CHFvr0ZPKJIUwxs6dGTW3pbGQ7ps+NY1QOYuYYCIWuvibwVnQtqWS+7k3eoR5HD2/+AStYdFxUg==",
            "primary_blob_endpoint": "https://steshopcloudx.blob.core.windows.net/",
            "primary_blob_host": "steshopcloudx.blob.core.windows.net",
            "primary_connection_string": "DefaultEndpointsProtocol=https;AccountName=steshopcloudx;AccountKey=TdPXN7xw+Q7CHFvr0ZPKJIUwxs6dGTW3pbGQ7ps+NY1QOYuYYCIWuvibwVnQtqWS+7k3eoR5HD2/+AStYdFxUg==;EndpointSuffix=core.windows.net",
            "primary_dfs_endpoint": "https://steshopcloudx.dfs.core.windows.net/",
            "primary_dfs_host": "steshopcloudx.dfs.core.windows.net",
            "primary_file_endpoint": "https://steshopcloudx.file.core.windows.net/",
            "primary_file_host": "steshopcloudx.file.core.windows.net",
            "primary_location": "eastus",
            "primary_queue_endpoint": "https://steshopcloudx.queue.core.windows.net/",
            "primary_queue_host": "steshopcloudx.queue.core.windows.net",
            "primary_table_endpoint": "https://steshopcloudx.table.core.windows.net/",
            "primary_table_host": "steshopcloudx.table.core.windows.net",
            "primary_web_endpoint": "https://steshopcloudx.z13.web.core.windows.net/",
            "primary_web_host": "steshopcloudx.z13.web.core.windows.net",
            "public_network_access_enabled": true,
            "queue_encryption_key_type": "Service",
            "queue_properties": [
              {
                "cors_rule": [],
                "hour_metrics": [
                  {
                    "enabled": true,
                    "include_apis": true,
                    "retention_policy_days": 7,
                    "version": "1.0"
                  }
                ],
                "logging": [
                  {
                    "delete": false,
                    "read": false,
                    "retention_policy_days": 0,
                    "version": "1.0",
                    "write": false
                  }
                ],
                "minute_metrics": [
                  {
                    "enabled": false,
                    "include_apis": false,
                    "retention_policy_days": 0,
                    "version": "1.0"
                  }
                ]
              }
            ],
            "resource_group_name": "rg-final-eus",
            "routing": [],
            "sas_policy": [],
            "secondary_access_key": "RCOFjE88s5aLHATE/OsYNZYUYcMwEOd5o04aiEKI5+unxusZNr4UZWg1BOMgWv2f2TvvgoSVDkMF+AStRBSBDQ==",
            "secondary_blob_connection_string": "",
            "secondary_blob_endpoint": null,
            "secondary_blob_host": null,
            "secondary_connection_string": "DefaultEndpointsProtocol=https;AccountName=steshopcloudx;AccountKey=RCOFjE88s5aLHATE/OsYNZYUYcMwEOd5o04aiEKI5+unxusZNr4UZWg1BOMgWv2f2TvvgoSVDkMF+AStRBSBDQ==;EndpointSuffix=core.windows.net",
            "secondary_dfs_endpoint": null,
            "secondary_dfs_host": null,
            "secondary_file_endpoint": null,
            "secondary_file_host": null,
            "secondary_location": "",
            "secondary_queue_endpoint": null,
            "secondary_queue_host": null,
            "secondary_table_endpoint": null,
            "secondary_table_host": null,
            "secondary_web_endpoint": null,
            "secondary_web_host": null,
            "sftp_enabled": false,
            "share_properties": [
              {
                "cors_rule": [],
                "retention_policy": [
                  {
                    "days": 7
                  }
                ],
                "smb": []
              }
            ],
            "shared_access_key_enabled": true,
            "static_website": [],
            "table_encryption_key_type": "Service",
            "tags": {},
            "timeouts": null
          },
          "sensitive_attributes": [],
          "private": "eyJlMmJmYjczMC1lY2FhLTExZTYtOGY4OC0zNDM2M2JjN2M0YzAiOnsiY3JlYXRlIjozNjAwMDAwMDAwMDAwLCJkZWxldGUiOjM2MDAwMDAwMDAwMDAsInJlYWQiOjMwMDAwMDAwMDAwMCwidXBkYXRlIjozNjAwMDAwMDAwMDAwfSwic2NoZW1hX3ZlcnNpb24iOiIzIn0=",
          "dependencies": [
            "azurerm_resource_group.this"
          ]
        }
      ]
    },
    {
      "mode": "managed",
      "type": "azurerm_traffic_manager_azure_endpoint",
      "name": "web-eus",
      "provider": "provider[\"registry.terraform.io/hashicorp/azurerm\"]",
      "instances": []
    },
    {
      "mode": "managed",
      "type": "azurerm_traffic_manager_azure_endpoint",
      "name": "web-neu",
      "provider": "provider[\"registry.terraform.io/hashicorp/azurerm\"]",
      "instances": []
    },
    {
      "mode": "managed",
      "type": "azurerm_traffic_manager_profile",
      "name": "web",
      "provider": "provider[\"registry.terraform.io/hashicorp/azurerm\"]",
      "instances": [
        {
          "schema_version": 0,
          "attributes": {
            "dns_config": [
              {
                "relative_name": "traf-web-eshop-cloudx",
                "ttl": 60
              }
            ],
            "fqdn": "traf-web-eshop-cloudx.trafficmanager.net",
            "id": "/subscriptions/1d8b4140-7b97-4795-8d20-000c29db057a/resourceGroups/rg-final-eus/providers/Microsoft.Network/trafficManagerProfiles/traf-web-eshop-cloudx",
            "max_return": 0,
            "monitor_config": [
              {
                "custom_header": [],
                "expected_status_code_ranges": [],
                "interval_in_seconds": 30,
                "path": "/",
                "port": 80,
                "protocol": "HTTP",
                "timeout_in_seconds": 10,
                "tolerated_number_of_failures": 3
              }
            ],
            "name": "traf-web-eshop-cloudx",
            "profile_status": "Enabled",
            "resource_group_name": "rg-final-eus",
            "tags": {},
            "timeouts": null,
            "traffic_routing_method": "Performance",
            "traffic_view_enabled": false
          },
          "sensitive_attributes": [],
          "private": "eyJlMmJmYjczMC1lY2FhLTExZTYtOGY4OC0zNDM2M2JjN2M0YzAiOnsiY3JlYXRlIjoxODAwMDAwMDAwMDAwLCJkZWxldGUiOjE4MDAwMDAwMDAwMDAsInJlYWQiOjMwMDAwMDAwMDAwMCwidXBkYXRlIjoxODAwMDAwMDAwMDAwfX0=",
          "dependencies": [
            "azurerm_resource_group.this"
          ]
        }
      ]
    },
    {
      "mode": "managed",
      "type": "azurerm_windows_function_app",
      "name": "func-app",
      "provider": "provider[\"registry.terraform.io/hashicorp/azurerm\"]",
      "instances": [
        {
          "schema_version": 0,
          "attributes": {
            "app_settings": {
              "AZURE_SERVICEBUS_FULL_NAMEPACE": "sbns-eshop-cloudx.servicebus.windows.net",
              "AZURE_SERVICEBUS_ORDER_FAILED_QUEUE": "sbq-order-reservation-failed",
              "AZURE_SERVICEBUS_ORDER_REQUESTED_QUEUE": "sbq-order-reservation-requested",
              "COSMOS_DATABASE": "eShopOnWebDb",
              "COSMOS_ENDPOINT": "",
              "COSMOS_ORDERS_CONTAINER": "orders",
              "ORDERS_CONTAINER_URL": "https://steshopcloudx.blob.core.windows.net/orders",
              "WEBSITE_RUN_FROM_PACKAGE": "1"
            },
            "auth_settings": [],
            "auth_settings_v2": [],
            "backup": [],
            "builtin_logging_enabled": true,
            "client_certificate_enabled": false,
            "client_certificate_exclusion_paths": "",
            "client_certificate_mode": "Optional",
            "connection_string": [],
            "content_share_force_disabled": false,
            "custom_domain_verification_id": "E42D7731AFC9D9E8CC65C67D0DBEC51307A50DDCB2821FAC1EE768D1C8A9C196",
            "daily_memory_time_quota": 0,
            "default_hostname": "func-app-eshop-cloudx.azurewebsites.net",
            "enabled": true,
            "functions_extension_version": "~4",
            "hosting_environment_id": "",
            "https_only": false,
            "id": "/subscriptions/1d8b4140-7b97-4795-8d20-000c29db057a/resourceGroups/rg-final-eus/providers/Microsoft.Web/sites/func-app-eshop-cloudx",
            "identity": [
              {
                "identity_ids": [],
                "principal_id": "7e42dd7a-d6f7-4286-8473-d668adfcf2f2",
                "tenant_id": "b41b72d0-4e9f-4c26-8a69-f949f367c91d",
                "type": "SystemAssigned"
              }
            ],
            "key_vault_reference_identity_id": "SystemAssigned",
            "kind": "functionapp",
            "location": "eastus",
            "name": "func-app-eshop-cloudx",
            "outbound_ip_address_list": [
              "20.85.138.93",
              "20.85.140.94",
              "20.85.140.145",
              "20.85.140.146",
              "20.85.140.226",
              "20.85.141.38",
              "20.119.16.33"
            ],
            "outbound_ip_addresses": "20.85.138.93,20.85.140.94,20.85.140.145,20.85.140.146,20.85.140.226,20.85.141.38,20.119.16.33",
            "possible_outbound_ip_address_list": [
              "20.85.138.93",
              "20.85.140.94",
              "20.85.140.145",
              "20.85.140.146",
              "20.85.140.226",
              "20.85.141.38",
              "20.85.142.4",
              "20.85.142.25",
              "20.85.142.128",
              "20.85.142.203",
              "20.85.142.218",
              "20.85.140.170",
              "20.85.143.131",
              "20.85.143.137",
              "20.124.56.47",
              "20.124.57.180",
              "20.124.57.210",
              "20.124.58.55",
              "20.124.58.109",
              "20.124.58.148",
              "20.124.58.159",
              "20.124.58.174",
              "20.124.59.60",
              "20.124.60.90",
              "20.124.60.246",
              "20.124.60.250",
              "20.124.61.0",
              "20.124.61.36",
              "20.124.61.69",
              "20.124.61.177",
              "20.119.16.33"
            ],
            "possible_outbound_ip_addresses": "20.85.138.93,20.85.140.94,20.85.140.145,20.85.140.146,20.85.140.226,20.85.141.38,20.85.142.4,20.85.142.25,20.85.142.128,20.85.142.203,20.85.142.218,20.85.140.170,20.85.143.131,20.85.143.137,20.124.56.47,20.124.57.180,20.124.57.210,20.124.58.55,20.124.58.109,20.124.58.148,20.124.58.159,20.124.58.174,20.124.59.60,20.124.60.90,20.124.60.246,20.124.60.250,20.124.61.0,20.124.61.36,20.124.61.69,20.124.61.177,20.119.16.33",
            "resource_group_name": "rg-final-eus",
            "service_plan_id": "/subscriptions/1d8b4140-7b97-4795-8d20-000c29db057a/resourceGroups/rg-final-eus/providers/Microsoft.Web/serverfarms/aps-funcapp-eshop-cloudx",
            "site_config": [
              {
                "always_on": false,
                "api_definition_url": "",
                "api_management_api_id": "",
                "app_command_line": "",
                "app_scale_limit": 200,
                "app_service_logs": [],
                "application_insights_connection_string": "InstrumentationKey=11e60c2b-3a76-4fb7-9b83-645d17023080;IngestionEndpoint=https://eastus-2.in.applicationinsights.azure.com/;LiveEndpoint=https://eastus.livediagnostics.monitor.azure.com/",
                "application_insights_key": "11e60c2b-3a76-4fb7-9b83-645d17023080",
                "application_stack": [
                  {
                    "dotnet_version": "v7.0",
                    "java_version": "",
                    "node_version": "",
                    "powershell_core_version": "",
                    "use_custom_runtime": false,
                    "use_dotnet_isolated_runtime": true
                  }
                ],
                "cors": [],
                "default_documents": [
                  "Default.htm",
                  "Default.html",
                  "Default.asp",
                  "index.htm",
                  "index.html",
                  "iisstart.htm",
                  "default.aspx",
                  "index.php"
                ],
                "detailed_error_logging_enabled": false,
                "elastic_instance_minimum": 0,
                "ftps_state": "Disabled",
                "health_check_eviction_time_in_min": 0,
                "health_check_path": "",
                "http2_enabled": false,
                "ip_restriction": [],
                "load_balancing_mode": "LeastRequests",
                "managed_pipeline_mode": "Integrated",
                "minimum_tls_version": "1.2",
                "pre_warmed_instance_count": 0,
                "remote_debugging_enabled": false,
                "remote_debugging_version": "",
                "runtime_scale_monitoring_enabled": false,
                "scm_ip_restriction": [],
                "scm_minimum_tls_version": "1.2",
                "scm_type": "None",
                "scm_use_main_ip_restriction": false,
                "use_32_bit_worker": true,
                "vnet_route_all_enabled": false,
                "websockets_enabled": false,
                "windows_fx_version": "",
                "worker_count": 1
              }
            ],
            "site_credential": [
              {
                "name": "$func-app-eshop-cloudx",
                "password": "doWBAQxbltKTgsmcjuExpsjBh9gyPw77cmZtyLBiilnZ7Bwn6SPEZLkTmuxr"
              }
            ],
            "sticky_settings": [],
            "storage_account": [],
            "storage_account_access_key": "TdPXN7xw+Q7CHFvr0ZPKJIUwxs6dGTW3pbGQ7ps+NY1QOYuYYCIWuvibwVnQtqWS+7k3eoR5HD2/+AStYdFxUg==",
            "storage_account_name": "steshopcloudx",
            "storage_key_vault_secret_id": "",
            "storage_uses_managed_identity": false,
            "tags": {},
            "timeouts": null,
            "virtual_network_subnet_id": "",
            "zip_deploy_file": ""
          },
          "sensitive_attributes": [
            [
              {
                "type": "get_attr",
                "value": "storage_account_access_key"
              }
            ]
          ],
          "private": "eyJlMmJmYjczMC1lY2FhLTExZTYtOGY4OC0zNDM2M2JjN2M0YzAiOnsiY3JlYXRlIjoxODAwMDAwMDAwMDAwLCJkZWxldGUiOjE4MDAwMDAwMDAwMDAsInJlYWQiOjMwMDAwMDAwMDAwMCwidXBkYXRlIjoxODAwMDAwMDAwMDAwfX0=",
          "dependencies": [
            "azurerm_application_insights.funcapp",
            "azurerm_resource_group.this",
            "azurerm_service_plan.funcapp",
            "azurerm_servicebus_namespace.this",
            "azurerm_servicebus_queue.order-reservation-failed",
            "azurerm_servicebus_queue.order-reservation-requested",
            "azurerm_storage_account.st-acc"
          ]
        }
      ]
    },
    {
      "mode": "managed",
      "type": "azurerm_windows_web_app",
      "name": "web-eus",
      "provider": "provider[\"registry.terraform.io/hashicorp/azurerm\"]",
      "instances": []
    },
    {
      "mode": "managed",
      "type": "azurerm_windows_web_app",
      "name": "web-neu",
      "provider": "provider[\"registry.terraform.io/hashicorp/azurerm\"]",
      "instances": []
    },
    {
      "mode": "managed",
      "type": "random_integer",
      "name": "ri",
      "provider": "provider[\"registry.terraform.io/hashicorp/random\"]",
      "instances": [
        {
          "schema_version": 0,
          "attributes": {
            "id": "57368",
            "keepers": null,
            "max": 99999,
            "min": 10000,
            "result": 57368,
            "seed": null
          },
          "sensitive_attributes": []
        }
      ]
    }
  ],
  "check_results": null
}
